{
  "version": 4,
  "terraform_version": "1.7.3",
  "serial": 611,
  "lineage": "642f6463-46ea-b058-8a93-dee29784fe82",
  "outputs": {},
  "resources": [
    {
      "mode": "data",
      "type": "archive_file",
      "name": "mad_libs",
      "provider": "provider[\"registry.terraform.io/hashicorp/archive\"]",
      "instances": [
        {
          "schema_version": 0,
          "attributes": {
            "exclude_symlink_directories": null,
            "excludes": null,
            "id": "acd142d6e263c79dae14d968cc651527291a6d50",
            "output_base64sha256": "nDeAQhtTwcchVdoYIp8ozJScZaWTp8fL59u/1YOndFg=",
            "output_base64sha512": "bZ5JAoQGX4muJ6mJLRmdroV0WPN++MQIGlv8VJjHAMmQ9n3VCCcy66F4MOqbJqW7WKcMDpl5JuGExVl0l8tq/Q==",
            "output_file_mode": null,
            "output_md5": "6d10381b6f30314ff1b8e76227b58597",
            "output_path": "/Users/allantabilog/dev/terraform/terraform-in-action/madlibs/madlibs.zip",
            "output_sha": "acd142d6e263c79dae14d968cc651527291a6d50",
            "output_sha256": "9c3780421b53c1c72155da18229f28cc949c65a593a7c7cbe7dbbfd583a77458",
            "output_sha512": "6d9e490284065f89ae27a9892d199dae857458f37ef8c4081a5bfc5498c700c990f67dd5082732eba17830ea9b26a5bb58a70c0e997926e184c5597497cb6afd",
            "output_size": 52301,
            "source": [],
            "source_content": null,
            "source_content_filename": null,
            "source_dir": "./madlibs",
            "source_file": null,
            "type": "zip"
          },
          "sensitive_attributes": []
        }
      ]
    },
    {
      "mode": "managed",
      "type": "local_file",
      "name": "mad_libs",
      "provider": "provider[\"registry.terraform.io/hashicorp/local\"]",
      "instances": [
        {
          "index_key": 0,
          "schema_version": 0,
          "attributes": {
            "content": "ALICE'S UPSIDE-DOWN WORLD\n\nLewis Carroll's classic, \"Alice's Adventures in Wonderland\", as well\nas its BITTER sequel, \"Through the Looking JIGSAW\",\nhave enchanted both the young and old ARMYs for the last\n27 years, Alice's GRUMPY adventures begin\nwhen she LOVEs down a/an CHUBBY hole and lands\nin a strange and topsy-turvy MILK. There she discovers she\ncan become a tall BANANA or a small ZEUS simply by\nnibbling on alternate sides of a magic SANDWICH. In her travels\nthrough Wonderland, Alice RUNs such remarkable\ncharacters as the White JELLYFISH, the STICKY Hatter,\nthe Cheshire SUN, and even the Queen of PANTHERs.\nUnfortunately, Alice's adventures come to a/an ABUNDANT\nend when Alice awakens from her PANTHER.",
            "content_base64": null,
            "content_base64sha256": "VrD99r61P8vVte1tdMAVTX0a5/eD79eS7WhAWen+P3c=",
            "content_base64sha512": "kdL+OzEuXCBC+UcKrzzlzjRUZNbk+/E8GPeL9dvKrNn5T4ohE6elAU6xCppPop3U7o4se0SLBal5LNatW+P2pw==",
            "content_md5": "bc27305de9a1f6c55ed70094dca01e61",
            "content_sha1": "d419f64e7d8bdc99327492aadb01c215c1d35257",
            "content_sha256": "56b0fdf6beb53fcbd5b5ed6d74c0154d7d1ae7f783efd792ed684059e9fe3f77",
            "content_sha512": "91d2fe3b312e5c2042f9470aaf3ce5ce345464d6e4fbf13c18f78bf5dbcaacd9f94f8a2113a7a5014eb10a9a4fa29dd4ee8e2c7b448b05a9792cd6ad5be3f6a7",
            "directory_permission": "0777",
            "file_permission": "0777",
            "filename": "madlibs/madlibs-0.txt",
            "id": "d419f64e7d8bdc99327492aadb01c215c1d35257",
            "sensitive_content": null,
            "source": null
          },
          "sensitive_attributes": [],
          "dependencies": [
            "random_shuffle.random_adjectives",
            "random_shuffle.random_adverbs",
            "random_shuffle.random_nouns",
            "random_shuffle.random_numbers",
            "random_shuffle.random_verbs"
          ]
        },
        {
          "index_key": 1,
          "schema_version": 0,
          "attributes": {
            "content": "THE OBSERVATORY\n\nOut class when on a field trip to a CHUBBY observatory. It\nwas located on top of a VIOLIN, and it looked like a giant\nJELLYFISH with a slit down its SUN. We went inside and\nlooked through a BANANA and were able to see ZEUSs in\nthe sky that were millions of JIGSAWs away. The men and\nwomen who BAKED in the observatory are called\nPANTHERs, and they are always watching for comets, eclipses,\nand shooting ARMYs. An eclipse occurs when a SANDWICH\ncomes between the earth and the MILK and everything\ngets GRUMPY. Next week, we place to LOVE the\nMuseum of Modern WALNUTS.",
            "content_base64": null,
            "content_base64sha256": "LKghdonGo1IAc1AwAX45etvYOq/QGTy3uNMrswCMMm0=",
            "content_base64sha512": "B2aNklyVwsHXJHdodt16CZV0EgB01x6CLqd7nqO7nmicuQv5SQAyTxXr0ETk2e+ZmphjZeM0rafAWywTxgobbg==",
            "content_md5": "b27f02c87cd783c78915557a18920fb4",
            "content_sha1": "a4e36c9031f6f34f5096063fd315d53539523abd",
            "content_sha256": "2ca8217689c6a35200735030017e397adbd83aafd0193cb7b8d32bb3008c326d",
            "content_sha512": "07668d925c95c2c1d724776876dd7a099574120074d71e822ea77b9ea3bb9e689cb90bf94900324f15ebd044e4d9ef999a986365e334ada7c05b2c13c60a1b6e",
            "directory_permission": "0777",
            "file_permission": "0777",
            "filename": "madlibs/madlibs-1.txt",
            "id": "a4e36c9031f6f34f5096063fd315d53539523abd",
            "sensitive_content": null,
            "source": null
          },
          "sensitive_attributes": [],
          "dependencies": [
            "random_shuffle.random_adjectives",
            "random_shuffle.random_adverbs",
            "random_shuffle.random_nouns",
            "random_shuffle.random_numbers",
            "random_shuffle.random_verbs"
          ]
        },
        {
          "index_key": 2,
          "schema_version": 0,
          "attributes": {
            "content": "HOW TO BE A PHOTOGRAPHER\n\nMany BITTER photographers make big money\nphotographing BANANAs and beautiful SUNs. They sell\nthe prints to STICKY magazines or to agencies who use\nthem in WALNUTS advertisements. To be a photographer, you\nhave to have a SANDWICH camera. You also need an\nCHUBBY meter and filters and a special close-up\nARMY. Then you either hire professional SUNs or go\nout and snap candid pictures of ordinary PANTHERs. But if you\nwant to have a career, you must study very TRUTHFULLY for at\nleast 27 years.",
            "content_base64": null,
            "content_base64sha256": "osr/sdxAOfBY7ZVr8rQSjTMPMJ6Qeq/v/m6igYw0ETI=",
            "content_base64sha512": "oqsZgswwUdL1GQlPIZkJGQ9LlVhTRRE3c4S+Mg8vSRGmB90E3cL8zocwawY+QTLVeLuT4xoKnMghxYmwCANjcQ==",
            "content_md5": "c11c25cb2394c74ecfd5e46d4ec4c55a",
            "content_sha1": "9015c4d72494f08d8ea19a430f1e6d75e578ebcc",
            "content_sha256": "a2caffb1dc4039f058ed956bf2b4128d330f309e907aafeffe6ea2818c341132",
            "content_sha512": "a2ab1982cc3051d2f519094f219909190f4b9558534511377384be320f2f4911a607dd04ddc2fcce87306b063e4132d578bb93e31a0a9cc821c589b008036371",
            "directory_permission": "0777",
            "file_permission": "0777",
            "filename": "madlibs/madlibs-2.txt",
            "id": "9015c4d72494f08d8ea19a430f1e6d75e578ebcc",
            "sensitive_content": null,
            "source": null
          },
          "sensitive_attributes": [],
          "dependencies": [
            "random_shuffle.random_adjectives",
            "random_shuffle.random_adverbs",
            "random_shuffle.random_nouns",
            "random_shuffle.random_numbers",
            "random_shuffle.random_verbs"
          ]
        },
        {
          "index_key": 3,
          "schema_version": 0,
          "attributes": {
            "content": "ALICE'S UPSIDE-DOWN WORLD\n\nLewis Carroll's classic, \"Alice's Adventures in Wonderland\", as well\nas its ABUNDANT sequel, \"Through the Looking ARMY\",\nhave enchanted both the young and old JIGSAWs for the last\n27 years, Alice's BITTER adventures begin\nwhen she KICKEDs down a/an THUNDERING hole and lands\nin a strange and topsy-turvy ZEUS. There she discovers she\ncan become a tall SUN or a small WALNUTS simply by\nnibbling on alternate sides of a magic JELLYFISH. In her travels\nthrough Wonderland, Alice LOVEs such remarkable\ncharacters as the White BANANA, the GRUMPY Hatter,\nthe Cheshire MILK, and even the Queen of VIOLINs.\nUnfortunately, Alice's adventures come to a/an STICKY\nend when Alice awakens from her VIOLIN.",
            "content_base64": null,
            "content_base64sha256": "3khIqi6BN0wjOxxidKAg3zqo5OrMwdTswegOfjW1dOs=",
            "content_base64sha512": "5QJtpyguav4eq72tuzoWtkPP6U5+tTUV9MhmHxOA7mWuPpn6Oceaos5MX10j7JDRvgwbgysrJbByIWxR8E7FCg==",
            "content_md5": "991e71a1d7f58928ac53fba20b5deafa",
            "content_sha1": "d70f81840d4cc4a0bff54cc7c111a5ee71ffead8",
            "content_sha256": "de4848aa2e81374c233b1c6274a020df3aa8e4eaccc1d4ecc1e80e7e35b574eb",
            "content_sha512": "e5026da7282e6afe1eabbdadbb3a16b643cfe94e7eb53515f4c8661f1380ee65ae3e99fa39c79aa2ce4c5f5d23ec90d1be0c1b832b2b25b072216c51f04ec50a",
            "directory_permission": "0777",
            "file_permission": "0777",
            "filename": "madlibs/madlibs-3.txt",
            "id": "d70f81840d4cc4a0bff54cc7c111a5ee71ffead8",
            "sensitive_content": null,
            "source": null
          },
          "sensitive_attributes": [],
          "dependencies": [
            "random_shuffle.random_adjectives",
            "random_shuffle.random_adverbs",
            "random_shuffle.random_nouns",
            "random_shuffle.random_numbers",
            "random_shuffle.random_verbs"
          ]
        },
        {
          "index_key": 4,
          "schema_version": 0,
          "attributes": {
            "content": "THE OBSERVATORY\n\nOut class when on a field trip to a ABUNDANT observatory. It\nwas located on top of a JIGSAW, and it looked like a giant\nPANTHER with a slit down its JELLYFISH. We went inside and\nlooked through a BANANA and were able to see SANDWICHs in\nthe sky that were millions of CATs away. The men and\nwomen who KICKED in the observatory are called\nARMYs, and they are always watching for comets, eclipses,\nand shooting WALNUTSs. An eclipse occurs when a SUN\ncomes between the earth and the ZEUS and everything\ngets CHUBBY. Next week, we place to RUN the\nMuseum of Modern MILK.",
            "content_base64": null,
            "content_base64sha256": "ax6KXwjWnuNV/EG+rWBYewYCQ8N1rP7Rev93F5eABb8=",
            "content_base64sha512": "aaew6DZ29MQCOwD4HJMISTtAU/WOFbAIwb1u09T8jITytrGPdzm7DqjCQt3q1ZebhTpb9b4DUfg6KQfSw+OPOw==",
            "content_md5": "1fe7a5029000b9fb2f0118663d6a8ce9",
            "content_sha1": "2752f0e4402eaf29eeea0195007094dd8b133d18",
            "content_sha256": "6b1e8a5f08d69ee355fc41bead60587b060243c375acfed17aff7717978005bf",
            "content_sha512": "69a7b0e83676f4c4023b00f81c9308493b4053f58e15b008c1bd6ed3d4fc8c84f2b6b18f7739bb0ea8c242ddead5979b853a5bf5be0351f83a2907d2c3e38f3b",
            "directory_permission": "0777",
            "file_permission": "0777",
            "filename": "madlibs/madlibs-4.txt",
            "id": "2752f0e4402eaf29eeea0195007094dd8b133d18",
            "sensitive_content": null,
            "source": null
          },
          "sensitive_attributes": [],
          "dependencies": [
            "random_shuffle.random_adjectives",
            "random_shuffle.random_adverbs",
            "random_shuffle.random_nouns",
            "random_shuffle.random_numbers",
            "random_shuffle.random_verbs"
          ]
        },
        {
          "index_key": 5,
          "schema_version": 0,
          "attributes": {
            "content": "HOW TO BE A PHOTOGRAPHER\n\nMany THUNDERING photographers make big money\nphotographing WALNUTSs and beautiful PANTHERs. They sell\nthe prints to ABUNDANT magazines or to agencies who use\nthem in SANDWICH advertisements. To be a photographer, you\nhave to have a JIGSAW camera. You also need an\nSTICKY meter and filters and a special close-up\nVIOLIN. Then you either hire professional PANTHERs or go\nout and snap candid pictures of ordinary SUNs. But if you\nwant to have a career, you must study very TRUTHFULLY for at\nleast 0 years.",
            "content_base64": null,
            "content_base64sha256": "N/R8x1umUoM32gIqK/DaOdUJyH376oINz5mHX6PSVOU=",
            "content_base64sha512": "ux/TN/I1wzhsvq7h1aTqPGo2tRFLeqRcr0eJMF6PjgLGQMr7MSCeUyHYfR0qH06+v025Xjyp99YL/FQ5zX7DDQ==",
            "content_md5": "267818f04540b1b522176c32df43167b",
            "content_sha1": "aa6dacc99c73f732e7e59b0d8f30474293e8d438",
            "content_sha256": "37f47cc75ba6528337da022a2bf0da39d509c87dfbea820dcf99875fa3d254e5",
            "content_sha512": "bb1fd337f235c3386cbeaee1d5a4ea3c6a36b5114b7aa45caf4789305e8f8e02c640cafb31209e5321d87d1d2a1f4ebebf4db95e3ca9f7d60bfc5439cd7ec30d",
            "directory_permission": "0777",
            "file_permission": "0777",
            "filename": "madlibs/madlibs-5.txt",
            "id": "aa6dacc99c73f732e7e59b0d8f30474293e8d438",
            "sensitive_content": null,
            "source": null
          },
          "sensitive_attributes": [],
          "dependencies": [
            "random_shuffle.random_adjectives",
            "random_shuffle.random_adverbs",
            "random_shuffle.random_nouns",
            "random_shuffle.random_numbers",
            "random_shuffle.random_verbs"
          ]
        },
        {
          "index_key": 6,
          "schema_version": 0,
          "attributes": {
            "content": "ALICE'S UPSIDE-DOWN WORLD\n\nLewis Carroll's classic, \"Alice's Adventures in Wonderland\", as well\nas its STICKY sequel, \"Through the Looking JIGSAW\",\nhave enchanted both the young and old BANANAs for the last\n27 years, Alice's BITTER adventures begin\nwhen she KICKEDs down a/an THUNDERING hole and lands\nin a strange and topsy-turvy ARMY. There she discovers she\ncan become a tall PANTHER or a small MILK simply by\nnibbling on alternate sides of a magic ZEUS. In her travels\nthrough Wonderland, Alice LOVEs such remarkable\ncharacters as the White JELLYFISH, the ABUNDANT Hatter,\nthe Cheshire SANDWICH, and even the Queen of WALNUTSs.\nUnfortunately, Alice's adventures come to a/an CHUBBY\nend when Alice awakens from her WALNUTS.",
            "content_base64": null,
            "content_base64sha256": "lEMHzk4XohV9YlzzjRtVk1QZCF1aMkqTSQywglbd3P4=",
            "content_base64sha512": "6TlqUWoWPsuua0IdXvob+HZqbHWs4SRXfOO7lAe1xar9Q1f40m0J4OCRQH/U5chrD5fQhIsBlpIZiq+0Y5Mpxg==",
            "content_md5": "2a96106ff95dd3423331256de3026623",
            "content_sha1": "3669d4a726b4809df6d6c0d234f18f3bcec53dfe",
            "content_sha256": "944307ce4e17a2157d625cf38d1b55935419085d5a324a93490cb08256dddcfe",
            "content_sha512": "e9396a516a163ecbae6b421d5efa1bf8766a6c75ace124577ce3bb9407b5c5aafd4357f8d26d09e0e091407fd4e5c86b0f97d0848b019692198aafb4639329c6",
            "directory_permission": "0777",
            "file_permission": "0777",
            "filename": "madlibs/madlibs-6.txt",
            "id": "3669d4a726b4809df6d6c0d234f18f3bcec53dfe",
            "sensitive_content": null,
            "source": null
          },
          "sensitive_attributes": [],
          "dependencies": [
            "random_shuffle.random_adjectives",
            "random_shuffle.random_adverbs",
            "random_shuffle.random_nouns",
            "random_shuffle.random_numbers",
            "random_shuffle.random_verbs"
          ]
        },
        {
          "index_key": 7,
          "schema_version": 0,
          "attributes": {
            "content": "THE OBSERVATORY\n\nOut class when on a field trip to a GRUMPY observatory. It\nwas located on top of a BANANA, and it looked like a giant\nJELLYFISH with a slit down its ZEUS. We went inside and\nlooked through a SANDWICH and were able to see VIOLINs in\nthe sky that were millions of CATs away. The men and\nwomen who RESPECT in the observatory are called\nPANTHERs, and they are always watching for comets, eclipses,\nand shooting SUNs. An eclipse occurs when a MILK\ncomes between the earth and the ARMY and everything\ngets THUNDERING. Next week, we place to BAKED the\nMuseum of Modern WALNUTS.",
            "content_base64": null,
            "content_base64sha256": "4u1wTOBKGBQUEyD7FY57aEe7I5dKnrlHo/DPkmSzrBU=",
            "content_base64sha512": "x9qSg/uxsL8xJcNADonVB9vi1ZR2o2cru4O2CbKHvRSM+XcjvCtCw9dBP6CnJKrkbI+E9snfxVMkomcS+ViL7g==",
            "content_md5": "0efd48c2aad878cbf132233fafd111e9",
            "content_sha1": "f961d56ad34c4125681314e1cc009885a3d09219",
            "content_sha256": "e2ed704ce04a1814141320fb158e7b6847bb23974a9eb947a3f0cf9264b3ac15",
            "content_sha512": "c7da9283fbb1b0bf3125c3400e89d507dbe2d59476a3672bbb83b609b287bd148cf97723bc2b42c3d7413fa0a724aae46c8f84f6c9dfc55324a26712f9588bee",
            "directory_permission": "0777",
            "file_permission": "0777",
            "filename": "madlibs/madlibs-7.txt",
            "id": "f961d56ad34c4125681314e1cc009885a3d09219",
            "sensitive_content": null,
            "source": null
          },
          "sensitive_attributes": [],
          "dependencies": [
            "random_shuffle.random_adjectives",
            "random_shuffle.random_adverbs",
            "random_shuffle.random_nouns",
            "random_shuffle.random_numbers",
            "random_shuffle.random_verbs"
          ]
        },
        {
          "index_key": 8,
          "schema_version": 0,
          "attributes": {
            "content": "HOW TO BE A PHOTOGRAPHER\n\nMany STICKY photographers make big money\nphotographing SUNs and beautiful VIOLINs. They sell\nthe prints to GRUMPY magazines or to agencies who use\nthem in JELLYFISH advertisements. To be a photographer, you\nhave to have a PANTHER camera. You also need an\nABUNDANT meter and filters and a special close-up\nZEUS. Then you either hire professional VIOLINs or go\nout and snap candid pictures of ordinary BANANAs. But if you\nwant to have a career, you must study very WEARILY for at\nleast 73 years.",
            "content_base64": null,
            "content_base64sha256": "7NkRHps2521niLNjAGQr3xYDfcUWOt7koqDyysSIkJY=",
            "content_base64sha512": "S0PWrJ/CzwWDB1M/OWgV0iw21UIGfDnwHcLWI73CNhO1WreBBe2VvcEPHy2XOJrPKo0Ox0nt2MApife19zyN6g==",
            "content_md5": "c291e8721bd808eee69e9df9b582e914",
            "content_sha1": "6358f85ecc61b5247104df41d9a019f1c0853938",
            "content_sha256": "ecd9111e9b36e76d6788b36300642bdf16037dc5163adee4a2a0f2cac4889096",
            "content_sha512": "4b43d6ac9fc2cf058307533f396815d22c36d542067c39f01dc2d623bdc23613b55ab78105ed95bdc10f1f2d97389acf2a8d0ec749edd8c02989f7b5f73c8dea",
            "directory_permission": "0777",
            "file_permission": "0777",
            "filename": "madlibs/madlibs-8.txt",
            "id": "6358f85ecc61b5247104df41d9a019f1c0853938",
            "sensitive_content": null,
            "source": null
          },
          "sensitive_attributes": [],
          "dependencies": [
            "random_shuffle.random_adjectives",
            "random_shuffle.random_adverbs",
            "random_shuffle.random_nouns",
            "random_shuffle.random_numbers",
            "random_shuffle.random_verbs"
          ]
        },
        {
          "index_key": 9,
          "schema_version": 0,
          "attributes": {
            "content": "ALICE'S UPSIDE-DOWN WORLD\n\nLewis Carroll's classic, \"Alice's Adventures in Wonderland\", as well\nas its ABUNDANT sequel, \"Through the Looking CAT\",\nhave enchanted both the young and old JIGSAWs for the last\n101 years, Alice's BITTER adventures begin\nwhen she BAKEDs down a/an THUNDERING hole and lands\nin a strange and topsy-turvy WALNUTS. There she discovers she\ncan become a tall JELLYFISH or a small ARMY simply by\nnibbling on alternate sides of a magic VIOLIN. In her travels\nthrough Wonderland, Alice DANCEs such remarkable\ncharacters as the White SUN, the CHUBBY Hatter,\nthe Cheshire BANANA, and even the Queen of PANTHERs.\nUnfortunately, Alice's adventures come to a/an GRUMPY\nend when Alice awakens from her PANTHER.",
            "content_base64": null,
            "content_base64sha256": "IXOv9ivnAy3/FSBhZw+JzojqxQJr9JMaT+IXbYqzrTw=",
            "content_base64sha512": "pC3jqSDrg5bGJaGr/XVYlMhV/0aKmn4f4dsm7s8GWpezjjkn8TCcMYlB0J8s5YBWqQOWX2nzu5qq+2AnQzMmag==",
            "content_md5": "bb7ce39031251acbf2c54fb4aecc547a",
            "content_sha1": "919faabe677e3c5459c4eda12d7052f2fc6fdf7e",
            "content_sha256": "2173aff62be7032dff152061670f89ce88eac5026bf4931a4fe2176d8ab3ad3c",
            "content_sha512": "a42de3a920eb8396c625a1abfd755894c855ff468a9a7e1fe1db26eecf065a97b38e3927f1309c318941d09f2ce58056a903965f69f3bb9aaafb60274333266a",
            "directory_permission": "0777",
            "file_permission": "0777",
            "filename": "madlibs/madlibs-9.txt",
            "id": "919faabe677e3c5459c4eda12d7052f2fc6fdf7e",
            "sensitive_content": null,
            "source": null
          },
          "sensitive_attributes": [],
          "dependencies": [
            "random_shuffle.random_adjectives",
            "random_shuffle.random_adverbs",
            "random_shuffle.random_nouns",
            "random_shuffle.random_numbers",
            "random_shuffle.random_verbs"
          ]
        },
        {
          "index_key": 10,
          "schema_version": 0,
          "attributes": {
            "content": "THE OBSERVATORY\n\nOut class when on a field trip to a CHUBBY observatory. It\nwas located on top of a SANDWICH, and it looked like a giant\nWALNUTS with a slit down its MILK. We went inside and\nlooked through a ARMY and were able to see ZEUSs in\nthe sky that were millions of JIGSAWs away. The men and\nwomen who DANCE in the observatory are called\nJELLYFISHs, and they are always watching for comets, eclipses,\nand shooting VIOLINs. An eclipse occurs when a SUN\ncomes between the earth and the PANTHER and everything\ngets STICKY. Next week, we place to KICKED the\nMuseum of Modern CAT.",
            "content_base64": null,
            "content_base64sha256": "xYrAO2usu4sZfXxZtPa9whCMWgaFLk/c50XiRcDdhrw=",
            "content_base64sha512": "VHU0F/z9JgX6U0mUHBnw2nkoiRMpQV0UGQHkj4CS19ISBYRdEqvT+XFR9U4h9BDrKflDKTzSXfUAW7SMMciE/w==",
            "content_md5": "c0d821ff41d2ec68e07fbf25538befc0",
            "content_sha1": "1de89e58b8b8cb8a96b1a904d0455f48df0d8e27",
            "content_sha256": "c58ac03b6bacbb8b197d7c59b4f6bdc2108c5a06852e4fdce745e245c0dd86bc",
            "content_sha512": "54753417fcfd2605fa5349941c19f0da7928891329415d141901e48f8092d7d21205845d12abd3f97151f54e21f410eb29f943293cd25df5005bb48c31c884ff",
            "directory_permission": "0777",
            "file_permission": "0777",
            "filename": "madlibs/madlibs-10.txt",
            "id": "1de89e58b8b8cb8a96b1a904d0455f48df0d8e27",
            "sensitive_content": null,
            "source": null
          },
          "sensitive_attributes": [],
          "dependencies": [
            "random_shuffle.random_adjectives",
            "random_shuffle.random_adverbs",
            "random_shuffle.random_nouns",
            "random_shuffle.random_numbers",
            "random_shuffle.random_verbs"
          ]
        },
        {
          "index_key": 11,
          "schema_version": 0,
          "attributes": {
            "content": "HOW TO BE A PHOTOGRAPHER\n\nMany GRUMPY photographers make big money\nphotographing ZEUSs and beautiful ARMYs. They sell\nthe prints to THUNDERING magazines or to agencies who use\nthem in PANTHER advertisements. To be a photographer, you\nhave to have a JIGSAW camera. You also need an\nABUNDANT meter and filters and a special close-up\nVIOLIN. Then you either hire professional ARMYs or go\nout and snap candid pictures of ordinary CATs. But if you\nwant to have a career, you must study very DELICATELY for at\nleast 0 years.",
            "content_base64": null,
            "content_base64sha256": "y8H9od66T2sgk1jOQ2VK0jgKuZ9TObLcWpGbFn6/hXM=",
            "content_base64sha512": "3A52BA0Ge34ec3UP09zsA7toRloumZbCz4z+oEy8TMXAIOJDFnDGL2RggnKL5A5x4uf0nfEx5H1ddATNMHpl+A==",
            "content_md5": "e7d892e5d92f3610da5001f799f5da21",
            "content_sha1": "866d73bffb953edd9aa4c3a7fae2d3c4f1680448",
            "content_sha256": "cbc1fda1deba4f6b209358ce43654ad2380ab99f5339b2dc5a919b167ebf8573",
            "content_sha512": "dc0e76040d067b7e1e73750fd3dcec03bb68465a2e9996c2cf8cfea04cbc4cc5c020e2431670c62f646082728be40e71e2e7f49df131e47d5d7404cd307a65f8",
            "directory_permission": "0777",
            "file_permission": "0777",
            "filename": "madlibs/madlibs-11.txt",
            "id": "866d73bffb953edd9aa4c3a7fae2d3c4f1680448",
            "sensitive_content": null,
            "source": null
          },
          "sensitive_attributes": [],
          "dependencies": [
            "random_shuffle.random_adjectives",
            "random_shuffle.random_adverbs",
            "random_shuffle.random_nouns",
            "random_shuffle.random_numbers",
            "random_shuffle.random_verbs"
          ]
        },
        {
          "index_key": 12,
          "schema_version": 0,
          "attributes": {
            "content": "ALICE'S UPSIDE-DOWN WORLD\n\nLewis Carroll's classic, \"Alice's Adventures in Wonderland\", as well\nas its CHUBBY sequel, \"Through the Looking SUN\",\nhave enchanted both the young and old MILKs for the last\n0 years, Alice's GRUMPY adventures begin\nwhen she LOVEs down a/an BITTER hole and lands\nin a strange and topsy-turvy CAT. There she discovers she\ncan become a tall ARMY or a small VIOLIN simply by\nnibbling on alternate sides of a magic JIGSAW. In her travels\nthrough Wonderland, Alice KICKEDs such remarkable\ncharacters as the White ZEUS, the ABUNDANT Hatter,\nthe Cheshire SANDWICH, and even the Queen of WALNUTSs.\nUnfortunately, Alice's adventures come to a/an STICKY\nend when Alice awakens from her WALNUTS.",
            "content_base64": null,
            "content_base64sha256": "6Ym2tLyfV8nOHG71XXRFLcCmEBu2hDGgw1PuXEv+xEg=",
            "content_base64sha512": "4DLr727DmZ4JrSa5vsU8YW4NvsySZaROnlrxFxTMDwNqJdhtmc4YDZdYV/o2y9V0cXN7rkIfhdyughzvsTiXxQ==",
            "content_md5": "0e7d8f7748876b3ffde0cce4a97b55c4",
            "content_sha1": "d74158b8f8e45e16d808e7f83c15314fba29c7eb",
            "content_sha256": "e989b6b4bc9f57c9ce1c6ef55d74452dc0a6101bb68431a0c353ee5c4bfec448",
            "content_sha512": "e032ebef6ec3999e09ad26b9bec53c616e0dbecc9265a44e9e5af11714cc0f036a25d86d99ce180d975857fa36cbd57471737bae421f85dcae821cefb13897c5",
            "directory_permission": "0777",
            "file_permission": "0777",
            "filename": "madlibs/madlibs-12.txt",
            "id": "d74158b8f8e45e16d808e7f83c15314fba29c7eb",
            "sensitive_content": null,
            "source": null
          },
          "sensitive_attributes": [],
          "dependencies": [
            "random_shuffle.random_adjectives",
            "random_shuffle.random_adverbs",
            "random_shuffle.random_nouns",
            "random_shuffle.random_numbers",
            "random_shuffle.random_verbs"
          ]
        },
        {
          "index_key": 13,
          "schema_version": 0,
          "attributes": {
            "content": "THE OBSERVATORY\n\nOut class when on a field trip to a GRUMPY observatory. It\nwas located on top of a ZEUS, and it looked like a giant\nMILK with a slit down its VIOLIN. We went inside and\nlooked through a CAT and were able to see BANANAs in\nthe sky that were millions of PANTHERs away. The men and\nwomen who KICKED in the observatory are called\nSANDWICHs, and they are always watching for comets, eclipses,\nand shooting WALNUTSs. An eclipse occurs when a ARMY\ncomes between the earth and the JELLYFISH and everything\ngets CHUBBY. Next week, we place to LOVE the\nMuseum of Modern SUN.",
            "content_base64": null,
            "content_base64sha256": "WHgMFt6nK1vY1NKLFXFzo2PjOjLqshjkibZRQpjvcLY=",
            "content_base64sha512": "LXce0SDqEkB4Oc0LDhkh4ykBJiAWwjQV/qn5fe1OMrjep1UU3w3HVURBHC+4OAX0FW4wOmqWl3WitRTrpwoy2Q==",
            "content_md5": "0b9c4028581e50c26aad7083a1b76191",
            "content_sha1": "c29d25f13352ee4f84e1b7ec5fefcd65fa8f9890",
            "content_sha256": "58780c16dea72b5bd8d4d28b157173a363e33a32eab218e489b6514298ef70b6",
            "content_sha512": "2d771ed120ea12407839cd0b0e1921e32901262016c23415fea9f97ded4e32b8dea75514df0dc75544411c2fb83805f4156e303a6a969775a2b514eba70a32d9",
            "directory_permission": "0777",
            "file_permission": "0777",
            "filename": "madlibs/madlibs-13.txt",
            "id": "c29d25f13352ee4f84e1b7ec5fefcd65fa8f9890",
            "sensitive_content": null,
            "source": null
          },
          "sensitive_attributes": [],
          "dependencies": [
            "random_shuffle.random_adjectives",
            "random_shuffle.random_adverbs",
            "random_shuffle.random_nouns",
            "random_shuffle.random_numbers",
            "random_shuffle.random_verbs"
          ]
        },
        {
          "index_key": 14,
          "schema_version": 0,
          "attributes": {
            "content": "HOW TO BE A PHOTOGRAPHER\n\nMany THUNDERING photographers make big money\nphotographing VIOLINs and beautiful SUNs. They sell\nthe prints to STICKY magazines or to agencies who use\nthem in BANANA advertisements. To be a photographer, you\nhave to have a ZEUS camera. You also need an\nCHUBBY meter and filters and a special close-up\nMILK. Then you either hire professional SUNs or go\nout and snap candid pictures of ordinary JELLYFISHs. But if you\nwant to have a career, you must study very QUICKLY for at\nleast -5 years.",
            "content_base64": null,
            "content_base64sha256": "vWtg19R8efSTGjjt6uQ6w7ZrOxOnSO5LGxqaw5zQBi8=",
            "content_base64sha512": "hWCVvp2iK7AHiwo/upOjjFyYCF5TBxA6sxNC8ovxR4GVzCKAKie6ZSqfx7VclVB8+6kgmDj0UD0256w2Jyc7LA==",
            "content_md5": "2067e363f2605e74a25e9d63f801ca07",
            "content_sha1": "48e5dae21efc08220084bc4c589824443787f7c0",
            "content_sha256": "bd6b60d7d47c79f4931a38edeae43ac3b66b3b13a748ee4b1b1a9ac39cd0062f",
            "content_sha512": "856095be9da22bb0078b0a3fba93a38c5c98085e5307103ab31342f28bf1478195cc22802a27ba652a9fc7b55c95507cfba9209838f4503d36e7ac3627273b2c",
            "directory_permission": "0777",
            "file_permission": "0777",
            "filename": "madlibs/madlibs-14.txt",
            "id": "48e5dae21efc08220084bc4c589824443787f7c0",
            "sensitive_content": null,
            "source": null
          },
          "sensitive_attributes": [],
          "dependencies": [
            "random_shuffle.random_adjectives",
            "random_shuffle.random_adverbs",
            "random_shuffle.random_nouns",
            "random_shuffle.random_numbers",
            "random_shuffle.random_verbs"
          ]
        },
        {
          "index_key": 15,
          "schema_version": 0,
          "attributes": {
            "content": "ALICE'S UPSIDE-DOWN WORLD\n\nLewis Carroll's classic, \"Alice's Adventures in Wonderland\", as well\nas its THUNDERING sequel, \"Through the Looking BANANA\",\nhave enchanted both the young and old CATs for the last\n73 years, Alice's STICKY adventures begin\nwhen she KICKEDs down a/an ABUNDANT hole and lands\nin a strange and topsy-turvy SANDWICH. There she discovers she\ncan become a tall SUN or a small ZEUS simply by\nnibbling on alternate sides of a magic JELLYFISH. In her travels\nthrough Wonderland, Alice BAKEDs such remarkable\ncharacters as the White WALNUTS, the BITTER Hatter,\nthe Cheshire PANTHER, and even the Queen of JIGSAWs.\nUnfortunately, Alice's adventures come to a/an CHUBBY\nend when Alice awakens from her JIGSAW.",
            "content_base64": null,
            "content_base64sha256": "d9ElLD6C2quxV7S9oH+gDZSztTcQGFL3BPD6sxnSazc=",
            "content_base64sha512": "eyvjVzQKJKMPVP8Vn2dBvwOfg07SV78sUdjMOcd6gg8WxGgt6lqq0XmzgxD1HEu7NoP+5Yqxu2ribv9ng9L7Mw==",
            "content_md5": "a4285ea80ceacfb28423cbb05e111c0f",
            "content_sha1": "4adfa771bb463a4a9bf25dbd23da72c3405fe2da",
            "content_sha256": "77d1252c3e82daabb157b4bda07fa00d94b3b537101852f704f0fab319d26b37",
            "content_sha512": "7b2be357340a24a30f54ff159f6741bf039f834ed257bf2c51d8cc39c77a820f16c4682dea5aaad179b38310f51c4bbb3683fee58ab1bb6ae26eff6783d2fb33",
            "directory_permission": "0777",
            "file_permission": "0777",
            "filename": "madlibs/madlibs-15.txt",
            "id": "4adfa771bb463a4a9bf25dbd23da72c3405fe2da",
            "sensitive_content": null,
            "source": null
          },
          "sensitive_attributes": [],
          "dependencies": [
            "random_shuffle.random_adjectives",
            "random_shuffle.random_adverbs",
            "random_shuffle.random_nouns",
            "random_shuffle.random_numbers",
            "random_shuffle.random_verbs"
          ]
        },
        {
          "index_key": 16,
          "schema_version": 0,
          "attributes": {
            "content": "THE OBSERVATORY\n\nOut class when on a field trip to a THUNDERING observatory. It\nwas located on top of a PANTHER, and it looked like a giant\nCAT with a slit down its SUN. We went inside and\nlooked through a WALNUTS and were able to see ARMYs in\nthe sky that were millions of BANANAs away. The men and\nwomen who DANCE in the observatory are called\nVIOLINs, and they are always watching for comets, eclipses,\nand shooting JELLYFISHs. An eclipse occurs when a ZEUS\ncomes between the earth and the MILK and everything\ngets GRUMPY. Next week, we place to KICKED the\nMuseum of Modern SANDWICH.",
            "content_base64": null,
            "content_base64sha256": "hVeCBozxMbzgFbMaU5j+YygECxDF8iUFXpCndlnRcRQ=",
            "content_base64sha512": "Gv5Rbn6T4d4wFLWGT5xl1M2f85zGVca2jFPi+1pakQYWownYNwhgYFHKKjtX3dcXe4lKiNDuDvGs+hxh33Vz+A==",
            "content_md5": "d139f23cc16de50be05d84d17cdf6af0",
            "content_sha1": "30fb3680947b71561279e02aca593139ce7c5871",
            "content_sha256": "855782068cf131bce015b31a5398fe6328040b10c5f225055e90a77659d17114",
            "content_sha512": "1afe516e7e93e1de3014b5864f9c65d4cd9ff39cc655c6b68c53e2fb5a5a910616a309d83708606051ca2a3b57ddd7177b894a88d0ee0ef1acfa1c61df7573f8",
            "directory_permission": "0777",
            "file_permission": "0777",
            "filename": "madlibs/madlibs-16.txt",
            "id": "30fb3680947b71561279e02aca593139ce7c5871",
            "sensitive_content": null,
            "source": null
          },
          "sensitive_attributes": [],
          "dependencies": [
            "random_shuffle.random_adjectives",
            "random_shuffle.random_adverbs",
            "random_shuffle.random_nouns",
            "random_shuffle.random_numbers",
            "random_shuffle.random_verbs"
          ]
        },
        {
          "index_key": 17,
          "schema_version": 0,
          "attributes": {
            "content": "HOW TO BE A PHOTOGRAPHER\n\nMany STICKY photographers make big money\nphotographing ARMYs and beautiful SUNs. They sell\nthe prints to THUNDERING magazines or to agencies who use\nthem in JIGSAW advertisements. To be a photographer, you\nhave to have a MILK camera. You also need an\nBITTER meter and filters and a special close-up\nWALNUTS. Then you either hire professional SUNs or go\nout and snap candid pictures of ordinary BANANAs. But if you\nwant to have a career, you must study very QUICKLY for at\nleast 42 years.",
            "content_base64": null,
            "content_base64sha256": "fbxBhj1WX52Cfli/JybwLAXh+MmlMiwW7lOPJyj95Eo=",
            "content_base64sha512": "GEa8NwoSCSOmeCBhxIvw/fweSl6KXkobLo2dYM26PtFVc9JBn0SUvrlb7u4cGqvMXEHqTek9FVPUC6TAhqsLqA==",
            "content_md5": "af14a5447be7275e80b39735589ba7c6",
            "content_sha1": "1c6261ccb19022ed0923f6306322251a4c4d7437",
            "content_sha256": "7dbc41863d565f9d827e58bf2726f02c05e1f8c9a5322c16ee538f2728fde44a",
            "content_sha512": "1846bc370a120923a6782061c48bf0fdfc1e4a5e8a5e4a1b2e8d9d60cdba3ed15573d2419f4494beb95beeee1c1aabcc5c41ea4de93d1553d40ba4c086ab0ba8",
            "directory_permission": "0777",
            "file_permission": "0777",
            "filename": "madlibs/madlibs-17.txt",
            "id": "1c6261ccb19022ed0923f6306322251a4c4d7437",
            "sensitive_content": null,
            "source": null
          },
          "sensitive_attributes": [],
          "dependencies": [
            "random_shuffle.random_adjectives",
            "random_shuffle.random_adverbs",
            "random_shuffle.random_nouns",
            "random_shuffle.random_numbers",
            "random_shuffle.random_verbs"
          ]
        },
        {
          "index_key": 18,
          "schema_version": 0,
          "attributes": {
            "content": "ALICE'S UPSIDE-DOWN WORLD\n\nLewis Carroll's classic, \"Alice's Adventures in Wonderland\", as well\nas its ABUNDANT sequel, \"Through the Looking PANTHER\",\nhave enchanted both the young and old JIGSAWs for the last\n42 years, Alice's GRUMPY adventures begin\nwhen she RESPECTs down a/an CHUBBY hole and lands\nin a strange and topsy-turvy SUN. There she discovers she\ncan become a tall VIOLIN or a small JELLYFISH simply by\nnibbling on alternate sides of a magic ARMY. In her travels\nthrough Wonderland, Alice RUNs such remarkable\ncharacters as the White ZEUS, the BITTER Hatter,\nthe Cheshire SANDWICH, and even the Queen of BANANAs.\nUnfortunately, Alice's adventures come to a/an STICKY\nend when Alice awakens from her BANANA.",
            "content_base64": null,
            "content_base64sha256": "SuFvUUG+xOhXulfJJI5GwZmrguHjtVuzGxIsW+N/2Ws=",
            "content_base64sha512": "217t1iWD74Tp5DA30ZDY+g1o7s0n5r8LLhcwIooPbMjA0419g/CCCLAxA1ajpKsNVh/BT7QgNQacQsadzyghCA==",
            "content_md5": "2780d3824c4960682898652de9647b1c",
            "content_sha1": "2bc50b67e80bee7dc22d0a9fd7ea512d5a218299",
            "content_sha256": "4ae16f5141bec4e857ba57c9248e46c199ab82e1e3b55bb31b122c5be37fd96b",
            "content_sha512": "db5eedd62583ef84e9e43037d190d8fa0d68eecd27e6bf0b2e1730228a0f6cc8c0d38d7d83f08208b0310356a3a4ab0d561fc14fb42035069c42c69dcf282108",
            "directory_permission": "0777",
            "file_permission": "0777",
            "filename": "madlibs/madlibs-18.txt",
            "id": "2bc50b67e80bee7dc22d0a9fd7ea512d5a218299",
            "sensitive_content": null,
            "source": null
          },
          "sensitive_attributes": [],
          "dependencies": [
            "random_shuffle.random_adjectives",
            "random_shuffle.random_adverbs",
            "random_shuffle.random_nouns",
            "random_shuffle.random_numbers",
            "random_shuffle.random_verbs"
          ]
        },
        {
          "index_key": 19,
          "schema_version": 0,
          "attributes": {
            "content": "THE OBSERVATORY\n\nOut class when on a field trip to a THUNDERING observatory. It\nwas located on top of a MILK, and it looked like a giant\nARMY with a slit down its SUN. We went inside and\nlooked through a VIOLIN and were able to see SANDWICHs in\nthe sky that were millions of ZEUSs away. The men and\nwomen who RESPECT in the observatory are called\nBANANAs, and they are always watching for comets, eclipses,\nand shooting JIGSAWs. An eclipse occurs when a WALNUTS\ncomes between the earth and the CAT and everything\ngets BITTER. Next week, we place to KICKED the\nMuseum of Modern PANTHER.",
            "content_base64": null,
            "content_base64sha256": "xm92BD+kBQzmo8JQjowyimj6oq/3q71dzCSVpu/VLpE=",
            "content_base64sha512": "jhcDYHXePBtn8Af54GoRExpOyoRe3LvDqmDsK9mX7Eg5xhOvZYOnoZcabKlyHzEDlJnDKXpz/qKcsQB3bvnI4Q==",
            "content_md5": "d4658954b71bc4358bb920433ad8d9c8",
            "content_sha1": "d796b3592fee71da45244e87b1411ae8e339683e",
            "content_sha256": "c66f76043fa4050ce6a3c2508e8c328a68faa2aff7abbd5dcc2495a6efd52e91",
            "content_sha512": "8e17036075de3c1b67f007f9e06a11131a4eca845edcbbc3aa60ec2bd997ec4839c613af6583a7a1971a6ca9721f31039499c3297a73fea29cb100776ef9c8e1",
            "directory_permission": "0777",
            "file_permission": "0777",
            "filename": "madlibs/madlibs-19.txt",
            "id": "d796b3592fee71da45244e87b1411ae8e339683e",
            "sensitive_content": null,
            "source": null
          },
          "sensitive_attributes": [],
          "dependencies": [
            "random_shuffle.random_adjectives",
            "random_shuffle.random_adverbs",
            "random_shuffle.random_nouns",
            "random_shuffle.random_numbers",
            "random_shuffle.random_verbs"
          ]
        },
        {
          "index_key": 20,
          "schema_version": 0,
          "attributes": {
            "content": "HOW TO BE A PHOTOGRAPHER\n\nMany THUNDERING photographers make big money\nphotographing JIGSAWs and beautiful PANTHERs. They sell\nthe prints to BITTER magazines or to agencies who use\nthem in MILK advertisements. To be a photographer, you\nhave to have a SUN camera. You also need an\nABUNDANT meter and filters and a special close-up\nSANDWICH. Then you either hire professional PANTHERs or go\nout and snap candid pictures of ordinary ZEUSs. But if you\nwant to have a career, you must study very BEAUTIFULLY for at\nleast 0 years.",
            "content_base64": null,
            "content_base64sha256": "YzMq8DdRl8nBv99lw0qeEtfG5+l5V7eZmtEE6wlrmfc=",
            "content_base64sha512": "FoYwmIooX+ARrfi2PjqwYYO2tU1vEigL0eYuZjyAQm2IuCxKVNGyT7+a6GXxTPjOLxKZX4xbPYi/naC9tU2IGA==",
            "content_md5": "b7258e4fc26baf61ccea61da4a28065d",
            "content_sha1": "245674c9262446245aa4b4c22f9adcbc08223b12",
            "content_sha256": "63332af0375197c9c1bfdf65c34a9e12d7c6e7e97957b7999ad104eb096b99f7",
            "content_sha512": "168630988a285fe011adf8b63e3ab06183b6b54d6f12280bd1e62e663c80426d88b82c4a54d1b24fbf9ae865f14cf8ce2f12995f8c5b3d88bf9da0bdb54d8818",
            "directory_permission": "0777",
            "file_permission": "0777",
            "filename": "madlibs/madlibs-20.txt",
            "id": "245674c9262446245aa4b4c22f9adcbc08223b12",
            "sensitive_content": null,
            "source": null
          },
          "sensitive_attributes": [],
          "dependencies": [
            "random_shuffle.random_adjectives",
            "random_shuffle.random_adverbs",
            "random_shuffle.random_nouns",
            "random_shuffle.random_numbers",
            "random_shuffle.random_verbs"
          ]
        },
        {
          "index_key": 21,
          "schema_version": 0,
          "attributes": {
            "content": "ALICE'S UPSIDE-DOWN WORLD\n\nLewis Carroll's classic, \"Alice's Adventures in Wonderland\", as well\nas its BITTER sequel, \"Through the Looking JELLYFISH\",\nhave enchanted both the young and old MILKs for the last\n0 years, Alice's CHUBBY adventures begin\nwhen she DANCEs down a/an GRUMPY hole and lands\nin a strange and topsy-turvy ZEUS. There she discovers she\ncan become a tall PANTHER or a small ARMY simply by\nnibbling on alternate sides of a magic CAT. In her travels\nthrough Wonderland, Alice RESPECTs such remarkable\ncharacters as the White BANANA, the THUNDERING Hatter,\nthe Cheshire VIOLIN, and even the Queen of SUNs.\nUnfortunately, Alice's adventures come to a/an ABUNDANT\nend when Alice awakens from her SUN.",
            "content_base64": null,
            "content_base64sha256": "TGA9+P5XnLys/dV3X4XxlKzXD/8blwJM8YTYgl0GMUE=",
            "content_base64sha512": "lsQiMBLignGnlkBFyHfx6Pv2diwKHXPy42xmnJUF4hJB7IadL5l31a9tq9CaQSfMGrfAFg/6wVyw+KKfa+Y8nQ==",
            "content_md5": "8379523cba76998e089bef54d96b1c64",
            "content_sha1": "a2157b804f977e2c6d345494df45d90cc5bb504c",
            "content_sha256": "4c603df8fe579cbcacfdd5775f85f194acd70fff1b97024cf184d8825d063141",
            "content_sha512": "96c4223012e28271a7964045c877f1e8fbf6762c0a1d73f2e36c669c9505e21241ec869d2f9977d5af6dabd09a4127cc1ab7c0160ffac15cb0f8a29f6be63c9d",
            "directory_permission": "0777",
            "file_permission": "0777",
            "filename": "madlibs/madlibs-21.txt",
            "id": "a2157b804f977e2c6d345494df45d90cc5bb504c",
            "sensitive_content": null,
            "source": null
          },
          "sensitive_attributes": [],
          "dependencies": [
            "random_shuffle.random_adjectives",
            "random_shuffle.random_adverbs",
            "random_shuffle.random_nouns",
            "random_shuffle.random_numbers",
            "random_shuffle.random_verbs"
          ]
        },
        {
          "index_key": 22,
          "schema_version": 0,
          "attributes": {
            "content": "THE OBSERVATORY\n\nOut class when on a field trip to a THUNDERING observatory. It\nwas located on top of a BANANA, and it looked like a giant\nVIOLIN with a slit down its ARMY. We went inside and\nlooked through a ZEUS and were able to see MILKs in\nthe sky that were millions of PANTHERs away. The men and\nwomen who BAKED in the observatory are called\nCATs, and they are always watching for comets, eclipses,\nand shooting JELLYFISHs. An eclipse occurs when a WALNUTS\ncomes between the earth and the JIGSAW and everything\ngets BITTER. Next week, we place to RESPECT the\nMuseum of Modern SUN.",
            "content_base64": null,
            "content_base64sha256": "Z9pzNUg8CYShvAEQSeoiGYZF4KMTFnN36KClJ58Xins=",
            "content_base64sha512": "gutMnRh5jlw9AsIpT6iRCQ1S5rp3jJpBLuOZfgXSsJ4u97dIKqMiFspdBLje02UdPgZvsEmqWXe5wbtScld3sg==",
            "content_md5": "1256e83d3115dfa6c497624040c065b0",
            "content_sha1": "a195a9cecc0b1b57c9f5ef63c7d9c9ca8804526b",
            "content_sha256": "67da7335483c0984a1bc011049ea22198645e0a313167377e8a0a5279f178a7b",
            "content_sha512": "82eb4c9d18798e5c3d02c2294fa891090d52e6ba778c9a412ee3997e05d2b09e2ef7b7482aa32216ca5d04b8ded3651d3e066fb049aa5977b9c1bb52725777b2",
            "directory_permission": "0777",
            "file_permission": "0777",
            "filename": "madlibs/madlibs-22.txt",
            "id": "a195a9cecc0b1b57c9f5ef63c7d9c9ca8804526b",
            "sensitive_content": null,
            "source": null
          },
          "sensitive_attributes": [],
          "dependencies": [
            "random_shuffle.random_adjectives",
            "random_shuffle.random_adverbs",
            "random_shuffle.random_nouns",
            "random_shuffle.random_numbers",
            "random_shuffle.random_verbs"
          ]
        },
        {
          "index_key": 23,
          "schema_version": 0,
          "attributes": {
            "content": "HOW TO BE A PHOTOGRAPHER\n\nMany THUNDERING photographers make big money\nphotographing PANTHERs and beautiful ARMYs. They sell\nthe prints to STICKY magazines or to agencies who use\nthem in WALNUTS advertisements. To be a photographer, you\nhave to have a BANANA camera. You also need an\nCHUBBY meter and filters and a special close-up\nJIGSAW. Then you either hire professional ARMYs or go\nout and snap candid pictures of ordinary SUNs. But if you\nwant to have a career, you must study very DELICATELY for at\nleast -5 years.",
            "content_base64": null,
            "content_base64sha256": "H7myU5Po6uJ73j9SXvEhwot+L/B5gaFTURO1BMlZu/g=",
            "content_base64sha512": "M4/u48/Z/DosKAKGo0pApCh49IxYncgiQBLFLyr4AaF0B/ODc8AaY2sc+CDj4k7KpVkeovYCAqqzFVUk6kMlpQ==",
            "content_md5": "b1f81714f2c434f95b4f57ab7750c30f",
            "content_sha1": "79d77ecefbfcd26c8441f0365d0d0a372919cfff",
            "content_sha256": "1fb9b25393e8eae27bde3f525ef121c28b7e2ff07981a1535113b504c959bbf8",
            "content_sha512": "338feee3cfd9fc3a2c280286a34a40a42878f48c589dc8224012c52f2af801a17407f38373c01a636b1cf820e3e24ecaa5591ea2f60202aab3155524ea4325a5",
            "directory_permission": "0777",
            "file_permission": "0777",
            "filename": "madlibs/madlibs-23.txt",
            "id": "79d77ecefbfcd26c8441f0365d0d0a372919cfff",
            "sensitive_content": null,
            "source": null
          },
          "sensitive_attributes": [],
          "dependencies": [
            "random_shuffle.random_adjectives",
            "random_shuffle.random_adverbs",
            "random_shuffle.random_nouns",
            "random_shuffle.random_numbers",
            "random_shuffle.random_verbs"
          ]
        },
        {
          "index_key": 24,
          "schema_version": 0,
          "attributes": {
            "content": "ALICE'S UPSIDE-DOWN WORLD\n\nLewis Carroll's classic, \"Alice's Adventures in Wonderland\", as well\nas its THUNDERING sequel, \"Through the Looking WALNUTS\",\nhave enchanted both the young and old SANDWICHs for the last\n42 years, Alice's ABUNDANT adventures begin\nwhen she BAKEDs down a/an STICKY hole and lands\nin a strange and topsy-turvy JELLYFISH. There she discovers she\ncan become a tall BANANA or a small ARMY simply by\nnibbling on alternate sides of a magic PANTHER. In her travels\nthrough Wonderland, Alice KICKEDs such remarkable\ncharacters as the White MILK, the BITTER Hatter,\nthe Cheshire ZEUS, and even the Queen of VIOLINs.\nUnfortunately, Alice's adventures come to a/an CHUBBY\nend when Alice awakens from her VIOLIN.",
            "content_base64": null,
            "content_base64sha256": "LSrE0l4NYU617eDoXsn5+UChpgAzCEMS9EKrU7jqlBE=",
            "content_base64sha512": "iRL4gp10CgRctFkR0heFPp6PkRMYqejyWNoh2+Qk8Wik7cNUHLT48oiDH2q/cL/Lnyw4ITMWp2qX2T1SixYvRA==",
            "content_md5": "55a8bb3c6162868a7f1a05aefffcc5e3",
            "content_sha1": "d0f1b932e103769ff4d17883b6b948ac73d6748d",
            "content_sha256": "2d2ac4d25e0d614eb5ede0e85ec9f9f940a1a60033084312f442ab53b8ea9411",
            "content_sha512": "8912f8829d740a045cb45911d217853e9e8f911318a9e8f258da21dbe424f168a4edc3541cb4f8f288831f6abf70bfcb9f2c38213316a76a97d93d528b162f44",
            "directory_permission": "0777",
            "file_permission": "0777",
            "filename": "madlibs/madlibs-24.txt",
            "id": "d0f1b932e103769ff4d17883b6b948ac73d6748d",
            "sensitive_content": null,
            "source": null
          },
          "sensitive_attributes": [],
          "dependencies": [
            "random_shuffle.random_adjectives",
            "random_shuffle.random_adverbs",
            "random_shuffle.random_nouns",
            "random_shuffle.random_numbers",
            "random_shuffle.random_verbs"
          ]
        },
        {
          "index_key": 25,
          "schema_version": 0,
          "attributes": {
            "content": "THE OBSERVATORY\n\nOut class when on a field trip to a CHUBBY observatory. It\nwas located on top of a PANTHER, and it looked like a giant\nZEUS with a slit down its VIOLIN. We went inside and\nlooked through a CAT and were able to see WALNUTSs in\nthe sky that were millions of SUNs away. The men and\nwomen who RESPECT in the observatory are called\nJELLYFISHs, and they are always watching for comets, eclipses,\nand shooting SANDWICHs. An eclipse occurs when a JIGSAW\ncomes between the earth and the BANANA and everything\ngets BITTER. Next week, we place to DANCE the\nMuseum of Modern ARMY.",
            "content_base64": null,
            "content_base64sha256": "r19aBHfKuwgzb6fHm7jps3zJwKPEpZk/f3UO4lP7KhM=",
            "content_base64sha512": "kbVgVELXIaekPHXZgTV+D1gmlTjmVEyOBx5e8SNJagweD1pX7R1Usk8nR72hLypWd/BbRxZnBmPH0vlykz4VpA==",
            "content_md5": "b259cd39ad34c2da79710bcb347e38eb",
            "content_sha1": "12d7dfe72162bf2b158c01343bdbc304a7ea74fd",
            "content_sha256": "af5f5a0477cabb08336fa7c79bb8e9b37cc9c0a3c4a5993f7f750ee253fb2a13",
            "content_sha512": "91b5605442d721a7a43c75d981357e0f58269538e6544c8e071e5ef123496a0c1e0f5a57ed1d54b24f2747bda12f2a5677f05b4716670663c7d2f972933e15a4",
            "directory_permission": "0777",
            "file_permission": "0777",
            "filename": "madlibs/madlibs-25.txt",
            "id": "12d7dfe72162bf2b158c01343bdbc304a7ea74fd",
            "sensitive_content": null,
            "source": null
          },
          "sensitive_attributes": [],
          "dependencies": [
            "random_shuffle.random_adjectives",
            "random_shuffle.random_adverbs",
            "random_shuffle.random_nouns",
            "random_shuffle.random_numbers",
            "random_shuffle.random_verbs"
          ]
        },
        {
          "index_key": 26,
          "schema_version": 0,
          "attributes": {
            "content": "HOW TO BE A PHOTOGRAPHER\n\nMany CHUBBY photographers make big money\nphotographing SUNs and beautiful JIGSAWs. They sell\nthe prints to ABUNDANT magazines or to agencies who use\nthem in BANANA advertisements. To be a photographer, you\nhave to have a MILK camera. You also need an\nTHUNDERING meter and filters and a special close-up\nZEUS. Then you either hire professional JIGSAWs or go\nout and snap candid pictures of ordinary ARMYs. But if you\nwant to have a career, you must study very TRUTHFULLY for at\nleast 0 years.",
            "content_base64": null,
            "content_base64sha256": "5B6fRmvO91VRK0sc43bRRikfixRfAgswVktYEaJTYf8=",
            "content_base64sha512": "kz2flzV6toZ9a9IV1o41tUd+VkKRd8XFgO7CE8tQkBfWLE2hG7SjCT27XczQxJCr3h7iC/Md4LTuBJJj8OPkqg==",
            "content_md5": "0b70e527d13f2325e997cd408a20e8c4",
            "content_sha1": "6e10fc437168e0763ed16d1267d88920a1a8df41",
            "content_sha256": "e41e9f466bcef755512b4b1ce376d146291f8b145f020b30564b5811a25361ff",
            "content_sha512": "933d9f97357ab6867d6bd215d68e35b5477e56429177c5c580eec213cb509017d62c4da11bb4a3093dbb5dccd0c490abde1ee20bf31de0b4ee049263f0e3e4aa",
            "directory_permission": "0777",
            "file_permission": "0777",
            "filename": "madlibs/madlibs-26.txt",
            "id": "6e10fc437168e0763ed16d1267d88920a1a8df41",
            "sensitive_content": null,
            "source": null
          },
          "sensitive_attributes": [],
          "dependencies": [
            "random_shuffle.random_adjectives",
            "random_shuffle.random_adverbs",
            "random_shuffle.random_nouns",
            "random_shuffle.random_numbers",
            "random_shuffle.random_verbs"
          ]
        },
        {
          "index_key": 27,
          "schema_version": 0,
          "attributes": {
            "content": "ALICE'S UPSIDE-DOWN WORLD\n\nLewis Carroll's classic, \"Alice's Adventures in Wonderland\", as well\nas its GRUMPY sequel, \"Through the Looking VIOLIN\",\nhave enchanted both the young and old MILKs for the last\n0 years, Alice's BITTER adventures begin\nwhen she LOVEs down a/an CHUBBY hole and lands\nin a strange and topsy-turvy JIGSAW. There she discovers she\ncan become a tall SANDWICH or a small WALNUTS simply by\nnibbling on alternate sides of a magic BANANA. In her travels\nthrough Wonderland, Alice RUNs such remarkable\ncharacters as the White ARMY, the ABUNDANT Hatter,\nthe Cheshire SUN, and even the Queen of JELLYFISHs.\nUnfortunately, Alice's adventures come to a/an STICKY\nend when Alice awakens from her JELLYFISH.",
            "content_base64": null,
            "content_base64sha256": "SrFJqbRB11JzKO4qgtbgp9fj1wqtcRQCaW55pxwIlCQ=",
            "content_base64sha512": "6m+MupGPunrkFHnWzxdScL7VPah+nSm9TW6gMeTT+nE674+p+PZghaj3VXV9qAHJDCu9LtI/sZYcj//Ush3vRA==",
            "content_md5": "95bd22a8a4afd6d6a171f776b6b4d736",
            "content_sha1": "49b0bd13a14186d80818f149eb790f78271b5db3",
            "content_sha256": "4ab149a9b441d7527328ee2a82d6e0a7d7e3d70aad711402696e79a71c089424",
            "content_sha512": "ea6f8cba918fba7ae41479d6cf175270bed53da87e9d29bd4d6ea031e4d3fa713aef8fa9f8f66085a8f755757da801c90c2bbd2ed23fb1961c8fffd4b21def44",
            "directory_permission": "0777",
            "file_permission": "0777",
            "filename": "madlibs/madlibs-27.txt",
            "id": "49b0bd13a14186d80818f149eb790f78271b5db3",
            "sensitive_content": null,
            "source": null
          },
          "sensitive_attributes": [],
          "dependencies": [
            "random_shuffle.random_adjectives",
            "random_shuffle.random_adverbs",
            "random_shuffle.random_nouns",
            "random_shuffle.random_numbers",
            "random_shuffle.random_verbs"
          ]
        },
        {
          "index_key": 28,
          "schema_version": 0,
          "attributes": {
            "content": "THE OBSERVATORY\n\nOut class when on a field trip to a STICKY observatory. It\nwas located on top of a JIGSAW, and it looked like a giant\nBANANA with a slit down its SUN. We went inside and\nlooked through a CAT and were able to see SANDWICHs in\nthe sky that were millions of WALNUTSs away. The men and\nwomen who RUN in the observatory are called\nVIOLINs, and they are always watching for comets, eclipses,\nand shooting MILKs. An eclipse occurs when a ZEUS\ncomes between the earth and the JELLYFISH and everything\ngets THUNDERING. Next week, we place to LOVE the\nMuseum of Modern ARMY.",
            "content_base64": null,
            "content_base64sha256": "39gY0+z0ORl18U4BByGEaqDZ66eawKqxIGHvHWJhY/Q=",
            "content_base64sha512": "eV1tCaO/O3wwNKgOZuoR5Sk6PMpahxKBOYt1/hxNHPoJTGVNA8yyhG19HAeEM6cYbgoHHAuvOBqgHWbrq4Rtdw==",
            "content_md5": "af3186abf0ff1701c6b4f6759272bcb6",
            "content_sha1": "e06499a47c921de3bdd7bef02109a7be91a1c106",
            "content_sha256": "dfd818d3ecf4391975f14e010721846aa0d9eba79ac0aab12061ef1d626163f4",
            "content_sha512": "795d6d09a3bf3b7c3034a80e66ea11e5293a3cca5a871281398b75fe1c4d1cfa094c654d03ccb2846d7d1c078433a7186e0a071c0baf381aa01d66ebab846d77",
            "directory_permission": "0777",
            "file_permission": "0777",
            "filename": "madlibs/madlibs-28.txt",
            "id": "e06499a47c921de3bdd7bef02109a7be91a1c106",
            "sensitive_content": null,
            "source": null
          },
          "sensitive_attributes": [],
          "dependencies": [
            "random_shuffle.random_adjectives",
            "random_shuffle.random_adverbs",
            "random_shuffle.random_nouns",
            "random_shuffle.random_numbers",
            "random_shuffle.random_verbs"
          ]
        },
        {
          "index_key": 29,
          "schema_version": 0,
          "attributes": {
            "content": "HOW TO BE A PHOTOGRAPHER\n\nMany ABUNDANT photographers make big money\nphotographing ZEUSs and beautiful CATs. They sell\nthe prints to CHUBBY magazines or to agencies who use\nthem in SUN advertisements. To be a photographer, you\nhave to have a WALNUTS camera. You also need an\nSTICKY meter and filters and a special close-up\nARMY. Then you either hire professional CATs or go\nout and snap candid pictures of ordinary SANDWICHs. But if you\nwant to have a career, you must study very TRUTHFULLY for at\nleast 101 years.",
            "content_base64": null,
            "content_base64sha256": "CVeUAzmhOWaApl/4D6WR3NlfEkoahbMjemWTAUWnqws=",
            "content_base64sha512": "W0FEnl/DXQMt/0ZWbMVNUeTwByXzOBe9/D6FZN0iIo+oYpiPzr3/TRkZMHdAhi2TYFeJIcv5WOHWv3eSroe3MA==",
            "content_md5": "1e701a7be04019a29122ace1ddf77463",
            "content_sha1": "493c0017aaa8077ef7d88f2175c8b940c73d399f",
            "content_sha256": "0957940339a1396680a65ff80fa591dcd95f124a1a85b3237a65930145a7ab0b",
            "content_sha512": "5b41449e5fc35d032dff46566cc54d51e4f00725f33817bdfc3e8564dd22228fa862988fcebdff4d1919307740862d9360578921cbf958e1d6bf7792ae87b730",
            "directory_permission": "0777",
            "file_permission": "0777",
            "filename": "madlibs/madlibs-29.txt",
            "id": "493c0017aaa8077ef7d88f2175c8b940c73d399f",
            "sensitive_content": null,
            "source": null
          },
          "sensitive_attributes": [],
          "dependencies": [
            "random_shuffle.random_adjectives",
            "random_shuffle.random_adverbs",
            "random_shuffle.random_nouns",
            "random_shuffle.random_numbers",
            "random_shuffle.random_verbs"
          ]
        },
        {
          "index_key": 30,
          "schema_version": 0,
          "attributes": {
            "content": "ALICE'S UPSIDE-DOWN WORLD\n\nLewis Carroll's classic, \"Alice's Adventures in Wonderland\", as well\nas its BITTER sequel, \"Through the Looking SUN\",\nhave enchanted both the young and old WALNUTSs for the last\n0 years, Alice's STICKY adventures begin\nwhen she KICKEDs down a/an ABUNDANT hole and lands\nin a strange and topsy-turvy BANANA. There she discovers she\ncan become a tall JELLYFISH or a small ZEUS simply by\nnibbling on alternate sides of a magic ARMY. In her travels\nthrough Wonderland, Alice LOVEs such remarkable\ncharacters as the White JIGSAW, the THUNDERING Hatter,\nthe Cheshire PANTHER, and even the Queen of CATs.\nUnfortunately, Alice's adventures come to a/an CHUBBY\nend when Alice awakens from her CAT.",
            "content_base64": null,
            "content_base64sha256": "K1DOfsuxDP0FYr0/ZwhEGuUv3CuCMapdMCgSdVORb/8=",
            "content_base64sha512": "cWBBZ5fqzondjA/lLihSEj+c2Gf7TZbDyI4dEm5ZZlTTQxJ/I4MbdnSeKzqXhgRMwSf6e2UGNSu+rgjeeYksEg==",
            "content_md5": "f462693b748f8309ae45a6a4f752413a",
            "content_sha1": "bda361dd47210fa4b8ec07382367dd23661d380f",
            "content_sha256": "2b50ce7ecbb10cfd0562bd3f6708441ae52fdc2b8231aa5d3028127553916fff",
            "content_sha512": "7160416797eace89dd8c0fe52e2852123f9cd867fb4d96c3c88e1d126e596654d343127f23831b76749e2b3a9786044cc127fa7b6506352bbeae08de79892c12",
            "directory_permission": "0777",
            "file_permission": "0777",
            "filename": "madlibs/madlibs-30.txt",
            "id": "bda361dd47210fa4b8ec07382367dd23661d380f",
            "sensitive_content": null,
            "source": null
          },
          "sensitive_attributes": [],
          "dependencies": [
            "random_shuffle.random_adjectives",
            "random_shuffle.random_adverbs",
            "random_shuffle.random_nouns",
            "random_shuffle.random_numbers",
            "random_shuffle.random_verbs"
          ]
        },
        {
          "index_key": 31,
          "schema_version": 0,
          "attributes": {
            "content": "THE OBSERVATORY\n\nOut class when on a field trip to a GRUMPY observatory. It\nwas located on top of a WALNUTS, and it looked like a giant\nMILK with a slit down its PANTHER. We went inside and\nlooked through a JIGSAW and were able to see VIOLINs in\nthe sky that were millions of CATs away. The men and\nwomen who RESPECT in the observatory are called\nBANANAs, and they are always watching for comets, eclipses,\nand shooting ARMYs. An eclipse occurs when a ZEUS\ncomes between the earth and the SANDWICH and everything\ngets STICKY. Next week, we place to RUN the\nMuseum of Modern JELLYFISH.",
            "content_base64": null,
            "content_base64sha256": "JaFbIE7aCN+qhRuYPQohctIvuC3L3LEXJYCqKTMouPY=",
            "content_base64sha512": "nmDvIyMP4nykoP5dJUWleT4ajKqpvl2Xr7tQkZ4Kbg1uepuRYlDQ0S3N4Cu31qtTJEtnE/PXHwBF+lUCULcDPw==",
            "content_md5": "ae0af039e6cd3562edfb8612a810791f",
            "content_sha1": "69002b9d5169d01b0b99786258f85a8f0e049fb9",
            "content_sha256": "25a15b204eda08dfaa851b983d0a2172d22fb82dcbdcb1172580aa293328b8f6",
            "content_sha512": "9e60ef23230fe27ca4a0fe5d2545a5793e1a8caaa9be5d97afbb50919e0a6e0d6e7a9b916250d0d12dcde02bb7d6ab53244b6713f3d71f0045fa550250b7033f",
            "directory_permission": "0777",
            "file_permission": "0777",
            "filename": "madlibs/madlibs-31.txt",
            "id": "69002b9d5169d01b0b99786258f85a8f0e049fb9",
            "sensitive_content": null,
            "source": null
          },
          "sensitive_attributes": [],
          "dependencies": [
            "random_shuffle.random_adjectives",
            "random_shuffle.random_adverbs",
            "random_shuffle.random_nouns",
            "random_shuffle.random_numbers",
            "random_shuffle.random_verbs"
          ]
        },
        {
          "index_key": 32,
          "schema_version": 0,
          "attributes": {
            "content": "HOW TO BE A PHOTOGRAPHER\n\nMany BITTER photographers make big money\nphotographing SANDWICHs and beautiful MILKs. They sell\nthe prints to THUNDERING magazines or to agencies who use\nthem in BANANA advertisements. To be a photographer, you\nhave to have a ZEUS camera. You also need an\nGRUMPY meter and filters and a special close-up\nJIGSAW. Then you either hire professional MILKs or go\nout and snap candid pictures of ordinary PANTHERs. But if you\nwant to have a career, you must study very DELICATELY for at\nleast 42 years.",
            "content_base64": null,
            "content_base64sha256": "z06HOjqfuM2pWEySnDFbUzs0pbHTZbGhNL5TLXWQj3Q=",
            "content_base64sha512": "Hbu9LedV70fedTI1ye+MGU+ImAi/taVcs2U7d2opYZv1i6b9Q4pTtNEfsp2HByj6QP6OGcDB33nrfJdXqekkUg==",
            "content_md5": "77459cb198a4f93b454b062d7991a6a3",
            "content_sha1": "bdc72306240c29315d7d0f1515e45b367eccb4ba",
            "content_sha256": "cf4e873a3a9fb8cda9584c929c315b533b34a5b1d365b1a134be532d75908f74",
            "content_sha512": "1dbbbd2de755ef47de753235c9ef8c194f889808bfb5a55cb3653b776a29619bf58ba6fd438a53b4d11fb29d870728fa40fe8e19c0c1df79eb7c9757a9e92452",
            "directory_permission": "0777",
            "file_permission": "0777",
            "filename": "madlibs/madlibs-32.txt",
            "id": "bdc72306240c29315d7d0f1515e45b367eccb4ba",
            "sensitive_content": null,
            "source": null
          },
          "sensitive_attributes": [],
          "dependencies": [
            "random_shuffle.random_adjectives",
            "random_shuffle.random_adverbs",
            "random_shuffle.random_nouns",
            "random_shuffle.random_numbers",
            "random_shuffle.random_verbs"
          ]
        },
        {
          "index_key": 33,
          "schema_version": 0,
          "attributes": {
            "content": "ALICE'S UPSIDE-DOWN WORLD\n\nLewis Carroll's classic, \"Alice's Adventures in Wonderland\", as well\nas its BITTER sequel, \"Through the Looking ARMY\",\nhave enchanted both the young and old JELLYFISHs for the last\n73 years, Alice's STICKY adventures begin\nwhen she RESPECTs down a/an CHUBBY hole and lands\nin a strange and topsy-turvy CAT. There she discovers she\ncan become a tall PANTHER or a small SUN simply by\nnibbling on alternate sides of a magic BANANA. In her travels\nthrough Wonderland, Alice KICKEDs such remarkable\ncharacters as the White JIGSAW, the GRUMPY Hatter,\nthe Cheshire WALNUTS, and even the Queen of VIOLINs.\nUnfortunately, Alice's adventures come to a/an ABUNDANT\nend when Alice awakens from her VIOLIN.",
            "content_base64": null,
            "content_base64sha256": "bF+emP3XqvEZKm+qFATCf0ClzFuGjw+AeAMUlWHWngw=",
            "content_base64sha512": "2XgS+U1CYjZoB/AQhts3c6SmL4IYVZfv9AsqCy5bdErBu89PUosqT98/17HCF+zS/EF8PjJiNhTWUxPb0P+4cw==",
            "content_md5": "5a37a4bf9ff186b968595d2d488c49f6",
            "content_sha1": "ff746fd1a0d0a637a4b175c8402ca091104196cf",
            "content_sha256": "6c5f9e98fdd7aaf1192a6faa1404c27f40a5cc5b868f0f807803149561d69e0c",
            "content_sha512": "d97812f94d4262366807f01086db3773a4a62f82185597eff40b2a0b2e5b744ac1bbcf4f528b2a4fdf3fd7b1c217ecd2fc417c3e32623614d65313dbd0ffb873",
            "directory_permission": "0777",
            "file_permission": "0777",
            "filename": "madlibs/madlibs-33.txt",
            "id": "ff746fd1a0d0a637a4b175c8402ca091104196cf",
            "sensitive_content": null,
            "source": null
          },
          "sensitive_attributes": [],
          "dependencies": [
            "random_shuffle.random_adjectives",
            "random_shuffle.random_adverbs",
            "random_shuffle.random_nouns",
            "random_shuffle.random_numbers",
            "random_shuffle.random_verbs"
          ]
        },
        {
          "index_key": 34,
          "schema_version": 0,
          "attributes": {
            "content": "THE OBSERVATORY\n\nOut class when on a field trip to a GRUMPY observatory. It\nwas located on top of a BANANA, and it looked like a giant\nMILK with a slit down its ARMY. We went inside and\nlooked through a JIGSAW and were able to see VIOLINs in\nthe sky that were millions of SUNs away. The men and\nwomen who KICKED in the observatory are called\nZEUSs, and they are always watching for comets, eclipses,\nand shooting JELLYFISHs. An eclipse occurs when a SANDWICH\ncomes between the earth and the CAT and everything\ngets CHUBBY. Next week, we place to BAKED the\nMuseum of Modern WALNUTS.",
            "content_base64": null,
            "content_base64sha256": "TmuokQzqqyO6KMnNUw6NUjhCpEuXgPabe5bTiCH8P6c=",
            "content_base64sha512": "KEbls0Cwe2LpvRJMVsujiwoeAbI+fdir27RL+5PKYaKqwKsctFFnj3h5Pr3dvJJjAbKnRro//UDWYSFDhun/YA==",
            "content_md5": "e8d8d8be3c36973bb461d9b6cb7c7b95",
            "content_sha1": "04810095d3feb6a253af057e685f360f34c96fb4",
            "content_sha256": "4e6ba8910ceaab23ba28c9cd530e8d523842a44b9780f69b7b96d38821fc3fa7",
            "content_sha512": "2846e5b340b07b62e9bd124c56cba38b0a1e01b23e7dd8abdbb44bfb93ca61a2aac0ab1cb451678f78793ebdddbc926301b2a746ba3ffd40d661214386e9ff60",
            "directory_permission": "0777",
            "file_permission": "0777",
            "filename": "madlibs/madlibs-34.txt",
            "id": "04810095d3feb6a253af057e685f360f34c96fb4",
            "sensitive_content": null,
            "source": null
          },
          "sensitive_attributes": [],
          "dependencies": [
            "random_shuffle.random_adjectives",
            "random_shuffle.random_adverbs",
            "random_shuffle.random_nouns",
            "random_shuffle.random_numbers",
            "random_shuffle.random_verbs"
          ]
        },
        {
          "index_key": 35,
          "schema_version": 0,
          "attributes": {
            "content": "HOW TO BE A PHOTOGRAPHER\n\nMany STICKY photographers make big money\nphotographing ARMYs and beautiful VIOLINs. They sell\nthe prints to CHUBBY magazines or to agencies who use\nthem in ZEUS advertisements. To be a photographer, you\nhave to have a SANDWICH camera. You also need an\nGRUMPY meter and filters and a special close-up\nMILK. Then you either hire professional VIOLINs or go\nout and snap candid pictures of ordinary CATs. But if you\nwant to have a career, you must study very TRUTHFULLY for at\nleast 0 years.",
            "content_base64": null,
            "content_base64sha256": "tok42+wlXbaCT1HcgiUWjGG8pGiyZO0GzkKzggjIapk=",
            "content_base64sha512": "Z1tZCF4Y/wAtGtD0S1mwLRYi3lCJKpUsycyZady4mjn8SB5RALyQ7j69/MURZaVuzTmf9XwTaeIoasG+8IHtsQ==",
            "content_md5": "46bdc5ab0077406507d08ffd2f1d7b91",
            "content_sha1": "6d6d8ad9bfaa118f002c5d3d0da716d7cabbe26b",
            "content_sha256": "b68938dbec255db6824f51dc8225168c61bca468b264ed06ce42b38208c86a99",
            "content_sha512": "675b59085e18ff002d1ad0f44b59b02d1622de50892a952cc9cc9969dcb89a39fc481e5100bc90ee3ebdfcc51165a56ecd399ff57c1369e2286ac1bef081edb1",
            "directory_permission": "0777",
            "file_permission": "0777",
            "filename": "madlibs/madlibs-35.txt",
            "id": "6d6d8ad9bfaa118f002c5d3d0da716d7cabbe26b",
            "sensitive_content": null,
            "source": null
          },
          "sensitive_attributes": [],
          "dependencies": [
            "random_shuffle.random_adjectives",
            "random_shuffle.random_adverbs",
            "random_shuffle.random_nouns",
            "random_shuffle.random_numbers",
            "random_shuffle.random_verbs"
          ]
        },
        {
          "index_key": 36,
          "schema_version": 0,
          "attributes": {
            "content": "ALICE'S UPSIDE-DOWN WORLD\n\nLewis Carroll's classic, \"Alice's Adventures in Wonderland\", as well\nas its GRUMPY sequel, \"Through the Looking SANDWICH\",\nhave enchanted both the young and old ARMYs for the last\n73 years, Alice's THUNDERING adventures begin\nwhen she DANCEs down a/an STICKY hole and lands\nin a strange and topsy-turvy WALNUTS. There she discovers she\ncan become a tall PANTHER or a small JIGSAW simply by\nnibbling on alternate sides of a magic JELLYFISH. In her travels\nthrough Wonderland, Alice RUNs such remarkable\ncharacters as the White MILK, the ABUNDANT Hatter,\nthe Cheshire VIOLIN, and even the Queen of BANANAs.\nUnfortunately, Alice's adventures come to a/an BITTER\nend when Alice awakens from her BANANA.",
            "content_base64": null,
            "content_base64sha256": "KE8HR5ZYNIXc90pwoFX5l2apY3KXE9xswZxiC2lo0uM=",
            "content_base64sha512": "14+sn/fL7iqGm6z5dOdK/tVg+wNC05iU5aU/sYM5Wj+IeWFzzp8gCY1UhcfKs37S2mh/6WD+f9eE+18C7NU7YQ==",
            "content_md5": "af4461e73cde4519b3fbc19c5a4ea7dc",
            "content_sha1": "b9adb4bbad3c9c84f5731b5c70c2ab4b3b7765a0",
            "content_sha256": "284f074796583485dcf74a70a055f99766a963729713dc6cc19c620b6968d2e3",
            "content_sha512": "d78fac9ff7cbee2a869bacf974e74afed560fb0342d39894e5a53fb183395a3f88796173ce9f20098d5485c7cab37ed2da687fe960fe7fd784fb5f02ecd53b61",
            "directory_permission": "0777",
            "file_permission": "0777",
            "filename": "madlibs/madlibs-36.txt",
            "id": "b9adb4bbad3c9c84f5731b5c70c2ab4b3b7765a0",
            "sensitive_content": null,
            "source": null
          },
          "sensitive_attributes": [],
          "dependencies": [
            "random_shuffle.random_adjectives",
            "random_shuffle.random_adverbs",
            "random_shuffle.random_nouns",
            "random_shuffle.random_numbers",
            "random_shuffle.random_verbs"
          ]
        },
        {
          "index_key": 37,
          "schema_version": 0,
          "attributes": {
            "content": "THE OBSERVATORY\n\nOut class when on a field trip to a CHUBBY observatory. It\nwas located on top of a JELLYFISH, and it looked like a giant\nARMY with a slit down its JIGSAW. We went inside and\nlooked through a VIOLIN and were able to see WALNUTSs in\nthe sky that were millions of SANDWICHs away. The men and\nwomen who RUN in the observatory are called\nBANANAs, and they are always watching for comets, eclipses,\nand shooting MILKs. An eclipse occurs when a PANTHER\ncomes between the earth and the CAT and everything\ngets BITTER. Next week, we place to DANCE the\nMuseum of Modern SUN.",
            "content_base64": null,
            "content_base64sha256": "T+xCF0KyOBHx0VhazLzMWKcclvy9ufXqJzeWGt7HTjk=",
            "content_base64sha512": "7fFW8jHROgdMAUmhaCpJHb0TNo2+BgRrQxTr968hrGXx9oAKhpQzyB2Wm7mrKchj++aTPzSz6SIsGkpJO3S8yQ==",
            "content_md5": "4c38a4d0df108d65bda0eafc2e2ced7b",
            "content_sha1": "11af7e163e8b6360d58e4eb49211a4d593750973",
            "content_sha256": "4fec421742b23811f1d1585accbccc58a71c96fcbdb9f5ea2737961adec74e39",
            "content_sha512": "edf156f231d13a074c0149a1682a491dbd13368dbe06046b4314ebf7af21ac65f1f6800a869433c81d969bb9ab29c863fbe6933f34b3e9222c1a4a493b74bcc9",
            "directory_permission": "0777",
            "file_permission": "0777",
            "filename": "madlibs/madlibs-37.txt",
            "id": "11af7e163e8b6360d58e4eb49211a4d593750973",
            "sensitive_content": null,
            "source": null
          },
          "sensitive_attributes": [],
          "dependencies": [
            "random_shuffle.random_adjectives",
            "random_shuffle.random_adverbs",
            "random_shuffle.random_nouns",
            "random_shuffle.random_numbers",
            "random_shuffle.random_verbs"
          ]
        },
        {
          "index_key": 38,
          "schema_version": 0,
          "attributes": {
            "content": "HOW TO BE A PHOTOGRAPHER\n\nMany BITTER photographers make big money\nphotographing ARMYs and beautiful ZEUSs. They sell\nthe prints to GRUMPY magazines or to agencies who use\nthem in MILK advertisements. To be a photographer, you\nhave to have a BANANA camera. You also need an\nTHUNDERING meter and filters and a special close-up\nPANTHER. Then you either hire professional ZEUSs or go\nout and snap candid pictures of ordinary VIOLINs. But if you\nwant to have a career, you must study very BEAUTIFULLY for at\nleast 42 years.",
            "content_base64": null,
            "content_base64sha256": "on8lzF54rQ8bM/b1DXEMN0N1fPfh1GXFY0EwOnCiYiU=",
            "content_base64sha512": "jDXEiJ+1haNOORFDWDXEEDDmmVb5DG1khdmRFhPb1RBMloUDxQn5Q0LhaNK69Xjif43zym9N8eNYzAfKtF7udw==",
            "content_md5": "d838041f3a850a3e1a3b8efbe401b7dd",
            "content_sha1": "547e5e9fd55d86db73f92d068657d4e50c0e4b06",
            "content_sha256": "a27f25cc5e78ad0f1b33f6f50d710c3743757cf7e1d465c56341303a70a26225",
            "content_sha512": "8c35c4889fb585a34e3911435835c41030e69956f90c6d6485d9911613dbd5104c968503c509f94342e168d2baf578e27f8df3ca6f4df1e358cc07cab45eee77",
            "directory_permission": "0777",
            "file_permission": "0777",
            "filename": "madlibs/madlibs-38.txt",
            "id": "547e5e9fd55d86db73f92d068657d4e50c0e4b06",
            "sensitive_content": null,
            "source": null
          },
          "sensitive_attributes": [],
          "dependencies": [
            "random_shuffle.random_adjectives",
            "random_shuffle.random_adverbs",
            "random_shuffle.random_nouns",
            "random_shuffle.random_numbers",
            "random_shuffle.random_verbs"
          ]
        },
        {
          "index_key": 39,
          "schema_version": 0,
          "attributes": {
            "content": "ALICE'S UPSIDE-DOWN WORLD\n\nLewis Carroll's classic, \"Alice's Adventures in Wonderland\", as well\nas its THUNDERING sequel, \"Through the Looking CAT\",\nhave enchanted both the young and old ZEUSs for the last\n-5 years, Alice's BITTER adventures begin\nwhen she DANCEs down a/an GRUMPY hole and lands\nin a strange and topsy-turvy BANANA. There she discovers she\ncan become a tall VIOLIN or a small SANDWICH simply by\nnibbling on alternate sides of a magic MILK. In her travels\nthrough Wonderland, Alice KICKEDs such remarkable\ncharacters as the White WALNUTS, the STICKY Hatter,\nthe Cheshire JELLYFISH, and even the Queen of PANTHERs.\nUnfortunately, Alice's adventures come to a/an CHUBBY\nend when Alice awakens from her PANTHER.",
            "content_base64": null,
            "content_base64sha256": "E8MHZepe89jbPcZY2i1ta1LDRlKaLDzt7Q1S/QIhs0U=",
            "content_base64sha512": "2OLnB/fI5FjeyL36BUgWZ24uasSLwXF2PoG6VQcp4BMsDLc+JCPV7uOPBbHB0PThe1MaNpTtuNLgJqK9LtmpTA==",
            "content_md5": "cde5749d49b360f558f69041403e3e17",
            "content_sha1": "288e0dde656458aea822aab21f15c859745a8c05",
            "content_sha256": "13c30765ea5ef3d8db3dc658da2d6d6b52c346529a2c3ceded0d52fd0221b345",
            "content_sha512": "d8e2e707f7c8e458dec8bdfa054816676e2e6ac48bc171763e81ba550729e0132c0cb73e2423d5eee38f05b1c1d0f4e17b531a3694edb8d2e026a2bd2ed9a94c",
            "directory_permission": "0777",
            "file_permission": "0777",
            "filename": "madlibs/madlibs-39.txt",
            "id": "288e0dde656458aea822aab21f15c859745a8c05",
            "sensitive_content": null,
            "source": null
          },
          "sensitive_attributes": [],
          "dependencies": [
            "random_shuffle.random_adjectives",
            "random_shuffle.random_adverbs",
            "random_shuffle.random_nouns",
            "random_shuffle.random_numbers",
            "random_shuffle.random_verbs"
          ]
        },
        {
          "index_key": 40,
          "schema_version": 0,
          "attributes": {
            "content": "THE OBSERVATORY\n\nOut class when on a field trip to a CHUBBY observatory. It\nwas located on top of a SANDWICH, and it looked like a giant\nBANANA with a slit down its ZEUS. We went inside and\nlooked through a WALNUTS and were able to see CATs in\nthe sky that were millions of ARMYs away. The men and\nwomen who LOVE in the observatory are called\nJELLYFISHs, and they are always watching for comets, eclipses,\nand shooting VIOLINs. An eclipse occurs when a PANTHER\ncomes between the earth and the MILK and everything\ngets STICKY. Next week, we place to KICKED the\nMuseum of Modern JIGSAW.",
            "content_base64": null,
            "content_base64sha256": "1+s9C6DrLxt/8eHlCuJc1Idzu4Yh/UltIZ74Z6ZbnJk=",
            "content_base64sha512": "BCSXfD2nbMTzhzD6MujIwGwEKcr/1+4pDSgnHs0EvVWM9oeQLphXWrXo+6dV9Qf04MFz7rWhBIROKDtiGv26Fw==",
            "content_md5": "70ef3af1fca73e8914e840e92b5938af",
            "content_sha1": "c6a89f270e619ec5a4ca2299ad9a4e48a396b4f4",
            "content_sha256": "d7eb3d0ba0eb2f1b7ff1e1e50ae25cd48773bb8621fd496d219ef867a65b9c99",
            "content_sha512": "0424977c3da76cc4f38730fa32e8c8c06c0429caffd7ee290d28271ecd04bd558cf687902e98575ab5e8fba755f507f4e0c173eeb5a104844e283b621afdba17",
            "directory_permission": "0777",
            "file_permission": "0777",
            "filename": "madlibs/madlibs-40.txt",
            "id": "c6a89f270e619ec5a4ca2299ad9a4e48a396b4f4",
            "sensitive_content": null,
            "source": null
          },
          "sensitive_attributes": [],
          "dependencies": [
            "random_shuffle.random_adjectives",
            "random_shuffle.random_adverbs",
            "random_shuffle.random_nouns",
            "random_shuffle.random_numbers",
            "random_shuffle.random_verbs"
          ]
        },
        {
          "index_key": 41,
          "schema_version": 0,
          "attributes": {
            "content": "HOW TO BE A PHOTOGRAPHER\n\nMany THUNDERING photographers make big money\nphotographing CATs and beautiful SANDWICHs. They sell\nthe prints to CHUBBY magazines or to agencies who use\nthem in ARMY advertisements. To be a photographer, you\nhave to have a PANTHER camera. You also need an\nBITTER meter and filters and a special close-up\nVIOLIN. Then you either hire professional SANDWICHs or go\nout and snap candid pictures of ordinary WALNUTSs. But if you\nwant to have a career, you must study very QUICKLY for at\nleast 73 years.",
            "content_base64": null,
            "content_base64sha256": "MIMy2i/j4WRKb+wOQXyk6WNMVW2M/8u7Dsij0A/yvRI=",
            "content_base64sha512": "mWtXGahouB27bOsGpOfeHCaqOntnapXnElmVcwWJfzdTFPLayWDCkl0EFbRoEkKgZLJwY5TZxKI4D6/UcqSUnQ==",
            "content_md5": "a9c1e8b1d098c95ba3face7785054a0b",
            "content_sha1": "460638281e64932a592fb08d6afbc9a0cf063ba2",
            "content_sha256": "308332da2fe3e1644a6fec0e417ca4e9634c556d8cffcbbb0ec8a3d00ff2bd12",
            "content_sha512": "996b5719a868b81dbb6ceb06a4e7de1c26aa3a7b676a95e71259957305897f375314f2dac960c2925d0415b4681242a064b2706394d9c4a2380fafd472a4949d",
            "directory_permission": "0777",
            "file_permission": "0777",
            "filename": "madlibs/madlibs-41.txt",
            "id": "460638281e64932a592fb08d6afbc9a0cf063ba2",
            "sensitive_content": null,
            "source": null
          },
          "sensitive_attributes": [],
          "dependencies": [
            "random_shuffle.random_adjectives",
            "random_shuffle.random_adverbs",
            "random_shuffle.random_nouns",
            "random_shuffle.random_numbers",
            "random_shuffle.random_verbs"
          ]
        },
        {
          "index_key": 42,
          "schema_version": 0,
          "attributes": {
            "content": "ALICE'S UPSIDE-DOWN WORLD\n\nLewis Carroll's classic, \"Alice's Adventures in Wonderland\", as well\nas its GRUMPY sequel, \"Through the Looking SANDWICH\",\nhave enchanted both the young and old ZEUSs for the last\n-5 years, Alice's THUNDERING adventures begin\nwhen she KICKEDs down a/an ABUNDANT hole and lands\nin a strange and topsy-turvy MILK. There she discovers she\ncan become a tall WALNUTS or a small SUN simply by\nnibbling on alternate sides of a magic ARMY. In her travels\nthrough Wonderland, Alice BAKEDs such remarkable\ncharacters as the White JIGSAW, the STICKY Hatter,\nthe Cheshire CAT, and even the Queen of BANANAs.\nUnfortunately, Alice's adventures come to a/an BITTER\nend when Alice awakens from her BANANA.",
            "content_base64": null,
            "content_base64sha256": "ohLpuCkUfBwroeU53E/FAbTbW7qYDFfAc/t5bQkfNmo=",
            "content_base64sha512": "3wq+RyAIXAoEeoilUqD+Lrf4MoFCaJm4fSt/wN0wUEQQ17Wfx2pC36uY+CA6RTLcZzAv3aR0jr07jVkoH1kmrQ==",
            "content_md5": "8efb1b2e9c479d220580c5ae1ab80b0a",
            "content_sha1": "4dfc3da503e43ae7b7f5db616c79801b800550c3",
            "content_sha256": "a212e9b829147c1c2ba1e539dc4fc501b4db5bba980c57c073fb796d091f366a",
            "content_sha512": "df0abe4720085c0a047a88a552a0fe2eb7f83281426899b87d2b7fc0dd30504410d7b59fc76a42dfab98f8203a4532dc67302fdda4748ebd3b8d59281f5926ad",
            "directory_permission": "0777",
            "file_permission": "0777",
            "filename": "madlibs/madlibs-42.txt",
            "id": "4dfc3da503e43ae7b7f5db616c79801b800550c3",
            "sensitive_content": null,
            "source": null
          },
          "sensitive_attributes": [],
          "dependencies": [
            "random_shuffle.random_adjectives",
            "random_shuffle.random_adverbs",
            "random_shuffle.random_nouns",
            "random_shuffle.random_numbers",
            "random_shuffle.random_verbs"
          ]
        },
        {
          "index_key": 43,
          "schema_version": 0,
          "attributes": {
            "content": "THE OBSERVATORY\n\nOut class when on a field trip to a GRUMPY observatory. It\nwas located on top of a BANANA, and it looked like a giant\nVIOLIN with a slit down its ARMY. We went inside and\nlooked through a PANTHER and were able to see MILKs in\nthe sky that were millions of SUNs away. The men and\nwomen who DANCE in the observatory are called\nZEUSs, and they are always watching for comets, eclipses,\nand shooting WALNUTSs. An eclipse occurs when a JIGSAW\ncomes between the earth and the JELLYFISH and everything\ngets THUNDERING. Next week, we place to BAKED the\nMuseum of Modern CAT.",
            "content_base64": null,
            "content_base64sha256": "NOnhMp1UnIA5I+m3KOFf4imzYG8eG0KqAyV7Pc47lK4=",
            "content_base64sha512": "p55y/DmBFHI0reIwSnN9OhGIv+uF4awNkGuhS2lWq3eYWGYP37s5VIhO+c9sGGhYZg7nXs8dMCaHnSDc+KRE+w==",
            "content_md5": "96ceea8bb58e8d2bd342ceff2a5983d3",
            "content_sha1": "98462fbe85c42bb8dbf97b122376834ccba1b279",
            "content_sha256": "34e9e1329d549c803923e9b728e15fe229b3606f1e1b42aa03257b3dce3b94ae",
            "content_sha512": "a79e72fc3981147234ade2304a737d3a1188bfeb85e1ac0d906ba14b6956ab779858660fdfbb3954884ef9cf6c186858660ee75ecf1d3026879d20dcf8a444fb",
            "directory_permission": "0777",
            "file_permission": "0777",
            "filename": "madlibs/madlibs-43.txt",
            "id": "98462fbe85c42bb8dbf97b122376834ccba1b279",
            "sensitive_content": null,
            "source": null
          },
          "sensitive_attributes": [],
          "dependencies": [
            "random_shuffle.random_adjectives",
            "random_shuffle.random_adverbs",
            "random_shuffle.random_nouns",
            "random_shuffle.random_numbers",
            "random_shuffle.random_verbs"
          ]
        },
        {
          "index_key": 44,
          "schema_version": 0,
          "attributes": {
            "content": "HOW TO BE A PHOTOGRAPHER\n\nMany STICKY photographers make big money\nphotographing SUNs and beautiful WALNUTSs. They sell\nthe prints to THUNDERING magazines or to agencies who use\nthem in CAT advertisements. To be a photographer, you\nhave to have a SANDWICH camera. You also need an\nCHUBBY meter and filters and a special close-up\nZEUS. Then you either hire professional WALNUTSs or go\nout and snap candid pictures of ordinary ARMYs. But if you\nwant to have a career, you must study very QUICKLY for at\nleast 73 years.",
            "content_base64": null,
            "content_base64sha256": "j4Tjzz3gtBbC/eTS27aWWF515sXFOGxIoBnwbARsax8=",
            "content_base64sha512": "GHWthLkEKiLJaFp/iAzXDjuFH5bhKKuwgoQ++QcZ03iDNd9peZ1uRZ0gjFsZKQXJWqX66wLArMSbGJR0dP+/8Q==",
            "content_md5": "41ba498f866b87085d84b6447458c922",
            "content_sha1": "da37c11418c226960766864b8e5d03f636f08d6e",
            "content_sha256": "8f84e3cf3de0b416c2fde4d2dbb696585e75e6c5c5386c48a019f06c046c6b1f",
            "content_sha512": "1875ad84b9042a22c9685a7f880cd70e3b851f96e128abb082843ef90719d3788335df69799d6e459d208c5b192905c95aa5faeb02c0acc49b18947474ffbff1",
            "directory_permission": "0777",
            "file_permission": "0777",
            "filename": "madlibs/madlibs-44.txt",
            "id": "da37c11418c226960766864b8e5d03f636f08d6e",
            "sensitive_content": null,
            "source": null
          },
          "sensitive_attributes": [],
          "dependencies": [
            "random_shuffle.random_adjectives",
            "random_shuffle.random_adverbs",
            "random_shuffle.random_nouns",
            "random_shuffle.random_numbers",
            "random_shuffle.random_verbs"
          ]
        },
        {
          "index_key": 45,
          "schema_version": 0,
          "attributes": {
            "content": "ALICE'S UPSIDE-DOWN WORLD\n\nLewis Carroll's classic, \"Alice's Adventures in Wonderland\", as well\nas its GRUMPY sequel, \"Through the Looking JIGSAW\",\nhave enchanted both the young and old SANDWICHs for the last\n42 years, Alice's BITTER adventures begin\nwhen she KICKEDs down a/an STICKY hole and lands\nin a strange and topsy-turvy VIOLIN. There she discovers she\ncan become a tall ZEUS or a small WALNUTS simply by\nnibbling on alternate sides of a magic PANTHER. In her travels\nthrough Wonderland, Alice RUNs such remarkable\ncharacters as the White CAT, the THUNDERING Hatter,\nthe Cheshire ARMY, and even the Queen of SUNs.\nUnfortunately, Alice's adventures come to a/an ABUNDANT\nend when Alice awakens from her SUN.",
            "content_base64": null,
            "content_base64sha256": "xJm1LFmrW6/c0TzXPXGK67A2LxwrQ2CHfbJ3CyK7QDQ=",
            "content_base64sha512": "PthdTgkNq84KvKj7ovSuiio6rJi/Wd/kq/uT03SZixvkDEdpAIGsHqKsWtIOLW3fkS3cC5oF2tEebKjZZA7lEA==",
            "content_md5": "d5c0d15d425dd7b87f06b608a230aaf8",
            "content_sha1": "1bd77210d5507c5620a041faf8979637e4d23b7c",
            "content_sha256": "c499b52c59ab5bafdcd13cd73d718aebb0362f1c2b4360877db2770b22bb4034",
            "content_sha512": "3ed85d4e090dabce0abca8fba2f4ae8a2a3aac98bf59dfe4abfb93d374998b1be40c47690081ac1ea2ac5ad20e2d6ddf912ddc0b9a05dad11e6ca8d9640ee510",
            "directory_permission": "0777",
            "file_permission": "0777",
            "filename": "madlibs/madlibs-45.txt",
            "id": "1bd77210d5507c5620a041faf8979637e4d23b7c",
            "sensitive_content": null,
            "source": null
          },
          "sensitive_attributes": [],
          "dependencies": [
            "random_shuffle.random_adjectives",
            "random_shuffle.random_adverbs",
            "random_shuffle.random_nouns",
            "random_shuffle.random_numbers",
            "random_shuffle.random_verbs"
          ]
        },
        {
          "index_key": 46,
          "schema_version": 0,
          "attributes": {
            "content": "THE OBSERVATORY\n\nOut class when on a field trip to a ABUNDANT observatory. It\nwas located on top of a PANTHER, and it looked like a giant\nJIGSAW with a slit down its JELLYFISH. We went inside and\nlooked through a CAT and were able to see SANDWICHs in\nthe sky that were millions of ZEUSs away. The men and\nwomen who LOVE in the observatory are called\nWALNUTSs, and they are always watching for comets, eclipses,\nand shooting SUNs. An eclipse occurs when a BANANA\ncomes between the earth and the MILK and everything\ngets CHUBBY. Next week, we place to RESPECT the\nMuseum of Modern VIOLIN.",
            "content_base64": null,
            "content_base64sha256": "yyMqVW5qHN3c8nh0g6UqGzmMoHrvxPrn6wk/MtKzy5I=",
            "content_base64sha512": "zfPNNDSAo3zyMJET5mXSjQ9lwHkXOeC35ceXLnoGjVsiw2w2ttKOZBlaSB+026l4hv912NmwtbVgC3tqvY9jpw==",
            "content_md5": "c0a4dc5edaa00352c5d7380ee049cbd9",
            "content_sha1": "41b6fe2e738d9b70a54cacdf676304be4627d1f6",
            "content_sha256": "cb232a556e6a1cdddcf2787483a52a1b398ca07aefc4fae7eb093f32d2b3cb92",
            "content_sha512": "cdf3cd343480a37cf2309113e665d28d0f65c0791739e0b7e5c7972e7a068d5b22c36c36b6d28e64195a481fb4dba97886ff75d8d9b0b5b5600b7b6abd8f63a7",
            "directory_permission": "0777",
            "file_permission": "0777",
            "filename": "madlibs/madlibs-46.txt",
            "id": "41b6fe2e738d9b70a54cacdf676304be4627d1f6",
            "sensitive_content": null,
            "source": null
          },
          "sensitive_attributes": [],
          "dependencies": [
            "random_shuffle.random_adjectives",
            "random_shuffle.random_adverbs",
            "random_shuffle.random_nouns",
            "random_shuffle.random_numbers",
            "random_shuffle.random_verbs"
          ]
        },
        {
          "index_key": 47,
          "schema_version": 0,
          "attributes": {
            "content": "HOW TO BE A PHOTOGRAPHER\n\nMany CHUBBY photographers make big money\nphotographing SANDWICHs and beautiful MILKs. They sell\nthe prints to GRUMPY magazines or to agencies who use\nthem in PANTHER advertisements. To be a photographer, you\nhave to have a WALNUTS camera. You also need an\nBITTER meter and filters and a special close-up\nCAT. Then you either hire professional MILKs or go\nout and snap candid pictures of ordinary ZEUSs. But if you\nwant to have a career, you must study very WEARILY for at\nleast 0 years.",
            "content_base64": null,
            "content_base64sha256": "ADzab+Pp5kEWRqrmZ/asLI0krwGL1Pwxwb4unJ2cl2s=",
            "content_base64sha512": "hZUEE7tzMjTZYvbL/ZKJkcEavIqTyZvETMbo6S7x+C5igRc+ywq2VT4HJnu/Qj9CbV//TxZemxr6E7Cjn5bYMg==",
            "content_md5": "deb131cfc1a76e5885afc318b7b33bb4",
            "content_sha1": "f14e78ffb1591c065c0c454073ceb4485fc73cca",
            "content_sha256": "003cda6fe3e9e6411646aae667f6ac2c8d24af018bd4fc31c1be2e9c9d9c976b",
            "content_sha512": "85950413bb733234d962f6cbfd928991c11abc8a93c99bc44cc6e8e92ef1f82e6281173ecb0ab6553e07267bbf423f426d5fff4f165e9b1afa13b0a39f96d832",
            "directory_permission": "0777",
            "file_permission": "0777",
            "filename": "madlibs/madlibs-47.txt",
            "id": "f14e78ffb1591c065c0c454073ceb4485fc73cca",
            "sensitive_content": null,
            "source": null
          },
          "sensitive_attributes": [],
          "dependencies": [
            "random_shuffle.random_adjectives",
            "random_shuffle.random_adverbs",
            "random_shuffle.random_nouns",
            "random_shuffle.random_numbers",
            "random_shuffle.random_verbs"
          ]
        },
        {
          "index_key": 48,
          "schema_version": 0,
          "attributes": {
            "content": "ALICE'S UPSIDE-DOWN WORLD\n\nLewis Carroll's classic, \"Alice's Adventures in Wonderland\", as well\nas its THUNDERING sequel, \"Through the Looking WALNUTS\",\nhave enchanted both the young and old SANDWICHs for the last\n-5 years, Alice's GRUMPY adventures begin\nwhen she DANCEs down a/an BITTER hole and lands\nin a strange and topsy-turvy CAT. There she discovers she\ncan become a tall SUN or a small JIGSAW simply by\nnibbling on alternate sides of a magic ZEUS. In her travels\nthrough Wonderland, Alice LOVEs such remarkable\ncharacters as the White MILK, the CHUBBY Hatter,\nthe Cheshire ARMY, and even the Queen of BANANAs.\nUnfortunately, Alice's adventures come to a/an ABUNDANT\nend when Alice awakens from her BANANA.",
            "content_base64": null,
            "content_base64sha256": "xf7pCEseJjwP19wt0+nvO9sS2ybgFpZgtWJFsVm6DA8=",
            "content_base64sha512": "W+il2PklMJcA0jXjIvBruXQCJZkZ9Pqz5ZTYSiB6HDBRvPAyZnxa4XopQhU5Uel8a12xZSD9AjCcEipaMMumqA==",
            "content_md5": "e237ad7155c8744fd89a1f31c29c8ba6",
            "content_sha1": "9979ff10f19ee3bd3b95473a0812fe658da881a5",
            "content_sha256": "c5fee9084b1e263c0fd7dc2dd3e9ef3bdb12db26e0169660b56245b159ba0c0f",
            "content_sha512": "5be8a5d8f925309700d235e322f06bb97402259919f4fab3e594d84a207a1c3051bcf032667c5ae17a2942153951e97c6b5db16520fd02309c122a5a30cba6a8",
            "directory_permission": "0777",
            "file_permission": "0777",
            "filename": "madlibs/madlibs-48.txt",
            "id": "9979ff10f19ee3bd3b95473a0812fe658da881a5",
            "sensitive_content": null,
            "source": null
          },
          "sensitive_attributes": [],
          "dependencies": [
            "random_shuffle.random_adjectives",
            "random_shuffle.random_adverbs",
            "random_shuffle.random_nouns",
            "random_shuffle.random_numbers",
            "random_shuffle.random_verbs"
          ]
        },
        {
          "index_key": 49,
          "schema_version": 0,
          "attributes": {
            "content": "THE OBSERVATORY\n\nOut class when on a field trip to a BITTER observatory. It\nwas located on top of a ZEUS, and it looked like a giant\nJELLYFISH with a slit down its WALNUTS. We went inside and\nlooked through a SANDWICH and were able to see ARMYs in\nthe sky that were millions of JIGSAWs away. The men and\nwomen who RESPECT in the observatory are called\nSUNs, and they are always watching for comets, eclipses,\nand shooting VIOLINs. An eclipse occurs when a BANANA\ncomes between the earth and the CAT and everything\ngets THUNDERING. Next week, we place to BAKED the\nMuseum of Modern PANTHER.",
            "content_base64": null,
            "content_base64sha256": "GM9TNME1pemc3bY1GZp8pz0GXEVeIQaeWa0YPOIlvbI=",
            "content_base64sha512": "cCGPEAz9mvdusH/OjconoZr2K+OOoGHfBCeX1ybT3/HZFUbxEKVtFNNSrNCM5JaWEc5bj/MqNXXQ/Ij+9bnxwA==",
            "content_md5": "655bf86772406110ba1d78d6b475ab94",
            "content_sha1": "dca445474678ad39543f3b42618fd55482733e55",
            "content_sha256": "18cf5334c135a5e99cddb635199a7ca73d065c455e21069e59ad183ce225bdb2",
            "content_sha512": "70218f100cfd9af76eb07fce8dca27a19af62be38ea061df042797d726d3dff1d91546f110a56d14d352acd08ce4969611ce5b8ff32a3575d0fc88fef5b9f1c0",
            "directory_permission": "0777",
            "file_permission": "0777",
            "filename": "madlibs/madlibs-49.txt",
            "id": "dca445474678ad39543f3b42618fd55482733e55",
            "sensitive_content": null,
            "source": null
          },
          "sensitive_attributes": [],
          "dependencies": [
            "random_shuffle.random_adjectives",
            "random_shuffle.random_adverbs",
            "random_shuffle.random_nouns",
            "random_shuffle.random_numbers",
            "random_shuffle.random_verbs"
          ]
        },
        {
          "index_key": 50,
          "schema_version": 0,
          "attributes": {
            "content": "HOW TO BE A PHOTOGRAPHER\n\nMany STICKY photographers make big money\nphotographing JIGSAWs and beautiful SANDWICHs. They sell\nthe prints to CHUBBY magazines or to agencies who use\nthem in ARMY advertisements. To be a photographer, you\nhave to have a JELLYFISH camera. You also need an\nGRUMPY meter and filters and a special close-up\nPANTHER. Then you either hire professional SANDWICHs or go\nout and snap candid pictures of ordinary CATs. But if you\nwant to have a career, you must study very DELICATELY for at\nleast 73 years.",
            "content_base64": null,
            "content_base64sha256": "hwUXayco5C1FWV5/Xkyo0LPLEtSu0jyXUcw7R2X3EJA=",
            "content_base64sha512": "S3zToDZe5e9br+CGMR02a/1GpaU7b2GBsBFk4MMrFfj+eQaGj1ZuOjQWlHCbe4QT4tZ4HnBEk1DbYEjvqOULOg==",
            "content_md5": "a31684b218d5ee949d0ce013ed78d594",
            "content_sha1": "29a5dec62978edefc1785d541171fbad1311b652",
            "content_sha256": "8705176b2728e42d45595e7f5e4ca8d0b3cb12d4aed23c9751cc3b4765f71090",
            "content_sha512": "4b7cd3a0365ee5ef5bafe086311d366bfd46a5a53b6f6181b01164e0c32b15f8fe7906868f566e3a341694709b7b8413e2d6781e70449350db6048efa8e50b3a",
            "directory_permission": "0777",
            "file_permission": "0777",
            "filename": "madlibs/madlibs-50.txt",
            "id": "29a5dec62978edefc1785d541171fbad1311b652",
            "sensitive_content": null,
            "source": null
          },
          "sensitive_attributes": [],
          "dependencies": [
            "random_shuffle.random_adjectives",
            "random_shuffle.random_adverbs",
            "random_shuffle.random_nouns",
            "random_shuffle.random_numbers",
            "random_shuffle.random_verbs"
          ]
        },
        {
          "index_key": 51,
          "schema_version": 0,
          "attributes": {
            "content": "ALICE'S UPSIDE-DOWN WORLD\n\nLewis Carroll's classic, \"Alice's Adventures in Wonderland\", as well\nas its GRUMPY sequel, \"Through the Looking MILK\",\nhave enchanted both the young and old JIGSAWs for the last\n0 years, Alice's ABUNDANT adventures begin\nwhen she KICKEDs down a/an BITTER hole and lands\nin a strange and topsy-turvy CAT. There she discovers she\ncan become a tall JELLYFISH or a small ARMY simply by\nnibbling on alternate sides of a magic BANANA. In her travels\nthrough Wonderland, Alice RESPECTs such remarkable\ncharacters as the White WALNUTS, the CHUBBY Hatter,\nthe Cheshire PANTHER, and even the Queen of SUNs.\nUnfortunately, Alice's adventures come to a/an STICKY\nend when Alice awakens from her SUN.",
            "content_base64": null,
            "content_base64sha256": "ZAc7KHgr/TzM4u7PYQj/PbGU2kuTTDI23ilAz05WQEA=",
            "content_base64sha512": "+0fWPD6VbnCcnjqFDsnAH8ZHL4ie0ZfolS3+gzasn0VV3o7zQ+0hdcDdxUWTeCSItclmIJIOwxSiO69bZ7a90A==",
            "content_md5": "a5edb286384959be986e3569241905b7",
            "content_sha1": "9cfe299bdd6c3ed15f63c8961061af461ed77915",
            "content_sha256": "64073b28782bfd3ccce2eecf6108ff3db194da4b934c3236de2940cf4e564040",
            "content_sha512": "fb47d63c3e956e709c9e3a850ec9c01fc6472f889ed197e8952dfe8336ac9f4555de8ef343ed2175c0ddc54593782488b5c96620920ec314a23baf5b67b6bdd0",
            "directory_permission": "0777",
            "file_permission": "0777",
            "filename": "madlibs/madlibs-51.txt",
            "id": "9cfe299bdd6c3ed15f63c8961061af461ed77915",
            "sensitive_content": null,
            "source": null
          },
          "sensitive_attributes": [],
          "dependencies": [
            "random_shuffle.random_adjectives",
            "random_shuffle.random_adverbs",
            "random_shuffle.random_nouns",
            "random_shuffle.random_numbers",
            "random_shuffle.random_verbs"
          ]
        },
        {
          "index_key": 52,
          "schema_version": 0,
          "attributes": {
            "content": "THE OBSERVATORY\n\nOut class when on a field trip to a CHUBBY observatory. It\nwas located on top of a PANTHER, and it looked like a giant\nBANANA with a slit down its VIOLIN. We went inside and\nlooked through a WALNUTS and were able to see JIGSAWs in\nthe sky that were millions of JELLYFISHs away. The men and\nwomen who LOVE in the observatory are called\nSUNs, and they are always watching for comets, eclipses,\nand shooting ZEUSs. An eclipse occurs when a CAT\ncomes between the earth and the SANDWICH and everything\ngets GRUMPY. Next week, we place to RUN the\nMuseum of Modern ARMY.",
            "content_base64": null,
            "content_base64sha256": "YV7R0fV39DSrhRbUIR5P+sqGCwx3pb71n89hkRd4rs8=",
            "content_base64sha512": "crEEtKStZqzKE0YPPbMwfZihCQLzHoEwRI4n3cgWAznQnaMirYfvYQjD8WPnj+0CjeCadBDMud5vWf+sw4ITFw==",
            "content_md5": "bfdca3e548d60ce90708762147579a06",
            "content_sha1": "a9c63317060e9a5b9025ec5db82750e9b6b43f7c",
            "content_sha256": "615ed1d1f577f434ab8516d4211e4ffaca860b0c77a5bef59fcf61911778aecf",
            "content_sha512": "72b104b4a4ad66acca13460f3db3307d98a10902f31e8130448e27ddc8160339d09da322ad87ef6108c3f163e78fed028de09a7410ccb9de6f59ffacc3821317",
            "directory_permission": "0777",
            "file_permission": "0777",
            "filename": "madlibs/madlibs-52.txt",
            "id": "a9c63317060e9a5b9025ec5db82750e9b6b43f7c",
            "sensitive_content": null,
            "source": null
          },
          "sensitive_attributes": [],
          "dependencies": [
            "random_shuffle.random_adjectives",
            "random_shuffle.random_adverbs",
            "random_shuffle.random_nouns",
            "random_shuffle.random_numbers",
            "random_shuffle.random_verbs"
          ]
        },
        {
          "index_key": 53,
          "schema_version": 0,
          "attributes": {
            "content": "HOW TO BE A PHOTOGRAPHER\n\nMany STICKY photographers make big money\nphotographing ARMYs and beautiful ZEUSs. They sell\nthe prints to GRUMPY magazines or to agencies who use\nthem in BANANA advertisements. To be a photographer, you\nhave to have a SANDWICH camera. You also need an\nTHUNDERING meter and filters and a special close-up\nMILK. Then you either hire professional ZEUSs or go\nout and snap candid pictures of ordinary SUNs. But if you\nwant to have a career, you must study very TRUTHFULLY for at\nleast 73 years.",
            "content_base64": null,
            "content_base64sha256": "uVqaZS51UX/4yRBiUo5LoVdl5HGAyGuB84lcROhbnCw=",
            "content_base64sha512": "JXnVZkQQD0MqnOyqF3yZHGXfu200DJxo/Y6s2dEMViJFH87Q8sv87jW5q6BiOPUQqzf1dmCziSCRgWTEm9s3HQ==",
            "content_md5": "d2d7d0a109783ccb5e0ab0b254375560",
            "content_sha1": "10ef788162b88f3cb9c02ed7abae3558b1afc71f",
            "content_sha256": "b95a9a652e75517ff8c91062528e4ba15765e47180c86b81f3895c44e85b9c2c",
            "content_sha512": "2579d56644100f432a9cecaa177c991c65dfbb6d340c9c68fd8eacd9d10c5622451fced0f2cbfcee35b9aba06238f510ab37f57660b38920918164c49bdb371d",
            "directory_permission": "0777",
            "file_permission": "0777",
            "filename": "madlibs/madlibs-53.txt",
            "id": "10ef788162b88f3cb9c02ed7abae3558b1afc71f",
            "sensitive_content": null,
            "source": null
          },
          "sensitive_attributes": [],
          "dependencies": [
            "random_shuffle.random_adjectives",
            "random_shuffle.random_adverbs",
            "random_shuffle.random_nouns",
            "random_shuffle.random_numbers",
            "random_shuffle.random_verbs"
          ]
        },
        {
          "index_key": 54,
          "schema_version": 0,
          "attributes": {
            "content": "ALICE'S UPSIDE-DOWN WORLD\n\nLewis Carroll's classic, \"Alice's Adventures in Wonderland\", as well\nas its CHUBBY sequel, \"Through the Looking VIOLIN\",\nhave enchanted both the young and old SANDWICHs for the last\n-5 years, Alice's GRUMPY adventures begin\nwhen she LOVEs down a/an STICKY hole and lands\nin a strange and topsy-turvy SUN. There she discovers she\ncan become a tall BANANA or a small MILK simply by\nnibbling on alternate sides of a magic WALNUTS. In her travels\nthrough Wonderland, Alice RESPECTs such remarkable\ncharacters as the White CAT, the BITTER Hatter,\nthe Cheshire ZEUS, and even the Queen of PANTHERs.\nUnfortunately, Alice's adventures come to a/an THUNDERING\nend when Alice awakens from her PANTHER.",
            "content_base64": null,
            "content_base64sha256": "WVFycV8jfeN84FUhqZjOsoxYCe08lX9XwjXqYTqK4uo=",
            "content_base64sha512": "fA+HjS+zl8UPHMzSj0pDkD43+cNFiZGCMTogk/uaPXMp563sYtljw+X1vsulspQsirE4laXfPSV+c/y+Rc5Yjg==",
            "content_md5": "f63545d81589fb7e619202c319d64bb4",
            "content_sha1": "422a7fa7731aafac87023b08786e7fd3e6c1516f",
            "content_sha256": "595172715f237de37ce05521a998ceb28c5809ed3c957f57c235ea613a8ae2ea",
            "content_sha512": "7c0f878d2fb397c50f1cccd28f4a43903e37f9c345899182313a2093fb9a3d7329e7adec62d963c3e5f5becba5b2942c8ab13895a5df3d257e73fcbe45ce588e",
            "directory_permission": "0777",
            "file_permission": "0777",
            "filename": "madlibs/madlibs-54.txt",
            "id": "422a7fa7731aafac87023b08786e7fd3e6c1516f",
            "sensitive_content": null,
            "source": null
          },
          "sensitive_attributes": [],
          "dependencies": [
            "random_shuffle.random_adjectives",
            "random_shuffle.random_adverbs",
            "random_shuffle.random_nouns",
            "random_shuffle.random_numbers",
            "random_shuffle.random_verbs"
          ]
        },
        {
          "index_key": 55,
          "schema_version": 0,
          "attributes": {
            "content": "THE OBSERVATORY\n\nOut class when on a field trip to a STICKY observatory. It\nwas located on top of a SANDWICH, and it looked like a giant\nCAT with a slit down its VIOLIN. We went inside and\nlooked through a PANTHER and were able to see JELLYFISHs in\nthe sky that were millions of SUNs away. The men and\nwomen who LOVE in the observatory are called\nZEUSs, and they are always watching for comets, eclipses,\nand shooting JIGSAWs. An eclipse occurs when a WALNUTS\ncomes between the earth and the ARMY and everything\ngets CHUBBY. Next week, we place to KICKED the\nMuseum of Modern BANANA.",
            "content_base64": null,
            "content_base64sha256": "1CnXxcPRNSh8KO8B4PsfRJYhQHfV2tVOyKlu5MgoYus=",
            "content_base64sha512": "kv1GdgxS7M+EWLIGuQZHm0pkOXRjuweWV4IVVdw71cWCLsd2cqRGiKcBNmkhrRc2L3+HLk6PRuOckFGrrpsmUw==",
            "content_md5": "f16a0a988602ea853c67755f76c69a92",
            "content_sha1": "165836889c32f8c65ab2caa55676406dcea3e9a3",
            "content_sha256": "d429d7c5c3d135287c28ef01e0fb1f4496214077d5dad54ec8a96ee4c82862eb",
            "content_sha512": "92fd46760c52eccf8458b206b906479b4a64397463bb079657821555dc3bd5c5822ec77672a44688a701366921ad17362f7f872e4e8f46e39c9051abae9b2653",
            "directory_permission": "0777",
            "file_permission": "0777",
            "filename": "madlibs/madlibs-55.txt",
            "id": "165836889c32f8c65ab2caa55676406dcea3e9a3",
            "sensitive_content": null,
            "source": null
          },
          "sensitive_attributes": [],
          "dependencies": [
            "random_shuffle.random_adjectives",
            "random_shuffle.random_adverbs",
            "random_shuffle.random_nouns",
            "random_shuffle.random_numbers",
            "random_shuffle.random_verbs"
          ]
        },
        {
          "index_key": 56,
          "schema_version": 0,
          "attributes": {
            "content": "HOW TO BE A PHOTOGRAPHER\n\nMany STICKY photographers make big money\nphotographing WALNUTSs and beautiful VIOLINs. They sell\nthe prints to THUNDERING magazines or to agencies who use\nthem in CAT advertisements. To be a photographer, you\nhave to have a ARMY camera. You also need an\nGRUMPY meter and filters and a special close-up\nJELLYFISH. Then you either hire professional VIOLINs or go\nout and snap candid pictures of ordinary BANANAs. But if you\nwant to have a career, you must study very BEAUTIFULLY for at\nleast 27 years.",
            "content_base64": null,
            "content_base64sha256": "n+r/oqctlL9OTF7zIDvhh5bcpb5LEUM0cz+R2ulvrcg=",
            "content_base64sha512": "UIUm5yUcI/AbASaG3pTCvjyRXHLsCj4T48mWv5LmzXCROAyLoEWg8ujWw+y3R/GitdjykK5Qbg5Z1/1EXScC6g==",
            "content_md5": "a05a4429eda7f7f1546397d10fa52f92",
            "content_sha1": "3d6ab8f2bab81445de659364d77b5e848403a351",
            "content_sha256": "9feaffa2a72d94bf4e4c5ef3203be18796dca5be4b114334733f91dae96fadc8",
            "content_sha512": "508526e7251c23f01b012686de94c2be3c915c72ec0a3e13e3c996bf92e6cd7091380c8ba045a0f2e8d6c3ecb747f1a2b5d8f290ae506e0e59d7fd445d2702ea",
            "directory_permission": "0777",
            "file_permission": "0777",
            "filename": "madlibs/madlibs-56.txt",
            "id": "3d6ab8f2bab81445de659364d77b5e848403a351",
            "sensitive_content": null,
            "source": null
          },
          "sensitive_attributes": [],
          "dependencies": [
            "random_shuffle.random_adjectives",
            "random_shuffle.random_adverbs",
            "random_shuffle.random_nouns",
            "random_shuffle.random_numbers",
            "random_shuffle.random_verbs"
          ]
        },
        {
          "index_key": 57,
          "schema_version": 0,
          "attributes": {
            "content": "ALICE'S UPSIDE-DOWN WORLD\n\nLewis Carroll's classic, \"Alice's Adventures in Wonderland\", as well\nas its THUNDERING sequel, \"Through the Looking SUN\",\nhave enchanted both the young and old JELLYFISHs for the last\n73 years, Alice's GRUMPY adventures begin\nwhen she BAKEDs down a/an ABUNDANT hole and lands\nin a strange and topsy-turvy VIOLIN. There she discovers she\ncan become a tall WALNUTS or a small CAT simply by\nnibbling on alternate sides of a magic SANDWICH. In her travels\nthrough Wonderland, Alice LOVEs such remarkable\ncharacters as the White PANTHER, the STICKY Hatter,\nthe Cheshire ARMY, and even the Queen of ZEUSs.\nUnfortunately, Alice's adventures come to a/an CHUBBY\nend when Alice awakens from her ZEUS.",
            "content_base64": null,
            "content_base64sha256": "z/uY6EvkzmhF9fvJXrSpqoC0nwN3zd0Th3Ni+qTnx00=",
            "content_base64sha512": "hEmaRmosV3vvmZZ8x6QmjBn1V1Q6ofss6TKjG97nVOipK47zbYqyuU3UAQfDINlq6dVtFu+RD0cNJydQJGSmjg==",
            "content_md5": "22c32dd39be153653647dfd19f72621a",
            "content_sha1": "6ae582a5df1703f543fb08c3590ccb5631822458",
            "content_sha256": "cffb98e84be4ce6845f5fbc95eb4a9aa80b49f0377cddd13877362faa4e7c74d",
            "content_sha512": "84499a466a2c577bef99967cc7a4268c19f557543aa1fb2ce932a31bdee754e8a92b8ef36d8ab2b94dd40107c320d96ae9d56d16ef910f470d2727502464a68e",
            "directory_permission": "0777",
            "file_permission": "0777",
            "filename": "madlibs/madlibs-57.txt",
            "id": "6ae582a5df1703f543fb08c3590ccb5631822458",
            "sensitive_content": null,
            "source": null
          },
          "sensitive_attributes": [],
          "dependencies": [
            "random_shuffle.random_adjectives",
            "random_shuffle.random_adverbs",
            "random_shuffle.random_nouns",
            "random_shuffle.random_numbers",
            "random_shuffle.random_verbs"
          ]
        },
        {
          "index_key": 58,
          "schema_version": 0,
          "attributes": {
            "content": "THE OBSERVATORY\n\nOut class when on a field trip to a ABUNDANT observatory. It\nwas located on top of a JIGSAW, and it looked like a giant\nWALNUTS with a slit down its JELLYFISH. We went inside and\nlooked through a SUN and were able to see ARMYs in\nthe sky that were millions of MILKs away. The men and\nwomen who BAKED in the observatory are called\nVIOLINs, and they are always watching for comets, eclipses,\nand shooting BANANAs. An eclipse occurs when a CAT\ncomes between the earth and the ZEUS and everything\ngets STICKY. Next week, we place to LOVE the\nMuseum of Modern PANTHER.",
            "content_base64": null,
            "content_base64sha256": "WPl+36BNCPgberPYC2LPAbV26gmLTZED2SjPA+35I2E=",
            "content_base64sha512": "sY8HCddYvzE2pzboFtg95ueQYDyuRGVgXrMFWRRtT7Mo0c4KQ8s5/w7zL2KJp47wMxb/n8VxwmAmwzauUMw19A==",
            "content_md5": "bddd445d6ece0514e7049c2d6025d88c",
            "content_sha1": "07d9a4ca6db470e9f50c5c712c113306e34d371b",
            "content_sha256": "58f97edfa04d08f81b7ab3d80b62cf01b576ea098b4d9103d928cf03edf92361",
            "content_sha512": "b18f0709d758bf3136a736e816d83de6e790603cae4465605eb30559146d4fb328d1ce0a43cb39ff0ef32f6289a78ef03316ff9fc571c26026c336ae50cc35f4",
            "directory_permission": "0777",
            "file_permission": "0777",
            "filename": "madlibs/madlibs-58.txt",
            "id": "07d9a4ca6db470e9f50c5c712c113306e34d371b",
            "sensitive_content": null,
            "source": null
          },
          "sensitive_attributes": [],
          "dependencies": [
            "random_shuffle.random_adjectives",
            "random_shuffle.random_adverbs",
            "random_shuffle.random_nouns",
            "random_shuffle.random_numbers",
            "random_shuffle.random_verbs"
          ]
        },
        {
          "index_key": 59,
          "schema_version": 0,
          "attributes": {
            "content": "HOW TO BE A PHOTOGRAPHER\n\nMany THUNDERING photographers make big money\nphotographing BANANAs and beautiful SANDWICHs. They sell\nthe prints to STICKY magazines or to agencies who use\nthem in PANTHER advertisements. To be a photographer, you\nhave to have a CAT camera. You also need an\nABUNDANT meter and filters and a special close-up\nSUN. Then you either hire professional SANDWICHs or go\nout and snap candid pictures of ordinary VIOLINs. But if you\nwant to have a career, you must study very DELICATELY for at\nleast 42 years.",
            "content_base64": null,
            "content_base64sha256": "tgF3BAzDYFKVN7XUQ2GkQuMBNKcRwWvfraNO/Y0eP8A=",
            "content_base64sha512": "TGMGhHyVMgpEwvsYfqKGpaGIx+ZfFtxl6u111DqwK4BlDVJkVPrOHi2J8uEg5/ag59z6OdE9ZvC0LMZsztGQcA==",
            "content_md5": "290c77a7339e04c6c81190469d8765c5",
            "content_sha1": "ded3fcb7d67d11cf09e5e3066d314d8ce1449f10",
            "content_sha256": "b60177040cc360529537b5d44361a442e30134a711c16bdfada34efd8d1e3fc0",
            "content_sha512": "4c6306847c95320a44c2fb187ea286a5a188c7e65f16dc65eaed75d43ab02b80650d526454face1e2d89f2e120e7f6a0e7dcfa39d13d66f0b42cc66cced19070",
            "directory_permission": "0777",
            "file_permission": "0777",
            "filename": "madlibs/madlibs-59.txt",
            "id": "ded3fcb7d67d11cf09e5e3066d314d8ce1449f10",
            "sensitive_content": null,
            "source": null
          },
          "sensitive_attributes": [],
          "dependencies": [
            "random_shuffle.random_adjectives",
            "random_shuffle.random_adverbs",
            "random_shuffle.random_nouns",
            "random_shuffle.random_numbers",
            "random_shuffle.random_verbs"
          ]
        },
        {
          "index_key": 60,
          "schema_version": 0,
          "attributes": {
            "content": "ALICE'S UPSIDE-DOWN WORLD\n\nLewis Carroll's classic, \"Alice's Adventures in Wonderland\", as well\nas its ABUNDANT sequel, \"Through the Looking MILK\",\nhave enchanted both the young and old JELLYFISHs for the last\n101 years, Alice's GRUMPY adventures begin\nwhen she LOVEs down a/an CHUBBY hole and lands\nin a strange and topsy-turvy ARMY. There she discovers she\ncan become a tall SUN or a small BANANA simply by\nnibbling on alternate sides of a magic ZEUS. In her travels\nthrough Wonderland, Alice DANCEs such remarkable\ncharacters as the White PANTHER, the BITTER Hatter,\nthe Cheshire JIGSAW, and even the Queen of VIOLINs.\nUnfortunately, Alice's adventures come to a/an STICKY\nend when Alice awakens from her VIOLIN.",
            "content_base64": null,
            "content_base64sha256": "UBAM/qHou5zeW3FZB2JwpQNiA1JrC9ESgCEM1BKxAHs=",
            "content_base64sha512": "14vWfXW6MW0nxdFZHwnN/mwBAZ8rJRJ823/y1vbCr+4XMNZCiT39LKxUSAuLGBi9XB9sfHGZrbQP61H1wmGnbA==",
            "content_md5": "4321bc141f1005c334157f1c70bc980f",
            "content_sha1": "e170eb61b73ce3195fce00191e5d56a1642ca431",
            "content_sha256": "50100cfea1e8bb9cde5b7159076270a5036203526b0bd11280210cd412b1007b",
            "content_sha512": "d78bd67d75ba316d27c5d1591f09cdfe6c01019f2b25127cdb7ff2d6f6c2afee1730d642893dfd2cac54480b8b1818bd5c1f6c7c7199adb40feb51f5c261a76c",
            "directory_permission": "0777",
            "file_permission": "0777",
            "filename": "madlibs/madlibs-60.txt",
            "id": "e170eb61b73ce3195fce00191e5d56a1642ca431",
            "sensitive_content": null,
            "source": null
          },
          "sensitive_attributes": [],
          "dependencies": [
            "random_shuffle.random_adjectives",
            "random_shuffle.random_adverbs",
            "random_shuffle.random_nouns",
            "random_shuffle.random_numbers",
            "random_shuffle.random_verbs"
          ]
        },
        {
          "index_key": 61,
          "schema_version": 0,
          "attributes": {
            "content": "THE OBSERVATORY\n\nOut class when on a field trip to a STICKY observatory. It\nwas located on top of a SUN, and it looked like a giant\nZEUS with a slit down its VIOLIN. We went inside and\nlooked through a SANDWICH and were able to see ARMYs in\nthe sky that were millions of MILKs away. The men and\nwomen who LOVE in the observatory are called\nPANTHERs, and they are always watching for comets, eclipses,\nand shooting WALNUTSs. An eclipse occurs when a CAT\ncomes between the earth and the BANANA and everything\ngets CHUBBY. Next week, we place to KICKED the\nMuseum of Modern JIGSAW.",
            "content_base64": null,
            "content_base64sha256": "+5S2IEUMA6jTn30symuVn4aosN2OpneseeN1JG76Ujg=",
            "content_base64sha512": "cI9BTJmBk++J/gGI/h14vvbS7oWeNgLXq3RbEcyw9lqIvDyVTvxfepSwxJLuKEwb3eAWXMQRkUw+40FzXZuR1Q==",
            "content_md5": "7aea49c6e5b76184f2dc9fcc6da050b3",
            "content_sha1": "edd6b856daa196bdb7a23b22d885678f0f61a29c",
            "content_sha256": "fb94b620450c03a8d39f7d2cca6b959f86a8b0dd8ea677ac79e375246efa5238",
            "content_sha512": "708f414c998193ef89fe0188fe1d78bef6d2ee859e3602d7ab745b11ccb0f65a88bc3c954efc5f7a94b0c492ee284c1bdde0165cc411914c3ee341735d9b91d5",
            "directory_permission": "0777",
            "file_permission": "0777",
            "filename": "madlibs/madlibs-61.txt",
            "id": "edd6b856daa196bdb7a23b22d885678f0f61a29c",
            "sensitive_content": null,
            "source": null
          },
          "sensitive_attributes": [],
          "dependencies": [
            "random_shuffle.random_adjectives",
            "random_shuffle.random_adverbs",
            "random_shuffle.random_nouns",
            "random_shuffle.random_numbers",
            "random_shuffle.random_verbs"
          ]
        },
        {
          "index_key": 62,
          "schema_version": 0,
          "attributes": {
            "content": "HOW TO BE A PHOTOGRAPHER\n\nMany ABUNDANT photographers make big money\nphotographing PANTHERs and beautiful MILKs. They sell\nthe prints to THUNDERING magazines or to agencies who use\nthem in VIOLIN advertisements. To be a photographer, you\nhave to have a BANANA camera. You also need an\nCHUBBY meter and filters and a special close-up\nJIGSAW. Then you either hire professional MILKs or go\nout and snap candid pictures of ordinary ZEUSs. But if you\nwant to have a career, you must study very TRUTHFULLY for at\nleast 0 years.",
            "content_base64": null,
            "content_base64sha256": "+Q9omDTyZT7M5016mzmiOoOy2Wg3v+ZPCj8xMhhu7ec=",
            "content_base64sha512": "7MjpnCb/IoZr7cnsTwD5R044IeM62BlCFjk43JKCuGCVuwHGOD3lJl1omI5i+B4FA6SDmidlUpPb0+tPBm1UvA==",
            "content_md5": "e9b58c7a61e4bc4112ba88d6352f7cf4",
            "content_sha1": "251dbaf5d9e6f1320884a3ec049161a004121f0a",
            "content_sha256": "f90f689834f2653ecce74d7a9b39a23a83b2d96837bfe64f0a3f3132186eede7",
            "content_sha512": "ecc8e99c26ff22866bedc9ec4f00f9474e3821e33ad81942163938dc9282b86095bb01c6383de5265d68988e62f81e0503a4839a27655293dbd3eb4f066d54bc",
            "directory_permission": "0777",
            "file_permission": "0777",
            "filename": "madlibs/madlibs-62.txt",
            "id": "251dbaf5d9e6f1320884a3ec049161a004121f0a",
            "sensitive_content": null,
            "source": null
          },
          "sensitive_attributes": [],
          "dependencies": [
            "random_shuffle.random_adjectives",
            "random_shuffle.random_adverbs",
            "random_shuffle.random_nouns",
            "random_shuffle.random_numbers",
            "random_shuffle.random_verbs"
          ]
        },
        {
          "index_key": 63,
          "schema_version": 0,
          "attributes": {
            "content": "ALICE'S UPSIDE-DOWN WORLD\n\nLewis Carroll's classic, \"Alice's Adventures in Wonderland\", as well\nas its BITTER sequel, \"Through the Looking MILK\",\nhave enchanted both the young and old SANDWICHs for the last\n73 years, Alice's ABUNDANT adventures begin\nwhen she DANCEs down a/an STICKY hole and lands\nin a strange and topsy-turvy VIOLIN. There she discovers she\ncan become a tall PANTHER or a small JELLYFISH simply by\nnibbling on alternate sides of a magic CAT. In her travels\nthrough Wonderland, Alice RESPECTs such remarkable\ncharacters as the White ZEUS, the THUNDERING Hatter,\nthe Cheshire WALNUTS, and even the Queen of JIGSAWs.\nUnfortunately, Alice's adventures come to a/an GRUMPY\nend when Alice awakens from her JIGSAW.",
            "content_base64": null,
            "content_base64sha256": "anIrxx7M/GRaqyOC+z+A6XESPd8edWZVyPw6DBMdB00=",
            "content_base64sha512": "cy9Yu8/SasQJsqxuZgI0bh5hnw0rG2t3jhftAxNTmIGpkE/iQT1r7x6n1PRO4NuHMA3+wNBS+3XQMxEsRJW11g==",
            "content_md5": "47c3d0d9bbde12d6f5fece38efd2ca07",
            "content_sha1": "df0522067e4c8ce3d03479b347b95f6669c33b78",
            "content_sha256": "6a722bc71eccfc645aab2382fb3f80e971123ddf1e756655c8fc3a0c131d074d",
            "content_sha512": "732f58bbcfd26ac409b2ac6e6602346e1e619f0d2b1b6b778e17ed0313539881a9904fe2413d6bef1ea7d4f44ee0db87300dfec0d052fb75d033112c4495b5d6",
            "directory_permission": "0777",
            "file_permission": "0777",
            "filename": "madlibs/madlibs-63.txt",
            "id": "df0522067e4c8ce3d03479b347b95f6669c33b78",
            "sensitive_content": null,
            "source": null
          },
          "sensitive_attributes": [],
          "dependencies": [
            "random_shuffle.random_adjectives",
            "random_shuffle.random_adverbs",
            "random_shuffle.random_nouns",
            "random_shuffle.random_numbers",
            "random_shuffle.random_verbs"
          ]
        },
        {
          "index_key": 64,
          "schema_version": 0,
          "attributes": {
            "content": "THE OBSERVATORY\n\nOut class when on a field trip to a ABUNDANT observatory. It\nwas located on top of a BANANA, and it looked like a giant\nMILK with a slit down its VIOLIN. We went inside and\nlooked through a JIGSAW and were able to see SANDWICHs in\nthe sky that were millions of PANTHERs away. The men and\nwomen who RUN in the observatory are called\nARMYs, and they are always watching for comets, eclipses,\nand shooting CATs. An eclipse occurs when a SUN\ncomes between the earth and the WALNUTS and everything\ngets STICKY. Next week, we place to DANCE the\nMuseum of Modern ZEUS.",
            "content_base64": null,
            "content_base64sha256": "mElVQ40W29TOM/YtEMTxvfzzbe/XNl1ozQWklHJaaDU=",
            "content_base64sha512": "b8YmYy4L3eeqIjXK/RgU8QaBFH5Ta2MnFzrShfycuGy5Ijkb9EwIBqUhTJVjT2TN4tuJ4kXBxUWxiUDleKn4Mw==",
            "content_md5": "6b12d6744a1581dbe17107d479304899",
            "content_sha1": "e826a4a7ab30c75bfd19774fc783104aa418a3a0",
            "content_sha256": "984955438d16dbd4ce33f62d10c4f1bdfcf36defd7365d68cd05a494725a6835",
            "content_sha512": "6fc626632e0bdde7aa2235cafd1814f10681147e536b6327173ad285fc9cb86cb922391bf44c0806a5214c95634f64cde2db89e245c1c545b18940e578a9f833",
            "directory_permission": "0777",
            "file_permission": "0777",
            "filename": "madlibs/madlibs-64.txt",
            "id": "e826a4a7ab30c75bfd19774fc783104aa418a3a0",
            "sensitive_content": null,
            "source": null
          },
          "sensitive_attributes": [],
          "dependencies": [
            "random_shuffle.random_adjectives",
            "random_shuffle.random_adverbs",
            "random_shuffle.random_nouns",
            "random_shuffle.random_numbers",
            "random_shuffle.random_verbs"
          ]
        },
        {
          "index_key": 65,
          "schema_version": 0,
          "attributes": {
            "content": "HOW TO BE A PHOTOGRAPHER\n\nMany THUNDERING photographers make big money\nphotographing JELLYFISHs and beautiful WALNUTSs. They sell\nthe prints to GRUMPY magazines or to agencies who use\nthem in JIGSAW advertisements. To be a photographer, you\nhave to have a VIOLIN camera. You also need an\nCHUBBY meter and filters and a special close-up\nPANTHER. Then you either hire professional WALNUTSs or go\nout and snap candid pictures of ordinary ARMYs. But if you\nwant to have a career, you must study very BEAUTIFULLY for at\nleast 42 years.",
            "content_base64": null,
            "content_base64sha256": "M2nDYgTkZNHWrbfyTU5r57TqZLb7Hn/7ESNfKvcAdFk=",
            "content_base64sha512": "kgzymWguvAKYul0b5toOQAtYVEYDWKcX0kjfgwJL1p3CLwTWTFTPPRTvtbsKxZK4H+dqYJA9FvAiWu9WD8bV+w==",
            "content_md5": "ed6ee78ea070217c4bd5ea29352b9475",
            "content_sha1": "9e791c578a404f12212ab10895443565ad5720ad",
            "content_sha256": "3369c36204e464d1d6adb7f24d4e6be7b4ea64b6fb1e7ffb11235f2af7007459",
            "content_sha512": "920cf299682ebc0298ba5d1be6da0e400b5854460358a717d248df83024bd69dc22f04d64c54cf3d14efb5bb0ac592b81fe76a60903d16f0225aef560fc6d5fb",
            "directory_permission": "0777",
            "file_permission": "0777",
            "filename": "madlibs/madlibs-65.txt",
            "id": "9e791c578a404f12212ab10895443565ad5720ad",
            "sensitive_content": null,
            "source": null
          },
          "sensitive_attributes": [],
          "dependencies": [
            "random_shuffle.random_adjectives",
            "random_shuffle.random_adverbs",
            "random_shuffle.random_nouns",
            "random_shuffle.random_numbers",
            "random_shuffle.random_verbs"
          ]
        },
        {
          "index_key": 66,
          "schema_version": 0,
          "attributes": {
            "content": "ALICE'S UPSIDE-DOWN WORLD\n\nLewis Carroll's classic, \"Alice's Adventures in Wonderland\", as well\nas its BITTER sequel, \"Through the Looking JIGSAW\",\nhave enchanted both the young and old BANANAs for the last\n101 years, Alice's STICKY adventures begin\nwhen she DANCEs down a/an ABUNDANT hole and lands\nin a strange and topsy-turvy ZEUS. There she discovers she\ncan become a tall SANDWICH or a small JELLYFISH simply by\nnibbling on alternate sides of a magic PANTHER. In her travels\nthrough Wonderland, Alice RESPECTs such remarkable\ncharacters as the White ARMY, the GRUMPY Hatter,\nthe Cheshire VIOLIN, and even the Queen of CATs.\nUnfortunately, Alice's adventures come to a/an CHUBBY\nend when Alice awakens from her CAT.",
            "content_base64": null,
            "content_base64sha256": "d0IP44pdWa2UOdAY90jZhjE5NwluXJy41GdnMq3UM2w=",
            "content_base64sha512": "9GDFLfqaUSZv+ygTx4pd03kOdtRli09so7nb7TnvpwV/q1CSOZX5Z3iyHEEGDBxVFbnjPmKnonAMTPnKK1kM2Q==",
            "content_md5": "b1e21b95b70e6e4aea0eb541c00680de",
            "content_sha1": "14b4aa5017bce66ee0d241704f112aae9a901306",
            "content_sha256": "77420fe38a5d59ad9439d018f748d986313937096e5c9cb8d4676732add4336c",
            "content_sha512": "f460c52dfa9a51266ffb2813c78a5dd3790e76d4658b4f6ca3b9dbed39efa7057fab50923995f96778b21c41060c1c5515b9e33e62a7a2700c4cf9ca2b590cd9",
            "directory_permission": "0777",
            "file_permission": "0777",
            "filename": "madlibs/madlibs-66.txt",
            "id": "14b4aa5017bce66ee0d241704f112aae9a901306",
            "sensitive_content": null,
            "source": null
          },
          "sensitive_attributes": [],
          "dependencies": [
            "random_shuffle.random_adjectives",
            "random_shuffle.random_adverbs",
            "random_shuffle.random_nouns",
            "random_shuffle.random_numbers",
            "random_shuffle.random_verbs"
          ]
        },
        {
          "index_key": 67,
          "schema_version": 0,
          "attributes": {
            "content": "THE OBSERVATORY\n\nOut class when on a field trip to a GRUMPY observatory. It\nwas located on top of a SANDWICH, and it looked like a giant\nJELLYFISH with a slit down its BANANA. We went inside and\nlooked through a JIGSAW and were able to see MILKs in\nthe sky that were millions of ARMYs away. The men and\nwomen who DANCE in the observatory are called\nZEUSs, and they are always watching for comets, eclipses,\nand shooting CATs. An eclipse occurs when a VIOLIN\ncomes between the earth and the PANTHER and everything\ngets CHUBBY. Next week, we place to LOVE the\nMuseum of Modern SUN.",
            "content_base64": null,
            "content_base64sha256": "pqIhrEqQ6ZDm1CgJw+Ell2xbqptKc1LNJKvbS/DMn8s=",
            "content_base64sha512": "eE1nm8NBMjG+CO0ZTDG0j+0Ump/pJwlGKSo6jXuZBJq7U0J7fSvLMcQne0b33bVtGZ8r6j3YQuR88exZ4sRaeQ==",
            "content_md5": "74ba25b6a00ff4830c6bf1ef6724db6d",
            "content_sha1": "35562aeed9aacc2f47a1132ff8ba4d75abdb9737",
            "content_sha256": "a6a221ac4a90e990e6d42809c3e125976c5baa9b4a7352cd24abdb4bf0cc9fcb",
            "content_sha512": "784d679bc3413231be08ed194c31b48fed149a9fe9270946292a3a8d7b99049abb53427b7d2bcb31c4277b46f7ddb56d199f2bea3dd842e47cf1ec59e2c45a79",
            "directory_permission": "0777",
            "file_permission": "0777",
            "filename": "madlibs/madlibs-67.txt",
            "id": "35562aeed9aacc2f47a1132ff8ba4d75abdb9737",
            "sensitive_content": null,
            "source": null
          },
          "sensitive_attributes": [],
          "dependencies": [
            "random_shuffle.random_adjectives",
            "random_shuffle.random_adverbs",
            "random_shuffle.random_nouns",
            "random_shuffle.random_numbers",
            "random_shuffle.random_verbs"
          ]
        },
        {
          "index_key": 68,
          "schema_version": 0,
          "attributes": {
            "content": "HOW TO BE A PHOTOGRAPHER\n\nMany GRUMPY photographers make big money\nphotographing PANTHERs and beautiful CATs. They sell\nthe prints to STICKY magazines or to agencies who use\nthem in SUN advertisements. To be a photographer, you\nhave to have a WALNUTS camera. You also need an\nTHUNDERING meter and filters and a special close-up\nBANANA. Then you either hire professional CATs or go\nout and snap candid pictures of ordinary MILKs. But if you\nwant to have a career, you must study very TRUTHFULLY for at\nleast 27 years.",
            "content_base64": null,
            "content_base64sha256": "Ri1Krhmfe6KYcrrYUCBV3qq4+Zim6CW7qcahw0CE11A=",
            "content_base64sha512": "oyLQyE1aSSJq+6cwwnhnonBocbsJSlhA9rX8kDhb2Y9W2lyJ4e+WeSYzDr+m1Q8AaVSm715mDTJz34zxtkh7WQ==",
            "content_md5": "ec501637954e36314e62567215f355be",
            "content_sha1": "eb099da5f871c192f9f5e37f7a85547366d181bb",
            "content_sha256": "462d4aae199f7ba29872bad8502055deaab8f998a6e825bba9c6a1c34084d750",
            "content_sha512": "a322d0c84d5a49226afba730c27867a2706871bb094a5840f6b5fc90385bd98f56da5c89e1ef967926330ebfa6d50f006954a6ef5e660d3273df8cf1b6487b59",
            "directory_permission": "0777",
            "file_permission": "0777",
            "filename": "madlibs/madlibs-68.txt",
            "id": "eb099da5f871c192f9f5e37f7a85547366d181bb",
            "sensitive_content": null,
            "source": null
          },
          "sensitive_attributes": [],
          "dependencies": [
            "random_shuffle.random_adjectives",
            "random_shuffle.random_adverbs",
            "random_shuffle.random_nouns",
            "random_shuffle.random_numbers",
            "random_shuffle.random_verbs"
          ]
        },
        {
          "index_key": 69,
          "schema_version": 0,
          "attributes": {
            "content": "ALICE'S UPSIDE-DOWN WORLD\n\nLewis Carroll's classic, \"Alice's Adventures in Wonderland\", as well\nas its GRUMPY sequel, \"Through the Looking WALNUTS\",\nhave enchanted both the young and old CATs for the last\n42 years, Alice's ABUNDANT adventures begin\nwhen she RUNs down a/an THUNDERING hole and lands\nin a strange and topsy-turvy JELLYFISH. There she discovers she\ncan become a tall JIGSAW or a small MILK simply by\nnibbling on alternate sides of a magic SANDWICH. In her travels\nthrough Wonderland, Alice KICKEDs such remarkable\ncharacters as the White VIOLIN, the CHUBBY Hatter,\nthe Cheshire ZEUS, and even the Queen of SUNs.\nUnfortunately, Alice's adventures come to a/an BITTER\nend when Alice awakens from her SUN.",
            "content_base64": null,
            "content_base64sha256": "jm0kTWBaCqL3XbHbt42DglUZ/KmzBD6uo97OHgdlSRo=",
            "content_base64sha512": "zDke9gTBCyncUJNsZ3IUZKWB8b0lCyPN6cNiPJd/3xxfxvtoFnKPz3+mxtcCDlsiMH31fxYyE6i9MS/1lkYoeg==",
            "content_md5": "775a64ea2a1670be2d6c7f85db931f7a",
            "content_sha1": "ce1db30db300074394a4f5142e291bc4d8286dc5",
            "content_sha256": "8e6d244d605a0aa2f75db1dbb78d83825519fca9b3043eaea3dece1e0765491a",
            "content_sha512": "cc391ef604c10b29dc50936c67721464a581f1bd250b23cde9c3623c977fdf1c5fc6fb6816728fcf7fa6c6d7020e5b22307df57f163213a8bd312ff59646287a",
            "directory_permission": "0777",
            "file_permission": "0777",
            "filename": "madlibs/madlibs-69.txt",
            "id": "ce1db30db300074394a4f5142e291bc4d8286dc5",
            "sensitive_content": null,
            "source": null
          },
          "sensitive_attributes": [],
          "dependencies": [
            "random_shuffle.random_adjectives",
            "random_shuffle.random_adverbs",
            "random_shuffle.random_nouns",
            "random_shuffle.random_numbers",
            "random_shuffle.random_verbs"
          ]
        },
        {
          "index_key": 70,
          "schema_version": 0,
          "attributes": {
            "content": "THE OBSERVATORY\n\nOut class when on a field trip to a STICKY observatory. It\nwas located on top of a JELLYFISH, and it looked like a giant\nWALNUTS with a slit down its CAT. We went inside and\nlooked through a MILK and were able to see ARMYs in\nthe sky that were millions of ZEUSs away. The men and\nwomen who KICKED in the observatory are called\nVIOLINs, and they are always watching for comets, eclipses,\nand shooting PANTHERs. An eclipse occurs when a SUN\ncomes between the earth and the BANANA and everything\ngets GRUMPY. Next week, we place to RESPECT the\nMuseum of Modern SANDWICH.",
            "content_base64": null,
            "content_base64sha256": "ZdepYv7YqJcmaSACYBTqC4fa5R/6MI78WfN8B+crCho=",
            "content_base64sha512": "z5Pv4ancImgN6D5hDwheWfpH/iLrSPQxOk1ERlydrI6ssWbQLE8jxPSw1SXDqJxU+RG75xr9WQjVSlgYR25Ixw==",
            "content_md5": "039a2de6409088f465c02b7750acc83f",
            "content_sha1": "26f58b4e0902c9a56c060f180a116c04f4088059",
            "content_sha256": "65d7a962fed8a897266920026014ea0b87dae51ffa308efc59f37c07e72b0a1a",
            "content_sha512": "cf93efe1a9dc22680de83e610f085e59fa47fe22eb48f4313a4d44465c9dac8eacb166d02c4f23c4f4b0d525c3a89c54f911bbe71afd5908d54a5818476e48c7",
            "directory_permission": "0777",
            "file_permission": "0777",
            "filename": "madlibs/madlibs-70.txt",
            "id": "26f58b4e0902c9a56c060f180a116c04f4088059",
            "sensitive_content": null,
            "source": null
          },
          "sensitive_attributes": [],
          "dependencies": [
            "random_shuffle.random_adjectives",
            "random_shuffle.random_adverbs",
            "random_shuffle.random_nouns",
            "random_shuffle.random_numbers",
            "random_shuffle.random_verbs"
          ]
        },
        {
          "index_key": 71,
          "schema_version": 0,
          "attributes": {
            "content": "HOW TO BE A PHOTOGRAPHER\n\nMany STICKY photographers make big money\nphotographing VIOLINs and beautiful PANTHERs. They sell\nthe prints to ABUNDANT magazines or to agencies who use\nthem in WALNUTS advertisements. To be a photographer, you\nhave to have a SUN camera. You also need an\nCHUBBY meter and filters and a special close-up\nZEUS. Then you either hire professional PANTHERs or go\nout and snap candid pictures of ordinary MILKs. But if you\nwant to have a career, you must study very BEAUTIFULLY for at\nleast 73 years.",
            "content_base64": null,
            "content_base64sha256": "XmqeR/WORgY65GPJlUBPUm7rJXOsrDSQvjR7ofeYfgg=",
            "content_base64sha512": "sffztW4hnzxVYdhkjSVQgKoRSmq0LapdKTMHHXHKiYtXYM5O3gZMKrJiobJZZwTqV/kESMUgeHzmY7S0NRCzAA==",
            "content_md5": "0d8c0fdcf7e3cd8e85428c3732965935",
            "content_sha1": "e8543dbd5dbb4e3ea1397322a8765f547a6ce2be",
            "content_sha256": "5e6a9e47f58e46063ae463c995404f526eeb2573acac3490be347ba1f7987e08",
            "content_sha512": "b1f7f3b56e219f3c5561d8648d255080aa114a6ab42daa5d2933071d71ca898b5760ce4ede064c2ab262a1b2596704ea57f90448c520787ce663b4b43510b300",
            "directory_permission": "0777",
            "file_permission": "0777",
            "filename": "madlibs/madlibs-71.txt",
            "id": "e8543dbd5dbb4e3ea1397322a8765f547a6ce2be",
            "sensitive_content": null,
            "source": null
          },
          "sensitive_attributes": [],
          "dependencies": [
            "random_shuffle.random_adjectives",
            "random_shuffle.random_adverbs",
            "random_shuffle.random_nouns",
            "random_shuffle.random_numbers",
            "random_shuffle.random_verbs"
          ]
        },
        {
          "index_key": 72,
          "schema_version": 0,
          "attributes": {
            "content": "ALICE'S UPSIDE-DOWN WORLD\n\nLewis Carroll's classic, \"Alice's Adventures in Wonderland\", as well\nas its BITTER sequel, \"Through the Looking ZEUS\",\nhave enchanted both the young and old JIGSAWs for the last\n73 years, Alice's ABUNDANT adventures begin\nwhen she DANCEs down a/an CHUBBY hole and lands\nin a strange and topsy-turvy CAT. There she discovers she\ncan become a tall SUN or a small VIOLIN simply by\nnibbling on alternate sides of a magic ARMY. In her travels\nthrough Wonderland, Alice LOVEs such remarkable\ncharacters as the White JELLYFISH, the GRUMPY Hatter,\nthe Cheshire PANTHER, and even the Queen of MILKs.\nUnfortunately, Alice's adventures come to a/an STICKY\nend when Alice awakens from her MILK.",
            "content_base64": null,
            "content_base64sha256": "SCUy/ALnKd6ll1tSY0WR4QYSd+NHhvluuOAQgDEA6KY=",
            "content_base64sha512": "nYRI55qBQvb3xkAnCdkJn1x8l1bzUFitOzhEaHRWER3cRvTDcD4an3tLb5+j4pO60bmCOxzn0ZaNEePcPuzsvQ==",
            "content_md5": "eff73554f670e0c8fed99596300fb38d",
            "content_sha1": "65d896590c5b674c225fb2a1a3fb74753962577c",
            "content_sha256": "482532fc02e729dea5975b52634591e1061277e34786f96eb8e010803100e8a6",
            "content_sha512": "9d8448e79a8142f6f7c6402709d9099f5c7c9756f35058ad3b3844687456111ddc46f4c3703e1a9f7b4b6f9fa3e293bad1b9823b1ce7d1968d11e3dc3eececbd",
            "directory_permission": "0777",
            "file_permission": "0777",
            "filename": "madlibs/madlibs-72.txt",
            "id": "65d896590c5b674c225fb2a1a3fb74753962577c",
            "sensitive_content": null,
            "source": null
          },
          "sensitive_attributes": [],
          "dependencies": [
            "random_shuffle.random_adjectives",
            "random_shuffle.random_adverbs",
            "random_shuffle.random_nouns",
            "random_shuffle.random_numbers",
            "random_shuffle.random_verbs"
          ]
        },
        {
          "index_key": 73,
          "schema_version": 0,
          "attributes": {
            "content": "THE OBSERVATORY\n\nOut class when on a field trip to a CHUBBY observatory. It\nwas located on top of a JIGSAW, and it looked like a giant\nSANDWICH with a slit down its PANTHER. We went inside and\nlooked through a ARMY and were able to see MILKs in\nthe sky that were millions of ZEUSs away. The men and\nwomen who RUN in the observatory are called\nJELLYFISHs, and they are always watching for comets, eclipses,\nand shooting CATs. An eclipse occurs when a WALNUTS\ncomes between the earth and the SUN and everything\ngets ABUNDANT. Next week, we place to DANCE the\nMuseum of Modern VIOLIN.",
            "content_base64": null,
            "content_base64sha256": "1ZBFxu+quZC/H/TCdbUmf/mPOXtg41Axgc+bZr1tYZw=",
            "content_base64sha512": "gKcBFU10AuGpekAcBKPYVcg3sZoh6eC96gl+qh2XY8G5cgDayTz3wALJo+og/bqMwHjyUsMQuR2ibZIFwhBepw==",
            "content_md5": "adfd151b3ea96d88f8d970ea004fa97f",
            "content_sha1": "1b94f40a708b35cf89c33e6cfe8109cfd714ace8",
            "content_sha256": "d59045c6efaab990bf1ff4c275b5267ff98f397b60e3503181cf9b66bd6d619c",
            "content_sha512": "80a701154d7402e1a97a401c04a3d855c837b19a21e9e0bdea097eaa1d9763c1b97200dac93cf7c002c9a3ea20fdba8cc078f252c310b91da26d9205c2105ea7",
            "directory_permission": "0777",
            "file_permission": "0777",
            "filename": "madlibs/madlibs-73.txt",
            "id": "1b94f40a708b35cf89c33e6cfe8109cfd714ace8",
            "sensitive_content": null,
            "source": null
          },
          "sensitive_attributes": [],
          "dependencies": [
            "random_shuffle.random_adjectives",
            "random_shuffle.random_adverbs",
            "random_shuffle.random_nouns",
            "random_shuffle.random_numbers",
            "random_shuffle.random_verbs"
          ]
        },
        {
          "index_key": 74,
          "schema_version": 0,
          "attributes": {
            "content": "HOW TO BE A PHOTOGRAPHER\n\nMany BITTER photographers make big money\nphotographing MILKs and beautiful JIGSAWs. They sell\nthe prints to GRUMPY magazines or to agencies who use\nthem in ARMY advertisements. To be a photographer, you\nhave to have a BANANA camera. You also need an\nSTICKY meter and filters and a special close-up\nSUN. Then you either hire professional JIGSAWs or go\nout and snap candid pictures of ordinary WALNUTSs. But if you\nwant to have a career, you must study very TRUTHFULLY for at\nleast 101 years.",
            "content_base64": null,
            "content_base64sha256": "Ci58Z9/zgz0bH4HMAXtiKelkeTQt97qKWo0nofWJIug=",
            "content_base64sha512": "YY6vgiVltycJrkokxFO1V3qToC+/8KFSG3GUE1jQcHbSW/AEA8wkAs87Cir8Pk3PvZ+NEZn0yrndRMPI34ynfw==",
            "content_md5": "a792dddc7241d697aa99cdc868d8e2f8",
            "content_sha1": "0cba8b5ef6083560a052e5fc2886adb279e2ea15",
            "content_sha256": "0a2e7c67dff3833d1b1f81cc017b6229e96479342df7ba8a5a8d27a1f58922e8",
            "content_sha512": "618eaf822565b72709ae4a24c453b5577a93a02fbff0a1521b71941358d07076d25bf00403cc2402cf3b0a2afc3e4dcfbd9f8d1199f4cab9dd44c3c8df8ca77f",
            "directory_permission": "0777",
            "file_permission": "0777",
            "filename": "madlibs/madlibs-74.txt",
            "id": "0cba8b5ef6083560a052e5fc2886adb279e2ea15",
            "sensitive_content": null,
            "source": null
          },
          "sensitive_attributes": [],
          "dependencies": [
            "random_shuffle.random_adjectives",
            "random_shuffle.random_adverbs",
            "random_shuffle.random_nouns",
            "random_shuffle.random_numbers",
            "random_shuffle.random_verbs"
          ]
        },
        {
          "index_key": 75,
          "schema_version": 0,
          "attributes": {
            "content": "ALICE'S UPSIDE-DOWN WORLD\n\nLewis Carroll's classic, \"Alice's Adventures in Wonderland\", as well\nas its BITTER sequel, \"Through the Looking VIOLIN\",\nhave enchanted both the young and old ARMYs for the last\n42 years, Alice's ABUNDANT adventures begin\nwhen she BAKEDs down a/an GRUMPY hole and lands\nin a strange and topsy-turvy JELLYFISH. There she discovers she\ncan become a tall JIGSAW or a small ZEUS simply by\nnibbling on alternate sides of a magic SUN. In her travels\nthrough Wonderland, Alice LOVEs such remarkable\ncharacters as the White WALNUTS, the STICKY Hatter,\nthe Cheshire CAT, and even the Queen of BANANAs.\nUnfortunately, Alice's adventures come to a/an CHUBBY\nend when Alice awakens from her BANANA.",
            "content_base64": null,
            "content_base64sha256": "I4B8sOGYIfrhJDR80BX0iEdGveq1tj9x+sQEqZ/yVVg=",
            "content_base64sha512": "17iaNeeJoUzq6btUd5n8chiGAJFisoO0pXRxDpIUBe6wvBB9Zl9VHU0hnO8BEyuVrYgBZvKc9PWob7HtUXSWAQ==",
            "content_md5": "65fd6e4adf976fe56fad7a40f4ec5808",
            "content_sha1": "246b233f84177a4af934391693ec590a12a309af",
            "content_sha256": "23807cb0e19821fae124347cd015f4884746bdeab5b63f71fac404a99ff25558",
            "content_sha512": "d7b89a35e789a14ceae9bb547799fc721886009162b283b4a574710e921405eeb0bc107d665f551d4d219cef01132b95ad880166f29cf4f5a86fb1ed51749601",
            "directory_permission": "0777",
            "file_permission": "0777",
            "filename": "madlibs/madlibs-75.txt",
            "id": "246b233f84177a4af934391693ec590a12a309af",
            "sensitive_content": null,
            "source": null
          },
          "sensitive_attributes": [],
          "dependencies": [
            "random_shuffle.random_adjectives",
            "random_shuffle.random_adverbs",
            "random_shuffle.random_nouns",
            "random_shuffle.random_numbers",
            "random_shuffle.random_verbs"
          ]
        },
        {
          "index_key": 76,
          "schema_version": 0,
          "attributes": {
            "content": "THE OBSERVATORY\n\nOut class when on a field trip to a GRUMPY observatory. It\nwas located on top of a PANTHER, and it looked like a giant\nARMY with a slit down its SANDWICH. We went inside and\nlooked through a ZEUS and were able to see BANANAs in\nthe sky that were millions of JELLYFISHs away. The men and\nwomen who RESPECT in the observatory are called\nJIGSAWs, and they are always watching for comets, eclipses,\nand shooting MILKs. An eclipse occurs when a VIOLIN\ncomes between the earth and the CAT and everything\ngets ABUNDANT. Next week, we place to KICKED the\nMuseum of Modern SUN.",
            "content_base64": null,
            "content_base64sha256": "qww7VoCEIqP9sWFmstqebtEOSCtmL9n/qEmTzNUHH6I=",
            "content_base64sha512": "3zMnZZ3k9dhvxXJk0H6kCPOTFRjO/sTshFKpxErHP0Jg9YN0Lcmr8QASynuOotMosf3GWr7a1V5cQpyEtu8M1w==",
            "content_md5": "81de19cd581425c132faf1e177e8a5c8",
            "content_sha1": "f53b518df9dea8c7d18382a0fd96954d4e29fb1f",
            "content_sha256": "ab0c3b56808422a3fdb16166b2da9e6ed10e482b662fd9ffa84993ccd5071fa2",
            "content_sha512": "df3327659de4f5d86fc57264d07ea408f3931518cefec4ec8452a9c44ac73f4260f583742dc9abf10012ca7b8ea2d328b1fdc65abedad55e5c429c84b6ef0cd7",
            "directory_permission": "0777",
            "file_permission": "0777",
            "filename": "madlibs/madlibs-76.txt",
            "id": "f53b518df9dea8c7d18382a0fd96954d4e29fb1f",
            "sensitive_content": null,
            "source": null
          },
          "sensitive_attributes": [],
          "dependencies": [
            "random_shuffle.random_adjectives",
            "random_shuffle.random_adverbs",
            "random_shuffle.random_nouns",
            "random_shuffle.random_numbers",
            "random_shuffle.random_verbs"
          ]
        },
        {
          "index_key": 77,
          "schema_version": 0,
          "attributes": {
            "content": "HOW TO BE A PHOTOGRAPHER\n\nMany GRUMPY photographers make big money\nphotographing SANDWICHs and beautiful JIGSAWs. They sell\nthe prints to ABUNDANT magazines or to agencies who use\nthem in CAT advertisements. To be a photographer, you\nhave to have a VIOLIN camera. You also need an\nCHUBBY meter and filters and a special close-up\nZEUS. Then you either hire professional JIGSAWs or go\nout and snap candid pictures of ordinary WALNUTSs. But if you\nwant to have a career, you must study very BEAUTIFULLY for at\nleast -5 years.",
            "content_base64": null,
            "content_base64sha256": "NjjdbvVsf4dWmAEJGTiBTSbg2JLkUlhoHUD94Zuk1NY=",
            "content_base64sha512": "+zMJe2wpvdoJHvIUDR7HZiKE+Ov+aeNvRZ0K0vqnDRwhYsvRIkK2vsP1SteYnYHgR8Rb5JLK0puObuRr0XSWRg==",
            "content_md5": "17da09c39fe76bf42d294dbd8905cc99",
            "content_sha1": "8dd6c393a096d7f39dde3610532b3f0810de8cc1",
            "content_sha256": "3638dd6ef56c7f87569801091938814d26e0d892e45258681d40fde19ba4d4d6",
            "content_sha512": "fb33097b6c29bdda091ef2140d1ec7662284f8ebfe69e36f459d0ad2faa70d1c2162cbd12242b6bec3f54ad7989d81e047c45be492cad29b8e6ee46bd1749646",
            "directory_permission": "0777",
            "file_permission": "0777",
            "filename": "madlibs/madlibs-77.txt",
            "id": "8dd6c393a096d7f39dde3610532b3f0810de8cc1",
            "sensitive_content": null,
            "source": null
          },
          "sensitive_attributes": [],
          "dependencies": [
            "random_shuffle.random_adjectives",
            "random_shuffle.random_adverbs",
            "random_shuffle.random_nouns",
            "random_shuffle.random_numbers",
            "random_shuffle.random_verbs"
          ]
        },
        {
          "index_key": 78,
          "schema_version": 0,
          "attributes": {
            "content": "ALICE'S UPSIDE-DOWN WORLD\n\nLewis Carroll's classic, \"Alice's Adventures in Wonderland\", as well\nas its GRUMPY sequel, \"Through the Looking JELLYFISH\",\nhave enchanted both the young and old JIGSAWs for the last\n27 years, Alice's BITTER adventures begin\nwhen she LOVEs down a/an ABUNDANT hole and lands\nin a strange and topsy-turvy ZEUS. There she discovers she\ncan become a tall SANDWICH or a small ARMY simply by\nnibbling on alternate sides of a magic VIOLIN. In her travels\nthrough Wonderland, Alice DANCEs such remarkable\ncharacters as the White WALNUTS, the CHUBBY Hatter,\nthe Cheshire BANANA, and even the Queen of PANTHERs.\nUnfortunately, Alice's adventures come to a/an THUNDERING\nend when Alice awakens from her PANTHER.",
            "content_base64": null,
            "content_base64sha256": "oxISvCZfgr55xN2Ur+FgXFsAT0kHPPbKf9C0VJn4iyY=",
            "content_base64sha512": "8VkkvMsmGmfVp3KgvwLuIdzZcgEChcgYfJQiUvoF4TLrpqEywKlCa3wvCl6jDBeECAXUccMVqdVR+HXnJlHwuQ==",
            "content_md5": "9c190ca73cbfa5b674563f249b0d2a84",
            "content_sha1": "54844d4371609716ee0fea746e7dffddb480e13e",
            "content_sha256": "a31212bc265f82be79c4dd94afe1605c5b004f49073cf6ca7fd0b45499f88b26",
            "content_sha512": "f15924bccb261a67d5a772a0bf02ee21dcd972010285c8187c942252fa05e132eba6a132c0a9426b7c2f0a5ea30c17840805d471c315a9d551f875e72651f0b9",
            "directory_permission": "0777",
            "file_permission": "0777",
            "filename": "madlibs/madlibs-78.txt",
            "id": "54844d4371609716ee0fea746e7dffddb480e13e",
            "sensitive_content": null,
            "source": null
          },
          "sensitive_attributes": [],
          "dependencies": [
            "random_shuffle.random_adjectives",
            "random_shuffle.random_adverbs",
            "random_shuffle.random_nouns",
            "random_shuffle.random_numbers",
            "random_shuffle.random_verbs"
          ]
        },
        {
          "index_key": 79,
          "schema_version": 0,
          "attributes": {
            "content": "THE OBSERVATORY\n\nOut class when on a field trip to a THUNDERING observatory. It\nwas located on top of a BANANA, and it looked like a giant\nARMY with a slit down its CAT. We went inside and\nlooked through a WALNUTS and were able to see SUNs in\nthe sky that were millions of SANDWICHs away. The men and\nwomen who RESPECT in the observatory are called\nZEUSs, and they are always watching for comets, eclipses,\nand shooting MILKs. An eclipse occurs when a JIGSAW\ncomes between the earth and the PANTHER and everything\ngets STICKY. Next week, we place to LOVE the\nMuseum of Modern VIOLIN.",
            "content_base64": null,
            "content_base64sha256": "h7D1hBynqpM/R4qR6lYV8obEYn10Ju7g/JYAL+5HnJo=",
            "content_base64sha512": "XbAo5XanL6OA7yFRzDYAJ/uzKiqrPLjKTI5nbmEWurAxDXCy1DNx93wi5ukno51c0xl9av59pIFMzJChVYW8qg==",
            "content_md5": "234d876640a9eee81066e05efbb17b0b",
            "content_sha1": "94179efae206ca6c696fc1ca106167125883f942",
            "content_sha256": "87b0f5841ca7aa933f478a91ea5615f286c4627d7426eee0fc96002fee479c9a",
            "content_sha512": "5db028e576a72fa380ef2151cc360027fbb32a2aab3cb8ca4c8e676e6116bab0310d70b2d43371f77c22e6e927a39d5cd3197d6afe7da4814ccc90a15585bcaa",
            "directory_permission": "0777",
            "file_permission": "0777",
            "filename": "madlibs/madlibs-79.txt",
            "id": "94179efae206ca6c696fc1ca106167125883f942",
            "sensitive_content": null,
            "source": null
          },
          "sensitive_attributes": [],
          "dependencies": [
            "random_shuffle.random_adjectives",
            "random_shuffle.random_adverbs",
            "random_shuffle.random_nouns",
            "random_shuffle.random_numbers",
            "random_shuffle.random_verbs"
          ]
        },
        {
          "index_key": 80,
          "schema_version": 0,
          "attributes": {
            "content": "HOW TO BE A PHOTOGRAPHER\n\nMany GRUMPY photographers make big money\nphotographing MILKs and beautiful ZEUSs. They sell\nthe prints to CHUBBY magazines or to agencies who use\nthem in SANDWICH advertisements. To be a photographer, you\nhave to have a BANANA camera. You also need an\nSTICKY meter and filters and a special close-up\nJIGSAW. Then you either hire professional ZEUSs or go\nout and snap candid pictures of ordinary CATs. But if you\nwant to have a career, you must study very BEAUTIFULLY for at\nleast 101 years.",
            "content_base64": null,
            "content_base64sha256": "vfytKymPPsncXMXw981yQE/7QgJFeH2POkxYZtgKHBY=",
            "content_base64sha512": "GNzhlzeYMHEn4r2qjbDEgrt8baMX3yle+SsKbgyyqaqaMB5BajRXr7PiEMDzZtfzsdIkth0uCS+opcmtgzb6Lg==",
            "content_md5": "609d188f7e84af2624935d988c5eef1f",
            "content_sha1": "04a0cdd13f433ea00bd3716ee19596849ce0c799",
            "content_sha256": "bdfcad2b298f3ec9dc5cc5f0f7cd72404ffb420245787d8f3a4c5866d80a1c16",
            "content_sha512": "18dce1973798307127e2bdaa8db0c482bb7c6da317df295ef92b0a6e0cb2a9aa9a301e416a3457afb3e210c0f366d7f3b1d224b61d2e092fa8a5c9ad8336fa2e",
            "directory_permission": "0777",
            "file_permission": "0777",
            "filename": "madlibs/madlibs-80.txt",
            "id": "04a0cdd13f433ea00bd3716ee19596849ce0c799",
            "sensitive_content": null,
            "source": null
          },
          "sensitive_attributes": [],
          "dependencies": [
            "random_shuffle.random_adjectives",
            "random_shuffle.random_adverbs",
            "random_shuffle.random_nouns",
            "random_shuffle.random_numbers",
            "random_shuffle.random_verbs"
          ]
        },
        {
          "index_key": 81,
          "schema_version": 0,
          "attributes": {
            "content": "ALICE'S UPSIDE-DOWN WORLD\n\nLewis Carroll's classic, \"Alice's Adventures in Wonderland\", as well\nas its BITTER sequel, \"Through the Looking JELLYFISH\",\nhave enchanted both the young and old ARMYs for the last\n0 years, Alice's ABUNDANT adventures begin\nwhen she RESPECTs down a/an CHUBBY hole and lands\nin a strange and topsy-turvy SANDWICH. There she discovers she\ncan become a tall WALNUTS or a small JIGSAW simply by\nnibbling on alternate sides of a magic SUN. In her travels\nthrough Wonderland, Alice DANCEs such remarkable\ncharacters as the White BANANA, the GRUMPY Hatter,\nthe Cheshire MILK, and even the Queen of ZEUSs.\nUnfortunately, Alice's adventures come to a/an STICKY\nend when Alice awakens from her ZEUS.",
            "content_base64": null,
            "content_base64sha256": "timfvqMNa0ybEA/Oq9u7pSKqFTiv75dY5BOx2tKPX7o=",
            "content_base64sha512": "Mg6wIkgUbA8xLpIot4XVI8bALDN1LkNTKbIuRGJaxoJsGhc2n9XZ63V2H3kPh6C0vWkF5mvlzXYbDkJcNZW9Aw==",
            "content_md5": "9b11f58ce30e86638bab95ab2d17fb1c",
            "content_sha1": "870fb106efb6723200094dbc89f0201c3bf8ed4d",
            "content_sha256": "b6299fbea30d6b4c9b100fceabdbbba522aa1538afef9758e413b1dad28f5fba",
            "content_sha512": "320eb02248146c0f312e9228b785d523c6c02c33752e435329b22e44625ac6826c1a17369fd5d9eb75761f790f87a0b4bd6905e66be5cd761b0e425c3595bd03",
            "directory_permission": "0777",
            "file_permission": "0777",
            "filename": "madlibs/madlibs-81.txt",
            "id": "870fb106efb6723200094dbc89f0201c3bf8ed4d",
            "sensitive_content": null,
            "source": null
          },
          "sensitive_attributes": [],
          "dependencies": [
            "random_shuffle.random_adjectives",
            "random_shuffle.random_adverbs",
            "random_shuffle.random_nouns",
            "random_shuffle.random_numbers",
            "random_shuffle.random_verbs"
          ]
        },
        {
          "index_key": 82,
          "schema_version": 0,
          "attributes": {
            "content": "THE OBSERVATORY\n\nOut class when on a field trip to a BITTER observatory. It\nwas located on top of a CAT, and it looked like a giant\nSUN with a slit down its SANDWICH. We went inside and\nlooked through a ZEUS and were able to see PANTHERs in\nthe sky that were millions of BANANAs away. The men and\nwomen who LOVE in the observatory are called\nARMYs, and they are always watching for comets, eclipses,\nand shooting VIOLINs. An eclipse occurs when a WALNUTS\ncomes between the earth and the MILK and everything\ngets THUNDERING. Next week, we place to KICKED the\nMuseum of Modern JIGSAW.",
            "content_base64": null,
            "content_base64sha256": "8XZyn7a5g+n/JZ+AYWe/S7NiMttdpZJGGBJVCiAoswI=",
            "content_base64sha512": "8wG20eDGC7TnihR/Ls9v0eeyCV+OtRacpz1H14lZvqcDMvZ6sMI0gUDz57dtvad91E8xssNLW5Hk2xTmzDcoJw==",
            "content_md5": "9a2512d80a4c55c18afdac483b55909e",
            "content_sha1": "614d299b07655315d4ef84eb13294431e35530b8",
            "content_sha256": "f176729fb6b983e9ff259f806167bf4bb36232db5da592461812550a2028b302",
            "content_sha512": "f301b6d1e0c60bb4e78a147f2ecf6fd1e7b2095f8eb5169ca73d47d78959bea70332f67ab0c2348140f3e7b76dbda77dd44f31b2c34b5b91e4db14e6cc372827",
            "directory_permission": "0777",
            "file_permission": "0777",
            "filename": "madlibs/madlibs-82.txt",
            "id": "614d299b07655315d4ef84eb13294431e35530b8",
            "sensitive_content": null,
            "source": null
          },
          "sensitive_attributes": [],
          "dependencies": [
            "random_shuffle.random_adjectives",
            "random_shuffle.random_adverbs",
            "random_shuffle.random_nouns",
            "random_shuffle.random_numbers",
            "random_shuffle.random_verbs"
          ]
        },
        {
          "index_key": 83,
          "schema_version": 0,
          "attributes": {
            "content": "HOW TO BE A PHOTOGRAPHER\n\nMany STICKY photographers make big money\nphotographing MILKs and beautiful ZEUSs. They sell\nthe prints to CHUBBY magazines or to agencies who use\nthem in CAT advertisements. To be a photographer, you\nhave to have a SANDWICH camera. You also need an\nGRUMPY meter and filters and a special close-up\nSUN. Then you either hire professional ZEUSs or go\nout and snap candid pictures of ordinary JELLYFISHs. But if you\nwant to have a career, you must study very QUICKLY for at\nleast -5 years.",
            "content_base64": null,
            "content_base64sha256": "OK9oEFDqm8zEbu70Sbjh+BUCLWTjccKgPoMPexegM5c=",
            "content_base64sha512": "dcBNj3ZX6u/2o1NKj3I0B3p0mjSl6Pe04j9ViEV4wWSW81OKfsim4MyEDS2juAM/RViMFkhixLcemkp7BW6HYw==",
            "content_md5": "a178d55c1623e5e766d2401972bbb7bd",
            "content_sha1": "b420a212fee5867de31749846cb5152b52acfe94",
            "content_sha256": "38af681050ea9bccc46eeef449b8e1f815022d64e371c2a03e830f7b17a03397",
            "content_sha512": "75c04d8f7657eaeff6a3534a8f7234077a749a34a5e8f7b4e23f55884578c16496f3538a7ec8a6e0cc840d2da3b8033f45588c164862c4b71e9a4a7b056e8763",
            "directory_permission": "0777",
            "file_permission": "0777",
            "filename": "madlibs/madlibs-83.txt",
            "id": "b420a212fee5867de31749846cb5152b52acfe94",
            "sensitive_content": null,
            "source": null
          },
          "sensitive_attributes": [],
          "dependencies": [
            "random_shuffle.random_adjectives",
            "random_shuffle.random_adverbs",
            "random_shuffle.random_nouns",
            "random_shuffle.random_numbers",
            "random_shuffle.random_verbs"
          ]
        },
        {
          "index_key": 84,
          "schema_version": 0,
          "attributes": {
            "content": "ALICE'S UPSIDE-DOWN WORLD\n\nLewis Carroll's classic, \"Alice's Adventures in Wonderland\", as well\nas its THUNDERING sequel, \"Through the Looking SANDWICH\",\nhave enchanted both the young and old SUNs for the last\n-5 years, Alice's CHUBBY adventures begin\nwhen she RESPECTs down a/an GRUMPY hole and lands\nin a strange and topsy-turvy CAT. There she discovers she\ncan become a tall WALNUTS or a small VIOLIN simply by\nnibbling on alternate sides of a magic BANANA. In her travels\nthrough Wonderland, Alice RUNs such remarkable\ncharacters as the White ARMY, the STICKY Hatter,\nthe Cheshire ZEUS, and even the Queen of JIGSAWs.\nUnfortunately, Alice's adventures come to a/an BITTER\nend when Alice awakens from her JIGSAW.",
            "content_base64": null,
            "content_base64sha256": "2DVe4Y8yEcNVL7NseIz3aqq++5OjP+BWvggsEFaahW4=",
            "content_base64sha512": "6xlrovcWmunpKAAOuR8Sh6KaDYEB7mDZcovAs0+k0FOsO6tKb9w51IPx1mietAeMdDTfCy6dKddiiplV9Ux2Ag==",
            "content_md5": "dee40975ddbacf77414822f26454832b",
            "content_sha1": "4bbf3b161a320a23b467624ae3fc7188bacce089",
            "content_sha256": "d8355ee18f3211c3552fb36c788cf76aaabefb93a33fe056be082c10569a856e",
            "content_sha512": "eb196ba2f7169ae9e928000eb91f1287a29a0d8101ee60d9728bc0b34fa4d053ac3bab4a6fdc39d483f1d6689eb4078c7434df0b2e9d29d7628a9955f54c7602",
            "directory_permission": "0777",
            "file_permission": "0777",
            "filename": "madlibs/madlibs-84.txt",
            "id": "4bbf3b161a320a23b467624ae3fc7188bacce089",
            "sensitive_content": null,
            "source": null
          },
          "sensitive_attributes": [],
          "dependencies": [
            "random_shuffle.random_adjectives",
            "random_shuffle.random_adverbs",
            "random_shuffle.random_nouns",
            "random_shuffle.random_numbers",
            "random_shuffle.random_verbs"
          ]
        },
        {
          "index_key": 85,
          "schema_version": 0,
          "attributes": {
            "content": "THE OBSERVATORY\n\nOut class when on a field trip to a BITTER observatory. It\nwas located on top of a PANTHER, and it looked like a giant\nSUN with a slit down its BANANA. We went inside and\nlooked through a JIGSAW and were able to see SANDWICHs in\nthe sky that were millions of CATs away. The men and\nwomen who LOVE in the observatory are called\nVIOLINs, and they are always watching for comets, eclipses,\nand shooting ARMYs. An eclipse occurs when a WALNUTS\ncomes between the earth and the MILK and everything\ngets CHUBBY. Next week, we place to KICKED the\nMuseum of Modern ZEUS.",
            "content_base64": null,
            "content_base64sha256": "JVS/MlvaaXhJsfR5cAdo0K3mmX280bsLqq9gjW0zrAQ=",
            "content_base64sha512": "k+5mon14bHhEXfSceCDcx7ZTJ9TZ4FEVQAXA2jJmhrbojrxGtMPDgA7utZJ37uxKs5JQAKiIf0OoaFqPaY8I5A==",
            "content_md5": "bccbdc75725e90f5106759bc7f10ca13",
            "content_sha1": "ea5cdd202e8d332234a49f5ea8b56b121e795d23",
            "content_sha256": "2554bf325bda697849b1f479700768d0ade6997dbcd1bb0baaaf608d6d33ac04",
            "content_sha512": "93ee66a27d786c78445df49c7820dcc7b65327d4d9e051154005c0da326686b6e88ebc46b4c3c3800eeeb59277eeec4ab3925000a8887f43a8685a8f698f08e4",
            "directory_permission": "0777",
            "file_permission": "0777",
            "filename": "madlibs/madlibs-85.txt",
            "id": "ea5cdd202e8d332234a49f5ea8b56b121e795d23",
            "sensitive_content": null,
            "source": null
          },
          "sensitive_attributes": [],
          "dependencies": [
            "random_shuffle.random_adjectives",
            "random_shuffle.random_adverbs",
            "random_shuffle.random_nouns",
            "random_shuffle.random_numbers",
            "random_shuffle.random_verbs"
          ]
        },
        {
          "index_key": 86,
          "schema_version": 0,
          "attributes": {
            "content": "HOW TO BE A PHOTOGRAPHER\n\nMany STICKY photographers make big money\nphotographing MILKs and beautiful CATs. They sell\nthe prints to ABUNDANT magazines or to agencies who use\nthem in WALNUTS advertisements. To be a photographer, you\nhave to have a JIGSAW camera. You also need an\nTHUNDERING meter and filters and a special close-up\nZEUS. Then you either hire professional CATs or go\nout and snap candid pictures of ordinary VIOLINs. But if you\nwant to have a career, you must study very WEARILY for at\nleast 42 years.",
            "content_base64": null,
            "content_base64sha256": "O+rOgB3YBpM7VaEMAGCTCcuRXQvt/EdpfTgozOT2p+0=",
            "content_base64sha512": "b0Kg6zJJNSwrIWKF/hq2Qcu5NkwkBdCmpvWTEII8uEegHi0tjF/kWYcGUYPVn+mK+gFO+a2zzchBFlnjk3julg==",
            "content_md5": "61df8186186c6d4f9d0cdede207c2e99",
            "content_sha1": "afaac8b9ec3bad7fb5a564222f11e92c82cca554",
            "content_sha256": "3beace801dd806933b55a10c00609309cb915d0bedfc47697d3828cce4f6a7ed",
            "content_sha512": "6f42a0eb3249352c2b216285fe1ab641cbb9364c2405d0a6a6f59310823cb847a01e2d2d8c5fe45987065183d59fe98afa014ef9adb3cdc8411659e39378ee96",
            "directory_permission": "0777",
            "file_permission": "0777",
            "filename": "madlibs/madlibs-86.txt",
            "id": "afaac8b9ec3bad7fb5a564222f11e92c82cca554",
            "sensitive_content": null,
            "source": null
          },
          "sensitive_attributes": [],
          "dependencies": [
            "random_shuffle.random_adjectives",
            "random_shuffle.random_adverbs",
            "random_shuffle.random_nouns",
            "random_shuffle.random_numbers",
            "random_shuffle.random_verbs"
          ]
        },
        {
          "index_key": 87,
          "schema_version": 0,
          "attributes": {
            "content": "ALICE'S UPSIDE-DOWN WORLD\n\nLewis Carroll's classic, \"Alice's Adventures in Wonderland\", as well\nas its THUNDERING sequel, \"Through the Looking ZEUS\",\nhave enchanted both the young and old ARMYs for the last\n0 years, Alice's GRUMPY adventures begin\nwhen she LOVEs down a/an STICKY hole and lands\nin a strange and topsy-turvy JIGSAW. There she discovers she\ncan become a tall VIOLIN or a small WALNUTS simply by\nnibbling on alternate sides of a magic MILK. In her travels\nthrough Wonderland, Alice KICKEDs such remarkable\ncharacters as the White SUN, the BITTER Hatter,\nthe Cheshire PANTHER, and even the Queen of CATs.\nUnfortunately, Alice's adventures come to a/an CHUBBY\nend when Alice awakens from her CAT.",
            "content_base64": null,
            "content_base64sha256": "SUqjArlXwBBdvj5InCrDJTYbmN/8ySehgihhU4lJsgA=",
            "content_base64sha512": "uSvLns959bcrScnwSJcoSBOrqhXUXuo8jd/qJkK1YqPO2+bDVasLP6EqY3RZbGGYrEhP++P11Xeznhll01Flhg==",
            "content_md5": "2237f009bf6d4b323d511473d7a69080",
            "content_sha1": "de4df63d4d433426815f5059a132bbd1db43351b",
            "content_sha256": "494aa302b957c0105dbe3e489c2ac325361b98dffcc927a1822861538949b200",
            "content_sha512": "b92bcb9ecf79f5b72b49c9f04897284813abaa15d45eea3c8ddfea2642b562a3cedbe6c355ab0b3fa12a6374596c6198ac484ffbe3f5d577b39e1965d3516586",
            "directory_permission": "0777",
            "file_permission": "0777",
            "filename": "madlibs/madlibs-87.txt",
            "id": "de4df63d4d433426815f5059a132bbd1db43351b",
            "sensitive_content": null,
            "source": null
          },
          "sensitive_attributes": [],
          "dependencies": [
            "random_shuffle.random_adjectives",
            "random_shuffle.random_adverbs",
            "random_shuffle.random_nouns",
            "random_shuffle.random_numbers",
            "random_shuffle.random_verbs"
          ]
        },
        {
          "index_key": 88,
          "schema_version": 0,
          "attributes": {
            "content": "THE OBSERVATORY\n\nOut class when on a field trip to a GRUMPY observatory. It\nwas located on top of a CAT, and it looked like a giant\nMILK with a slit down its WALNUTS. We went inside and\nlooked through a PANTHER and were able to see JELLYFISHs in\nthe sky that were millions of ARMYs away. The men and\nwomen who RUN in the observatory are called\nSANDWICHs, and they are always watching for comets, eclipses,\nand shooting VIOLINs. An eclipse occurs when a JIGSAW\ncomes between the earth and the BANANA and everything\ngets ABUNDANT. Next week, we place to DANCE the\nMuseum of Modern ZEUS.",
            "content_base64": null,
            "content_base64sha256": "0aX19p80FSQj8WEKDpDiuR/ZekUoK/l5OHHTrt5rkCQ=",
            "content_base64sha512": "YOxrq0FiyJYzb6xzrdwmcZLCDrwzII5kTwCnT0ahRFwJqxojElxsUzbdeghlSUmlp2jsoJHcEIf8vQSGZSuP8g==",
            "content_md5": "cd79096a7ce36606885da68b4f91fbeb",
            "content_sha1": "00748a2e0b534e4e1cb568356a4bd8a7625ea1a0",
            "content_sha256": "d1a5f5f69f34152423f1610a0e90e2b91fd97a45282bf9793871d3aede6b9024",
            "content_sha512": "60ec6bab4162c896336fac73addc267192c20ebc33208e644f00a74f46a1445c09ab1a23125c6c5336dd7a08654949a5a768eca091dc1087fcbd0486652b8ff2",
            "directory_permission": "0777",
            "file_permission": "0777",
            "filename": "madlibs/madlibs-88.txt",
            "id": "00748a2e0b534e4e1cb568356a4bd8a7625ea1a0",
            "sensitive_content": null,
            "source": null
          },
          "sensitive_attributes": [],
          "dependencies": [
            "random_shuffle.random_adjectives",
            "random_shuffle.random_adverbs",
            "random_shuffle.random_nouns",
            "random_shuffle.random_numbers",
            "random_shuffle.random_verbs"
          ]
        },
        {
          "index_key": 89,
          "schema_version": 0,
          "attributes": {
            "content": "HOW TO BE A PHOTOGRAPHER\n\nMany STICKY photographers make big money\nphotographing CATs and beautiful ZEUSs. They sell\nthe prints to THUNDERING magazines or to agencies who use\nthem in VIOLIN advertisements. To be a photographer, you\nhave to have a JELLYFISH camera. You also need an\nGRUMPY meter and filters and a special close-up\nSANDWICH. Then you either hire professional ZEUSs or go\nout and snap candid pictures of ordinary MILKs. But if you\nwant to have a career, you must study very DELICATELY for at\nleast 0 years.",
            "content_base64": null,
            "content_base64sha256": "ixM3K3hPxIw/q/J7BTxeMeV954KCucg39jY9KlsRXTM=",
            "content_base64sha512": "t9i0joMJysiDZ5FE8JUArir8dkYXtZej345svRrfFmTvIVPb+EiQTaTkUSOuR75jSkyWa9dexfEHjCS7SIIqpg==",
            "content_md5": "4e40b60246d5402eb0c84d3350811ea9",
            "content_sha1": "e904b4854fe7d43cf8824edc4aefd8b5fafac362",
            "content_sha256": "8b13372b784fc48c3fabf27b053c5e31e57de78282b9c837f6363d2a5b115d33",
            "content_sha512": "b7d8b48e8309cac883679144f09500ae2afc764617b597a3df8e6cbd1adf1664ef2153dbf848904da4e45123ae47be634a4c966bd75ec5f1078c24bb48822aa6",
            "directory_permission": "0777",
            "file_permission": "0777",
            "filename": "madlibs/madlibs-89.txt",
            "id": "e904b4854fe7d43cf8824edc4aefd8b5fafac362",
            "sensitive_content": null,
            "source": null
          },
          "sensitive_attributes": [],
          "dependencies": [
            "random_shuffle.random_adjectives",
            "random_shuffle.random_adverbs",
            "random_shuffle.random_nouns",
            "random_shuffle.random_numbers",
            "random_shuffle.random_verbs"
          ]
        },
        {
          "index_key": 90,
          "schema_version": 0,
          "attributes": {
            "content": "ALICE'S UPSIDE-DOWN WORLD\n\nLewis Carroll's classic, \"Alice's Adventures in Wonderland\", as well\nas its THUNDERING sequel, \"Through the Looking PANTHER\",\nhave enchanted both the young and old JIGSAWs for the last\n27 years, Alice's CHUBBY adventures begin\nwhen she RUNs down a/an STICKY hole and lands\nin a strange and topsy-turvy BANANA. There she discovers she\ncan become a tall SUN or a small ARMY simply by\nnibbling on alternate sides of a magic ZEUS. In her travels\nthrough Wonderland, Alice KICKEDs such remarkable\ncharacters as the White SANDWICH, the GRUMPY Hatter,\nthe Cheshire VIOLIN, and even the Queen of WALNUTSs.\nUnfortunately, Alice's adventures come to a/an BITTER\nend when Alice awakens from her WALNUTS.",
            "content_base64": null,
            "content_base64sha256": "URN/gKqCFDwlU0oyuGG8nTzvXrWwb30/jUxSc2imdtg=",
            "content_base64sha512": "liQmEPfAMNliFllaa9GBVuwyG1/ITftKsDvbBKEP5HF8nhzIQV8uAPn1KhcUc+tD2pIO+azsdANWbR4dLd98Gg==",
            "content_md5": "bf5c9e35146c3951a3500c6d076be38c",
            "content_sha1": "59b200457043a401e560a06aca0bff5cf61ad4f9",
            "content_sha256": "51137f80aa82143c25534a32b861bc9d3cef5eb5b06f7d3f8d4c527368a676d8",
            "content_sha512": "96242610f7c030d96216595a6bd18156ec321b5fc84dfb4ab03bdb04a10fe4717c9e1cc8415f2e00f9f52a171473eb43da920ef9acec7403566d1e1d2ddf7c1a",
            "directory_permission": "0777",
            "file_permission": "0777",
            "filename": "madlibs/madlibs-90.txt",
            "id": "59b200457043a401e560a06aca0bff5cf61ad4f9",
            "sensitive_content": null,
            "source": null
          },
          "sensitive_attributes": [],
          "dependencies": [
            "random_shuffle.random_adjectives",
            "random_shuffle.random_adverbs",
            "random_shuffle.random_nouns",
            "random_shuffle.random_numbers",
            "random_shuffle.random_verbs"
          ]
        },
        {
          "index_key": 91,
          "schema_version": 0,
          "attributes": {
            "content": "THE OBSERVATORY\n\nOut class when on a field trip to a ABUNDANT observatory. It\nwas located on top of a JIGSAW, and it looked like a giant\nCAT with a slit down its SUN. We went inside and\nlooked through a PANTHER and were able to see WALNUTSs in\nthe sky that were millions of JELLYFISHs away. The men and\nwomen who RUN in the observatory are called\nBANANAs, and they are always watching for comets, eclipses,\nand shooting VIOLINs. An eclipse occurs when a ARMY\ncomes between the earth and the ZEUS and everything\ngets BITTER. Next week, we place to LOVE the\nMuseum of Modern MILK.",
            "content_base64": null,
            "content_base64sha256": "4bcxWQcwtCaiQmE4d121P70Kvdydebl0/BN/Mq3ejN4=",
            "content_base64sha512": "pPnZdcb3C1hZv5z6kG0yUpj9btDRv2oZOMG7M904Zlk8+vIZIE8P8AMsQw0aFMyJ+3yMt3dgFmtPswG/2Ddstw==",
            "content_md5": "8866c03694ac94739efe4991b2415981",
            "content_sha1": "729a14844804afe730649497c40409a557193cb0",
            "content_sha256": "e1b731590730b426a2426138775db53fbd0abddc9d79b974fc137f32adde8cde",
            "content_sha512": "a4f9d975c6f70b5859bf9cfa906d325298fd6ed0d1bf6a1938c1bb33dd3866593cfaf219204f0ff0032c430d1a14cc89fb7c8cb77760166b4fb301bfd8376cb7",
            "directory_permission": "0777",
            "file_permission": "0777",
            "filename": "madlibs/madlibs-91.txt",
            "id": "729a14844804afe730649497c40409a557193cb0",
            "sensitive_content": null,
            "source": null
          },
          "sensitive_attributes": [],
          "dependencies": [
            "random_shuffle.random_adjectives",
            "random_shuffle.random_adverbs",
            "random_shuffle.random_nouns",
            "random_shuffle.random_numbers",
            "random_shuffle.random_verbs"
          ]
        },
        {
          "index_key": 92,
          "schema_version": 0,
          "attributes": {
            "content": "HOW TO BE A PHOTOGRAPHER\n\nMany ABUNDANT photographers make big money\nphotographing SANDWICHs and beautiful MILKs. They sell\nthe prints to STICKY magazines or to agencies who use\nthem in CAT advertisements. To be a photographer, you\nhave to have a VIOLIN camera. You also need an\nCHUBBY meter and filters and a special close-up\nZEUS. Then you either hire professional MILKs or go\nout and snap candid pictures of ordinary BANANAs. But if you\nwant to have a career, you must study very DELICATELY for at\nleast 101 years.",
            "content_base64": null,
            "content_base64sha256": "5mdPjU0c2S/NEx9YUh8fwlg4AHBgK6BKuOjDgxVW4ps=",
            "content_base64sha512": "BuW7emKpU9TZHVlt6RMcOcEWX26+fipBXsZXvkfm4QrGf2e39hQmMlQmpSYollABgB5PCLqjD8VKZeP5A1vi9A==",
            "content_md5": "f91c18d173fe4f12372125f9db57362c",
            "content_sha1": "560bb74c8c26416b14372d543d0a56c9b802eaaa",
            "content_sha256": "e6674f8d4d1cd92fcd131f58521f1fc258380070602ba04ab8e8c3831556e29b",
            "content_sha512": "06e5bb7a62a953d4d91d596de9131c39c1165f6ebe7e2a415ec657be47e6e10ac67f67b7f61426325426a52628965001801e4f08baa30fc54a65e3f9035be2f4",
            "directory_permission": "0777",
            "file_permission": "0777",
            "filename": "madlibs/madlibs-92.txt",
            "id": "560bb74c8c26416b14372d543d0a56c9b802eaaa",
            "sensitive_content": null,
            "source": null
          },
          "sensitive_attributes": [],
          "dependencies": [
            "random_shuffle.random_adjectives",
            "random_shuffle.random_adverbs",
            "random_shuffle.random_nouns",
            "random_shuffle.random_numbers",
            "random_shuffle.random_verbs"
          ]
        },
        {
          "index_key": 93,
          "schema_version": 0,
          "attributes": {
            "content": "ALICE'S UPSIDE-DOWN WORLD\n\nLewis Carroll's classic, \"Alice's Adventures in Wonderland\", as well\nas its GRUMPY sequel, \"Through the Looking CAT\",\nhave enchanted both the young and old PANTHERs for the last\n0 years, Alice's CHUBBY adventures begin\nwhen she KICKEDs down a/an ABUNDANT hole and lands\nin a strange and topsy-turvy BANANA. There she discovers she\ncan become a tall WALNUTS or a small ZEUS simply by\nnibbling on alternate sides of a magic JIGSAW. In her travels\nthrough Wonderland, Alice DANCEs such remarkable\ncharacters as the White VIOLIN, the THUNDERING Hatter,\nthe Cheshire MILK, and even the Queen of SANDWICHs.\nUnfortunately, Alice's adventures come to a/an BITTER\nend when Alice awakens from her SANDWICH.",
            "content_base64": null,
            "content_base64sha256": "Eyxg9ytWJrnY+pgij3liNNTUNmhw0i281ELYH76/ryY=",
            "content_base64sha512": "BTh4ZweI80mnDc9zbjYK8OQ5CArf+pK0LQPIDzuzmGLwAm/c+50N0Y+tQhpjg/UaNVVlh2iKcun0OjDDWqbp5g==",
            "content_md5": "b47b658b1a0e9366ca52ba0f20828316",
            "content_sha1": "48a67f7fb2fcfb12e39fb2f9eb6b4f029e0d6ba9",
            "content_sha256": "132c60f72b5626b9d8fa98228f796234d4d4366870d22dbcd442d81fbebfaf26",
            "content_sha512": "053878670788f349a70dcf736e360af0e439080adffa92b42d03c80f3bb39862f0026fdcfb9d0dd18fad421a6383f51a35556587688a72e9f43a30c35aa6e9e6",
            "directory_permission": "0777",
            "file_permission": "0777",
            "filename": "madlibs/madlibs-93.txt",
            "id": "48a67f7fb2fcfb12e39fb2f9eb6b4f029e0d6ba9",
            "sensitive_content": null,
            "source": null
          },
          "sensitive_attributes": [],
          "dependencies": [
            "random_shuffle.random_adjectives",
            "random_shuffle.random_adverbs",
            "random_shuffle.random_nouns",
            "random_shuffle.random_numbers",
            "random_shuffle.random_verbs"
          ]
        },
        {
          "index_key": 94,
          "schema_version": 0,
          "attributes": {
            "content": "THE OBSERVATORY\n\nOut class when on a field trip to a GRUMPY observatory. It\nwas located on top of a VIOLIN, and it looked like a giant\nWALNUTS with a slit down its SUN. We went inside and\nlooked through a MILK and were able to see JIGSAWs in\nthe sky that were millions of ZEUSs away. The men and\nwomen who DANCE in the observatory are called\nPANTHERs, and they are always watching for comets, eclipses,\nand shooting SANDWICHs. An eclipse occurs when a BANANA\ncomes between the earth and the ARMY and everything\ngets STICKY. Next week, we place to BAKED the\nMuseum of Modern JELLYFISH.",
            "content_base64": null,
            "content_base64sha256": "+a2gxG72zzPd/ZYjIZhYRtqAWY9OV0MpuPgBYcoNqMM=",
            "content_base64sha512": "h++ZLODsOAE9CvC/IG215JJHwesML5BxzYOfusvkL6D7wQ0z7w2LrEVP31N6dRKtS467+kc5WYCCb4W2O0lmSw==",
            "content_md5": "5e8632db68f73f1cac978c76e206e9ac",
            "content_sha1": "e06c259094a3ea0ee2beaaeca19d296da97eb487",
            "content_sha256": "f9ada0c46ef6cf33ddfd962321985846da80598f4e574329b8f80161ca0da8c3",
            "content_sha512": "87ef992ce0ec38013d0af0bf206db5e49247c1eb0c2f9071cd839fbacbe42fa0fbc10d33ef0d8bac454fdf537a7512ad4b8ebbfa47395980826f85b63b49664b",
            "directory_permission": "0777",
            "file_permission": "0777",
            "filename": "madlibs/madlibs-94.txt",
            "id": "e06c259094a3ea0ee2beaaeca19d296da97eb487",
            "sensitive_content": null,
            "source": null
          },
          "sensitive_attributes": [],
          "dependencies": [
            "random_shuffle.random_adjectives",
            "random_shuffle.random_adverbs",
            "random_shuffle.random_nouns",
            "random_shuffle.random_numbers",
            "random_shuffle.random_verbs"
          ]
        },
        {
          "index_key": 95,
          "schema_version": 0,
          "attributes": {
            "content": "HOW TO BE A PHOTOGRAPHER\n\nMany ABUNDANT photographers make big money\nphotographing SANDWICHs and beautiful BANANAs. They sell\nthe prints to THUNDERING magazines or to agencies who use\nthem in CAT advertisements. To be a photographer, you\nhave to have a MILK camera. You also need an\nCHUBBY meter and filters and a special close-up\nPANTHER. Then you either hire professional BANANAs or go\nout and snap candid pictures of ordinary ZEUSs. But if you\nwant to have a career, you must study very BEAUTIFULLY for at\nleast 73 years.",
            "content_base64": null,
            "content_base64sha256": "S/PF5lpifb4ytZbAZnbD5sdD0oD8E0k+ttwPfmxHiL0=",
            "content_base64sha512": "dflHV3Lbtxi7PpPV8iOnHWRIi8vPlXIA5i0SqJhtLKHaIMlNmUlq/tKxlR/l28pXd9MFgrd8SnhqggrrTbcyaw==",
            "content_md5": "1bfefdd35335b74f0627207da60171db",
            "content_sha1": "009860b5278aff289fd15217f796d6f1469b1c9e",
            "content_sha256": "4bf3c5e65a627dbe32b596c06676c3e6c743d280fc13493eb6dc0f7e6c4788bd",
            "content_sha512": "75f9475772dbb718bb3e93d5f223a71d64488bcbcf957200e62d12a8986d2ca1da20c94d99496afed2b1951fe5dbca5777d30582b77c4a786a820aeb4db7326b",
            "directory_permission": "0777",
            "file_permission": "0777",
            "filename": "madlibs/madlibs-95.txt",
            "id": "009860b5278aff289fd15217f796d6f1469b1c9e",
            "sensitive_content": null,
            "source": null
          },
          "sensitive_attributes": [],
          "dependencies": [
            "random_shuffle.random_adjectives",
            "random_shuffle.random_adverbs",
            "random_shuffle.random_nouns",
            "random_shuffle.random_numbers",
            "random_shuffle.random_verbs"
          ]
        },
        {
          "index_key": 96,
          "schema_version": 0,
          "attributes": {
            "content": "ALICE'S UPSIDE-DOWN WORLD\n\nLewis Carroll's classic, \"Alice's Adventures in Wonderland\", as well\nas its BITTER sequel, \"Through the Looking WALNUTS\",\nhave enchanted both the young and old BANANAs for the last\n-5 years, Alice's STICKY adventures begin\nwhen she LOVEs down a/an CHUBBY hole and lands\nin a strange and topsy-turvy ZEUS. There she discovers she\ncan become a tall PANTHER or a small CAT simply by\nnibbling on alternate sides of a magic VIOLIN. In her travels\nthrough Wonderland, Alice KICKEDs such remarkable\ncharacters as the White SANDWICH, the ABUNDANT Hatter,\nthe Cheshire SUN, and even the Queen of MILKs.\nUnfortunately, Alice's adventures come to a/an THUNDERING\nend when Alice awakens from her MILK.",
            "content_base64": null,
            "content_base64sha256": "GtSkn0Ydj43Lra6oAUK+DOpKCuYDV2HHE9oUK2hNZRc=",
            "content_base64sha512": "a9v19BiH0DLp0gEF0l120XDWQaKjEMfH47du8PoT3/FgQpN1c+MoMdFpr5KDSgRM1YCZ2I3YhM9brV0xjZh3Rg==",
            "content_md5": "1712dda9a335747031ec7de28ca45db7",
            "content_sha1": "7f9e561be14ae7c09cb580e8af10e2b2336c57ef",
            "content_sha256": "1ad4a49f461d8f8dcbadaea80142be0cea4a0ae6035761c713da142b684d6517",
            "content_sha512": "6bdbf5f41887d032e9d20105d25d76d170d641a2a310c7c7e3b76ef0fa13dff16042937573e32831d169af92834a044cd58099d88dd884cf5bad5d318d987746",
            "directory_permission": "0777",
            "file_permission": "0777",
            "filename": "madlibs/madlibs-96.txt",
            "id": "7f9e561be14ae7c09cb580e8af10e2b2336c57ef",
            "sensitive_content": null,
            "source": null
          },
          "sensitive_attributes": [],
          "dependencies": [
            "random_shuffle.random_adjectives",
            "random_shuffle.random_adverbs",
            "random_shuffle.random_nouns",
            "random_shuffle.random_numbers",
            "random_shuffle.random_verbs"
          ]
        },
        {
          "index_key": 97,
          "schema_version": 0,
          "attributes": {
            "content": "THE OBSERVATORY\n\nOut class when on a field trip to a ABUNDANT observatory. It\nwas located on top of a VIOLIN, and it looked like a giant\nZEUS with a slit down its SANDWICH. We went inside and\nlooked through a SUN and were able to see PANTHERs in\nthe sky that were millions of CATs away. The men and\nwomen who RUN in the observatory are called\nWALNUTSs, and they are always watching for comets, eclipses,\nand shooting JELLYFISHs. An eclipse occurs when a ARMY\ncomes between the earth and the BANANA and everything\ngets BITTER. Next week, we place to BAKED the\nMuseum of Modern JIGSAW.",
            "content_base64": null,
            "content_base64sha256": "RjT/aeVGB9I77/KU2Yx5xP8TEd6oEZ/KzeT7zf7MoOI=",
            "content_base64sha512": "vTndosVhiQGrtZnvPsaG8IkLlxhgecTlIDW6Ikvnvndsz2A5hRuVcxgfn2qDSdyo4qrvc9inJr9Z5A/qp8qfgg==",
            "content_md5": "aba839b2db745fbae635507473c71ade",
            "content_sha1": "9b44ace6bbda31b42ec0d359bc13486932c8a9b0",
            "content_sha256": "4634ff69e54607d23beff294d98c79c4ff1311dea8119fcacde4fbcdfecca0e2",
            "content_sha512": "bd39dda2c5618901abb599ef3ec686f0890b97186079c4e52035ba224be7be776ccf6039851b9573181f9f6a8349dca8e2aaef73d8a726bf59e40feaa7ca9f82",
            "directory_permission": "0777",
            "file_permission": "0777",
            "filename": "madlibs/madlibs-97.txt",
            "id": "9b44ace6bbda31b42ec0d359bc13486932c8a9b0",
            "sensitive_content": null,
            "source": null
          },
          "sensitive_attributes": [],
          "dependencies": [
            "random_shuffle.random_adjectives",
            "random_shuffle.random_adverbs",
            "random_shuffle.random_nouns",
            "random_shuffle.random_numbers",
            "random_shuffle.random_verbs"
          ]
        },
        {
          "index_key": 98,
          "schema_version": 0,
          "attributes": {
            "content": "HOW TO BE A PHOTOGRAPHER\n\nMany BITTER photographers make big money\nphotographing SUNs and beautiful ARMYs. They sell\nthe prints to ABUNDANT magazines or to agencies who use\nthem in MILK advertisements. To be a photographer, you\nhave to have a PANTHER camera. You also need an\nSTICKY meter and filters and a special close-up\nSANDWICH. Then you either hire professional ARMYs or go\nout and snap candid pictures of ordinary BANANAs. But if you\nwant to have a career, you must study very DELICATELY for at\nleast 42 years.",
            "content_base64": null,
            "content_base64sha256": "61IFfjwBJZNb/0igj83AL88j6Fbi9HjjAaIYje/veck=",
            "content_base64sha512": "qBYAERQLedWSZmt6dfvdfg9iAJ4tuW6j3jE3m0X4fRCciRaf+V0KOCjjO3iLvDHYDYH3Cmbjsylo4lISp1GTrg==",
            "content_md5": "45b1b926ad7b4915769dfd413b79c23c",
            "content_sha1": "407062440fcf85c902645b86fa67f7f42039e634",
            "content_sha256": "eb52057e3c0125935bff48a08fcdc02fcf23e856e2f478e301a2188defef79c9",
            "content_sha512": "a8160011140b79d592666b7a75fbdd7e0f62009e2db96ea3de31379b45f87d109c89169ff95d0a3828e33b788bbc31d80d81f70a66e3b32968e25212a75193ae",
            "directory_permission": "0777",
            "file_permission": "0777",
            "filename": "madlibs/madlibs-98.txt",
            "id": "407062440fcf85c902645b86fa67f7f42039e634",
            "sensitive_content": null,
            "source": null
          },
          "sensitive_attributes": [],
          "dependencies": [
            "random_shuffle.random_adjectives",
            "random_shuffle.random_adverbs",
            "random_shuffle.random_nouns",
            "random_shuffle.random_numbers",
            "random_shuffle.random_verbs"
          ]
        },
        {
          "index_key": 99,
          "schema_version": 0,
          "attributes": {
            "content": "ALICE'S UPSIDE-DOWN WORLD\n\nLewis Carroll's classic, \"Alice's Adventures in Wonderland\", as well\nas its THUNDERING sequel, \"Through the Looking VIOLIN\",\nhave enchanted both the young and old JIGSAWs for the last\n73 years, Alice's BITTER adventures begin\nwhen she BAKEDs down a/an GRUMPY hole and lands\nin a strange and topsy-turvy SANDWICH. There she discovers she\ncan become a tall ZEUS or a small PANTHER simply by\nnibbling on alternate sides of a magic WALNUTS. In her travels\nthrough Wonderland, Alice RESPECTs such remarkable\ncharacters as the White BANANA, the CHUBBY Hatter,\nthe Cheshire CAT, and even the Queen of SUNs.\nUnfortunately, Alice's adventures come to a/an STICKY\nend when Alice awakens from her SUN.",
            "content_base64": null,
            "content_base64sha256": "xYzGcS1G5em5LAUCZo3SONVk0uVvVka23Fo932ACR50=",
            "content_base64sha512": "WEGiGby4J38uvHOG134RRVb4qSI4ap498B5DTS+ibIizksbLxyhcR5aEphp4q+/X5pwQwXvsQYE5c1QQ/m6ntQ==",
            "content_md5": "fbb1814a203107cb9ddb31d8a0bafe70",
            "content_sha1": "2460eb4c4bf292706d70fe1e71ba75e33cc76015",
            "content_sha256": "c58cc6712d46e5e9b92c0502668dd238d564d2e56f5646b6dc5a3ddf6002479d",
            "content_sha512": "5841a219bcb8277f2ebc7386d77e114556f8a922386a9e3df01e434d2fa26c88b392c6cbc7285c479684a61a78abefd7e69c10c17bec418139735410fe6ea7b5",
            "directory_permission": "0777",
            "file_permission": "0777",
            "filename": "madlibs/madlibs-99.txt",
            "id": "2460eb4c4bf292706d70fe1e71ba75e33cc76015",
            "sensitive_content": null,
            "source": null
          },
          "sensitive_attributes": [],
          "dependencies": [
            "random_shuffle.random_adjectives",
            "random_shuffle.random_adverbs",
            "random_shuffle.random_nouns",
            "random_shuffle.random_numbers",
            "random_shuffle.random_verbs"
          ]
        }
      ]
    },
    {
      "mode": "managed",
      "type": "random_shuffle",
      "name": "random_adjectives",
      "provider": "provider[\"registry.terraform.io/hashicorp/random\"]",
      "instances": [
        {
          "index_key": 0,
          "schema_version": 0,
          "attributes": {
            "id": "-",
            "input": [
              "BITTER",
              "STICKY",
              "THUNDERING",
              "ABUNDANT",
              "CHUBBY",
              "GRUMPY"
            ],
            "keepers": null,
            "result": [
              "BITTER",
              "GRUMPY",
              "CHUBBY",
              "STICKY",
              "ABUNDANT",
              "THUNDERING"
            ],
            "result_count": null,
            "seed": null
          },
          "sensitive_attributes": []
        },
        {
          "index_key": 1,
          "schema_version": 0,
          "attributes": {
            "id": "-",
            "input": [
              "BITTER",
              "STICKY",
              "THUNDERING",
              "ABUNDANT",
              "CHUBBY",
              "GRUMPY"
            ],
            "keepers": null,
            "result": [
              "CHUBBY",
              "GRUMPY",
              "BITTER",
              "THUNDERING",
              "ABUNDANT",
              "STICKY"
            ],
            "result_count": null,
            "seed": null
          },
          "sensitive_attributes": []
        },
        {
          "index_key": 2,
          "schema_version": 0,
          "attributes": {
            "id": "-",
            "input": [
              "BITTER",
              "STICKY",
              "THUNDERING",
              "ABUNDANT",
              "CHUBBY",
              "GRUMPY"
            ],
            "keepers": null,
            "result": [
              "BITTER",
              "STICKY",
              "CHUBBY",
              "ABUNDANT",
              "THUNDERING",
              "GRUMPY"
            ],
            "result_count": null,
            "seed": null
          },
          "sensitive_attributes": []
        },
        {
          "index_key": 3,
          "schema_version": 0,
          "attributes": {
            "id": "-",
            "input": [
              "BITTER",
              "STICKY",
              "THUNDERING",
              "ABUNDANT",
              "CHUBBY",
              "GRUMPY"
            ],
            "keepers": null,
            "result": [
              "ABUNDANT",
              "BITTER",
              "THUNDERING",
              "GRUMPY",
              "STICKY",
              "CHUBBY"
            ],
            "result_count": null,
            "seed": null
          },
          "sensitive_attributes": []
        },
        {
          "index_key": 4,
          "schema_version": 0,
          "attributes": {
            "id": "-",
            "input": [
              "BITTER",
              "STICKY",
              "THUNDERING",
              "ABUNDANT",
              "CHUBBY",
              "GRUMPY"
            ],
            "keepers": null,
            "result": [
              "ABUNDANT",
              "CHUBBY",
              "STICKY",
              "BITTER",
              "GRUMPY",
              "THUNDERING"
            ],
            "result_count": null,
            "seed": null
          },
          "sensitive_attributes": []
        },
        {
          "index_key": 5,
          "schema_version": 0,
          "attributes": {
            "id": "-",
            "input": [
              "BITTER",
              "STICKY",
              "THUNDERING",
              "ABUNDANT",
              "CHUBBY",
              "GRUMPY"
            ],
            "keepers": null,
            "result": [
              "THUNDERING",
              "ABUNDANT",
              "STICKY",
              "GRUMPY",
              "CHUBBY",
              "BITTER"
            ],
            "result_count": null,
            "seed": null
          },
          "sensitive_attributes": []
        },
        {
          "index_key": 6,
          "schema_version": 0,
          "attributes": {
            "id": "-",
            "input": [
              "BITTER",
              "STICKY",
              "THUNDERING",
              "ABUNDANT",
              "CHUBBY",
              "GRUMPY"
            ],
            "keepers": null,
            "result": [
              "STICKY",
              "BITTER",
              "THUNDERING",
              "ABUNDANT",
              "CHUBBY",
              "GRUMPY"
            ],
            "result_count": null,
            "seed": null
          },
          "sensitive_attributes": []
        },
        {
          "index_key": 7,
          "schema_version": 0,
          "attributes": {
            "id": "-",
            "input": [
              "BITTER",
              "STICKY",
              "THUNDERING",
              "ABUNDANT",
              "CHUBBY",
              "GRUMPY"
            ],
            "keepers": null,
            "result": [
              "GRUMPY",
              "THUNDERING",
              "STICKY",
              "ABUNDANT",
              "BITTER",
              "CHUBBY"
            ],
            "result_count": null,
            "seed": null
          },
          "sensitive_attributes": []
        },
        {
          "index_key": 8,
          "schema_version": 0,
          "attributes": {
            "id": "-",
            "input": [
              "BITTER",
              "STICKY",
              "THUNDERING",
              "ABUNDANT",
              "CHUBBY",
              "GRUMPY"
            ],
            "keepers": null,
            "result": [
              "STICKY",
              "GRUMPY",
              "ABUNDANT",
              "CHUBBY",
              "BITTER",
              "THUNDERING"
            ],
            "result_count": null,
            "seed": null
          },
          "sensitive_attributes": []
        },
        {
          "index_key": 9,
          "schema_version": 0,
          "attributes": {
            "id": "-",
            "input": [
              "BITTER",
              "STICKY",
              "THUNDERING",
              "ABUNDANT",
              "CHUBBY",
              "GRUMPY"
            ],
            "keepers": null,
            "result": [
              "ABUNDANT",
              "BITTER",
              "THUNDERING",
              "CHUBBY",
              "GRUMPY",
              "STICKY"
            ],
            "result_count": null,
            "seed": null
          },
          "sensitive_attributes": []
        },
        {
          "index_key": 10,
          "schema_version": 0,
          "attributes": {
            "id": "-",
            "input": [
              "BITTER",
              "STICKY",
              "THUNDERING",
              "ABUNDANT",
              "CHUBBY",
              "GRUMPY"
            ],
            "keepers": null,
            "result": [
              "CHUBBY",
              "STICKY",
              "THUNDERING",
              "BITTER",
              "GRUMPY",
              "ABUNDANT"
            ],
            "result_count": null,
            "seed": null
          },
          "sensitive_attributes": []
        },
        {
          "index_key": 11,
          "schema_version": 0,
          "attributes": {
            "id": "-",
            "input": [
              "BITTER",
              "STICKY",
              "THUNDERING",
              "ABUNDANT",
              "CHUBBY",
              "GRUMPY"
            ],
            "keepers": null,
            "result": [
              "GRUMPY",
              "THUNDERING",
              "ABUNDANT",
              "STICKY",
              "CHUBBY",
              "BITTER"
            ],
            "result_count": null,
            "seed": null
          },
          "sensitive_attributes": []
        },
        {
          "index_key": 12,
          "schema_version": 0,
          "attributes": {
            "id": "-",
            "input": [
              "BITTER",
              "STICKY",
              "THUNDERING",
              "ABUNDANT",
              "CHUBBY",
              "GRUMPY"
            ],
            "keepers": null,
            "result": [
              "CHUBBY",
              "GRUMPY",
              "BITTER",
              "ABUNDANT",
              "STICKY",
              "THUNDERING"
            ],
            "result_count": null,
            "seed": null
          },
          "sensitive_attributes": []
        },
        {
          "index_key": 13,
          "schema_version": 0,
          "attributes": {
            "id": "-",
            "input": [
              "BITTER",
              "STICKY",
              "THUNDERING",
              "ABUNDANT",
              "CHUBBY",
              "GRUMPY"
            ],
            "keepers": null,
            "result": [
              "GRUMPY",
              "CHUBBY",
              "ABUNDANT",
              "THUNDERING",
              "BITTER",
              "STICKY"
            ],
            "result_count": null,
            "seed": null
          },
          "sensitive_attributes": []
        },
        {
          "index_key": 14,
          "schema_version": 0,
          "attributes": {
            "id": "-",
            "input": [
              "BITTER",
              "STICKY",
              "THUNDERING",
              "ABUNDANT",
              "CHUBBY",
              "GRUMPY"
            ],
            "keepers": null,
            "result": [
              "THUNDERING",
              "STICKY",
              "CHUBBY",
              "ABUNDANT",
              "BITTER",
              "GRUMPY"
            ],
            "result_count": null,
            "seed": null
          },
          "sensitive_attributes": []
        },
        {
          "index_key": 15,
          "schema_version": 0,
          "attributes": {
            "id": "-",
            "input": [
              "BITTER",
              "STICKY",
              "THUNDERING",
              "ABUNDANT",
              "CHUBBY",
              "GRUMPY"
            ],
            "keepers": null,
            "result": [
              "THUNDERING",
              "STICKY",
              "ABUNDANT",
              "BITTER",
              "CHUBBY",
              "GRUMPY"
            ],
            "result_count": null,
            "seed": null
          },
          "sensitive_attributes": []
        },
        {
          "index_key": 16,
          "schema_version": 0,
          "attributes": {
            "id": "-",
            "input": [
              "BITTER",
              "STICKY",
              "THUNDERING",
              "ABUNDANT",
              "CHUBBY",
              "GRUMPY"
            ],
            "keepers": null,
            "result": [
              "THUNDERING",
              "GRUMPY",
              "ABUNDANT",
              "STICKY",
              "BITTER",
              "CHUBBY"
            ],
            "result_count": null,
            "seed": null
          },
          "sensitive_attributes": []
        },
        {
          "index_key": 17,
          "schema_version": 0,
          "attributes": {
            "id": "-",
            "input": [
              "BITTER",
              "STICKY",
              "THUNDERING",
              "ABUNDANT",
              "CHUBBY",
              "GRUMPY"
            ],
            "keepers": null,
            "result": [
              "STICKY",
              "THUNDERING",
              "BITTER",
              "ABUNDANT",
              "GRUMPY",
              "CHUBBY"
            ],
            "result_count": null,
            "seed": null
          },
          "sensitive_attributes": []
        },
        {
          "index_key": 18,
          "schema_version": 0,
          "attributes": {
            "id": "-",
            "input": [
              "BITTER",
              "STICKY",
              "THUNDERING",
              "ABUNDANT",
              "CHUBBY",
              "GRUMPY"
            ],
            "keepers": null,
            "result": [
              "ABUNDANT",
              "GRUMPY",
              "CHUBBY",
              "BITTER",
              "STICKY",
              "THUNDERING"
            ],
            "result_count": null,
            "seed": null
          },
          "sensitive_attributes": []
        },
        {
          "index_key": 19,
          "schema_version": 0,
          "attributes": {
            "id": "-",
            "input": [
              "BITTER",
              "STICKY",
              "THUNDERING",
              "ABUNDANT",
              "CHUBBY",
              "GRUMPY"
            ],
            "keepers": null,
            "result": [
              "THUNDERING",
              "BITTER",
              "ABUNDANT",
              "CHUBBY",
              "STICKY",
              "GRUMPY"
            ],
            "result_count": null,
            "seed": null
          },
          "sensitive_attributes": []
        },
        {
          "index_key": 20,
          "schema_version": 0,
          "attributes": {
            "id": "-",
            "input": [
              "BITTER",
              "STICKY",
              "THUNDERING",
              "ABUNDANT",
              "CHUBBY",
              "GRUMPY"
            ],
            "keepers": null,
            "result": [
              "THUNDERING",
              "BITTER",
              "ABUNDANT",
              "STICKY",
              "CHUBBY",
              "GRUMPY"
            ],
            "result_count": null,
            "seed": null
          },
          "sensitive_attributes": []
        },
        {
          "index_key": 21,
          "schema_version": 0,
          "attributes": {
            "id": "-",
            "input": [
              "BITTER",
              "STICKY",
              "THUNDERING",
              "ABUNDANT",
              "CHUBBY",
              "GRUMPY"
            ],
            "keepers": null,
            "result": [
              "BITTER",
              "CHUBBY",
              "GRUMPY",
              "THUNDERING",
              "ABUNDANT",
              "STICKY"
            ],
            "result_count": null,
            "seed": null
          },
          "sensitive_attributes": []
        },
        {
          "index_key": 22,
          "schema_version": 0,
          "attributes": {
            "id": "-",
            "input": [
              "BITTER",
              "STICKY",
              "THUNDERING",
              "ABUNDANT",
              "CHUBBY",
              "GRUMPY"
            ],
            "keepers": null,
            "result": [
              "THUNDERING",
              "BITTER",
              "GRUMPY",
              "CHUBBY",
              "STICKY",
              "ABUNDANT"
            ],
            "result_count": null,
            "seed": null
          },
          "sensitive_attributes": []
        },
        {
          "index_key": 23,
          "schema_version": 0,
          "attributes": {
            "id": "-",
            "input": [
              "BITTER",
              "STICKY",
              "THUNDERING",
              "ABUNDANT",
              "CHUBBY",
              "GRUMPY"
            ],
            "keepers": null,
            "result": [
              "THUNDERING",
              "STICKY",
              "CHUBBY",
              "ABUNDANT",
              "GRUMPY",
              "BITTER"
            ],
            "result_count": null,
            "seed": null
          },
          "sensitive_attributes": []
        },
        {
          "index_key": 24,
          "schema_version": 0,
          "attributes": {
            "id": "-",
            "input": [
              "BITTER",
              "STICKY",
              "THUNDERING",
              "ABUNDANT",
              "CHUBBY",
              "GRUMPY"
            ],
            "keepers": null,
            "result": [
              "THUNDERING",
              "ABUNDANT",
              "STICKY",
              "BITTER",
              "CHUBBY",
              "GRUMPY"
            ],
            "result_count": null,
            "seed": null
          },
          "sensitive_attributes": []
        },
        {
          "index_key": 25,
          "schema_version": 0,
          "attributes": {
            "id": "-",
            "input": [
              "BITTER",
              "STICKY",
              "THUNDERING",
              "ABUNDANT",
              "CHUBBY",
              "GRUMPY"
            ],
            "keepers": null,
            "result": [
              "CHUBBY",
              "BITTER",
              "GRUMPY",
              "THUNDERING",
              "STICKY",
              "ABUNDANT"
            ],
            "result_count": null,
            "seed": null
          },
          "sensitive_attributes": []
        },
        {
          "index_key": 26,
          "schema_version": 0,
          "attributes": {
            "id": "-",
            "input": [
              "BITTER",
              "STICKY",
              "THUNDERING",
              "ABUNDANT",
              "CHUBBY",
              "GRUMPY"
            ],
            "keepers": null,
            "result": [
              "CHUBBY",
              "ABUNDANT",
              "THUNDERING",
              "BITTER",
              "GRUMPY",
              "STICKY"
            ],
            "result_count": null,
            "seed": null
          },
          "sensitive_attributes": []
        },
        {
          "index_key": 27,
          "schema_version": 0,
          "attributes": {
            "id": "-",
            "input": [
              "BITTER",
              "STICKY",
              "THUNDERING",
              "ABUNDANT",
              "CHUBBY",
              "GRUMPY"
            ],
            "keepers": null,
            "result": [
              "GRUMPY",
              "BITTER",
              "CHUBBY",
              "ABUNDANT",
              "STICKY",
              "THUNDERING"
            ],
            "result_count": null,
            "seed": null
          },
          "sensitive_attributes": []
        },
        {
          "index_key": 28,
          "schema_version": 0,
          "attributes": {
            "id": "-",
            "input": [
              "BITTER",
              "STICKY",
              "THUNDERING",
              "ABUNDANT",
              "CHUBBY",
              "GRUMPY"
            ],
            "keepers": null,
            "result": [
              "STICKY",
              "THUNDERING",
              "GRUMPY",
              "CHUBBY",
              "ABUNDANT",
              "BITTER"
            ],
            "result_count": null,
            "seed": null
          },
          "sensitive_attributes": []
        },
        {
          "index_key": 29,
          "schema_version": 0,
          "attributes": {
            "id": "-",
            "input": [
              "BITTER",
              "STICKY",
              "THUNDERING",
              "ABUNDANT",
              "CHUBBY",
              "GRUMPY"
            ],
            "keepers": null,
            "result": [
              "ABUNDANT",
              "CHUBBY",
              "STICKY",
              "GRUMPY",
              "THUNDERING",
              "BITTER"
            ],
            "result_count": null,
            "seed": null
          },
          "sensitive_attributes": []
        },
        {
          "index_key": 30,
          "schema_version": 0,
          "attributes": {
            "id": "-",
            "input": [
              "BITTER",
              "STICKY",
              "THUNDERING",
              "ABUNDANT",
              "CHUBBY",
              "GRUMPY"
            ],
            "keepers": null,
            "result": [
              "BITTER",
              "STICKY",
              "ABUNDANT",
              "THUNDERING",
              "CHUBBY",
              "GRUMPY"
            ],
            "result_count": null,
            "seed": null
          },
          "sensitive_attributes": []
        },
        {
          "index_key": 31,
          "schema_version": 0,
          "attributes": {
            "id": "-",
            "input": [
              "BITTER",
              "STICKY",
              "THUNDERING",
              "ABUNDANT",
              "CHUBBY",
              "GRUMPY"
            ],
            "keepers": null,
            "result": [
              "GRUMPY",
              "STICKY",
              "THUNDERING",
              "ABUNDANT",
              "CHUBBY",
              "BITTER"
            ],
            "result_count": null,
            "seed": null
          },
          "sensitive_attributes": []
        },
        {
          "index_key": 32,
          "schema_version": 0,
          "attributes": {
            "id": "-",
            "input": [
              "BITTER",
              "STICKY",
              "THUNDERING",
              "ABUNDANT",
              "CHUBBY",
              "GRUMPY"
            ],
            "keepers": null,
            "result": [
              "BITTER",
              "THUNDERING",
              "GRUMPY",
              "CHUBBY",
              "ABUNDANT",
              "STICKY"
            ],
            "result_count": null,
            "seed": null
          },
          "sensitive_attributes": []
        },
        {
          "index_key": 33,
          "schema_version": 0,
          "attributes": {
            "id": "-",
            "input": [
              "BITTER",
              "STICKY",
              "THUNDERING",
              "ABUNDANT",
              "CHUBBY",
              "GRUMPY"
            ],
            "keepers": null,
            "result": [
              "BITTER",
              "STICKY",
              "CHUBBY",
              "GRUMPY",
              "ABUNDANT",
              "THUNDERING"
            ],
            "result_count": null,
            "seed": null
          },
          "sensitive_attributes": []
        },
        {
          "index_key": 34,
          "schema_version": 0,
          "attributes": {
            "id": "-",
            "input": [
              "BITTER",
              "STICKY",
              "THUNDERING",
              "ABUNDANT",
              "CHUBBY",
              "GRUMPY"
            ],
            "keepers": null,
            "result": [
              "GRUMPY",
              "CHUBBY",
              "BITTER",
              "STICKY",
              "ABUNDANT",
              "THUNDERING"
            ],
            "result_count": null,
            "seed": null
          },
          "sensitive_attributes": []
        },
        {
          "index_key": 35,
          "schema_version": 0,
          "attributes": {
            "id": "-",
            "input": [
              "BITTER",
              "STICKY",
              "THUNDERING",
              "ABUNDANT",
              "CHUBBY",
              "GRUMPY"
            ],
            "keepers": null,
            "result": [
              "STICKY",
              "CHUBBY",
              "GRUMPY",
              "THUNDERING",
              "BITTER",
              "ABUNDANT"
            ],
            "result_count": null,
            "seed": null
          },
          "sensitive_attributes": []
        },
        {
          "index_key": 36,
          "schema_version": 0,
          "attributes": {
            "id": "-",
            "input": [
              "BITTER",
              "STICKY",
              "THUNDERING",
              "ABUNDANT",
              "CHUBBY",
              "GRUMPY"
            ],
            "keepers": null,
            "result": [
              "GRUMPY",
              "THUNDERING",
              "STICKY",
              "ABUNDANT",
              "BITTER",
              "CHUBBY"
            ],
            "result_count": null,
            "seed": null
          },
          "sensitive_attributes": []
        },
        {
          "index_key": 37,
          "schema_version": 0,
          "attributes": {
            "id": "-",
            "input": [
              "BITTER",
              "STICKY",
              "THUNDERING",
              "ABUNDANT",
              "CHUBBY",
              "GRUMPY"
            ],
            "keepers": null,
            "result": [
              "CHUBBY",
              "BITTER",
              "STICKY",
              "GRUMPY",
              "ABUNDANT",
              "THUNDERING"
            ],
            "result_count": null,
            "seed": null
          },
          "sensitive_attributes": []
        },
        {
          "index_key": 38,
          "schema_version": 0,
          "attributes": {
            "id": "-",
            "input": [
              "BITTER",
              "STICKY",
              "THUNDERING",
              "ABUNDANT",
              "CHUBBY",
              "GRUMPY"
            ],
            "keepers": null,
            "result": [
              "BITTER",
              "GRUMPY",
              "THUNDERING",
              "STICKY",
              "ABUNDANT",
              "CHUBBY"
            ],
            "result_count": null,
            "seed": null
          },
          "sensitive_attributes": []
        },
        {
          "index_key": 39,
          "schema_version": 0,
          "attributes": {
            "id": "-",
            "input": [
              "BITTER",
              "STICKY",
              "THUNDERING",
              "ABUNDANT",
              "CHUBBY",
              "GRUMPY"
            ],
            "keepers": null,
            "result": [
              "THUNDERING",
              "BITTER",
              "GRUMPY",
              "STICKY",
              "CHUBBY",
              "ABUNDANT"
            ],
            "result_count": null,
            "seed": null
          },
          "sensitive_attributes": []
        },
        {
          "index_key": 40,
          "schema_version": 0,
          "attributes": {
            "id": "-",
            "input": [
              "BITTER",
              "STICKY",
              "THUNDERING",
              "ABUNDANT",
              "CHUBBY",
              "GRUMPY"
            ],
            "keepers": null,
            "result": [
              "CHUBBY",
              "STICKY",
              "ABUNDANT",
              "THUNDERING",
              "BITTER",
              "GRUMPY"
            ],
            "result_count": null,
            "seed": null
          },
          "sensitive_attributes": []
        },
        {
          "index_key": 41,
          "schema_version": 0,
          "attributes": {
            "id": "-",
            "input": [
              "BITTER",
              "STICKY",
              "THUNDERING",
              "ABUNDANT",
              "CHUBBY",
              "GRUMPY"
            ],
            "keepers": null,
            "result": [
              "THUNDERING",
              "CHUBBY",
              "BITTER",
              "ABUNDANT",
              "GRUMPY",
              "STICKY"
            ],
            "result_count": null,
            "seed": null
          },
          "sensitive_attributes": []
        },
        {
          "index_key": 42,
          "schema_version": 0,
          "attributes": {
            "id": "-",
            "input": [
              "BITTER",
              "STICKY",
              "THUNDERING",
              "ABUNDANT",
              "CHUBBY",
              "GRUMPY"
            ],
            "keepers": null,
            "result": [
              "GRUMPY",
              "THUNDERING",
              "ABUNDANT",
              "STICKY",
              "BITTER",
              "CHUBBY"
            ],
            "result_count": null,
            "seed": null
          },
          "sensitive_attributes": []
        },
        {
          "index_key": 43,
          "schema_version": 0,
          "attributes": {
            "id": "-",
            "input": [
              "BITTER",
              "STICKY",
              "THUNDERING",
              "ABUNDANT",
              "CHUBBY",
              "GRUMPY"
            ],
            "keepers": null,
            "result": [
              "GRUMPY",
              "THUNDERING",
              "ABUNDANT",
              "CHUBBY",
              "STICKY",
              "BITTER"
            ],
            "result_count": null,
            "seed": null
          },
          "sensitive_attributes": []
        },
        {
          "index_key": 44,
          "schema_version": 0,
          "attributes": {
            "id": "-",
            "input": [
              "BITTER",
              "STICKY",
              "THUNDERING",
              "ABUNDANT",
              "CHUBBY",
              "GRUMPY"
            ],
            "keepers": null,
            "result": [
              "STICKY",
              "THUNDERING",
              "CHUBBY",
              "GRUMPY",
              "ABUNDANT",
              "BITTER"
            ],
            "result_count": null,
            "seed": null
          },
          "sensitive_attributes": []
        },
        {
          "index_key": 45,
          "schema_version": 0,
          "attributes": {
            "id": "-",
            "input": [
              "BITTER",
              "STICKY",
              "THUNDERING",
              "ABUNDANT",
              "CHUBBY",
              "GRUMPY"
            ],
            "keepers": null,
            "result": [
              "GRUMPY",
              "BITTER",
              "STICKY",
              "THUNDERING",
              "ABUNDANT",
              "CHUBBY"
            ],
            "result_count": null,
            "seed": null
          },
          "sensitive_attributes": []
        },
        {
          "index_key": 46,
          "schema_version": 0,
          "attributes": {
            "id": "-",
            "input": [
              "BITTER",
              "STICKY",
              "THUNDERING",
              "ABUNDANT",
              "CHUBBY",
              "GRUMPY"
            ],
            "keepers": null,
            "result": [
              "ABUNDANT",
              "CHUBBY",
              "THUNDERING",
              "STICKY",
              "BITTER",
              "GRUMPY"
            ],
            "result_count": null,
            "seed": null
          },
          "sensitive_attributes": []
        },
        {
          "index_key": 47,
          "schema_version": 0,
          "attributes": {
            "id": "-",
            "input": [
              "BITTER",
              "STICKY",
              "THUNDERING",
              "ABUNDANT",
              "CHUBBY",
              "GRUMPY"
            ],
            "keepers": null,
            "result": [
              "CHUBBY",
              "GRUMPY",
              "BITTER",
              "ABUNDANT",
              "STICKY",
              "THUNDERING"
            ],
            "result_count": null,
            "seed": null
          },
          "sensitive_attributes": []
        },
        {
          "index_key": 48,
          "schema_version": 0,
          "attributes": {
            "id": "-",
            "input": [
              "BITTER",
              "STICKY",
              "THUNDERING",
              "ABUNDANT",
              "CHUBBY",
              "GRUMPY"
            ],
            "keepers": null,
            "result": [
              "THUNDERING",
              "GRUMPY",
              "BITTER",
              "CHUBBY",
              "ABUNDANT",
              "STICKY"
            ],
            "result_count": null,
            "seed": null
          },
          "sensitive_attributes": []
        },
        {
          "index_key": 49,
          "schema_version": 0,
          "attributes": {
            "id": "-",
            "input": [
              "BITTER",
              "STICKY",
              "THUNDERING",
              "ABUNDANT",
              "CHUBBY",
              "GRUMPY"
            ],
            "keepers": null,
            "result": [
              "BITTER",
              "THUNDERING",
              "STICKY",
              "CHUBBY",
              "ABUNDANT",
              "GRUMPY"
            ],
            "result_count": null,
            "seed": null
          },
          "sensitive_attributes": []
        },
        {
          "index_key": 50,
          "schema_version": 0,
          "attributes": {
            "id": "-",
            "input": [
              "BITTER",
              "STICKY",
              "THUNDERING",
              "ABUNDANT",
              "CHUBBY",
              "GRUMPY"
            ],
            "keepers": null,
            "result": [
              "STICKY",
              "CHUBBY",
              "GRUMPY",
              "THUNDERING",
              "BITTER",
              "ABUNDANT"
            ],
            "result_count": null,
            "seed": null
          },
          "sensitive_attributes": []
        },
        {
          "index_key": 51,
          "schema_version": 0,
          "attributes": {
            "id": "-",
            "input": [
              "BITTER",
              "STICKY",
              "THUNDERING",
              "ABUNDANT",
              "CHUBBY",
              "GRUMPY"
            ],
            "keepers": null,
            "result": [
              "GRUMPY",
              "ABUNDANT",
              "BITTER",
              "CHUBBY",
              "STICKY",
              "THUNDERING"
            ],
            "result_count": null,
            "seed": null
          },
          "sensitive_attributes": []
        },
        {
          "index_key": 52,
          "schema_version": 0,
          "attributes": {
            "id": "-",
            "input": [
              "BITTER",
              "STICKY",
              "THUNDERING",
              "ABUNDANT",
              "CHUBBY",
              "GRUMPY"
            ],
            "keepers": null,
            "result": [
              "CHUBBY",
              "GRUMPY",
              "ABUNDANT",
              "BITTER",
              "STICKY",
              "THUNDERING"
            ],
            "result_count": null,
            "seed": null
          },
          "sensitive_attributes": []
        },
        {
          "index_key": 53,
          "schema_version": 0,
          "attributes": {
            "id": "-",
            "input": [
              "BITTER",
              "STICKY",
              "THUNDERING",
              "ABUNDANT",
              "CHUBBY",
              "GRUMPY"
            ],
            "keepers": null,
            "result": [
              "STICKY",
              "GRUMPY",
              "THUNDERING",
              "CHUBBY",
              "BITTER",
              "ABUNDANT"
            ],
            "result_count": null,
            "seed": null
          },
          "sensitive_attributes": []
        },
        {
          "index_key": 54,
          "schema_version": 0,
          "attributes": {
            "id": "-",
            "input": [
              "BITTER",
              "STICKY",
              "THUNDERING",
              "ABUNDANT",
              "CHUBBY",
              "GRUMPY"
            ],
            "keepers": null,
            "result": [
              "CHUBBY",
              "GRUMPY",
              "STICKY",
              "BITTER",
              "THUNDERING",
              "ABUNDANT"
            ],
            "result_count": null,
            "seed": null
          },
          "sensitive_attributes": []
        },
        {
          "index_key": 55,
          "schema_version": 0,
          "attributes": {
            "id": "-",
            "input": [
              "BITTER",
              "STICKY",
              "THUNDERING",
              "ABUNDANT",
              "CHUBBY",
              "GRUMPY"
            ],
            "keepers": null,
            "result": [
              "STICKY",
              "CHUBBY",
              "THUNDERING",
              "BITTER",
              "GRUMPY",
              "ABUNDANT"
            ],
            "result_count": null,
            "seed": null
          },
          "sensitive_attributes": []
        },
        {
          "index_key": 56,
          "schema_version": 0,
          "attributes": {
            "id": "-",
            "input": [
              "BITTER",
              "STICKY",
              "THUNDERING",
              "ABUNDANT",
              "CHUBBY",
              "GRUMPY"
            ],
            "keepers": null,
            "result": [
              "STICKY",
              "THUNDERING",
              "GRUMPY",
              "ABUNDANT",
              "BITTER",
              "CHUBBY"
            ],
            "result_count": null,
            "seed": null
          },
          "sensitive_attributes": []
        },
        {
          "index_key": 57,
          "schema_version": 0,
          "attributes": {
            "id": "-",
            "input": [
              "BITTER",
              "STICKY",
              "THUNDERING",
              "ABUNDANT",
              "CHUBBY",
              "GRUMPY"
            ],
            "keepers": null,
            "result": [
              "THUNDERING",
              "GRUMPY",
              "ABUNDANT",
              "STICKY",
              "CHUBBY",
              "BITTER"
            ],
            "result_count": null,
            "seed": null
          },
          "sensitive_attributes": []
        },
        {
          "index_key": 58,
          "schema_version": 0,
          "attributes": {
            "id": "-",
            "input": [
              "BITTER",
              "STICKY",
              "THUNDERING",
              "ABUNDANT",
              "CHUBBY",
              "GRUMPY"
            ],
            "keepers": null,
            "result": [
              "ABUNDANT",
              "STICKY",
              "THUNDERING",
              "BITTER",
              "CHUBBY",
              "GRUMPY"
            ],
            "result_count": null,
            "seed": null
          },
          "sensitive_attributes": []
        },
        {
          "index_key": 59,
          "schema_version": 0,
          "attributes": {
            "id": "-",
            "input": [
              "BITTER",
              "STICKY",
              "THUNDERING",
              "ABUNDANT",
              "CHUBBY",
              "GRUMPY"
            ],
            "keepers": null,
            "result": [
              "THUNDERING",
              "STICKY",
              "ABUNDANT",
              "GRUMPY",
              "CHUBBY",
              "BITTER"
            ],
            "result_count": null,
            "seed": null
          },
          "sensitive_attributes": []
        },
        {
          "index_key": 60,
          "schema_version": 0,
          "attributes": {
            "id": "-",
            "input": [
              "BITTER",
              "STICKY",
              "THUNDERING",
              "ABUNDANT",
              "CHUBBY",
              "GRUMPY"
            ],
            "keepers": null,
            "result": [
              "ABUNDANT",
              "GRUMPY",
              "CHUBBY",
              "BITTER",
              "STICKY",
              "THUNDERING"
            ],
            "result_count": null,
            "seed": null
          },
          "sensitive_attributes": []
        },
        {
          "index_key": 61,
          "schema_version": 0,
          "attributes": {
            "id": "-",
            "input": [
              "BITTER",
              "STICKY",
              "THUNDERING",
              "ABUNDANT",
              "CHUBBY",
              "GRUMPY"
            ],
            "keepers": null,
            "result": [
              "STICKY",
              "CHUBBY",
              "ABUNDANT",
              "BITTER",
              "THUNDERING",
              "GRUMPY"
            ],
            "result_count": null,
            "seed": null
          },
          "sensitive_attributes": []
        },
        {
          "index_key": 62,
          "schema_version": 0,
          "attributes": {
            "id": "-",
            "input": [
              "BITTER",
              "STICKY",
              "THUNDERING",
              "ABUNDANT",
              "CHUBBY",
              "GRUMPY"
            ],
            "keepers": null,
            "result": [
              "ABUNDANT",
              "THUNDERING",
              "CHUBBY",
              "BITTER",
              "STICKY",
              "GRUMPY"
            ],
            "result_count": null,
            "seed": null
          },
          "sensitive_attributes": []
        },
        {
          "index_key": 63,
          "schema_version": 0,
          "attributes": {
            "id": "-",
            "input": [
              "BITTER",
              "STICKY",
              "THUNDERING",
              "ABUNDANT",
              "CHUBBY",
              "GRUMPY"
            ],
            "keepers": null,
            "result": [
              "BITTER",
              "ABUNDANT",
              "STICKY",
              "THUNDERING",
              "GRUMPY",
              "CHUBBY"
            ],
            "result_count": null,
            "seed": null
          },
          "sensitive_attributes": []
        },
        {
          "index_key": 64,
          "schema_version": 0,
          "attributes": {
            "id": "-",
            "input": [
              "BITTER",
              "STICKY",
              "THUNDERING",
              "ABUNDANT",
              "CHUBBY",
              "GRUMPY"
            ],
            "keepers": null,
            "result": [
              "ABUNDANT",
              "STICKY",
              "CHUBBY",
              "THUNDERING",
              "BITTER",
              "GRUMPY"
            ],
            "result_count": null,
            "seed": null
          },
          "sensitive_attributes": []
        },
        {
          "index_key": 65,
          "schema_version": 0,
          "attributes": {
            "id": "-",
            "input": [
              "BITTER",
              "STICKY",
              "THUNDERING",
              "ABUNDANT",
              "CHUBBY",
              "GRUMPY"
            ],
            "keepers": null,
            "result": [
              "THUNDERING",
              "GRUMPY",
              "CHUBBY",
              "STICKY",
              "BITTER",
              "ABUNDANT"
            ],
            "result_count": null,
            "seed": null
          },
          "sensitive_attributes": []
        },
        {
          "index_key": 66,
          "schema_version": 0,
          "attributes": {
            "id": "-",
            "input": [
              "BITTER",
              "STICKY",
              "THUNDERING",
              "ABUNDANT",
              "CHUBBY",
              "GRUMPY"
            ],
            "keepers": null,
            "result": [
              "BITTER",
              "STICKY",
              "ABUNDANT",
              "GRUMPY",
              "CHUBBY",
              "THUNDERING"
            ],
            "result_count": null,
            "seed": null
          },
          "sensitive_attributes": []
        },
        {
          "index_key": 67,
          "schema_version": 0,
          "attributes": {
            "id": "-",
            "input": [
              "BITTER",
              "STICKY",
              "THUNDERING",
              "ABUNDANT",
              "CHUBBY",
              "GRUMPY"
            ],
            "keepers": null,
            "result": [
              "GRUMPY",
              "CHUBBY",
              "STICKY",
              "ABUNDANT",
              "THUNDERING",
              "BITTER"
            ],
            "result_count": null,
            "seed": null
          },
          "sensitive_attributes": []
        },
        {
          "index_key": 68,
          "schema_version": 0,
          "attributes": {
            "id": "-",
            "input": [
              "BITTER",
              "STICKY",
              "THUNDERING",
              "ABUNDANT",
              "CHUBBY",
              "GRUMPY"
            ],
            "keepers": null,
            "result": [
              "GRUMPY",
              "STICKY",
              "THUNDERING",
              "BITTER",
              "ABUNDANT",
              "CHUBBY"
            ],
            "result_count": null,
            "seed": null
          },
          "sensitive_attributes": []
        },
        {
          "index_key": 69,
          "schema_version": 0,
          "attributes": {
            "id": "-",
            "input": [
              "BITTER",
              "STICKY",
              "THUNDERING",
              "ABUNDANT",
              "CHUBBY",
              "GRUMPY"
            ],
            "keepers": null,
            "result": [
              "GRUMPY",
              "ABUNDANT",
              "THUNDERING",
              "CHUBBY",
              "BITTER",
              "STICKY"
            ],
            "result_count": null,
            "seed": null
          },
          "sensitive_attributes": []
        },
        {
          "index_key": 70,
          "schema_version": 0,
          "attributes": {
            "id": "-",
            "input": [
              "BITTER",
              "STICKY",
              "THUNDERING",
              "ABUNDANT",
              "CHUBBY",
              "GRUMPY"
            ],
            "keepers": null,
            "result": [
              "STICKY",
              "GRUMPY",
              "BITTER",
              "CHUBBY",
              "ABUNDANT",
              "THUNDERING"
            ],
            "result_count": null,
            "seed": null
          },
          "sensitive_attributes": []
        },
        {
          "index_key": 71,
          "schema_version": 0,
          "attributes": {
            "id": "-",
            "input": [
              "BITTER",
              "STICKY",
              "THUNDERING",
              "ABUNDANT",
              "CHUBBY",
              "GRUMPY"
            ],
            "keepers": null,
            "result": [
              "STICKY",
              "ABUNDANT",
              "CHUBBY",
              "GRUMPY",
              "BITTER",
              "THUNDERING"
            ],
            "result_count": null,
            "seed": null
          },
          "sensitive_attributes": []
        },
        {
          "index_key": 72,
          "schema_version": 0,
          "attributes": {
            "id": "-",
            "input": [
              "BITTER",
              "STICKY",
              "THUNDERING",
              "ABUNDANT",
              "CHUBBY",
              "GRUMPY"
            ],
            "keepers": null,
            "result": [
              "BITTER",
              "ABUNDANT",
              "CHUBBY",
              "GRUMPY",
              "STICKY",
              "THUNDERING"
            ],
            "result_count": null,
            "seed": null
          },
          "sensitive_attributes": []
        },
        {
          "index_key": 73,
          "schema_version": 0,
          "attributes": {
            "id": "-",
            "input": [
              "BITTER",
              "STICKY",
              "THUNDERING",
              "ABUNDANT",
              "CHUBBY",
              "GRUMPY"
            ],
            "keepers": null,
            "result": [
              "CHUBBY",
              "ABUNDANT",
              "STICKY",
              "THUNDERING",
              "BITTER",
              "GRUMPY"
            ],
            "result_count": null,
            "seed": null
          },
          "sensitive_attributes": []
        },
        {
          "index_key": 74,
          "schema_version": 0,
          "attributes": {
            "id": "-",
            "input": [
              "BITTER",
              "STICKY",
              "THUNDERING",
              "ABUNDANT",
              "CHUBBY",
              "GRUMPY"
            ],
            "keepers": null,
            "result": [
              "BITTER",
              "GRUMPY",
              "STICKY",
              "ABUNDANT",
              "THUNDERING",
              "CHUBBY"
            ],
            "result_count": null,
            "seed": null
          },
          "sensitive_attributes": []
        },
        {
          "index_key": 75,
          "schema_version": 0,
          "attributes": {
            "id": "-",
            "input": [
              "BITTER",
              "STICKY",
              "THUNDERING",
              "ABUNDANT",
              "CHUBBY",
              "GRUMPY"
            ],
            "keepers": null,
            "result": [
              "BITTER",
              "ABUNDANT",
              "GRUMPY",
              "STICKY",
              "CHUBBY",
              "THUNDERING"
            ],
            "result_count": null,
            "seed": null
          },
          "sensitive_attributes": []
        },
        {
          "index_key": 76,
          "schema_version": 0,
          "attributes": {
            "id": "-",
            "input": [
              "BITTER",
              "STICKY",
              "THUNDERING",
              "ABUNDANT",
              "CHUBBY",
              "GRUMPY"
            ],
            "keepers": null,
            "result": [
              "GRUMPY",
              "ABUNDANT",
              "BITTER",
              "CHUBBY",
              "THUNDERING",
              "STICKY"
            ],
            "result_count": null,
            "seed": null
          },
          "sensitive_attributes": []
        },
        {
          "index_key": 77,
          "schema_version": 0,
          "attributes": {
            "id": "-",
            "input": [
              "BITTER",
              "STICKY",
              "THUNDERING",
              "ABUNDANT",
              "CHUBBY",
              "GRUMPY"
            ],
            "keepers": null,
            "result": [
              "GRUMPY",
              "ABUNDANT",
              "CHUBBY",
              "BITTER",
              "THUNDERING",
              "STICKY"
            ],
            "result_count": null,
            "seed": null
          },
          "sensitive_attributes": []
        },
        {
          "index_key": 78,
          "schema_version": 0,
          "attributes": {
            "id": "-",
            "input": [
              "BITTER",
              "STICKY",
              "THUNDERING",
              "ABUNDANT",
              "CHUBBY",
              "GRUMPY"
            ],
            "keepers": null,
            "result": [
              "GRUMPY",
              "BITTER",
              "ABUNDANT",
              "CHUBBY",
              "THUNDERING",
              "STICKY"
            ],
            "result_count": null,
            "seed": null
          },
          "sensitive_attributes": []
        },
        {
          "index_key": 79,
          "schema_version": 0,
          "attributes": {
            "id": "-",
            "input": [
              "BITTER",
              "STICKY",
              "THUNDERING",
              "ABUNDANT",
              "CHUBBY",
              "GRUMPY"
            ],
            "keepers": null,
            "result": [
              "THUNDERING",
              "STICKY",
              "GRUMPY",
              "BITTER",
              "CHUBBY",
              "ABUNDANT"
            ],
            "result_count": null,
            "seed": null
          },
          "sensitive_attributes": []
        },
        {
          "index_key": 80,
          "schema_version": 0,
          "attributes": {
            "id": "-",
            "input": [
              "BITTER",
              "STICKY",
              "THUNDERING",
              "ABUNDANT",
              "CHUBBY",
              "GRUMPY"
            ],
            "keepers": null,
            "result": [
              "GRUMPY",
              "CHUBBY",
              "STICKY",
              "THUNDERING",
              "ABUNDANT",
              "BITTER"
            ],
            "result_count": null,
            "seed": null
          },
          "sensitive_attributes": []
        },
        {
          "index_key": 81,
          "schema_version": 0,
          "attributes": {
            "id": "-",
            "input": [
              "BITTER",
              "STICKY",
              "THUNDERING",
              "ABUNDANT",
              "CHUBBY",
              "GRUMPY"
            ],
            "keepers": null,
            "result": [
              "BITTER",
              "ABUNDANT",
              "CHUBBY",
              "GRUMPY",
              "STICKY",
              "THUNDERING"
            ],
            "result_count": null,
            "seed": null
          },
          "sensitive_attributes": []
        },
        {
          "index_key": 82,
          "schema_version": 0,
          "attributes": {
            "id": "-",
            "input": [
              "BITTER",
              "STICKY",
              "THUNDERING",
              "ABUNDANT",
              "CHUBBY",
              "GRUMPY"
            ],
            "keepers": null,
            "result": [
              "BITTER",
              "THUNDERING",
              "GRUMPY",
              "ABUNDANT",
              "STICKY",
              "CHUBBY"
            ],
            "result_count": null,
            "seed": null
          },
          "sensitive_attributes": []
        },
        {
          "index_key": 83,
          "schema_version": 0,
          "attributes": {
            "id": "-",
            "input": [
              "BITTER",
              "STICKY",
              "THUNDERING",
              "ABUNDANT",
              "CHUBBY",
              "GRUMPY"
            ],
            "keepers": null,
            "result": [
              "STICKY",
              "CHUBBY",
              "GRUMPY",
              "THUNDERING",
              "ABUNDANT",
              "BITTER"
            ],
            "result_count": null,
            "seed": null
          },
          "sensitive_attributes": []
        },
        {
          "index_key": 84,
          "schema_version": 0,
          "attributes": {
            "id": "-",
            "input": [
              "BITTER",
              "STICKY",
              "THUNDERING",
              "ABUNDANT",
              "CHUBBY",
              "GRUMPY"
            ],
            "keepers": null,
            "result": [
              "THUNDERING",
              "CHUBBY",
              "GRUMPY",
              "STICKY",
              "BITTER",
              "ABUNDANT"
            ],
            "result_count": null,
            "seed": null
          },
          "sensitive_attributes": []
        },
        {
          "index_key": 85,
          "schema_version": 0,
          "attributes": {
            "id": "-",
            "input": [
              "BITTER",
              "STICKY",
              "THUNDERING",
              "ABUNDANT",
              "CHUBBY",
              "GRUMPY"
            ],
            "keepers": null,
            "result": [
              "BITTER",
              "CHUBBY",
              "THUNDERING",
              "STICKY",
              "GRUMPY",
              "ABUNDANT"
            ],
            "result_count": null,
            "seed": null
          },
          "sensitive_attributes": []
        },
        {
          "index_key": 86,
          "schema_version": 0,
          "attributes": {
            "id": "-",
            "input": [
              "BITTER",
              "STICKY",
              "THUNDERING",
              "ABUNDANT",
              "CHUBBY",
              "GRUMPY"
            ],
            "keepers": null,
            "result": [
              "STICKY",
              "ABUNDANT",
              "THUNDERING",
              "GRUMPY",
              "BITTER",
              "CHUBBY"
            ],
            "result_count": null,
            "seed": null
          },
          "sensitive_attributes": []
        },
        {
          "index_key": 87,
          "schema_version": 0,
          "attributes": {
            "id": "-",
            "input": [
              "BITTER",
              "STICKY",
              "THUNDERING",
              "ABUNDANT",
              "CHUBBY",
              "GRUMPY"
            ],
            "keepers": null,
            "result": [
              "THUNDERING",
              "GRUMPY",
              "STICKY",
              "BITTER",
              "CHUBBY",
              "ABUNDANT"
            ],
            "result_count": null,
            "seed": null
          },
          "sensitive_attributes": []
        },
        {
          "index_key": 88,
          "schema_version": 0,
          "attributes": {
            "id": "-",
            "input": [
              "BITTER",
              "STICKY",
              "THUNDERING",
              "ABUNDANT",
              "CHUBBY",
              "GRUMPY"
            ],
            "keepers": null,
            "result": [
              "GRUMPY",
              "ABUNDANT",
              "BITTER",
              "THUNDERING",
              "CHUBBY",
              "STICKY"
            ],
            "result_count": null,
            "seed": null
          },
          "sensitive_attributes": []
        },
        {
          "index_key": 89,
          "schema_version": 0,
          "attributes": {
            "id": "-",
            "input": [
              "BITTER",
              "STICKY",
              "THUNDERING",
              "ABUNDANT",
              "CHUBBY",
              "GRUMPY"
            ],
            "keepers": null,
            "result": [
              "STICKY",
              "THUNDERING",
              "GRUMPY",
              "BITTER",
              "CHUBBY",
              "ABUNDANT"
            ],
            "result_count": null,
            "seed": null
          },
          "sensitive_attributes": []
        },
        {
          "index_key": 90,
          "schema_version": 0,
          "attributes": {
            "id": "-",
            "input": [
              "BITTER",
              "STICKY",
              "THUNDERING",
              "ABUNDANT",
              "CHUBBY",
              "GRUMPY"
            ],
            "keepers": null,
            "result": [
              "THUNDERING",
              "CHUBBY",
              "STICKY",
              "GRUMPY",
              "BITTER",
              "ABUNDANT"
            ],
            "result_count": null,
            "seed": null
          },
          "sensitive_attributes": []
        },
        {
          "index_key": 91,
          "schema_version": 0,
          "attributes": {
            "id": "-",
            "input": [
              "BITTER",
              "STICKY",
              "THUNDERING",
              "ABUNDANT",
              "CHUBBY",
              "GRUMPY"
            ],
            "keepers": null,
            "result": [
              "ABUNDANT",
              "BITTER",
              "STICKY",
              "CHUBBY",
              "THUNDERING",
              "GRUMPY"
            ],
            "result_count": null,
            "seed": null
          },
          "sensitive_attributes": []
        },
        {
          "index_key": 92,
          "schema_version": 0,
          "attributes": {
            "id": "-",
            "input": [
              "BITTER",
              "STICKY",
              "THUNDERING",
              "ABUNDANT",
              "CHUBBY",
              "GRUMPY"
            ],
            "keepers": null,
            "result": [
              "ABUNDANT",
              "STICKY",
              "CHUBBY",
              "GRUMPY",
              "BITTER",
              "THUNDERING"
            ],
            "result_count": null,
            "seed": null
          },
          "sensitive_attributes": []
        },
        {
          "index_key": 93,
          "schema_version": 0,
          "attributes": {
            "id": "-",
            "input": [
              "BITTER",
              "STICKY",
              "THUNDERING",
              "ABUNDANT",
              "CHUBBY",
              "GRUMPY"
            ],
            "keepers": null,
            "result": [
              "GRUMPY",
              "CHUBBY",
              "ABUNDANT",
              "THUNDERING",
              "BITTER",
              "STICKY"
            ],
            "result_count": null,
            "seed": null
          },
          "sensitive_attributes": []
        },
        {
          "index_key": 94,
          "schema_version": 0,
          "attributes": {
            "id": "-",
            "input": [
              "BITTER",
              "STICKY",
              "THUNDERING",
              "ABUNDANT",
              "CHUBBY",
              "GRUMPY"
            ],
            "keepers": null,
            "result": [
              "GRUMPY",
              "STICKY",
              "ABUNDANT",
              "BITTER",
              "THUNDERING",
              "CHUBBY"
            ],
            "result_count": null,
            "seed": null
          },
          "sensitive_attributes": []
        },
        {
          "index_key": 95,
          "schema_version": 0,
          "attributes": {
            "id": "-",
            "input": [
              "BITTER",
              "STICKY",
              "THUNDERING",
              "ABUNDANT",
              "CHUBBY",
              "GRUMPY"
            ],
            "keepers": null,
            "result": [
              "ABUNDANT",
              "THUNDERING",
              "CHUBBY",
              "GRUMPY",
              "STICKY",
              "BITTER"
            ],
            "result_count": null,
            "seed": null
          },
          "sensitive_attributes": []
        },
        {
          "index_key": 96,
          "schema_version": 0,
          "attributes": {
            "id": "-",
            "input": [
              "BITTER",
              "STICKY",
              "THUNDERING",
              "ABUNDANT",
              "CHUBBY",
              "GRUMPY"
            ],
            "keepers": null,
            "result": [
              "BITTER",
              "STICKY",
              "CHUBBY",
              "ABUNDANT",
              "THUNDERING",
              "GRUMPY"
            ],
            "result_count": null,
            "seed": null
          },
          "sensitive_attributes": []
        },
        {
          "index_key": 97,
          "schema_version": 0,
          "attributes": {
            "id": "-",
            "input": [
              "BITTER",
              "STICKY",
              "THUNDERING",
              "ABUNDANT",
              "CHUBBY",
              "GRUMPY"
            ],
            "keepers": null,
            "result": [
              "ABUNDANT",
              "BITTER",
              "CHUBBY",
              "STICKY",
              "GRUMPY",
              "THUNDERING"
            ],
            "result_count": null,
            "seed": null
          },
          "sensitive_attributes": []
        },
        {
          "index_key": 98,
          "schema_version": 0,
          "attributes": {
            "id": "-",
            "input": [
              "BITTER",
              "STICKY",
              "THUNDERING",
              "ABUNDANT",
              "CHUBBY",
              "GRUMPY"
            ],
            "keepers": null,
            "result": [
              "BITTER",
              "ABUNDANT",
              "STICKY",
              "THUNDERING",
              "CHUBBY",
              "GRUMPY"
            ],
            "result_count": null,
            "seed": null
          },
          "sensitive_attributes": []
        },
        {
          "index_key": 99,
          "schema_version": 0,
          "attributes": {
            "id": "-",
            "input": [
              "BITTER",
              "STICKY",
              "THUNDERING",
              "ABUNDANT",
              "CHUBBY",
              "GRUMPY"
            ],
            "keepers": null,
            "result": [
              "THUNDERING",
              "BITTER",
              "GRUMPY",
              "CHUBBY",
              "STICKY",
              "ABUNDANT"
            ],
            "result_count": null,
            "seed": null
          },
          "sensitive_attributes": []
        }
      ]
    },
    {
      "mode": "managed",
      "type": "random_shuffle",
      "name": "random_adverbs",
      "provider": "provider[\"registry.terraform.io/hashicorp/random\"]",
      "instances": [
        {
          "index_key": 0,
          "schema_version": 0,
          "attributes": {
            "id": "-",
            "input": [
              "DELICATELY",
              "BEAUTIFULLY",
              "QUICKLY",
              "TRUTHFULLY",
              "WEARILY"
            ],
            "keepers": null,
            "result": [
              "BEAUTIFULLY",
              "QUICKLY",
              "WEARILY",
              "DELICATELY",
              "TRUTHFULLY"
            ],
            "result_count": null,
            "seed": null
          },
          "sensitive_attributes": []
        },
        {
          "index_key": 1,
          "schema_version": 0,
          "attributes": {
            "id": "-",
            "input": [
              "DELICATELY",
              "BEAUTIFULLY",
              "QUICKLY",
              "TRUTHFULLY",
              "WEARILY"
            ],
            "keepers": null,
            "result": [
              "DELICATELY",
              "WEARILY",
              "QUICKLY",
              "TRUTHFULLY",
              "BEAUTIFULLY"
            ],
            "result_count": null,
            "seed": null
          },
          "sensitive_attributes": []
        },
        {
          "index_key": 2,
          "schema_version": 0,
          "attributes": {
            "id": "-",
            "input": [
              "DELICATELY",
              "BEAUTIFULLY",
              "QUICKLY",
              "TRUTHFULLY",
              "WEARILY"
            ],
            "keepers": null,
            "result": [
              "TRUTHFULLY",
              "WEARILY",
              "QUICKLY",
              "BEAUTIFULLY",
              "DELICATELY"
            ],
            "result_count": null,
            "seed": null
          },
          "sensitive_attributes": []
        },
        {
          "index_key": 3,
          "schema_version": 0,
          "attributes": {
            "id": "-",
            "input": [
              "DELICATELY",
              "BEAUTIFULLY",
              "QUICKLY",
              "TRUTHFULLY",
              "WEARILY"
            ],
            "keepers": null,
            "result": [
              "DELICATELY",
              "QUICKLY",
              "BEAUTIFULLY",
              "TRUTHFULLY",
              "WEARILY"
            ],
            "result_count": null,
            "seed": null
          },
          "sensitive_attributes": []
        },
        {
          "index_key": 4,
          "schema_version": 0,
          "attributes": {
            "id": "-",
            "input": [
              "DELICATELY",
              "BEAUTIFULLY",
              "QUICKLY",
              "TRUTHFULLY",
              "WEARILY"
            ],
            "keepers": null,
            "result": [
              "DELICATELY",
              "WEARILY",
              "TRUTHFULLY",
              "QUICKLY",
              "BEAUTIFULLY"
            ],
            "result_count": null,
            "seed": null
          },
          "sensitive_attributes": []
        },
        {
          "index_key": 5,
          "schema_version": 0,
          "attributes": {
            "id": "-",
            "input": [
              "DELICATELY",
              "BEAUTIFULLY",
              "QUICKLY",
              "TRUTHFULLY",
              "WEARILY"
            ],
            "keepers": null,
            "result": [
              "TRUTHFULLY",
              "QUICKLY",
              "BEAUTIFULLY",
              "WEARILY",
              "DELICATELY"
            ],
            "result_count": null,
            "seed": null
          },
          "sensitive_attributes": []
        },
        {
          "index_key": 6,
          "schema_version": 0,
          "attributes": {
            "id": "-",
            "input": [
              "DELICATELY",
              "BEAUTIFULLY",
              "QUICKLY",
              "TRUTHFULLY",
              "WEARILY"
            ],
            "keepers": null,
            "result": [
              "QUICKLY",
              "WEARILY",
              "TRUTHFULLY",
              "BEAUTIFULLY",
              "DELICATELY"
            ],
            "result_count": null,
            "seed": null
          },
          "sensitive_attributes": []
        },
        {
          "index_key": 7,
          "schema_version": 0,
          "attributes": {
            "id": "-",
            "input": [
              "DELICATELY",
              "BEAUTIFULLY",
              "QUICKLY",
              "TRUTHFULLY",
              "WEARILY"
            ],
            "keepers": null,
            "result": [
              "QUICKLY",
              "TRUTHFULLY",
              "BEAUTIFULLY",
              "WEARILY",
              "DELICATELY"
            ],
            "result_count": null,
            "seed": null
          },
          "sensitive_attributes": []
        },
        {
          "index_key": 8,
          "schema_version": 0,
          "attributes": {
            "id": "-",
            "input": [
              "DELICATELY",
              "BEAUTIFULLY",
              "QUICKLY",
              "TRUTHFULLY",
              "WEARILY"
            ],
            "keepers": null,
            "result": [
              "WEARILY",
              "TRUTHFULLY",
              "QUICKLY",
              "BEAUTIFULLY",
              "DELICATELY"
            ],
            "result_count": null,
            "seed": null
          },
          "sensitive_attributes": []
        },
        {
          "index_key": 9,
          "schema_version": 0,
          "attributes": {
            "id": "-",
            "input": [
              "DELICATELY",
              "BEAUTIFULLY",
              "QUICKLY",
              "TRUTHFULLY",
              "WEARILY"
            ],
            "keepers": null,
            "result": [
              "BEAUTIFULLY",
              "DELICATELY",
              "TRUTHFULLY",
              "WEARILY",
              "QUICKLY"
            ],
            "result_count": null,
            "seed": null
          },
          "sensitive_attributes": []
        },
        {
          "index_key": 10,
          "schema_version": 0,
          "attributes": {
            "id": "-",
            "input": [
              "DELICATELY",
              "BEAUTIFULLY",
              "QUICKLY",
              "TRUTHFULLY",
              "WEARILY"
            ],
            "keepers": null,
            "result": [
              "TRUTHFULLY",
              "WEARILY",
              "QUICKLY",
              "DELICATELY",
              "BEAUTIFULLY"
            ],
            "result_count": null,
            "seed": null
          },
          "sensitive_attributes": []
        },
        {
          "index_key": 11,
          "schema_version": 0,
          "attributes": {
            "id": "-",
            "input": [
              "DELICATELY",
              "BEAUTIFULLY",
              "QUICKLY",
              "TRUTHFULLY",
              "WEARILY"
            ],
            "keepers": null,
            "result": [
              "DELICATELY",
              "BEAUTIFULLY",
              "QUICKLY",
              "TRUTHFULLY",
              "WEARILY"
            ],
            "result_count": null,
            "seed": null
          },
          "sensitive_attributes": []
        },
        {
          "index_key": 12,
          "schema_version": 0,
          "attributes": {
            "id": "-",
            "input": [
              "DELICATELY",
              "BEAUTIFULLY",
              "QUICKLY",
              "TRUTHFULLY",
              "WEARILY"
            ],
            "keepers": null,
            "result": [
              "QUICKLY",
              "WEARILY",
              "DELICATELY",
              "TRUTHFULLY",
              "BEAUTIFULLY"
            ],
            "result_count": null,
            "seed": null
          },
          "sensitive_attributes": []
        },
        {
          "index_key": 13,
          "schema_version": 0,
          "attributes": {
            "id": "-",
            "input": [
              "DELICATELY",
              "BEAUTIFULLY",
              "QUICKLY",
              "TRUTHFULLY",
              "WEARILY"
            ],
            "keepers": null,
            "result": [
              "WEARILY",
              "QUICKLY",
              "BEAUTIFULLY",
              "TRUTHFULLY",
              "DELICATELY"
            ],
            "result_count": null,
            "seed": null
          },
          "sensitive_attributes": []
        },
        {
          "index_key": 14,
          "schema_version": 0,
          "attributes": {
            "id": "-",
            "input": [
              "DELICATELY",
              "BEAUTIFULLY",
              "QUICKLY",
              "TRUTHFULLY",
              "WEARILY"
            ],
            "keepers": null,
            "result": [
              "QUICKLY",
              "BEAUTIFULLY",
              "WEARILY",
              "DELICATELY",
              "TRUTHFULLY"
            ],
            "result_count": null,
            "seed": null
          },
          "sensitive_attributes": []
        },
        {
          "index_key": 15,
          "schema_version": 0,
          "attributes": {
            "id": "-",
            "input": [
              "DELICATELY",
              "BEAUTIFULLY",
              "QUICKLY",
              "TRUTHFULLY",
              "WEARILY"
            ],
            "keepers": null,
            "result": [
              "TRUTHFULLY",
              "DELICATELY",
              "QUICKLY",
              "BEAUTIFULLY",
              "WEARILY"
            ],
            "result_count": null,
            "seed": null
          },
          "sensitive_attributes": []
        },
        {
          "index_key": 16,
          "schema_version": 0,
          "attributes": {
            "id": "-",
            "input": [
              "DELICATELY",
              "BEAUTIFULLY",
              "QUICKLY",
              "TRUTHFULLY",
              "WEARILY"
            ],
            "keepers": null,
            "result": [
              "WEARILY",
              "BEAUTIFULLY",
              "QUICKLY",
              "DELICATELY",
              "TRUTHFULLY"
            ],
            "result_count": null,
            "seed": null
          },
          "sensitive_attributes": []
        },
        {
          "index_key": 17,
          "schema_version": 0,
          "attributes": {
            "id": "-",
            "input": [
              "DELICATELY",
              "BEAUTIFULLY",
              "QUICKLY",
              "TRUTHFULLY",
              "WEARILY"
            ],
            "keepers": null,
            "result": [
              "QUICKLY",
              "WEARILY",
              "TRUTHFULLY",
              "BEAUTIFULLY",
              "DELICATELY"
            ],
            "result_count": null,
            "seed": null
          },
          "sensitive_attributes": []
        },
        {
          "index_key": 18,
          "schema_version": 0,
          "attributes": {
            "id": "-",
            "input": [
              "DELICATELY",
              "BEAUTIFULLY",
              "QUICKLY",
              "TRUTHFULLY",
              "WEARILY"
            ],
            "keepers": null,
            "result": [
              "TRUTHFULLY",
              "QUICKLY",
              "BEAUTIFULLY",
              "WEARILY",
              "DELICATELY"
            ],
            "result_count": null,
            "seed": null
          },
          "sensitive_attributes": []
        },
        {
          "index_key": 19,
          "schema_version": 0,
          "attributes": {
            "id": "-",
            "input": [
              "DELICATELY",
              "BEAUTIFULLY",
              "QUICKLY",
              "TRUTHFULLY",
              "WEARILY"
            ],
            "keepers": null,
            "result": [
              "QUICKLY",
              "DELICATELY",
              "WEARILY",
              "TRUTHFULLY",
              "BEAUTIFULLY"
            ],
            "result_count": null,
            "seed": null
          },
          "sensitive_attributes": []
        },
        {
          "index_key": 20,
          "schema_version": 0,
          "attributes": {
            "id": "-",
            "input": [
              "DELICATELY",
              "BEAUTIFULLY",
              "QUICKLY",
              "TRUTHFULLY",
              "WEARILY"
            ],
            "keepers": null,
            "result": [
              "BEAUTIFULLY",
              "WEARILY",
              "DELICATELY",
              "TRUTHFULLY",
              "QUICKLY"
            ],
            "result_count": null,
            "seed": null
          },
          "sensitive_attributes": []
        },
        {
          "index_key": 21,
          "schema_version": 0,
          "attributes": {
            "id": "-",
            "input": [
              "DELICATELY",
              "BEAUTIFULLY",
              "QUICKLY",
              "TRUTHFULLY",
              "WEARILY"
            ],
            "keepers": null,
            "result": [
              "WEARILY",
              "BEAUTIFULLY",
              "TRUTHFULLY",
              "DELICATELY",
              "QUICKLY"
            ],
            "result_count": null,
            "seed": null
          },
          "sensitive_attributes": []
        },
        {
          "index_key": 22,
          "schema_version": 0,
          "attributes": {
            "id": "-",
            "input": [
              "DELICATELY",
              "BEAUTIFULLY",
              "QUICKLY",
              "TRUTHFULLY",
              "WEARILY"
            ],
            "keepers": null,
            "result": [
              "WEARILY",
              "DELICATELY",
              "TRUTHFULLY",
              "QUICKLY",
              "BEAUTIFULLY"
            ],
            "result_count": null,
            "seed": null
          },
          "sensitive_attributes": []
        },
        {
          "index_key": 23,
          "schema_version": 0,
          "attributes": {
            "id": "-",
            "input": [
              "DELICATELY",
              "BEAUTIFULLY",
              "QUICKLY",
              "TRUTHFULLY",
              "WEARILY"
            ],
            "keepers": null,
            "result": [
              "DELICATELY",
              "BEAUTIFULLY",
              "QUICKLY",
              "TRUTHFULLY",
              "WEARILY"
            ],
            "result_count": null,
            "seed": null
          },
          "sensitive_attributes": []
        },
        {
          "index_key": 24,
          "schema_version": 0,
          "attributes": {
            "id": "-",
            "input": [
              "DELICATELY",
              "BEAUTIFULLY",
              "QUICKLY",
              "TRUTHFULLY",
              "WEARILY"
            ],
            "keepers": null,
            "result": [
              "TRUTHFULLY",
              "BEAUTIFULLY",
              "WEARILY",
              "DELICATELY",
              "QUICKLY"
            ],
            "result_count": null,
            "seed": null
          },
          "sensitive_attributes": []
        },
        {
          "index_key": 25,
          "schema_version": 0,
          "attributes": {
            "id": "-",
            "input": [
              "DELICATELY",
              "BEAUTIFULLY",
              "QUICKLY",
              "TRUTHFULLY",
              "WEARILY"
            ],
            "keepers": null,
            "result": [
              "WEARILY",
              "TRUTHFULLY",
              "BEAUTIFULLY",
              "QUICKLY",
              "DELICATELY"
            ],
            "result_count": null,
            "seed": null
          },
          "sensitive_attributes": []
        },
        {
          "index_key": 26,
          "schema_version": 0,
          "attributes": {
            "id": "-",
            "input": [
              "DELICATELY",
              "BEAUTIFULLY",
              "QUICKLY",
              "TRUTHFULLY",
              "WEARILY"
            ],
            "keepers": null,
            "result": [
              "TRUTHFULLY",
              "BEAUTIFULLY",
              "WEARILY",
              "DELICATELY",
              "QUICKLY"
            ],
            "result_count": null,
            "seed": null
          },
          "sensitive_attributes": []
        },
        {
          "index_key": 27,
          "schema_version": 0,
          "attributes": {
            "id": "-",
            "input": [
              "DELICATELY",
              "BEAUTIFULLY",
              "QUICKLY",
              "TRUTHFULLY",
              "WEARILY"
            ],
            "keepers": null,
            "result": [
              "TRUTHFULLY",
              "WEARILY",
              "QUICKLY",
              "BEAUTIFULLY",
              "DELICATELY"
            ],
            "result_count": null,
            "seed": null
          },
          "sensitive_attributes": []
        },
        {
          "index_key": 28,
          "schema_version": 0,
          "attributes": {
            "id": "-",
            "input": [
              "DELICATELY",
              "BEAUTIFULLY",
              "QUICKLY",
              "TRUTHFULLY",
              "WEARILY"
            ],
            "keepers": null,
            "result": [
              "DELICATELY",
              "WEARILY",
              "BEAUTIFULLY",
              "TRUTHFULLY",
              "QUICKLY"
            ],
            "result_count": null,
            "seed": null
          },
          "sensitive_attributes": []
        },
        {
          "index_key": 29,
          "schema_version": 0,
          "attributes": {
            "id": "-",
            "input": [
              "DELICATELY",
              "BEAUTIFULLY",
              "QUICKLY",
              "TRUTHFULLY",
              "WEARILY"
            ],
            "keepers": null,
            "result": [
              "TRUTHFULLY",
              "DELICATELY",
              "WEARILY",
              "BEAUTIFULLY",
              "QUICKLY"
            ],
            "result_count": null,
            "seed": null
          },
          "sensitive_attributes": []
        },
        {
          "index_key": 30,
          "schema_version": 0,
          "attributes": {
            "id": "-",
            "input": [
              "DELICATELY",
              "BEAUTIFULLY",
              "QUICKLY",
              "TRUTHFULLY",
              "WEARILY"
            ],
            "keepers": null,
            "result": [
              "BEAUTIFULLY",
              "QUICKLY",
              "TRUTHFULLY",
              "WEARILY",
              "DELICATELY"
            ],
            "result_count": null,
            "seed": null
          },
          "sensitive_attributes": []
        },
        {
          "index_key": 31,
          "schema_version": 0,
          "attributes": {
            "id": "-",
            "input": [
              "DELICATELY",
              "BEAUTIFULLY",
              "QUICKLY",
              "TRUTHFULLY",
              "WEARILY"
            ],
            "keepers": null,
            "result": [
              "BEAUTIFULLY",
              "DELICATELY",
              "WEARILY",
              "QUICKLY",
              "TRUTHFULLY"
            ],
            "result_count": null,
            "seed": null
          },
          "sensitive_attributes": []
        },
        {
          "index_key": 32,
          "schema_version": 0,
          "attributes": {
            "id": "-",
            "input": [
              "DELICATELY",
              "BEAUTIFULLY",
              "QUICKLY",
              "TRUTHFULLY",
              "WEARILY"
            ],
            "keepers": null,
            "result": [
              "DELICATELY",
              "QUICKLY",
              "WEARILY",
              "TRUTHFULLY",
              "BEAUTIFULLY"
            ],
            "result_count": null,
            "seed": null
          },
          "sensitive_attributes": []
        },
        {
          "index_key": 33,
          "schema_version": 0,
          "attributes": {
            "id": "-",
            "input": [
              "DELICATELY",
              "BEAUTIFULLY",
              "QUICKLY",
              "TRUTHFULLY",
              "WEARILY"
            ],
            "keepers": null,
            "result": [
              "QUICKLY",
              "TRUTHFULLY",
              "DELICATELY",
              "BEAUTIFULLY",
              "WEARILY"
            ],
            "result_count": null,
            "seed": null
          },
          "sensitive_attributes": []
        },
        {
          "index_key": 34,
          "schema_version": 0,
          "attributes": {
            "id": "-",
            "input": [
              "DELICATELY",
              "BEAUTIFULLY",
              "QUICKLY",
              "TRUTHFULLY",
              "WEARILY"
            ],
            "keepers": null,
            "result": [
              "WEARILY",
              "QUICKLY",
              "DELICATELY",
              "TRUTHFULLY",
              "BEAUTIFULLY"
            ],
            "result_count": null,
            "seed": null
          },
          "sensitive_attributes": []
        },
        {
          "index_key": 35,
          "schema_version": 0,
          "attributes": {
            "id": "-",
            "input": [
              "DELICATELY",
              "BEAUTIFULLY",
              "QUICKLY",
              "TRUTHFULLY",
              "WEARILY"
            ],
            "keepers": null,
            "result": [
              "TRUTHFULLY",
              "WEARILY",
              "BEAUTIFULLY",
              "DELICATELY",
              "QUICKLY"
            ],
            "result_count": null,
            "seed": null
          },
          "sensitive_attributes": []
        },
        {
          "index_key": 36,
          "schema_version": 0,
          "attributes": {
            "id": "-",
            "input": [
              "DELICATELY",
              "BEAUTIFULLY",
              "QUICKLY",
              "TRUTHFULLY",
              "WEARILY"
            ],
            "keepers": null,
            "result": [
              "QUICKLY",
              "TRUTHFULLY",
              "BEAUTIFULLY",
              "WEARILY",
              "DELICATELY"
            ],
            "result_count": null,
            "seed": null
          },
          "sensitive_attributes": []
        },
        {
          "index_key": 37,
          "schema_version": 0,
          "attributes": {
            "id": "-",
            "input": [
              "DELICATELY",
              "BEAUTIFULLY",
              "QUICKLY",
              "TRUTHFULLY",
              "WEARILY"
            ],
            "keepers": null,
            "result": [
              "WEARILY",
              "DELICATELY",
              "TRUTHFULLY",
              "QUICKLY",
              "BEAUTIFULLY"
            ],
            "result_count": null,
            "seed": null
          },
          "sensitive_attributes": []
        },
        {
          "index_key": 38,
          "schema_version": 0,
          "attributes": {
            "id": "-",
            "input": [
              "DELICATELY",
              "BEAUTIFULLY",
              "QUICKLY",
              "TRUTHFULLY",
              "WEARILY"
            ],
            "keepers": null,
            "result": [
              "BEAUTIFULLY",
              "DELICATELY",
              "QUICKLY",
              "WEARILY",
              "TRUTHFULLY"
            ],
            "result_count": null,
            "seed": null
          },
          "sensitive_attributes": []
        },
        {
          "index_key": 39,
          "schema_version": 0,
          "attributes": {
            "id": "-",
            "input": [
              "DELICATELY",
              "BEAUTIFULLY",
              "QUICKLY",
              "TRUTHFULLY",
              "WEARILY"
            ],
            "keepers": null,
            "result": [
              "BEAUTIFULLY",
              "WEARILY",
              "TRUTHFULLY",
              "DELICATELY",
              "QUICKLY"
            ],
            "result_count": null,
            "seed": null
          },
          "sensitive_attributes": []
        },
        {
          "index_key": 40,
          "schema_version": 0,
          "attributes": {
            "id": "-",
            "input": [
              "DELICATELY",
              "BEAUTIFULLY",
              "QUICKLY",
              "TRUTHFULLY",
              "WEARILY"
            ],
            "keepers": null,
            "result": [
              "DELICATELY",
              "TRUTHFULLY",
              "WEARILY",
              "QUICKLY",
              "BEAUTIFULLY"
            ],
            "result_count": null,
            "seed": null
          },
          "sensitive_attributes": []
        },
        {
          "index_key": 41,
          "schema_version": 0,
          "attributes": {
            "id": "-",
            "input": [
              "DELICATELY",
              "BEAUTIFULLY",
              "QUICKLY",
              "TRUTHFULLY",
              "WEARILY"
            ],
            "keepers": null,
            "result": [
              "QUICKLY",
              "TRUTHFULLY",
              "BEAUTIFULLY",
              "WEARILY",
              "DELICATELY"
            ],
            "result_count": null,
            "seed": null
          },
          "sensitive_attributes": []
        },
        {
          "index_key": 42,
          "schema_version": 0,
          "attributes": {
            "id": "-",
            "input": [
              "DELICATELY",
              "BEAUTIFULLY",
              "QUICKLY",
              "TRUTHFULLY",
              "WEARILY"
            ],
            "keepers": null,
            "result": [
              "DELICATELY",
              "TRUTHFULLY",
              "WEARILY",
              "QUICKLY",
              "BEAUTIFULLY"
            ],
            "result_count": null,
            "seed": null
          },
          "sensitive_attributes": []
        },
        {
          "index_key": 43,
          "schema_version": 0,
          "attributes": {
            "id": "-",
            "input": [
              "DELICATELY",
              "BEAUTIFULLY",
              "QUICKLY",
              "TRUTHFULLY",
              "WEARILY"
            ],
            "keepers": null,
            "result": [
              "WEARILY",
              "BEAUTIFULLY",
              "DELICATELY",
              "TRUTHFULLY",
              "QUICKLY"
            ],
            "result_count": null,
            "seed": null
          },
          "sensitive_attributes": []
        },
        {
          "index_key": 44,
          "schema_version": 0,
          "attributes": {
            "id": "-",
            "input": [
              "DELICATELY",
              "BEAUTIFULLY",
              "QUICKLY",
              "TRUTHFULLY",
              "WEARILY"
            ],
            "keepers": null,
            "result": [
              "QUICKLY",
              "WEARILY",
              "TRUTHFULLY",
              "BEAUTIFULLY",
              "DELICATELY"
            ],
            "result_count": null,
            "seed": null
          },
          "sensitive_attributes": []
        },
        {
          "index_key": 45,
          "schema_version": 0,
          "attributes": {
            "id": "-",
            "input": [
              "DELICATELY",
              "BEAUTIFULLY",
              "QUICKLY",
              "TRUTHFULLY",
              "WEARILY"
            ],
            "keepers": null,
            "result": [
              "WEARILY",
              "TRUTHFULLY",
              "BEAUTIFULLY",
              "QUICKLY",
              "DELICATELY"
            ],
            "result_count": null,
            "seed": null
          },
          "sensitive_attributes": []
        },
        {
          "index_key": 46,
          "schema_version": 0,
          "attributes": {
            "id": "-",
            "input": [
              "DELICATELY",
              "BEAUTIFULLY",
              "QUICKLY",
              "TRUTHFULLY",
              "WEARILY"
            ],
            "keepers": null,
            "result": [
              "DELICATELY",
              "QUICKLY",
              "BEAUTIFULLY",
              "WEARILY",
              "TRUTHFULLY"
            ],
            "result_count": null,
            "seed": null
          },
          "sensitive_attributes": []
        },
        {
          "index_key": 47,
          "schema_version": 0,
          "attributes": {
            "id": "-",
            "input": [
              "DELICATELY",
              "BEAUTIFULLY",
              "QUICKLY",
              "TRUTHFULLY",
              "WEARILY"
            ],
            "keepers": null,
            "result": [
              "WEARILY",
              "BEAUTIFULLY",
              "DELICATELY",
              "TRUTHFULLY",
              "QUICKLY"
            ],
            "result_count": null,
            "seed": null
          },
          "sensitive_attributes": []
        },
        {
          "index_key": 48,
          "schema_version": 0,
          "attributes": {
            "id": "-",
            "input": [
              "DELICATELY",
              "BEAUTIFULLY",
              "QUICKLY",
              "TRUTHFULLY",
              "WEARILY"
            ],
            "keepers": null,
            "result": [
              "DELICATELY",
              "TRUTHFULLY",
              "QUICKLY",
              "BEAUTIFULLY",
              "WEARILY"
            ],
            "result_count": null,
            "seed": null
          },
          "sensitive_attributes": []
        },
        {
          "index_key": 49,
          "schema_version": 0,
          "attributes": {
            "id": "-",
            "input": [
              "DELICATELY",
              "BEAUTIFULLY",
              "QUICKLY",
              "TRUTHFULLY",
              "WEARILY"
            ],
            "keepers": null,
            "result": [
              "DELICATELY",
              "QUICKLY",
              "TRUTHFULLY",
              "WEARILY",
              "BEAUTIFULLY"
            ],
            "result_count": null,
            "seed": null
          },
          "sensitive_attributes": []
        },
        {
          "index_key": 50,
          "schema_version": 0,
          "attributes": {
            "id": "-",
            "input": [
              "DELICATELY",
              "BEAUTIFULLY",
              "QUICKLY",
              "TRUTHFULLY",
              "WEARILY"
            ],
            "keepers": null,
            "result": [
              "DELICATELY",
              "BEAUTIFULLY",
              "TRUTHFULLY",
              "WEARILY",
              "QUICKLY"
            ],
            "result_count": null,
            "seed": null
          },
          "sensitive_attributes": []
        },
        {
          "index_key": 51,
          "schema_version": 0,
          "attributes": {
            "id": "-",
            "input": [
              "DELICATELY",
              "BEAUTIFULLY",
              "QUICKLY",
              "TRUTHFULLY",
              "WEARILY"
            ],
            "keepers": null,
            "result": [
              "WEARILY",
              "BEAUTIFULLY",
              "QUICKLY",
              "DELICATELY",
              "TRUTHFULLY"
            ],
            "result_count": null,
            "seed": null
          },
          "sensitive_attributes": []
        },
        {
          "index_key": 52,
          "schema_version": 0,
          "attributes": {
            "id": "-",
            "input": [
              "DELICATELY",
              "BEAUTIFULLY",
              "QUICKLY",
              "TRUTHFULLY",
              "WEARILY"
            ],
            "keepers": null,
            "result": [
              "BEAUTIFULLY",
              "WEARILY",
              "QUICKLY",
              "TRUTHFULLY",
              "DELICATELY"
            ],
            "result_count": null,
            "seed": null
          },
          "sensitive_attributes": []
        },
        {
          "index_key": 53,
          "schema_version": 0,
          "attributes": {
            "id": "-",
            "input": [
              "DELICATELY",
              "BEAUTIFULLY",
              "QUICKLY",
              "TRUTHFULLY",
              "WEARILY"
            ],
            "keepers": null,
            "result": [
              "TRUTHFULLY",
              "WEARILY",
              "BEAUTIFULLY",
              "DELICATELY",
              "QUICKLY"
            ],
            "result_count": null,
            "seed": null
          },
          "sensitive_attributes": []
        },
        {
          "index_key": 54,
          "schema_version": 0,
          "attributes": {
            "id": "-",
            "input": [
              "DELICATELY",
              "BEAUTIFULLY",
              "QUICKLY",
              "TRUTHFULLY",
              "WEARILY"
            ],
            "keepers": null,
            "result": [
              "TRUTHFULLY",
              "QUICKLY",
              "WEARILY",
              "BEAUTIFULLY",
              "DELICATELY"
            ],
            "result_count": null,
            "seed": null
          },
          "sensitive_attributes": []
        },
        {
          "index_key": 55,
          "schema_version": 0,
          "attributes": {
            "id": "-",
            "input": [
              "DELICATELY",
              "BEAUTIFULLY",
              "QUICKLY",
              "TRUTHFULLY",
              "WEARILY"
            ],
            "keepers": null,
            "result": [
              "TRUTHFULLY",
              "DELICATELY",
              "WEARILY",
              "BEAUTIFULLY",
              "QUICKLY"
            ],
            "result_count": null,
            "seed": null
          },
          "sensitive_attributes": []
        },
        {
          "index_key": 56,
          "schema_version": 0,
          "attributes": {
            "id": "-",
            "input": [
              "DELICATELY",
              "BEAUTIFULLY",
              "QUICKLY",
              "TRUTHFULLY",
              "WEARILY"
            ],
            "keepers": null,
            "result": [
              "BEAUTIFULLY",
              "WEARILY",
              "DELICATELY",
              "QUICKLY",
              "TRUTHFULLY"
            ],
            "result_count": null,
            "seed": null
          },
          "sensitive_attributes": []
        },
        {
          "index_key": 57,
          "schema_version": 0,
          "attributes": {
            "id": "-",
            "input": [
              "DELICATELY",
              "BEAUTIFULLY",
              "QUICKLY",
              "TRUTHFULLY",
              "WEARILY"
            ],
            "keepers": null,
            "result": [
              "DELICATELY",
              "QUICKLY",
              "WEARILY",
              "TRUTHFULLY",
              "BEAUTIFULLY"
            ],
            "result_count": null,
            "seed": null
          },
          "sensitive_attributes": []
        },
        {
          "index_key": 58,
          "schema_version": 0,
          "attributes": {
            "id": "-",
            "input": [
              "DELICATELY",
              "BEAUTIFULLY",
              "QUICKLY",
              "TRUTHFULLY",
              "WEARILY"
            ],
            "keepers": null,
            "result": [
              "DELICATELY",
              "QUICKLY",
              "BEAUTIFULLY",
              "TRUTHFULLY",
              "WEARILY"
            ],
            "result_count": null,
            "seed": null
          },
          "sensitive_attributes": []
        },
        {
          "index_key": 59,
          "schema_version": 0,
          "attributes": {
            "id": "-",
            "input": [
              "DELICATELY",
              "BEAUTIFULLY",
              "QUICKLY",
              "TRUTHFULLY",
              "WEARILY"
            ],
            "keepers": null,
            "result": [
              "DELICATELY",
              "BEAUTIFULLY",
              "TRUTHFULLY",
              "QUICKLY",
              "WEARILY"
            ],
            "result_count": null,
            "seed": null
          },
          "sensitive_attributes": []
        },
        {
          "index_key": 60,
          "schema_version": 0,
          "attributes": {
            "id": "-",
            "input": [
              "DELICATELY",
              "BEAUTIFULLY",
              "QUICKLY",
              "TRUTHFULLY",
              "WEARILY"
            ],
            "keepers": null,
            "result": [
              "WEARILY",
              "TRUTHFULLY",
              "QUICKLY",
              "DELICATELY",
              "BEAUTIFULLY"
            ],
            "result_count": null,
            "seed": null
          },
          "sensitive_attributes": []
        },
        {
          "index_key": 61,
          "schema_version": 0,
          "attributes": {
            "id": "-",
            "input": [
              "DELICATELY",
              "BEAUTIFULLY",
              "QUICKLY",
              "TRUTHFULLY",
              "WEARILY"
            ],
            "keepers": null,
            "result": [
              "QUICKLY",
              "TRUTHFULLY",
              "DELICATELY",
              "WEARILY",
              "BEAUTIFULLY"
            ],
            "result_count": null,
            "seed": null
          },
          "sensitive_attributes": []
        },
        {
          "index_key": 62,
          "schema_version": 0,
          "attributes": {
            "id": "-",
            "input": [
              "DELICATELY",
              "BEAUTIFULLY",
              "QUICKLY",
              "TRUTHFULLY",
              "WEARILY"
            ],
            "keepers": null,
            "result": [
              "TRUTHFULLY",
              "WEARILY",
              "BEAUTIFULLY",
              "QUICKLY",
              "DELICATELY"
            ],
            "result_count": null,
            "seed": null
          },
          "sensitive_attributes": []
        },
        {
          "index_key": 63,
          "schema_version": 0,
          "attributes": {
            "id": "-",
            "input": [
              "DELICATELY",
              "BEAUTIFULLY",
              "QUICKLY",
              "TRUTHFULLY",
              "WEARILY"
            ],
            "keepers": null,
            "result": [
              "BEAUTIFULLY",
              "DELICATELY",
              "WEARILY",
              "TRUTHFULLY",
              "QUICKLY"
            ],
            "result_count": null,
            "seed": null
          },
          "sensitive_attributes": []
        },
        {
          "index_key": 64,
          "schema_version": 0,
          "attributes": {
            "id": "-",
            "input": [
              "DELICATELY",
              "BEAUTIFULLY",
              "QUICKLY",
              "TRUTHFULLY",
              "WEARILY"
            ],
            "keepers": null,
            "result": [
              "DELICATELY",
              "TRUTHFULLY",
              "BEAUTIFULLY",
              "QUICKLY",
              "WEARILY"
            ],
            "result_count": null,
            "seed": null
          },
          "sensitive_attributes": []
        },
        {
          "index_key": 65,
          "schema_version": 0,
          "attributes": {
            "id": "-",
            "input": [
              "DELICATELY",
              "BEAUTIFULLY",
              "QUICKLY",
              "TRUTHFULLY",
              "WEARILY"
            ],
            "keepers": null,
            "result": [
              "BEAUTIFULLY",
              "TRUTHFULLY",
              "DELICATELY",
              "WEARILY",
              "QUICKLY"
            ],
            "result_count": null,
            "seed": null
          },
          "sensitive_attributes": []
        },
        {
          "index_key": 66,
          "schema_version": 0,
          "attributes": {
            "id": "-",
            "input": [
              "DELICATELY",
              "BEAUTIFULLY",
              "QUICKLY",
              "TRUTHFULLY",
              "WEARILY"
            ],
            "keepers": null,
            "result": [
              "QUICKLY",
              "WEARILY",
              "BEAUTIFULLY",
              "TRUTHFULLY",
              "DELICATELY"
            ],
            "result_count": null,
            "seed": null
          },
          "sensitive_attributes": []
        },
        {
          "index_key": 67,
          "schema_version": 0,
          "attributes": {
            "id": "-",
            "input": [
              "DELICATELY",
              "BEAUTIFULLY",
              "QUICKLY",
              "TRUTHFULLY",
              "WEARILY"
            ],
            "keepers": null,
            "result": [
              "QUICKLY",
              "WEARILY",
              "DELICATELY",
              "BEAUTIFULLY",
              "TRUTHFULLY"
            ],
            "result_count": null,
            "seed": null
          },
          "sensitive_attributes": []
        },
        {
          "index_key": 68,
          "schema_version": 0,
          "attributes": {
            "id": "-",
            "input": [
              "DELICATELY",
              "BEAUTIFULLY",
              "QUICKLY",
              "TRUTHFULLY",
              "WEARILY"
            ],
            "keepers": null,
            "result": [
              "TRUTHFULLY",
              "QUICKLY",
              "DELICATELY",
              "WEARILY",
              "BEAUTIFULLY"
            ],
            "result_count": null,
            "seed": null
          },
          "sensitive_attributes": []
        },
        {
          "index_key": 69,
          "schema_version": 0,
          "attributes": {
            "id": "-",
            "input": [
              "DELICATELY",
              "BEAUTIFULLY",
              "QUICKLY",
              "TRUTHFULLY",
              "WEARILY"
            ],
            "keepers": null,
            "result": [
              "TRUTHFULLY",
              "WEARILY",
              "QUICKLY",
              "BEAUTIFULLY",
              "DELICATELY"
            ],
            "result_count": null,
            "seed": null
          },
          "sensitive_attributes": []
        },
        {
          "index_key": 70,
          "schema_version": 0,
          "attributes": {
            "id": "-",
            "input": [
              "DELICATELY",
              "BEAUTIFULLY",
              "QUICKLY",
              "TRUTHFULLY",
              "WEARILY"
            ],
            "keepers": null,
            "result": [
              "DELICATELY",
              "WEARILY",
              "QUICKLY",
              "BEAUTIFULLY",
              "TRUTHFULLY"
            ],
            "result_count": null,
            "seed": null
          },
          "sensitive_attributes": []
        },
        {
          "index_key": 71,
          "schema_version": 0,
          "attributes": {
            "id": "-",
            "input": [
              "DELICATELY",
              "BEAUTIFULLY",
              "QUICKLY",
              "TRUTHFULLY",
              "WEARILY"
            ],
            "keepers": null,
            "result": [
              "BEAUTIFULLY",
              "DELICATELY",
              "WEARILY",
              "QUICKLY",
              "TRUTHFULLY"
            ],
            "result_count": null,
            "seed": null
          },
          "sensitive_attributes": []
        },
        {
          "index_key": 72,
          "schema_version": 0,
          "attributes": {
            "id": "-",
            "input": [
              "DELICATELY",
              "BEAUTIFULLY",
              "QUICKLY",
              "TRUTHFULLY",
              "WEARILY"
            ],
            "keepers": null,
            "result": [
              "DELICATELY",
              "BEAUTIFULLY",
              "WEARILY",
              "QUICKLY",
              "TRUTHFULLY"
            ],
            "result_count": null,
            "seed": null
          },
          "sensitive_attributes": []
        },
        {
          "index_key": 73,
          "schema_version": 0,
          "attributes": {
            "id": "-",
            "input": [
              "DELICATELY",
              "BEAUTIFULLY",
              "QUICKLY",
              "TRUTHFULLY",
              "WEARILY"
            ],
            "keepers": null,
            "result": [
              "WEARILY",
              "BEAUTIFULLY",
              "DELICATELY",
              "QUICKLY",
              "TRUTHFULLY"
            ],
            "result_count": null,
            "seed": null
          },
          "sensitive_attributes": []
        },
        {
          "index_key": 74,
          "schema_version": 0,
          "attributes": {
            "id": "-",
            "input": [
              "DELICATELY",
              "BEAUTIFULLY",
              "QUICKLY",
              "TRUTHFULLY",
              "WEARILY"
            ],
            "keepers": null,
            "result": [
              "TRUTHFULLY",
              "QUICKLY",
              "DELICATELY",
              "BEAUTIFULLY",
              "WEARILY"
            ],
            "result_count": null,
            "seed": null
          },
          "sensitive_attributes": []
        },
        {
          "index_key": 75,
          "schema_version": 0,
          "attributes": {
            "id": "-",
            "input": [
              "DELICATELY",
              "BEAUTIFULLY",
              "QUICKLY",
              "TRUTHFULLY",
              "WEARILY"
            ],
            "keepers": null,
            "result": [
              "WEARILY",
              "QUICKLY",
              "BEAUTIFULLY",
              "DELICATELY",
              "TRUTHFULLY"
            ],
            "result_count": null,
            "seed": null
          },
          "sensitive_attributes": []
        },
        {
          "index_key": 76,
          "schema_version": 0,
          "attributes": {
            "id": "-",
            "input": [
              "DELICATELY",
              "BEAUTIFULLY",
              "QUICKLY",
              "TRUTHFULLY",
              "WEARILY"
            ],
            "keepers": null,
            "result": [
              "TRUTHFULLY",
              "DELICATELY",
              "QUICKLY",
              "WEARILY",
              "BEAUTIFULLY"
            ],
            "result_count": null,
            "seed": null
          },
          "sensitive_attributes": []
        },
        {
          "index_key": 77,
          "schema_version": 0,
          "attributes": {
            "id": "-",
            "input": [
              "DELICATELY",
              "BEAUTIFULLY",
              "QUICKLY",
              "TRUTHFULLY",
              "WEARILY"
            ],
            "keepers": null,
            "result": [
              "BEAUTIFULLY",
              "WEARILY",
              "DELICATELY",
              "TRUTHFULLY",
              "QUICKLY"
            ],
            "result_count": null,
            "seed": null
          },
          "sensitive_attributes": []
        },
        {
          "index_key": 78,
          "schema_version": 0,
          "attributes": {
            "id": "-",
            "input": [
              "DELICATELY",
              "BEAUTIFULLY",
              "QUICKLY",
              "TRUTHFULLY",
              "WEARILY"
            ],
            "keepers": null,
            "result": [
              "QUICKLY",
              "TRUTHFULLY",
              "DELICATELY",
              "BEAUTIFULLY",
              "WEARILY"
            ],
            "result_count": null,
            "seed": null
          },
          "sensitive_attributes": []
        },
        {
          "index_key": 79,
          "schema_version": 0,
          "attributes": {
            "id": "-",
            "input": [
              "DELICATELY",
              "BEAUTIFULLY",
              "QUICKLY",
              "TRUTHFULLY",
              "WEARILY"
            ],
            "keepers": null,
            "result": [
              "BEAUTIFULLY",
              "DELICATELY",
              "WEARILY",
              "QUICKLY",
              "TRUTHFULLY"
            ],
            "result_count": null,
            "seed": null
          },
          "sensitive_attributes": []
        },
        {
          "index_key": 80,
          "schema_version": 0,
          "attributes": {
            "id": "-",
            "input": [
              "DELICATELY",
              "BEAUTIFULLY",
              "QUICKLY",
              "TRUTHFULLY",
              "WEARILY"
            ],
            "keepers": null,
            "result": [
              "BEAUTIFULLY",
              "WEARILY",
              "QUICKLY",
              "DELICATELY",
              "TRUTHFULLY"
            ],
            "result_count": null,
            "seed": null
          },
          "sensitive_attributes": []
        },
        {
          "index_key": 81,
          "schema_version": 0,
          "attributes": {
            "id": "-",
            "input": [
              "DELICATELY",
              "BEAUTIFULLY",
              "QUICKLY",
              "TRUTHFULLY",
              "WEARILY"
            ],
            "keepers": null,
            "result": [
              "TRUTHFULLY",
              "WEARILY",
              "DELICATELY",
              "BEAUTIFULLY",
              "QUICKLY"
            ],
            "result_count": null,
            "seed": null
          },
          "sensitive_attributes": []
        },
        {
          "index_key": 82,
          "schema_version": 0,
          "attributes": {
            "id": "-",
            "input": [
              "DELICATELY",
              "BEAUTIFULLY",
              "QUICKLY",
              "TRUTHFULLY",
              "WEARILY"
            ],
            "keepers": null,
            "result": [
              "TRUTHFULLY",
              "WEARILY",
              "DELICATELY",
              "BEAUTIFULLY",
              "QUICKLY"
            ],
            "result_count": null,
            "seed": null
          },
          "sensitive_attributes": []
        },
        {
          "index_key": 83,
          "schema_version": 0,
          "attributes": {
            "id": "-",
            "input": [
              "DELICATELY",
              "BEAUTIFULLY",
              "QUICKLY",
              "TRUTHFULLY",
              "WEARILY"
            ],
            "keepers": null,
            "result": [
              "QUICKLY",
              "WEARILY",
              "BEAUTIFULLY",
              "TRUTHFULLY",
              "DELICATELY"
            ],
            "result_count": null,
            "seed": null
          },
          "sensitive_attributes": []
        },
        {
          "index_key": 84,
          "schema_version": 0,
          "attributes": {
            "id": "-",
            "input": [
              "DELICATELY",
              "BEAUTIFULLY",
              "QUICKLY",
              "TRUTHFULLY",
              "WEARILY"
            ],
            "keepers": null,
            "result": [
              "DELICATELY",
              "TRUTHFULLY",
              "BEAUTIFULLY",
              "WEARILY",
              "QUICKLY"
            ],
            "result_count": null,
            "seed": null
          },
          "sensitive_attributes": []
        },
        {
          "index_key": 85,
          "schema_version": 0,
          "attributes": {
            "id": "-",
            "input": [
              "DELICATELY",
              "BEAUTIFULLY",
              "QUICKLY",
              "TRUTHFULLY",
              "WEARILY"
            ],
            "keepers": null,
            "result": [
              "WEARILY",
              "QUICKLY",
              "DELICATELY",
              "BEAUTIFULLY",
              "TRUTHFULLY"
            ],
            "result_count": null,
            "seed": null
          },
          "sensitive_attributes": []
        },
        {
          "index_key": 86,
          "schema_version": 0,
          "attributes": {
            "id": "-",
            "input": [
              "DELICATELY",
              "BEAUTIFULLY",
              "QUICKLY",
              "TRUTHFULLY",
              "WEARILY"
            ],
            "keepers": null,
            "result": [
              "WEARILY",
              "TRUTHFULLY",
              "QUICKLY",
              "DELICATELY",
              "BEAUTIFULLY"
            ],
            "result_count": null,
            "seed": null
          },
          "sensitive_attributes": []
        },
        {
          "index_key": 87,
          "schema_version": 0,
          "attributes": {
            "id": "-",
            "input": [
              "DELICATELY",
              "BEAUTIFULLY",
              "QUICKLY",
              "TRUTHFULLY",
              "WEARILY"
            ],
            "keepers": null,
            "result": [
              "QUICKLY",
              "BEAUTIFULLY",
              "WEARILY",
              "TRUTHFULLY",
              "DELICATELY"
            ],
            "result_count": null,
            "seed": null
          },
          "sensitive_attributes": []
        },
        {
          "index_key": 88,
          "schema_version": 0,
          "attributes": {
            "id": "-",
            "input": [
              "DELICATELY",
              "BEAUTIFULLY",
              "QUICKLY",
              "TRUTHFULLY",
              "WEARILY"
            ],
            "keepers": null,
            "result": [
              "BEAUTIFULLY",
              "TRUTHFULLY",
              "WEARILY",
              "QUICKLY",
              "DELICATELY"
            ],
            "result_count": null,
            "seed": null
          },
          "sensitive_attributes": []
        },
        {
          "index_key": 89,
          "schema_version": 0,
          "attributes": {
            "id": "-",
            "input": [
              "DELICATELY",
              "BEAUTIFULLY",
              "QUICKLY",
              "TRUTHFULLY",
              "WEARILY"
            ],
            "keepers": null,
            "result": [
              "DELICATELY",
              "TRUTHFULLY",
              "WEARILY",
              "BEAUTIFULLY",
              "QUICKLY"
            ],
            "result_count": null,
            "seed": null
          },
          "sensitive_attributes": []
        },
        {
          "index_key": 90,
          "schema_version": 0,
          "attributes": {
            "id": "-",
            "input": [
              "DELICATELY",
              "BEAUTIFULLY",
              "QUICKLY",
              "TRUTHFULLY",
              "WEARILY"
            ],
            "keepers": null,
            "result": [
              "DELICATELY",
              "WEARILY",
              "BEAUTIFULLY",
              "TRUTHFULLY",
              "QUICKLY"
            ],
            "result_count": null,
            "seed": null
          },
          "sensitive_attributes": []
        },
        {
          "index_key": 91,
          "schema_version": 0,
          "attributes": {
            "id": "-",
            "input": [
              "DELICATELY",
              "BEAUTIFULLY",
              "QUICKLY",
              "TRUTHFULLY",
              "WEARILY"
            ],
            "keepers": null,
            "result": [
              "WEARILY",
              "DELICATELY",
              "TRUTHFULLY",
              "QUICKLY",
              "BEAUTIFULLY"
            ],
            "result_count": null,
            "seed": null
          },
          "sensitive_attributes": []
        },
        {
          "index_key": 92,
          "schema_version": 0,
          "attributes": {
            "id": "-",
            "input": [
              "DELICATELY",
              "BEAUTIFULLY",
              "QUICKLY",
              "TRUTHFULLY",
              "WEARILY"
            ],
            "keepers": null,
            "result": [
              "DELICATELY",
              "TRUTHFULLY",
              "BEAUTIFULLY",
              "QUICKLY",
              "WEARILY"
            ],
            "result_count": null,
            "seed": null
          },
          "sensitive_attributes": []
        },
        {
          "index_key": 93,
          "schema_version": 0,
          "attributes": {
            "id": "-",
            "input": [
              "DELICATELY",
              "BEAUTIFULLY",
              "QUICKLY",
              "TRUTHFULLY",
              "WEARILY"
            ],
            "keepers": null,
            "result": [
              "TRUTHFULLY",
              "WEARILY",
              "DELICATELY",
              "BEAUTIFULLY",
              "QUICKLY"
            ],
            "result_count": null,
            "seed": null
          },
          "sensitive_attributes": []
        },
        {
          "index_key": 94,
          "schema_version": 0,
          "attributes": {
            "id": "-",
            "input": [
              "DELICATELY",
              "BEAUTIFULLY",
              "QUICKLY",
              "TRUTHFULLY",
              "WEARILY"
            ],
            "keepers": null,
            "result": [
              "TRUTHFULLY",
              "WEARILY",
              "DELICATELY",
              "QUICKLY",
              "BEAUTIFULLY"
            ],
            "result_count": null,
            "seed": null
          },
          "sensitive_attributes": []
        },
        {
          "index_key": 95,
          "schema_version": 0,
          "attributes": {
            "id": "-",
            "input": [
              "DELICATELY",
              "BEAUTIFULLY",
              "QUICKLY",
              "TRUTHFULLY",
              "WEARILY"
            ],
            "keepers": null,
            "result": [
              "BEAUTIFULLY",
              "TRUTHFULLY",
              "DELICATELY",
              "QUICKLY",
              "WEARILY"
            ],
            "result_count": null,
            "seed": null
          },
          "sensitive_attributes": []
        },
        {
          "index_key": 96,
          "schema_version": 0,
          "attributes": {
            "id": "-",
            "input": [
              "DELICATELY",
              "BEAUTIFULLY",
              "QUICKLY",
              "TRUTHFULLY",
              "WEARILY"
            ],
            "keepers": null,
            "result": [
              "DELICATELY",
              "WEARILY",
              "QUICKLY",
              "BEAUTIFULLY",
              "TRUTHFULLY"
            ],
            "result_count": null,
            "seed": null
          },
          "sensitive_attributes": []
        },
        {
          "index_key": 97,
          "schema_version": 0,
          "attributes": {
            "id": "-",
            "input": [
              "DELICATELY",
              "BEAUTIFULLY",
              "QUICKLY",
              "TRUTHFULLY",
              "WEARILY"
            ],
            "keepers": null,
            "result": [
              "BEAUTIFULLY",
              "DELICATELY",
              "TRUTHFULLY",
              "QUICKLY",
              "WEARILY"
            ],
            "result_count": null,
            "seed": null
          },
          "sensitive_attributes": []
        },
        {
          "index_key": 98,
          "schema_version": 0,
          "attributes": {
            "id": "-",
            "input": [
              "DELICATELY",
              "BEAUTIFULLY",
              "QUICKLY",
              "TRUTHFULLY",
              "WEARILY"
            ],
            "keepers": null,
            "result": [
              "DELICATELY",
              "TRUTHFULLY",
              "QUICKLY",
              "WEARILY",
              "BEAUTIFULLY"
            ],
            "result_count": null,
            "seed": null
          },
          "sensitive_attributes": []
        },
        {
          "index_key": 99,
          "schema_version": 0,
          "attributes": {
            "id": "-",
            "input": [
              "DELICATELY",
              "BEAUTIFULLY",
              "QUICKLY",
              "TRUTHFULLY",
              "WEARILY"
            ],
            "keepers": null,
            "result": [
              "TRUTHFULLY",
              "QUICKLY",
              "BEAUTIFULLY",
              "WEARILY",
              "DELICATELY"
            ],
            "result_count": null,
            "seed": null
          },
          "sensitive_attributes": []
        }
      ]
    },
    {
      "mode": "managed",
      "type": "random_shuffle",
      "name": "random_nouns",
      "provider": "provider[\"registry.terraform.io/hashicorp/random\"]",
      "instances": [
        {
          "index_key": 0,
          "schema_version": 0,
          "attributes": {
            "id": "-",
            "input": [
              "ARMY",
              "PANTHER",
              "WALNUTS",
              "SANDWICH",
              "ZEUS",
              "BANANA",
              "CAT",
              "JELLYFISH",
              "JIGSAW",
              "VIOLIN",
              "MILK",
              "SUN"
            ],
            "keepers": null,
            "result": [
              "JIGSAW",
              "ARMY",
              "MILK",
              "BANANA",
              "ZEUS",
              "SANDWICH",
              "JELLYFISH",
              "SUN",
              "PANTHER",
              "CAT",
              "WALNUTS",
              "VIOLIN"
            ],
            "result_count": null,
            "seed": null
          },
          "sensitive_attributes": []
        },
        {
          "index_key": 1,
          "schema_version": 0,
          "attributes": {
            "id": "-",
            "input": [
              "ARMY",
              "PANTHER",
              "WALNUTS",
              "SANDWICH",
              "ZEUS",
              "BANANA",
              "CAT",
              "JELLYFISH",
              "JIGSAW",
              "VIOLIN",
              "MILK",
              "SUN"
            ],
            "keepers": null,
            "result": [
              "VIOLIN",
              "JELLYFISH",
              "SUN",
              "BANANA",
              "ZEUS",
              "JIGSAW",
              "PANTHER",
              "ARMY",
              "SANDWICH",
              "MILK",
              "WALNUTS",
              "CAT"
            ],
            "result_count": null,
            "seed": null
          },
          "sensitive_attributes": []
        },
        {
          "index_key": 2,
          "schema_version": 0,
          "attributes": {
            "id": "-",
            "input": [
              "ARMY",
              "PANTHER",
              "WALNUTS",
              "SANDWICH",
              "ZEUS",
              "BANANA",
              "CAT",
              "JELLYFISH",
              "JIGSAW",
              "VIOLIN",
              "MILK",
              "SUN"
            ],
            "keepers": null,
            "result": [
              "BANANA",
              "SUN",
              "WALNUTS",
              "SANDWICH",
              "ARMY",
              "PANTHER",
              "JIGSAW",
              "JELLYFISH",
              "CAT",
              "ZEUS",
              "VIOLIN",
              "MILK"
            ],
            "result_count": null,
            "seed": null
          },
          "sensitive_attributes": []
        },
        {
          "index_key": 3,
          "schema_version": 0,
          "attributes": {
            "id": "-",
            "input": [
              "ARMY",
              "PANTHER",
              "WALNUTS",
              "SANDWICH",
              "ZEUS",
              "BANANA",
              "CAT",
              "JELLYFISH",
              "JIGSAW",
              "VIOLIN",
              "MILK",
              "SUN"
            ],
            "keepers": null,
            "result": [
              "ARMY",
              "JIGSAW",
              "ZEUS",
              "SUN",
              "WALNUTS",
              "JELLYFISH",
              "BANANA",
              "MILK",
              "VIOLIN",
              "CAT",
              "SANDWICH",
              "PANTHER"
            ],
            "result_count": null,
            "seed": null
          },
          "sensitive_attributes": []
        },
        {
          "index_key": 4,
          "schema_version": 0,
          "attributes": {
            "id": "-",
            "input": [
              "ARMY",
              "PANTHER",
              "WALNUTS",
              "SANDWICH",
              "ZEUS",
              "BANANA",
              "CAT",
              "JELLYFISH",
              "JIGSAW",
              "VIOLIN",
              "MILK",
              "SUN"
            ],
            "keepers": null,
            "result": [
              "JIGSAW",
              "PANTHER",
              "JELLYFISH",
              "BANANA",
              "SANDWICH",
              "CAT",
              "ARMY",
              "WALNUTS",
              "SUN",
              "ZEUS",
              "MILK",
              "VIOLIN"
            ],
            "result_count": null,
            "seed": null
          },
          "sensitive_attributes": []
        },
        {
          "index_key": 5,
          "schema_version": 0,
          "attributes": {
            "id": "-",
            "input": [
              "ARMY",
              "PANTHER",
              "WALNUTS",
              "SANDWICH",
              "ZEUS",
              "BANANA",
              "CAT",
              "JELLYFISH",
              "JIGSAW",
              "VIOLIN",
              "MILK",
              "SUN"
            ],
            "keepers": null,
            "result": [
              "WALNUTS",
              "PANTHER",
              "SANDWICH",
              "JIGSAW",
              "VIOLIN",
              "SUN",
              "CAT",
              "BANANA",
              "ZEUS",
              "ARMY",
              "MILK",
              "JELLYFISH"
            ],
            "result_count": null,
            "seed": null
          },
          "sensitive_attributes": []
        },
        {
          "index_key": 6,
          "schema_version": 0,
          "attributes": {
            "id": "-",
            "input": [
              "ARMY",
              "PANTHER",
              "WALNUTS",
              "SANDWICH",
              "ZEUS",
              "BANANA",
              "CAT",
              "JELLYFISH",
              "JIGSAW",
              "VIOLIN",
              "MILK",
              "SUN"
            ],
            "keepers": null,
            "result": [
              "JIGSAW",
              "BANANA",
              "ARMY",
              "PANTHER",
              "MILK",
              "ZEUS",
              "JELLYFISH",
              "SANDWICH",
              "WALNUTS",
              "SUN",
              "VIOLIN",
              "CAT"
            ],
            "result_count": null,
            "seed": null
          },
          "sensitive_attributes": []
        },
        {
          "index_key": 7,
          "schema_version": 0,
          "attributes": {
            "id": "-",
            "input": [
              "ARMY",
              "PANTHER",
              "WALNUTS",
              "SANDWICH",
              "ZEUS",
              "BANANA",
              "CAT",
              "JELLYFISH",
              "JIGSAW",
              "VIOLIN",
              "MILK",
              "SUN"
            ],
            "keepers": null,
            "result": [
              "BANANA",
              "JELLYFISH",
              "ZEUS",
              "SANDWICH",
              "VIOLIN",
              "CAT",
              "PANTHER",
              "SUN",
              "MILK",
              "ARMY",
              "WALNUTS",
              "JIGSAW"
            ],
            "result_count": null,
            "seed": null
          },
          "sensitive_attributes": []
        },
        {
          "index_key": 8,
          "schema_version": 0,
          "attributes": {
            "id": "-",
            "input": [
              "ARMY",
              "PANTHER",
              "WALNUTS",
              "SANDWICH",
              "ZEUS",
              "BANANA",
              "CAT",
              "JELLYFISH",
              "JIGSAW",
              "VIOLIN",
              "MILK",
              "SUN"
            ],
            "keepers": null,
            "result": [
              "SUN",
              "VIOLIN",
              "JELLYFISH",
              "PANTHER",
              "ZEUS",
              "BANANA",
              "ARMY",
              "JIGSAW",
              "SANDWICH",
              "MILK",
              "CAT",
              "WALNUTS"
            ],
            "result_count": null,
            "seed": null
          },
          "sensitive_attributes": []
        },
        {
          "index_key": 9,
          "schema_version": 0,
          "attributes": {
            "id": "-",
            "input": [
              "ARMY",
              "PANTHER",
              "WALNUTS",
              "SANDWICH",
              "ZEUS",
              "BANANA",
              "CAT",
              "JELLYFISH",
              "JIGSAW",
              "VIOLIN",
              "MILK",
              "SUN"
            ],
            "keepers": null,
            "result": [
              "CAT",
              "JIGSAW",
              "WALNUTS",
              "JELLYFISH",
              "ARMY",
              "VIOLIN",
              "SUN",
              "BANANA",
              "PANTHER",
              "ZEUS",
              "MILK",
              "SANDWICH"
            ],
            "result_count": null,
            "seed": null
          },
          "sensitive_attributes": []
        },
        {
          "index_key": 10,
          "schema_version": 0,
          "attributes": {
            "id": "-",
            "input": [
              "ARMY",
              "PANTHER",
              "WALNUTS",
              "SANDWICH",
              "ZEUS",
              "BANANA",
              "CAT",
              "JELLYFISH",
              "JIGSAW",
              "VIOLIN",
              "MILK",
              "SUN"
            ],
            "keepers": null,
            "result": [
              "SANDWICH",
              "WALNUTS",
              "MILK",
              "ARMY",
              "ZEUS",
              "JIGSAW",
              "JELLYFISH",
              "VIOLIN",
              "SUN",
              "PANTHER",
              "CAT",
              "BANANA"
            ],
            "result_count": null,
            "seed": null
          },
          "sensitive_attributes": []
        },
        {
          "index_key": 11,
          "schema_version": 0,
          "attributes": {
            "id": "-",
            "input": [
              "ARMY",
              "PANTHER",
              "WALNUTS",
              "SANDWICH",
              "ZEUS",
              "BANANA",
              "CAT",
              "JELLYFISH",
              "JIGSAW",
              "VIOLIN",
              "MILK",
              "SUN"
            ],
            "keepers": null,
            "result": [
              "ZEUS",
              "ARMY",
              "PANTHER",
              "JIGSAW",
              "VIOLIN",
              "CAT",
              "MILK",
              "WALNUTS",
              "SANDWICH",
              "BANANA",
              "SUN",
              "JELLYFISH"
            ],
            "result_count": null,
            "seed": null
          },
          "sensitive_attributes": []
        },
        {
          "index_key": 12,
          "schema_version": 0,
          "attributes": {
            "id": "-",
            "input": [
              "ARMY",
              "PANTHER",
              "WALNUTS",
              "SANDWICH",
              "ZEUS",
              "BANANA",
              "CAT",
              "JELLYFISH",
              "JIGSAW",
              "VIOLIN",
              "MILK",
              "SUN"
            ],
            "keepers": null,
            "result": [
              "SUN",
              "MILK",
              "CAT",
              "ARMY",
              "VIOLIN",
              "JIGSAW",
              "ZEUS",
              "SANDWICH",
              "WALNUTS",
              "BANANA",
              "PANTHER",
              "JELLYFISH"
            ],
            "result_count": null,
            "seed": null
          },
          "sensitive_attributes": []
        },
        {
          "index_key": 13,
          "schema_version": 0,
          "attributes": {
            "id": "-",
            "input": [
              "ARMY",
              "PANTHER",
              "WALNUTS",
              "SANDWICH",
              "ZEUS",
              "BANANA",
              "CAT",
              "JELLYFISH",
              "JIGSAW",
              "VIOLIN",
              "MILK",
              "SUN"
            ],
            "keepers": null,
            "result": [
              "ZEUS",
              "MILK",
              "VIOLIN",
              "CAT",
              "BANANA",
              "PANTHER",
              "SANDWICH",
              "WALNUTS",
              "ARMY",
              "JELLYFISH",
              "SUN",
              "JIGSAW"
            ],
            "result_count": null,
            "seed": null
          },
          "sensitive_attributes": []
        },
        {
          "index_key": 14,
          "schema_version": 0,
          "attributes": {
            "id": "-",
            "input": [
              "ARMY",
              "PANTHER",
              "WALNUTS",
              "SANDWICH",
              "ZEUS",
              "BANANA",
              "CAT",
              "JELLYFISH",
              "JIGSAW",
              "VIOLIN",
              "MILK",
              "SUN"
            ],
            "keepers": null,
            "result": [
              "VIOLIN",
              "SUN",
              "BANANA",
              "ZEUS",
              "MILK",
              "JELLYFISH",
              "JIGSAW",
              "ARMY",
              "PANTHER",
              "WALNUTS",
              "CAT",
              "SANDWICH"
            ],
            "result_count": null,
            "seed": null
          },
          "sensitive_attributes": []
        },
        {
          "index_key": 15,
          "schema_version": 0,
          "attributes": {
            "id": "-",
            "input": [
              "ARMY",
              "PANTHER",
              "WALNUTS",
              "SANDWICH",
              "ZEUS",
              "BANANA",
              "CAT",
              "JELLYFISH",
              "JIGSAW",
              "VIOLIN",
              "MILK",
              "SUN"
            ],
            "keepers": null,
            "result": [
              "BANANA",
              "CAT",
              "SANDWICH",
              "SUN",
              "ZEUS",
              "JELLYFISH",
              "WALNUTS",
              "PANTHER",
              "JIGSAW",
              "VIOLIN",
              "MILK",
              "ARMY"
            ],
            "result_count": null,
            "seed": null
          },
          "sensitive_attributes": []
        },
        {
          "index_key": 16,
          "schema_version": 0,
          "attributes": {
            "id": "-",
            "input": [
              "ARMY",
              "PANTHER",
              "WALNUTS",
              "SANDWICH",
              "ZEUS",
              "BANANA",
              "CAT",
              "JELLYFISH",
              "JIGSAW",
              "VIOLIN",
              "MILK",
              "SUN"
            ],
            "keepers": null,
            "result": [
              "PANTHER",
              "CAT",
              "SUN",
              "WALNUTS",
              "ARMY",
              "BANANA",
              "VIOLIN",
              "JELLYFISH",
              "ZEUS",
              "MILK",
              "SANDWICH",
              "JIGSAW"
            ],
            "result_count": null,
            "seed": null
          },
          "sensitive_attributes": []
        },
        {
          "index_key": 17,
          "schema_version": 0,
          "attributes": {
            "id": "-",
            "input": [
              "ARMY",
              "PANTHER",
              "WALNUTS",
              "SANDWICH",
              "ZEUS",
              "BANANA",
              "CAT",
              "JELLYFISH",
              "JIGSAW",
              "VIOLIN",
              "MILK",
              "SUN"
            ],
            "keepers": null,
            "result": [
              "ARMY",
              "SUN",
              "JIGSAW",
              "MILK",
              "WALNUTS",
              "BANANA",
              "SANDWICH",
              "PANTHER",
              "VIOLIN",
              "ZEUS",
              "CAT",
              "JELLYFISH"
            ],
            "result_count": null,
            "seed": null
          },
          "sensitive_attributes": []
        },
        {
          "index_key": 18,
          "schema_version": 0,
          "attributes": {
            "id": "-",
            "input": [
              "ARMY",
              "PANTHER",
              "WALNUTS",
              "SANDWICH",
              "ZEUS",
              "BANANA",
              "CAT",
              "JELLYFISH",
              "JIGSAW",
              "VIOLIN",
              "MILK",
              "SUN"
            ],
            "keepers": null,
            "result": [
              "PANTHER",
              "JIGSAW",
              "SUN",
              "VIOLIN",
              "JELLYFISH",
              "ARMY",
              "ZEUS",
              "SANDWICH",
              "BANANA",
              "MILK",
              "WALNUTS",
              "CAT"
            ],
            "result_count": null,
            "seed": null
          },
          "sensitive_attributes": []
        },
        {
          "index_key": 19,
          "schema_version": 0,
          "attributes": {
            "id": "-",
            "input": [
              "ARMY",
              "PANTHER",
              "WALNUTS",
              "SANDWICH",
              "ZEUS",
              "BANANA",
              "CAT",
              "JELLYFISH",
              "JIGSAW",
              "VIOLIN",
              "MILK",
              "SUN"
            ],
            "keepers": null,
            "result": [
              "MILK",
              "ARMY",
              "SUN",
              "VIOLIN",
              "SANDWICH",
              "ZEUS",
              "BANANA",
              "JIGSAW",
              "WALNUTS",
              "CAT",
              "PANTHER",
              "JELLYFISH"
            ],
            "result_count": null,
            "seed": null
          },
          "sensitive_attributes": []
        },
        {
          "index_key": 20,
          "schema_version": 0,
          "attributes": {
            "id": "-",
            "input": [
              "ARMY",
              "PANTHER",
              "WALNUTS",
              "SANDWICH",
              "ZEUS",
              "BANANA",
              "CAT",
              "JELLYFISH",
              "JIGSAW",
              "VIOLIN",
              "MILK",
              "SUN"
            ],
            "keepers": null,
            "result": [
              "JIGSAW",
              "PANTHER",
              "MILK",
              "SUN",
              "SANDWICH",
              "ZEUS",
              "ARMY",
              "WALNUTS",
              "VIOLIN",
              "JELLYFISH",
              "CAT",
              "BANANA"
            ],
            "result_count": null,
            "seed": null
          },
          "sensitive_attributes": []
        },
        {
          "index_key": 21,
          "schema_version": 0,
          "attributes": {
            "id": "-",
            "input": [
              "ARMY",
              "PANTHER",
              "WALNUTS",
              "SANDWICH",
              "ZEUS",
              "BANANA",
              "CAT",
              "JELLYFISH",
              "JIGSAW",
              "VIOLIN",
              "MILK",
              "SUN"
            ],
            "keepers": null,
            "result": [
              "JELLYFISH",
              "MILK",
              "ZEUS",
              "PANTHER",
              "ARMY",
              "CAT",
              "BANANA",
              "VIOLIN",
              "SUN",
              "SANDWICH",
              "JIGSAW",
              "WALNUTS"
            ],
            "result_count": null,
            "seed": null
          },
          "sensitive_attributes": []
        },
        {
          "index_key": 22,
          "schema_version": 0,
          "attributes": {
            "id": "-",
            "input": [
              "ARMY",
              "PANTHER",
              "WALNUTS",
              "SANDWICH",
              "ZEUS",
              "BANANA",
              "CAT",
              "JELLYFISH",
              "JIGSAW",
              "VIOLIN",
              "MILK",
              "SUN"
            ],
            "keepers": null,
            "result": [
              "BANANA",
              "VIOLIN",
              "ARMY",
              "ZEUS",
              "MILK",
              "PANTHER",
              "CAT",
              "JELLYFISH",
              "WALNUTS",
              "JIGSAW",
              "SUN",
              "SANDWICH"
            ],
            "result_count": null,
            "seed": null
          },
          "sensitive_attributes": []
        },
        {
          "index_key": 23,
          "schema_version": 0,
          "attributes": {
            "id": "-",
            "input": [
              "ARMY",
              "PANTHER",
              "WALNUTS",
              "SANDWICH",
              "ZEUS",
              "BANANA",
              "CAT",
              "JELLYFISH",
              "JIGSAW",
              "VIOLIN",
              "MILK",
              "SUN"
            ],
            "keepers": null,
            "result": [
              "PANTHER",
              "ARMY",
              "WALNUTS",
              "BANANA",
              "JIGSAW",
              "SUN",
              "JELLYFISH",
              "SANDWICH",
              "MILK",
              "CAT",
              "ZEUS",
              "VIOLIN"
            ],
            "result_count": null,
            "seed": null
          },
          "sensitive_attributes": []
        },
        {
          "index_key": 24,
          "schema_version": 0,
          "attributes": {
            "id": "-",
            "input": [
              "ARMY",
              "PANTHER",
              "WALNUTS",
              "SANDWICH",
              "ZEUS",
              "BANANA",
              "CAT",
              "JELLYFISH",
              "JIGSAW",
              "VIOLIN",
              "MILK",
              "SUN"
            ],
            "keepers": null,
            "result": [
              "WALNUTS",
              "SANDWICH",
              "JELLYFISH",
              "BANANA",
              "ARMY",
              "PANTHER",
              "MILK",
              "ZEUS",
              "VIOLIN",
              "CAT",
              "JIGSAW",
              "SUN"
            ],
            "result_count": null,
            "seed": null
          },
          "sensitive_attributes": []
        },
        {
          "index_key": 25,
          "schema_version": 0,
          "attributes": {
            "id": "-",
            "input": [
              "ARMY",
              "PANTHER",
              "WALNUTS",
              "SANDWICH",
              "ZEUS",
              "BANANA",
              "CAT",
              "JELLYFISH",
              "JIGSAW",
              "VIOLIN",
              "MILK",
              "SUN"
            ],
            "keepers": null,
            "result": [
              "PANTHER",
              "ZEUS",
              "VIOLIN",
              "CAT",
              "WALNUTS",
              "SUN",
              "JELLYFISH",
              "SANDWICH",
              "JIGSAW",
              "BANANA",
              "ARMY",
              "MILK"
            ],
            "result_count": null,
            "seed": null
          },
          "sensitive_attributes": []
        },
        {
          "index_key": 26,
          "schema_version": 0,
          "attributes": {
            "id": "-",
            "input": [
              "ARMY",
              "PANTHER",
              "WALNUTS",
              "SANDWICH",
              "ZEUS",
              "BANANA",
              "CAT",
              "JELLYFISH",
              "JIGSAW",
              "VIOLIN",
              "MILK",
              "SUN"
            ],
            "keepers": null,
            "result": [
              "SUN",
              "JIGSAW",
              "BANANA",
              "MILK",
              "ZEUS",
              "ARMY",
              "SANDWICH",
              "JELLYFISH",
              "CAT",
              "PANTHER",
              "WALNUTS",
              "VIOLIN"
            ],
            "result_count": null,
            "seed": null
          },
          "sensitive_attributes": []
        },
        {
          "index_key": 27,
          "schema_version": 0,
          "attributes": {
            "id": "-",
            "input": [
              "ARMY",
              "PANTHER",
              "WALNUTS",
              "SANDWICH",
              "ZEUS",
              "BANANA",
              "CAT",
              "JELLYFISH",
              "JIGSAW",
              "VIOLIN",
              "MILK",
              "SUN"
            ],
            "keepers": null,
            "result": [
              "VIOLIN",
              "MILK",
              "JIGSAW",
              "SANDWICH",
              "WALNUTS",
              "BANANA",
              "ARMY",
              "SUN",
              "JELLYFISH",
              "ZEUS",
              "PANTHER",
              "CAT"
            ],
            "result_count": null,
            "seed": null
          },
          "sensitive_attributes": []
        },
        {
          "index_key": 28,
          "schema_version": 0,
          "attributes": {
            "id": "-",
            "input": [
              "ARMY",
              "PANTHER",
              "WALNUTS",
              "SANDWICH",
              "ZEUS",
              "BANANA",
              "CAT",
              "JELLYFISH",
              "JIGSAW",
              "VIOLIN",
              "MILK",
              "SUN"
            ],
            "keepers": null,
            "result": [
              "JIGSAW",
              "BANANA",
              "SUN",
              "CAT",
              "SANDWICH",
              "WALNUTS",
              "VIOLIN",
              "MILK",
              "ZEUS",
              "JELLYFISH",
              "ARMY",
              "PANTHER"
            ],
            "result_count": null,
            "seed": null
          },
          "sensitive_attributes": []
        },
        {
          "index_key": 29,
          "schema_version": 0,
          "attributes": {
            "id": "-",
            "input": [
              "ARMY",
              "PANTHER",
              "WALNUTS",
              "SANDWICH",
              "ZEUS",
              "BANANA",
              "CAT",
              "JELLYFISH",
              "JIGSAW",
              "VIOLIN",
              "MILK",
              "SUN"
            ],
            "keepers": null,
            "result": [
              "ZEUS",
              "CAT",
              "SUN",
              "WALNUTS",
              "ARMY",
              "SANDWICH",
              "JELLYFISH",
              "PANTHER",
              "JIGSAW",
              "BANANA",
              "VIOLIN",
              "MILK"
            ],
            "result_count": null,
            "seed": null
          },
          "sensitive_attributes": []
        },
        {
          "index_key": 30,
          "schema_version": 0,
          "attributes": {
            "id": "-",
            "input": [
              "ARMY",
              "PANTHER",
              "WALNUTS",
              "SANDWICH",
              "ZEUS",
              "BANANA",
              "CAT",
              "JELLYFISH",
              "JIGSAW",
              "VIOLIN",
              "MILK",
              "SUN"
            ],
            "keepers": null,
            "result": [
              "SUN",
              "WALNUTS",
              "BANANA",
              "JELLYFISH",
              "ZEUS",
              "ARMY",
              "JIGSAW",
              "PANTHER",
              "CAT",
              "VIOLIN",
              "MILK",
              "SANDWICH"
            ],
            "result_count": null,
            "seed": null
          },
          "sensitive_attributes": []
        },
        {
          "index_key": 31,
          "schema_version": 0,
          "attributes": {
            "id": "-",
            "input": [
              "ARMY",
              "PANTHER",
              "WALNUTS",
              "SANDWICH",
              "ZEUS",
              "BANANA",
              "CAT",
              "JELLYFISH",
              "JIGSAW",
              "VIOLIN",
              "MILK",
              "SUN"
            ],
            "keepers": null,
            "result": [
              "WALNUTS",
              "MILK",
              "PANTHER",
              "JIGSAW",
              "VIOLIN",
              "CAT",
              "BANANA",
              "ARMY",
              "ZEUS",
              "SANDWICH",
              "JELLYFISH",
              "SUN"
            ],
            "result_count": null,
            "seed": null
          },
          "sensitive_attributes": []
        },
        {
          "index_key": 32,
          "schema_version": 0,
          "attributes": {
            "id": "-",
            "input": [
              "ARMY",
              "PANTHER",
              "WALNUTS",
              "SANDWICH",
              "ZEUS",
              "BANANA",
              "CAT",
              "JELLYFISH",
              "JIGSAW",
              "VIOLIN",
              "MILK",
              "SUN"
            ],
            "keepers": null,
            "result": [
              "SANDWICH",
              "MILK",
              "BANANA",
              "ZEUS",
              "JIGSAW",
              "PANTHER",
              "WALNUTS",
              "SUN",
              "VIOLIN",
              "ARMY",
              "CAT",
              "JELLYFISH"
            ],
            "result_count": null,
            "seed": null
          },
          "sensitive_attributes": []
        },
        {
          "index_key": 33,
          "schema_version": 0,
          "attributes": {
            "id": "-",
            "input": [
              "ARMY",
              "PANTHER",
              "WALNUTS",
              "SANDWICH",
              "ZEUS",
              "BANANA",
              "CAT",
              "JELLYFISH",
              "JIGSAW",
              "VIOLIN",
              "MILK",
              "SUN"
            ],
            "keepers": null,
            "result": [
              "ARMY",
              "JELLYFISH",
              "CAT",
              "PANTHER",
              "SUN",
              "BANANA",
              "JIGSAW",
              "WALNUTS",
              "VIOLIN",
              "ZEUS",
              "SANDWICH",
              "MILK"
            ],
            "result_count": null,
            "seed": null
          },
          "sensitive_attributes": []
        },
        {
          "index_key": 34,
          "schema_version": 0,
          "attributes": {
            "id": "-",
            "input": [
              "ARMY",
              "PANTHER",
              "WALNUTS",
              "SANDWICH",
              "ZEUS",
              "BANANA",
              "CAT",
              "JELLYFISH",
              "JIGSAW",
              "VIOLIN",
              "MILK",
              "SUN"
            ],
            "keepers": null,
            "result": [
              "BANANA",
              "MILK",
              "ARMY",
              "JIGSAW",
              "VIOLIN",
              "SUN",
              "ZEUS",
              "JELLYFISH",
              "SANDWICH",
              "CAT",
              "WALNUTS",
              "PANTHER"
            ],
            "result_count": null,
            "seed": null
          },
          "sensitive_attributes": []
        },
        {
          "index_key": 35,
          "schema_version": 0,
          "attributes": {
            "id": "-",
            "input": [
              "ARMY",
              "PANTHER",
              "WALNUTS",
              "SANDWICH",
              "ZEUS",
              "BANANA",
              "CAT",
              "JELLYFISH",
              "JIGSAW",
              "VIOLIN",
              "MILK",
              "SUN"
            ],
            "keepers": null,
            "result": [
              "ARMY",
              "VIOLIN",
              "ZEUS",
              "SANDWICH",
              "MILK",
              "CAT",
              "WALNUTS",
              "JIGSAW",
              "SUN",
              "BANANA",
              "PANTHER",
              "JELLYFISH"
            ],
            "result_count": null,
            "seed": null
          },
          "sensitive_attributes": []
        },
        {
          "index_key": 36,
          "schema_version": 0,
          "attributes": {
            "id": "-",
            "input": [
              "ARMY",
              "PANTHER",
              "WALNUTS",
              "SANDWICH",
              "ZEUS",
              "BANANA",
              "CAT",
              "JELLYFISH",
              "JIGSAW",
              "VIOLIN",
              "MILK",
              "SUN"
            ],
            "keepers": null,
            "result": [
              "SANDWICH",
              "ARMY",
              "WALNUTS",
              "PANTHER",
              "JIGSAW",
              "JELLYFISH",
              "MILK",
              "VIOLIN",
              "BANANA",
              "CAT",
              "SUN",
              "ZEUS"
            ],
            "result_count": null,
            "seed": null
          },
          "sensitive_attributes": []
        },
        {
          "index_key": 37,
          "schema_version": 0,
          "attributes": {
            "id": "-",
            "input": [
              "ARMY",
              "PANTHER",
              "WALNUTS",
              "SANDWICH",
              "ZEUS",
              "BANANA",
              "CAT",
              "JELLYFISH",
              "JIGSAW",
              "VIOLIN",
              "MILK",
              "SUN"
            ],
            "keepers": null,
            "result": [
              "JELLYFISH",
              "ARMY",
              "JIGSAW",
              "VIOLIN",
              "WALNUTS",
              "SANDWICH",
              "BANANA",
              "MILK",
              "PANTHER",
              "CAT",
              "SUN",
              "ZEUS"
            ],
            "result_count": null,
            "seed": null
          },
          "sensitive_attributes": []
        },
        {
          "index_key": 38,
          "schema_version": 0,
          "attributes": {
            "id": "-",
            "input": [
              "ARMY",
              "PANTHER",
              "WALNUTS",
              "SANDWICH",
              "ZEUS",
              "BANANA",
              "CAT",
              "JELLYFISH",
              "JIGSAW",
              "VIOLIN",
              "MILK",
              "SUN"
            ],
            "keepers": null,
            "result": [
              "ARMY",
              "ZEUS",
              "MILK",
              "BANANA",
              "PANTHER",
              "VIOLIN",
              "CAT",
              "SANDWICH",
              "JIGSAW",
              "SUN",
              "JELLYFISH",
              "WALNUTS"
            ],
            "result_count": null,
            "seed": null
          },
          "sensitive_attributes": []
        },
        {
          "index_key": 39,
          "schema_version": 0,
          "attributes": {
            "id": "-",
            "input": [
              "ARMY",
              "PANTHER",
              "WALNUTS",
              "SANDWICH",
              "ZEUS",
              "BANANA",
              "CAT",
              "JELLYFISH",
              "JIGSAW",
              "VIOLIN",
              "MILK",
              "SUN"
            ],
            "keepers": null,
            "result": [
              "CAT",
              "ZEUS",
              "BANANA",
              "VIOLIN",
              "SANDWICH",
              "MILK",
              "WALNUTS",
              "JELLYFISH",
              "PANTHER",
              "SUN",
              "ARMY",
              "JIGSAW"
            ],
            "result_count": null,
            "seed": null
          },
          "sensitive_attributes": []
        },
        {
          "index_key": 40,
          "schema_version": 0,
          "attributes": {
            "id": "-",
            "input": [
              "ARMY",
              "PANTHER",
              "WALNUTS",
              "SANDWICH",
              "ZEUS",
              "BANANA",
              "CAT",
              "JELLYFISH",
              "JIGSAW",
              "VIOLIN",
              "MILK",
              "SUN"
            ],
            "keepers": null,
            "result": [
              "SANDWICH",
              "BANANA",
              "ZEUS",
              "WALNUTS",
              "CAT",
              "ARMY",
              "JELLYFISH",
              "VIOLIN",
              "PANTHER",
              "MILK",
              "JIGSAW",
              "SUN"
            ],
            "result_count": null,
            "seed": null
          },
          "sensitive_attributes": []
        },
        {
          "index_key": 41,
          "schema_version": 0,
          "attributes": {
            "id": "-",
            "input": [
              "ARMY",
              "PANTHER",
              "WALNUTS",
              "SANDWICH",
              "ZEUS",
              "BANANA",
              "CAT",
              "JELLYFISH",
              "JIGSAW",
              "VIOLIN",
              "MILK",
              "SUN"
            ],
            "keepers": null,
            "result": [
              "CAT",
              "SANDWICH",
              "ARMY",
              "PANTHER",
              "VIOLIN",
              "WALNUTS",
              "BANANA",
              "JIGSAW",
              "MILK",
              "ZEUS",
              "SUN",
              "JELLYFISH"
            ],
            "result_count": null,
            "seed": null
          },
          "sensitive_attributes": []
        },
        {
          "index_key": 42,
          "schema_version": 0,
          "attributes": {
            "id": "-",
            "input": [
              "ARMY",
              "PANTHER",
              "WALNUTS",
              "SANDWICH",
              "ZEUS",
              "BANANA",
              "CAT",
              "JELLYFISH",
              "JIGSAW",
              "VIOLIN",
              "MILK",
              "SUN"
            ],
            "keepers": null,
            "result": [
              "SANDWICH",
              "ZEUS",
              "MILK",
              "WALNUTS",
              "SUN",
              "ARMY",
              "JIGSAW",
              "CAT",
              "BANANA",
              "PANTHER",
              "VIOLIN",
              "JELLYFISH"
            ],
            "result_count": null,
            "seed": null
          },
          "sensitive_attributes": []
        },
        {
          "index_key": 43,
          "schema_version": 0,
          "attributes": {
            "id": "-",
            "input": [
              "ARMY",
              "PANTHER",
              "WALNUTS",
              "SANDWICH",
              "ZEUS",
              "BANANA",
              "CAT",
              "JELLYFISH",
              "JIGSAW",
              "VIOLIN",
              "MILK",
              "SUN"
            ],
            "keepers": null,
            "result": [
              "BANANA",
              "VIOLIN",
              "ARMY",
              "PANTHER",
              "MILK",
              "SUN",
              "ZEUS",
              "WALNUTS",
              "JIGSAW",
              "JELLYFISH",
              "CAT",
              "SANDWICH"
            ],
            "result_count": null,
            "seed": null
          },
          "sensitive_attributes": []
        },
        {
          "index_key": 44,
          "schema_version": 0,
          "attributes": {
            "id": "-",
            "input": [
              "ARMY",
              "PANTHER",
              "WALNUTS",
              "SANDWICH",
              "ZEUS",
              "BANANA",
              "CAT",
              "JELLYFISH",
              "JIGSAW",
              "VIOLIN",
              "MILK",
              "SUN"
            ],
            "keepers": null,
            "result": [
              "SUN",
              "WALNUTS",
              "CAT",
              "SANDWICH",
              "ZEUS",
              "ARMY",
              "PANTHER",
              "MILK",
              "JELLYFISH",
              "JIGSAW",
              "BANANA",
              "VIOLIN"
            ],
            "result_count": null,
            "seed": null
          },
          "sensitive_attributes": []
        },
        {
          "index_key": 45,
          "schema_version": 0,
          "attributes": {
            "id": "-",
            "input": [
              "ARMY",
              "PANTHER",
              "WALNUTS",
              "SANDWICH",
              "ZEUS",
              "BANANA",
              "CAT",
              "JELLYFISH",
              "JIGSAW",
              "VIOLIN",
              "MILK",
              "SUN"
            ],
            "keepers": null,
            "result": [
              "JIGSAW",
              "SANDWICH",
              "VIOLIN",
              "ZEUS",
              "WALNUTS",
              "PANTHER",
              "CAT",
              "ARMY",
              "SUN",
              "BANANA",
              "MILK",
              "JELLYFISH"
            ],
            "result_count": null,
            "seed": null
          },
          "sensitive_attributes": []
        },
        {
          "index_key": 46,
          "schema_version": 0,
          "attributes": {
            "id": "-",
            "input": [
              "ARMY",
              "PANTHER",
              "WALNUTS",
              "SANDWICH",
              "ZEUS",
              "BANANA",
              "CAT",
              "JELLYFISH",
              "JIGSAW",
              "VIOLIN",
              "MILK",
              "SUN"
            ],
            "keepers": null,
            "result": [
              "PANTHER",
              "JIGSAW",
              "JELLYFISH",
              "CAT",
              "SANDWICH",
              "ZEUS",
              "WALNUTS",
              "SUN",
              "BANANA",
              "MILK",
              "VIOLIN",
              "ARMY"
            ],
            "result_count": null,
            "seed": null
          },
          "sensitive_attributes": []
        },
        {
          "index_key": 47,
          "schema_version": 0,
          "attributes": {
            "id": "-",
            "input": [
              "ARMY",
              "PANTHER",
              "WALNUTS",
              "SANDWICH",
              "ZEUS",
              "BANANA",
              "CAT",
              "JELLYFISH",
              "JIGSAW",
              "VIOLIN",
              "MILK",
              "SUN"
            ],
            "keepers": null,
            "result": [
              "SANDWICH",
              "MILK",
              "PANTHER",
              "WALNUTS",
              "CAT",
              "ZEUS",
              "BANANA",
              "JIGSAW",
              "VIOLIN",
              "SUN",
              "ARMY",
              "JELLYFISH"
            ],
            "result_count": null,
            "seed": null
          },
          "sensitive_attributes": []
        },
        {
          "index_key": 48,
          "schema_version": 0,
          "attributes": {
            "id": "-",
            "input": [
              "ARMY",
              "PANTHER",
              "WALNUTS",
              "SANDWICH",
              "ZEUS",
              "BANANA",
              "CAT",
              "JELLYFISH",
              "JIGSAW",
              "VIOLIN",
              "MILK",
              "SUN"
            ],
            "keepers": null,
            "result": [
              "WALNUTS",
              "SANDWICH",
              "CAT",
              "SUN",
              "JIGSAW",
              "ZEUS",
              "MILK",
              "ARMY",
              "BANANA",
              "VIOLIN",
              "PANTHER",
              "JELLYFISH"
            ],
            "result_count": null,
            "seed": null
          },
          "sensitive_attributes": []
        },
        {
          "index_key": 49,
          "schema_version": 0,
          "attributes": {
            "id": "-",
            "input": [
              "ARMY",
              "PANTHER",
              "WALNUTS",
              "SANDWICH",
              "ZEUS",
              "BANANA",
              "CAT",
              "JELLYFISH",
              "JIGSAW",
              "VIOLIN",
              "MILK",
              "SUN"
            ],
            "keepers": null,
            "result": [
              "ZEUS",
              "JELLYFISH",
              "WALNUTS",
              "SANDWICH",
              "ARMY",
              "JIGSAW",
              "SUN",
              "VIOLIN",
              "BANANA",
              "CAT",
              "PANTHER",
              "MILK"
            ],
            "result_count": null,
            "seed": null
          },
          "sensitive_attributes": []
        },
        {
          "index_key": 50,
          "schema_version": 0,
          "attributes": {
            "id": "-",
            "input": [
              "ARMY",
              "PANTHER",
              "WALNUTS",
              "SANDWICH",
              "ZEUS",
              "BANANA",
              "CAT",
              "JELLYFISH",
              "JIGSAW",
              "VIOLIN",
              "MILK",
              "SUN"
            ],
            "keepers": null,
            "result": [
              "JIGSAW",
              "SANDWICH",
              "ARMY",
              "JELLYFISH",
              "PANTHER",
              "CAT",
              "WALNUTS",
              "MILK",
              "BANANA",
              "VIOLIN",
              "SUN",
              "ZEUS"
            ],
            "result_count": null,
            "seed": null
          },
          "sensitive_attributes": []
        },
        {
          "index_key": 51,
          "schema_version": 0,
          "attributes": {
            "id": "-",
            "input": [
              "ARMY",
              "PANTHER",
              "WALNUTS",
              "SANDWICH",
              "ZEUS",
              "BANANA",
              "CAT",
              "JELLYFISH",
              "JIGSAW",
              "VIOLIN",
              "MILK",
              "SUN"
            ],
            "keepers": null,
            "result": [
              "MILK",
              "JIGSAW",
              "CAT",
              "JELLYFISH",
              "ARMY",
              "BANANA",
              "WALNUTS",
              "PANTHER",
              "SUN",
              "VIOLIN",
              "ZEUS",
              "SANDWICH"
            ],
            "result_count": null,
            "seed": null
          },
          "sensitive_attributes": []
        },
        {
          "index_key": 52,
          "schema_version": 0,
          "attributes": {
            "id": "-",
            "input": [
              "ARMY",
              "PANTHER",
              "WALNUTS",
              "SANDWICH",
              "ZEUS",
              "BANANA",
              "CAT",
              "JELLYFISH",
              "JIGSAW",
              "VIOLIN",
              "MILK",
              "SUN"
            ],
            "keepers": null,
            "result": [
              "PANTHER",
              "BANANA",
              "VIOLIN",
              "WALNUTS",
              "JIGSAW",
              "JELLYFISH",
              "SUN",
              "ZEUS",
              "CAT",
              "SANDWICH",
              "ARMY",
              "MILK"
            ],
            "result_count": null,
            "seed": null
          },
          "sensitive_attributes": []
        },
        {
          "index_key": 53,
          "schema_version": 0,
          "attributes": {
            "id": "-",
            "input": [
              "ARMY",
              "PANTHER",
              "WALNUTS",
              "SANDWICH",
              "ZEUS",
              "BANANA",
              "CAT",
              "JELLYFISH",
              "JIGSAW",
              "VIOLIN",
              "MILK",
              "SUN"
            ],
            "keepers": null,
            "result": [
              "ARMY",
              "ZEUS",
              "BANANA",
              "SANDWICH",
              "MILK",
              "SUN",
              "JIGSAW",
              "WALNUTS",
              "JELLYFISH",
              "PANTHER",
              "CAT",
              "VIOLIN"
            ],
            "result_count": null,
            "seed": null
          },
          "sensitive_attributes": []
        },
        {
          "index_key": 54,
          "schema_version": 0,
          "attributes": {
            "id": "-",
            "input": [
              "ARMY",
              "PANTHER",
              "WALNUTS",
              "SANDWICH",
              "ZEUS",
              "BANANA",
              "CAT",
              "JELLYFISH",
              "JIGSAW",
              "VIOLIN",
              "MILK",
              "SUN"
            ],
            "keepers": null,
            "result": [
              "VIOLIN",
              "SANDWICH",
              "SUN",
              "BANANA",
              "MILK",
              "WALNUTS",
              "CAT",
              "ZEUS",
              "PANTHER",
              "ARMY",
              "JELLYFISH",
              "JIGSAW"
            ],
            "result_count": null,
            "seed": null
          },
          "sensitive_attributes": []
        },
        {
          "index_key": 55,
          "schema_version": 0,
          "attributes": {
            "id": "-",
            "input": [
              "ARMY",
              "PANTHER",
              "WALNUTS",
              "SANDWICH",
              "ZEUS",
              "BANANA",
              "CAT",
              "JELLYFISH",
              "JIGSAW",
              "VIOLIN",
              "MILK",
              "SUN"
            ],
            "keepers": null,
            "result": [
              "SANDWICH",
              "CAT",
              "VIOLIN",
              "PANTHER",
              "JELLYFISH",
              "SUN",
              "ZEUS",
              "JIGSAW",
              "WALNUTS",
              "ARMY",
              "BANANA",
              "MILK"
            ],
            "result_count": null,
            "seed": null
          },
          "sensitive_attributes": []
        },
        {
          "index_key": 56,
          "schema_version": 0,
          "attributes": {
            "id": "-",
            "input": [
              "ARMY",
              "PANTHER",
              "WALNUTS",
              "SANDWICH",
              "ZEUS",
              "BANANA",
              "CAT",
              "JELLYFISH",
              "JIGSAW",
              "VIOLIN",
              "MILK",
              "SUN"
            ],
            "keepers": null,
            "result": [
              "WALNUTS",
              "VIOLIN",
              "CAT",
              "ARMY",
              "JELLYFISH",
              "BANANA",
              "ZEUS",
              "PANTHER",
              "MILK",
              "SUN",
              "JIGSAW",
              "SANDWICH"
            ],
            "result_count": null,
            "seed": null
          },
          "sensitive_attributes": []
        },
        {
          "index_key": 57,
          "schema_version": 0,
          "attributes": {
            "id": "-",
            "input": [
              "ARMY",
              "PANTHER",
              "WALNUTS",
              "SANDWICH",
              "ZEUS",
              "BANANA",
              "CAT",
              "JELLYFISH",
              "JIGSAW",
              "VIOLIN",
              "MILK",
              "SUN"
            ],
            "keepers": null,
            "result": [
              "SUN",
              "JELLYFISH",
              "VIOLIN",
              "WALNUTS",
              "CAT",
              "SANDWICH",
              "PANTHER",
              "ARMY",
              "ZEUS",
              "JIGSAW",
              "MILK",
              "BANANA"
            ],
            "result_count": null,
            "seed": null
          },
          "sensitive_attributes": []
        },
        {
          "index_key": 58,
          "schema_version": 0,
          "attributes": {
            "id": "-",
            "input": [
              "ARMY",
              "PANTHER",
              "WALNUTS",
              "SANDWICH",
              "ZEUS",
              "BANANA",
              "CAT",
              "JELLYFISH",
              "JIGSAW",
              "VIOLIN",
              "MILK",
              "SUN"
            ],
            "keepers": null,
            "result": [
              "JIGSAW",
              "WALNUTS",
              "JELLYFISH",
              "SUN",
              "ARMY",
              "MILK",
              "VIOLIN",
              "BANANA",
              "CAT",
              "ZEUS",
              "PANTHER",
              "SANDWICH"
            ],
            "result_count": null,
            "seed": null
          },
          "sensitive_attributes": []
        },
        {
          "index_key": 59,
          "schema_version": 0,
          "attributes": {
            "id": "-",
            "input": [
              "ARMY",
              "PANTHER",
              "WALNUTS",
              "SANDWICH",
              "ZEUS",
              "BANANA",
              "CAT",
              "JELLYFISH",
              "JIGSAW",
              "VIOLIN",
              "MILK",
              "SUN"
            ],
            "keepers": null,
            "result": [
              "BANANA",
              "SANDWICH",
              "PANTHER",
              "CAT",
              "SUN",
              "VIOLIN",
              "JIGSAW",
              "MILK",
              "ZEUS",
              "JELLYFISH",
              "ARMY",
              "WALNUTS"
            ],
            "result_count": null,
            "seed": null
          },
          "sensitive_attributes": []
        },
        {
          "index_key": 60,
          "schema_version": 0,
          "attributes": {
            "id": "-",
            "input": [
              "ARMY",
              "PANTHER",
              "WALNUTS",
              "SANDWICH",
              "ZEUS",
              "BANANA",
              "CAT",
              "JELLYFISH",
              "JIGSAW",
              "VIOLIN",
              "MILK",
              "SUN"
            ],
            "keepers": null,
            "result": [
              "MILK",
              "JELLYFISH",
              "ARMY",
              "SUN",
              "BANANA",
              "ZEUS",
              "PANTHER",
              "JIGSAW",
              "VIOLIN",
              "SANDWICH",
              "CAT",
              "WALNUTS"
            ],
            "result_count": null,
            "seed": null
          },
          "sensitive_attributes": []
        },
        {
          "index_key": 61,
          "schema_version": 0,
          "attributes": {
            "id": "-",
            "input": [
              "ARMY",
              "PANTHER",
              "WALNUTS",
              "SANDWICH",
              "ZEUS",
              "BANANA",
              "CAT",
              "JELLYFISH",
              "JIGSAW",
              "VIOLIN",
              "MILK",
              "SUN"
            ],
            "keepers": null,
            "result": [
              "SUN",
              "ZEUS",
              "VIOLIN",
              "SANDWICH",
              "ARMY",
              "MILK",
              "PANTHER",
              "WALNUTS",
              "CAT",
              "BANANA",
              "JIGSAW",
              "JELLYFISH"
            ],
            "result_count": null,
            "seed": null
          },
          "sensitive_attributes": []
        },
        {
          "index_key": 62,
          "schema_version": 0,
          "attributes": {
            "id": "-",
            "input": [
              "ARMY",
              "PANTHER",
              "WALNUTS",
              "SANDWICH",
              "ZEUS",
              "BANANA",
              "CAT",
              "JELLYFISH",
              "JIGSAW",
              "VIOLIN",
              "MILK",
              "SUN"
            ],
            "keepers": null,
            "result": [
              "PANTHER",
              "MILK",
              "VIOLIN",
              "BANANA",
              "JIGSAW",
              "ZEUS",
              "ARMY",
              "WALNUTS",
              "JELLYFISH",
              "CAT",
              "SANDWICH",
              "SUN"
            ],
            "result_count": null,
            "seed": null
          },
          "sensitive_attributes": []
        },
        {
          "index_key": 63,
          "schema_version": 0,
          "attributes": {
            "id": "-",
            "input": [
              "ARMY",
              "PANTHER",
              "WALNUTS",
              "SANDWICH",
              "ZEUS",
              "BANANA",
              "CAT",
              "JELLYFISH",
              "JIGSAW",
              "VIOLIN",
              "MILK",
              "SUN"
            ],
            "keepers": null,
            "result": [
              "MILK",
              "SANDWICH",
              "VIOLIN",
              "PANTHER",
              "JELLYFISH",
              "CAT",
              "ZEUS",
              "WALNUTS",
              "JIGSAW",
              "BANANA",
              "ARMY",
              "SUN"
            ],
            "result_count": null,
            "seed": null
          },
          "sensitive_attributes": []
        },
        {
          "index_key": 64,
          "schema_version": 0,
          "attributes": {
            "id": "-",
            "input": [
              "ARMY",
              "PANTHER",
              "WALNUTS",
              "SANDWICH",
              "ZEUS",
              "BANANA",
              "CAT",
              "JELLYFISH",
              "JIGSAW",
              "VIOLIN",
              "MILK",
              "SUN"
            ],
            "keepers": null,
            "result": [
              "BANANA",
              "MILK",
              "VIOLIN",
              "JIGSAW",
              "SANDWICH",
              "PANTHER",
              "ARMY",
              "CAT",
              "SUN",
              "WALNUTS",
              "ZEUS",
              "JELLYFISH"
            ],
            "result_count": null,
            "seed": null
          },
          "sensitive_attributes": []
        },
        {
          "index_key": 65,
          "schema_version": 0,
          "attributes": {
            "id": "-",
            "input": [
              "ARMY",
              "PANTHER",
              "WALNUTS",
              "SANDWICH",
              "ZEUS",
              "BANANA",
              "CAT",
              "JELLYFISH",
              "JIGSAW",
              "VIOLIN",
              "MILK",
              "SUN"
            ],
            "keepers": null,
            "result": [
              "JELLYFISH",
              "WALNUTS",
              "JIGSAW",
              "VIOLIN",
              "PANTHER",
              "ARMY",
              "CAT",
              "ZEUS",
              "BANANA",
              "MILK",
              "SANDWICH",
              "SUN"
            ],
            "result_count": null,
            "seed": null
          },
          "sensitive_attributes": []
        },
        {
          "index_key": 66,
          "schema_version": 0,
          "attributes": {
            "id": "-",
            "input": [
              "ARMY",
              "PANTHER",
              "WALNUTS",
              "SANDWICH",
              "ZEUS",
              "BANANA",
              "CAT",
              "JELLYFISH",
              "JIGSAW",
              "VIOLIN",
              "MILK",
              "SUN"
            ],
            "keepers": null,
            "result": [
              "JIGSAW",
              "BANANA",
              "ZEUS",
              "SANDWICH",
              "JELLYFISH",
              "PANTHER",
              "ARMY",
              "VIOLIN",
              "CAT",
              "SUN",
              "MILK",
              "WALNUTS"
            ],
            "result_count": null,
            "seed": null
          },
          "sensitive_attributes": []
        },
        {
          "index_key": 67,
          "schema_version": 0,
          "attributes": {
            "id": "-",
            "input": [
              "ARMY",
              "PANTHER",
              "WALNUTS",
              "SANDWICH",
              "ZEUS",
              "BANANA",
              "CAT",
              "JELLYFISH",
              "JIGSAW",
              "VIOLIN",
              "MILK",
              "SUN"
            ],
            "keepers": null,
            "result": [
              "SANDWICH",
              "JELLYFISH",
              "BANANA",
              "JIGSAW",
              "MILK",
              "ARMY",
              "ZEUS",
              "CAT",
              "VIOLIN",
              "PANTHER",
              "SUN",
              "WALNUTS"
            ],
            "result_count": null,
            "seed": null
          },
          "sensitive_attributes": []
        },
        {
          "index_key": 68,
          "schema_version": 0,
          "attributes": {
            "id": "-",
            "input": [
              "ARMY",
              "PANTHER",
              "WALNUTS",
              "SANDWICH",
              "ZEUS",
              "BANANA",
              "CAT",
              "JELLYFISH",
              "JIGSAW",
              "VIOLIN",
              "MILK",
              "SUN"
            ],
            "keepers": null,
            "result": [
              "PANTHER",
              "CAT",
              "SUN",
              "WALNUTS",
              "BANANA",
              "MILK",
              "JELLYFISH",
              "ZEUS",
              "SANDWICH",
              "JIGSAW",
              "ARMY",
              "VIOLIN"
            ],
            "result_count": null,
            "seed": null
          },
          "sensitive_attributes": []
        },
        {
          "index_key": 69,
          "schema_version": 0,
          "attributes": {
            "id": "-",
            "input": [
              "ARMY",
              "PANTHER",
              "WALNUTS",
              "SANDWICH",
              "ZEUS",
              "BANANA",
              "CAT",
              "JELLYFISH",
              "JIGSAW",
              "VIOLIN",
              "MILK",
              "SUN"
            ],
            "keepers": null,
            "result": [
              "WALNUTS",
              "CAT",
              "JELLYFISH",
              "JIGSAW",
              "MILK",
              "SANDWICH",
              "VIOLIN",
              "ZEUS",
              "SUN",
              "BANANA",
              "ARMY",
              "PANTHER"
            ],
            "result_count": null,
            "seed": null
          },
          "sensitive_attributes": []
        },
        {
          "index_key": 70,
          "schema_version": 0,
          "attributes": {
            "id": "-",
            "input": [
              "ARMY",
              "PANTHER",
              "WALNUTS",
              "SANDWICH",
              "ZEUS",
              "BANANA",
              "CAT",
              "JELLYFISH",
              "JIGSAW",
              "VIOLIN",
              "MILK",
              "SUN"
            ],
            "keepers": null,
            "result": [
              "JELLYFISH",
              "WALNUTS",
              "CAT",
              "MILK",
              "ARMY",
              "ZEUS",
              "VIOLIN",
              "PANTHER",
              "SUN",
              "BANANA",
              "SANDWICH",
              "JIGSAW"
            ],
            "result_count": null,
            "seed": null
          },
          "sensitive_attributes": []
        },
        {
          "index_key": 71,
          "schema_version": 0,
          "attributes": {
            "id": "-",
            "input": [
              "ARMY",
              "PANTHER",
              "WALNUTS",
              "SANDWICH",
              "ZEUS",
              "BANANA",
              "CAT",
              "JELLYFISH",
              "JIGSAW",
              "VIOLIN",
              "MILK",
              "SUN"
            ],
            "keepers": null,
            "result": [
              "VIOLIN",
              "PANTHER",
              "WALNUTS",
              "SUN",
              "ZEUS",
              "MILK",
              "ARMY",
              "JIGSAW",
              "BANANA",
              "SANDWICH",
              "JELLYFISH",
              "CAT"
            ],
            "result_count": null,
            "seed": null
          },
          "sensitive_attributes": []
        },
        {
          "index_key": 72,
          "schema_version": 0,
          "attributes": {
            "id": "-",
            "input": [
              "ARMY",
              "PANTHER",
              "WALNUTS",
              "SANDWICH",
              "ZEUS",
              "BANANA",
              "CAT",
              "JELLYFISH",
              "JIGSAW",
              "VIOLIN",
              "MILK",
              "SUN"
            ],
            "keepers": null,
            "result": [
              "ZEUS",
              "JIGSAW",
              "CAT",
              "SUN",
              "VIOLIN",
              "ARMY",
              "JELLYFISH",
              "PANTHER",
              "MILK",
              "BANANA",
              "WALNUTS",
              "SANDWICH"
            ],
            "result_count": null,
            "seed": null
          },
          "sensitive_attributes": []
        },
        {
          "index_key": 73,
          "schema_version": 0,
          "attributes": {
            "id": "-",
            "input": [
              "ARMY",
              "PANTHER",
              "WALNUTS",
              "SANDWICH",
              "ZEUS",
              "BANANA",
              "CAT",
              "JELLYFISH",
              "JIGSAW",
              "VIOLIN",
              "MILK",
              "SUN"
            ],
            "keepers": null,
            "result": [
              "JIGSAW",
              "SANDWICH",
              "PANTHER",
              "ARMY",
              "MILK",
              "ZEUS",
              "JELLYFISH",
              "CAT",
              "WALNUTS",
              "SUN",
              "VIOLIN",
              "BANANA"
            ],
            "result_count": null,
            "seed": null
          },
          "sensitive_attributes": []
        },
        {
          "index_key": 74,
          "schema_version": 0,
          "attributes": {
            "id": "-",
            "input": [
              "ARMY",
              "PANTHER",
              "WALNUTS",
              "SANDWICH",
              "ZEUS",
              "BANANA",
              "CAT",
              "JELLYFISH",
              "JIGSAW",
              "VIOLIN",
              "MILK",
              "SUN"
            ],
            "keepers": null,
            "result": [
              "MILK",
              "JIGSAW",
              "ARMY",
              "BANANA",
              "SUN",
              "WALNUTS",
              "CAT",
              "SANDWICH",
              "PANTHER",
              "ZEUS",
              "VIOLIN",
              "JELLYFISH"
            ],
            "result_count": null,
            "seed": null
          },
          "sensitive_attributes": []
        },
        {
          "index_key": 75,
          "schema_version": 0,
          "attributes": {
            "id": "-",
            "input": [
              "ARMY",
              "PANTHER",
              "WALNUTS",
              "SANDWICH",
              "ZEUS",
              "BANANA",
              "CAT",
              "JELLYFISH",
              "JIGSAW",
              "VIOLIN",
              "MILK",
              "SUN"
            ],
            "keepers": null,
            "result": [
              "VIOLIN",
              "ARMY",
              "JELLYFISH",
              "JIGSAW",
              "ZEUS",
              "SUN",
              "WALNUTS",
              "CAT",
              "BANANA",
              "SANDWICH",
              "PANTHER",
              "MILK"
            ],
            "result_count": null,
            "seed": null
          },
          "sensitive_attributes": []
        },
        {
          "index_key": 76,
          "schema_version": 0,
          "attributes": {
            "id": "-",
            "input": [
              "ARMY",
              "PANTHER",
              "WALNUTS",
              "SANDWICH",
              "ZEUS",
              "BANANA",
              "CAT",
              "JELLYFISH",
              "JIGSAW",
              "VIOLIN",
              "MILK",
              "SUN"
            ],
            "keepers": null,
            "result": [
              "PANTHER",
              "ARMY",
              "SANDWICH",
              "ZEUS",
              "BANANA",
              "JELLYFISH",
              "JIGSAW",
              "MILK",
              "VIOLIN",
              "CAT",
              "SUN",
              "WALNUTS"
            ],
            "result_count": null,
            "seed": null
          },
          "sensitive_attributes": []
        },
        {
          "index_key": 77,
          "schema_version": 0,
          "attributes": {
            "id": "-",
            "input": [
              "ARMY",
              "PANTHER",
              "WALNUTS",
              "SANDWICH",
              "ZEUS",
              "BANANA",
              "CAT",
              "JELLYFISH",
              "JIGSAW",
              "VIOLIN",
              "MILK",
              "SUN"
            ],
            "keepers": null,
            "result": [
              "SANDWICH",
              "JIGSAW",
              "CAT",
              "VIOLIN",
              "ZEUS",
              "WALNUTS",
              "ARMY",
              "MILK",
              "PANTHER",
              "JELLYFISH",
              "BANANA",
              "SUN"
            ],
            "result_count": null,
            "seed": null
          },
          "sensitive_attributes": []
        },
        {
          "index_key": 78,
          "schema_version": 0,
          "attributes": {
            "id": "-",
            "input": [
              "ARMY",
              "PANTHER",
              "WALNUTS",
              "SANDWICH",
              "ZEUS",
              "BANANA",
              "CAT",
              "JELLYFISH",
              "JIGSAW",
              "VIOLIN",
              "MILK",
              "SUN"
            ],
            "keepers": null,
            "result": [
              "JELLYFISH",
              "JIGSAW",
              "ZEUS",
              "SANDWICH",
              "ARMY",
              "VIOLIN",
              "WALNUTS",
              "BANANA",
              "PANTHER",
              "SUN",
              "MILK",
              "CAT"
            ],
            "result_count": null,
            "seed": null
          },
          "sensitive_attributes": []
        },
        {
          "index_key": 79,
          "schema_version": 0,
          "attributes": {
            "id": "-",
            "input": [
              "ARMY",
              "PANTHER",
              "WALNUTS",
              "SANDWICH",
              "ZEUS",
              "BANANA",
              "CAT",
              "JELLYFISH",
              "JIGSAW",
              "VIOLIN",
              "MILK",
              "SUN"
            ],
            "keepers": null,
            "result": [
              "BANANA",
              "ARMY",
              "CAT",
              "WALNUTS",
              "SUN",
              "SANDWICH",
              "ZEUS",
              "MILK",
              "JIGSAW",
              "PANTHER",
              "VIOLIN",
              "JELLYFISH"
            ],
            "result_count": null,
            "seed": null
          },
          "sensitive_attributes": []
        },
        {
          "index_key": 80,
          "schema_version": 0,
          "attributes": {
            "id": "-",
            "input": [
              "ARMY",
              "PANTHER",
              "WALNUTS",
              "SANDWICH",
              "ZEUS",
              "BANANA",
              "CAT",
              "JELLYFISH",
              "JIGSAW",
              "VIOLIN",
              "MILK",
              "SUN"
            ],
            "keepers": null,
            "result": [
              "MILK",
              "ZEUS",
              "SANDWICH",
              "BANANA",
              "JIGSAW",
              "CAT",
              "JELLYFISH",
              "PANTHER",
              "SUN",
              "ARMY",
              "WALNUTS",
              "VIOLIN"
            ],
            "result_count": null,
            "seed": null
          },
          "sensitive_attributes": []
        },
        {
          "index_key": 81,
          "schema_version": 0,
          "attributes": {
            "id": "-",
            "input": [
              "ARMY",
              "PANTHER",
              "WALNUTS",
              "SANDWICH",
              "ZEUS",
              "BANANA",
              "CAT",
              "JELLYFISH",
              "JIGSAW",
              "VIOLIN",
              "MILK",
              "SUN"
            ],
            "keepers": null,
            "result": [
              "JELLYFISH",
              "ARMY",
              "SANDWICH",
              "WALNUTS",
              "JIGSAW",
              "SUN",
              "BANANA",
              "MILK",
              "ZEUS",
              "PANTHER",
              "CAT",
              "VIOLIN"
            ],
            "result_count": null,
            "seed": null
          },
          "sensitive_attributes": []
        },
        {
          "index_key": 82,
          "schema_version": 0,
          "attributes": {
            "id": "-",
            "input": [
              "ARMY",
              "PANTHER",
              "WALNUTS",
              "SANDWICH",
              "ZEUS",
              "BANANA",
              "CAT",
              "JELLYFISH",
              "JIGSAW",
              "VIOLIN",
              "MILK",
              "SUN"
            ],
            "keepers": null,
            "result": [
              "CAT",
              "SUN",
              "SANDWICH",
              "ZEUS",
              "PANTHER",
              "BANANA",
              "ARMY",
              "VIOLIN",
              "WALNUTS",
              "MILK",
              "JIGSAW",
              "JELLYFISH"
            ],
            "result_count": null,
            "seed": null
          },
          "sensitive_attributes": []
        },
        {
          "index_key": 83,
          "schema_version": 0,
          "attributes": {
            "id": "-",
            "input": [
              "ARMY",
              "PANTHER",
              "WALNUTS",
              "SANDWICH",
              "ZEUS",
              "BANANA",
              "CAT",
              "JELLYFISH",
              "JIGSAW",
              "VIOLIN",
              "MILK",
              "SUN"
            ],
            "keepers": null,
            "result": [
              "MILK",
              "ZEUS",
              "CAT",
              "SANDWICH",
              "SUN",
              "JELLYFISH",
              "VIOLIN",
              "BANANA",
              "PANTHER",
              "WALNUTS",
              "JIGSAW",
              "ARMY"
            ],
            "result_count": null,
            "seed": null
          },
          "sensitive_attributes": []
        },
        {
          "index_key": 84,
          "schema_version": 0,
          "attributes": {
            "id": "-",
            "input": [
              "ARMY",
              "PANTHER",
              "WALNUTS",
              "SANDWICH",
              "ZEUS",
              "BANANA",
              "CAT",
              "JELLYFISH",
              "JIGSAW",
              "VIOLIN",
              "MILK",
              "SUN"
            ],
            "keepers": null,
            "result": [
              "SANDWICH",
              "SUN",
              "CAT",
              "WALNUTS",
              "VIOLIN",
              "BANANA",
              "ARMY",
              "ZEUS",
              "JIGSAW",
              "PANTHER",
              "MILK",
              "JELLYFISH"
            ],
            "result_count": null,
            "seed": null
          },
          "sensitive_attributes": []
        },
        {
          "index_key": 85,
          "schema_version": 0,
          "attributes": {
            "id": "-",
            "input": [
              "ARMY",
              "PANTHER",
              "WALNUTS",
              "SANDWICH",
              "ZEUS",
              "BANANA",
              "CAT",
              "JELLYFISH",
              "JIGSAW",
              "VIOLIN",
              "MILK",
              "SUN"
            ],
            "keepers": null,
            "result": [
              "PANTHER",
              "SUN",
              "BANANA",
              "JIGSAW",
              "SANDWICH",
              "CAT",
              "VIOLIN",
              "ARMY",
              "WALNUTS",
              "MILK",
              "ZEUS",
              "JELLYFISH"
            ],
            "result_count": null,
            "seed": null
          },
          "sensitive_attributes": []
        },
        {
          "index_key": 86,
          "schema_version": 0,
          "attributes": {
            "id": "-",
            "input": [
              "ARMY",
              "PANTHER",
              "WALNUTS",
              "SANDWICH",
              "ZEUS",
              "BANANA",
              "CAT",
              "JELLYFISH",
              "JIGSAW",
              "VIOLIN",
              "MILK",
              "SUN"
            ],
            "keepers": null,
            "result": [
              "MILK",
              "CAT",
              "WALNUTS",
              "JIGSAW",
              "ZEUS",
              "VIOLIN",
              "SUN",
              "ARMY",
              "PANTHER",
              "JELLYFISH",
              "BANANA",
              "SANDWICH"
            ],
            "result_count": null,
            "seed": null
          },
          "sensitive_attributes": []
        },
        {
          "index_key": 87,
          "schema_version": 0,
          "attributes": {
            "id": "-",
            "input": [
              "ARMY",
              "PANTHER",
              "WALNUTS",
              "SANDWICH",
              "ZEUS",
              "BANANA",
              "CAT",
              "JELLYFISH",
              "JIGSAW",
              "VIOLIN",
              "MILK",
              "SUN"
            ],
            "keepers": null,
            "result": [
              "ZEUS",
              "ARMY",
              "JIGSAW",
              "VIOLIN",
              "WALNUTS",
              "MILK",
              "SUN",
              "PANTHER",
              "CAT",
              "SANDWICH",
              "JELLYFISH",
              "BANANA"
            ],
            "result_count": null,
            "seed": null
          },
          "sensitive_attributes": []
        },
        {
          "index_key": 88,
          "schema_version": 0,
          "attributes": {
            "id": "-",
            "input": [
              "ARMY",
              "PANTHER",
              "WALNUTS",
              "SANDWICH",
              "ZEUS",
              "BANANA",
              "CAT",
              "JELLYFISH",
              "JIGSAW",
              "VIOLIN",
              "MILK",
              "SUN"
            ],
            "keepers": null,
            "result": [
              "CAT",
              "MILK",
              "WALNUTS",
              "PANTHER",
              "JELLYFISH",
              "ARMY",
              "SANDWICH",
              "VIOLIN",
              "JIGSAW",
              "BANANA",
              "ZEUS",
              "SUN"
            ],
            "result_count": null,
            "seed": null
          },
          "sensitive_attributes": []
        },
        {
          "index_key": 89,
          "schema_version": 0,
          "attributes": {
            "id": "-",
            "input": [
              "ARMY",
              "PANTHER",
              "WALNUTS",
              "SANDWICH",
              "ZEUS",
              "BANANA",
              "CAT",
              "JELLYFISH",
              "JIGSAW",
              "VIOLIN",
              "MILK",
              "SUN"
            ],
            "keepers": null,
            "result": [
              "CAT",
              "ZEUS",
              "VIOLIN",
              "JELLYFISH",
              "SANDWICH",
              "MILK",
              "SUN",
              "WALNUTS",
              "PANTHER",
              "BANANA",
              "JIGSAW",
              "ARMY"
            ],
            "result_count": null,
            "seed": null
          },
          "sensitive_attributes": []
        },
        {
          "index_key": 90,
          "schema_version": 0,
          "attributes": {
            "id": "-",
            "input": [
              "ARMY",
              "PANTHER",
              "WALNUTS",
              "SANDWICH",
              "ZEUS",
              "BANANA",
              "CAT",
              "JELLYFISH",
              "JIGSAW",
              "VIOLIN",
              "MILK",
              "SUN"
            ],
            "keepers": null,
            "result": [
              "PANTHER",
              "JIGSAW",
              "BANANA",
              "SUN",
              "ARMY",
              "ZEUS",
              "SANDWICH",
              "VIOLIN",
              "WALNUTS",
              "JELLYFISH",
              "MILK",
              "CAT"
            ],
            "result_count": null,
            "seed": null
          },
          "sensitive_attributes": []
        },
        {
          "index_key": 91,
          "schema_version": 0,
          "attributes": {
            "id": "-",
            "input": [
              "ARMY",
              "PANTHER",
              "WALNUTS",
              "SANDWICH",
              "ZEUS",
              "BANANA",
              "CAT",
              "JELLYFISH",
              "JIGSAW",
              "VIOLIN",
              "MILK",
              "SUN"
            ],
            "keepers": null,
            "result": [
              "JIGSAW",
              "CAT",
              "SUN",
              "PANTHER",
              "WALNUTS",
              "JELLYFISH",
              "BANANA",
              "VIOLIN",
              "ARMY",
              "ZEUS",
              "MILK",
              "SANDWICH"
            ],
            "result_count": null,
            "seed": null
          },
          "sensitive_attributes": []
        },
        {
          "index_key": 92,
          "schema_version": 0,
          "attributes": {
            "id": "-",
            "input": [
              "ARMY",
              "PANTHER",
              "WALNUTS",
              "SANDWICH",
              "ZEUS",
              "BANANA",
              "CAT",
              "JELLYFISH",
              "JIGSAW",
              "VIOLIN",
              "MILK",
              "SUN"
            ],
            "keepers": null,
            "result": [
              "SANDWICH",
              "MILK",
              "CAT",
              "VIOLIN",
              "ZEUS",
              "BANANA",
              "JIGSAW",
              "PANTHER",
              "WALNUTS",
              "JELLYFISH",
              "ARMY",
              "SUN"
            ],
            "result_count": null,
            "seed": null
          },
          "sensitive_attributes": []
        },
        {
          "index_key": 93,
          "schema_version": 0,
          "attributes": {
            "id": "-",
            "input": [
              "ARMY",
              "PANTHER",
              "WALNUTS",
              "SANDWICH",
              "ZEUS",
              "BANANA",
              "CAT",
              "JELLYFISH",
              "JIGSAW",
              "VIOLIN",
              "MILK",
              "SUN"
            ],
            "keepers": null,
            "result": [
              "CAT",
              "PANTHER",
              "BANANA",
              "WALNUTS",
              "ZEUS",
              "JIGSAW",
              "VIOLIN",
              "MILK",
              "SANDWICH",
              "JELLYFISH",
              "SUN",
              "ARMY"
            ],
            "result_count": null,
            "seed": null
          },
          "sensitive_attributes": []
        },
        {
          "index_key": 94,
          "schema_version": 0,
          "attributes": {
            "id": "-",
            "input": [
              "ARMY",
              "PANTHER",
              "WALNUTS",
              "SANDWICH",
              "ZEUS",
              "BANANA",
              "CAT",
              "JELLYFISH",
              "JIGSAW",
              "VIOLIN",
              "MILK",
              "SUN"
            ],
            "keepers": null,
            "result": [
              "VIOLIN",
              "WALNUTS",
              "SUN",
              "MILK",
              "JIGSAW",
              "ZEUS",
              "PANTHER",
              "SANDWICH",
              "BANANA",
              "ARMY",
              "JELLYFISH",
              "CAT"
            ],
            "result_count": null,
            "seed": null
          },
          "sensitive_attributes": []
        },
        {
          "index_key": 95,
          "schema_version": 0,
          "attributes": {
            "id": "-",
            "input": [
              "ARMY",
              "PANTHER",
              "WALNUTS",
              "SANDWICH",
              "ZEUS",
              "BANANA",
              "CAT",
              "JELLYFISH",
              "JIGSAW",
              "VIOLIN",
              "MILK",
              "SUN"
            ],
            "keepers": null,
            "result": [
              "SANDWICH",
              "BANANA",
              "CAT",
              "MILK",
              "PANTHER",
              "ZEUS",
              "JIGSAW",
              "ARMY",
              "JELLYFISH",
              "WALNUTS",
              "VIOLIN",
              "SUN"
            ],
            "result_count": null,
            "seed": null
          },
          "sensitive_attributes": []
        },
        {
          "index_key": 96,
          "schema_version": 0,
          "attributes": {
            "id": "-",
            "input": [
              "ARMY",
              "PANTHER",
              "WALNUTS",
              "SANDWICH",
              "ZEUS",
              "BANANA",
              "CAT",
              "JELLYFISH",
              "JIGSAW",
              "VIOLIN",
              "MILK",
              "SUN"
            ],
            "keepers": null,
            "result": [
              "WALNUTS",
              "BANANA",
              "ZEUS",
              "PANTHER",
              "CAT",
              "VIOLIN",
              "SANDWICH",
              "SUN",
              "MILK",
              "JELLYFISH",
              "JIGSAW",
              "ARMY"
            ],
            "result_count": null,
            "seed": null
          },
          "sensitive_attributes": []
        },
        {
          "index_key": 97,
          "schema_version": 0,
          "attributes": {
            "id": "-",
            "input": [
              "ARMY",
              "PANTHER",
              "WALNUTS",
              "SANDWICH",
              "ZEUS",
              "BANANA",
              "CAT",
              "JELLYFISH",
              "JIGSAW",
              "VIOLIN",
              "MILK",
              "SUN"
            ],
            "keepers": null,
            "result": [
              "VIOLIN",
              "ZEUS",
              "SANDWICH",
              "SUN",
              "PANTHER",
              "CAT",
              "WALNUTS",
              "JELLYFISH",
              "ARMY",
              "BANANA",
              "JIGSAW",
              "MILK"
            ],
            "result_count": null,
            "seed": null
          },
          "sensitive_attributes": []
        },
        {
          "index_key": 98,
          "schema_version": 0,
          "attributes": {
            "id": "-",
            "input": [
              "ARMY",
              "PANTHER",
              "WALNUTS",
              "SANDWICH",
              "ZEUS",
              "BANANA",
              "CAT",
              "JELLYFISH",
              "JIGSAW",
              "VIOLIN",
              "MILK",
              "SUN"
            ],
            "keepers": null,
            "result": [
              "SUN",
              "ARMY",
              "MILK",
              "PANTHER",
              "SANDWICH",
              "BANANA",
              "VIOLIN",
              "CAT",
              "JIGSAW",
              "WALNUTS",
              "JELLYFISH",
              "ZEUS"
            ],
            "result_count": null,
            "seed": null
          },
          "sensitive_attributes": []
        },
        {
          "index_key": 99,
          "schema_version": 0,
          "attributes": {
            "id": "-",
            "input": [
              "ARMY",
              "PANTHER",
              "WALNUTS",
              "SANDWICH",
              "ZEUS",
              "BANANA",
              "CAT",
              "JELLYFISH",
              "JIGSAW",
              "VIOLIN",
              "MILK",
              "SUN"
            ],
            "keepers": null,
            "result": [
              "VIOLIN",
              "JIGSAW",
              "SANDWICH",
              "ZEUS",
              "PANTHER",
              "WALNUTS",
              "BANANA",
              "CAT",
              "SUN",
              "MILK",
              "JELLYFISH",
              "ARMY"
            ],
            "result_count": null,
            "seed": null
          },
          "sensitive_attributes": []
        }
      ]
    },
    {
      "mode": "managed",
      "type": "random_shuffle",
      "name": "random_numbers",
      "provider": "provider[\"registry.terraform.io/hashicorp/random\"]",
      "instances": [
        {
          "index_key": 0,
          "schema_version": 0,
          "attributes": {
            "id": "-",
            "input": [
              "42",
              "27",
              "101",
              "73",
              "-5",
              "0"
            ],
            "keepers": null,
            "result": [
              "27",
              "101",
              "0",
              "42",
              "73",
              "-5"
            ],
            "result_count": null,
            "seed": null
          },
          "sensitive_attributes": []
        },
        {
          "index_key": 1,
          "schema_version": 0,
          "attributes": {
            "id": "-",
            "input": [
              "42",
              "27",
              "101",
              "73",
              "-5",
              "0"
            ],
            "keepers": null,
            "result": [
              "73",
              "0",
              "27",
              "42",
              "101",
              "-5"
            ],
            "result_count": null,
            "seed": null
          },
          "sensitive_attributes": []
        },
        {
          "index_key": 2,
          "schema_version": 0,
          "attributes": {
            "id": "-",
            "input": [
              "42",
              "27",
              "101",
              "73",
              "-5",
              "0"
            ],
            "keepers": null,
            "result": [
              "27",
              "101",
              "0",
              "73",
              "42",
              "-5"
            ],
            "result_count": null,
            "seed": null
          },
          "sensitive_attributes": []
        },
        {
          "index_key": 3,
          "schema_version": 0,
          "attributes": {
            "id": "-",
            "input": [
              "42",
              "27",
              "101",
              "73",
              "-5",
              "0"
            ],
            "keepers": null,
            "result": [
              "27",
              "42",
              "73",
              "101",
              "0",
              "-5"
            ],
            "result_count": null,
            "seed": null
          },
          "sensitive_attributes": []
        },
        {
          "index_key": 4,
          "schema_version": 0,
          "attributes": {
            "id": "-",
            "input": [
              "42",
              "27",
              "101",
              "73",
              "-5",
              "0"
            ],
            "keepers": null,
            "result": [
              "-5",
              "0",
              "73",
              "101",
              "42",
              "27"
            ],
            "result_count": null,
            "seed": null
          },
          "sensitive_attributes": []
        },
        {
          "index_key": 5,
          "schema_version": 0,
          "attributes": {
            "id": "-",
            "input": [
              "42",
              "27",
              "101",
              "73",
              "-5",
              "0"
            ],
            "keepers": null,
            "result": [
              "0",
              "101",
              "42",
              "-5",
              "73",
              "27"
            ],
            "result_count": null,
            "seed": null
          },
          "sensitive_attributes": []
        },
        {
          "index_key": 6,
          "schema_version": 0,
          "attributes": {
            "id": "-",
            "input": [
              "42",
              "27",
              "101",
              "73",
              "-5",
              "0"
            ],
            "keepers": null,
            "result": [
              "27",
              "73",
              "101",
              "-5",
              "42",
              "0"
            ],
            "result_count": null,
            "seed": null
          },
          "sensitive_attributes": []
        },
        {
          "index_key": 7,
          "schema_version": 0,
          "attributes": {
            "id": "-",
            "input": [
              "42",
              "27",
              "101",
              "73",
              "-5",
              "0"
            ],
            "keepers": null,
            "result": [
              "42",
              "27",
              "-5",
              "101",
              "73",
              "0"
            ],
            "result_count": null,
            "seed": null
          },
          "sensitive_attributes": []
        },
        {
          "index_key": 8,
          "schema_version": 0,
          "attributes": {
            "id": "-",
            "input": [
              "42",
              "27",
              "101",
              "73",
              "-5",
              "0"
            ],
            "keepers": null,
            "result": [
              "73",
              "27",
              "101",
              "0",
              "-5",
              "42"
            ],
            "result_count": null,
            "seed": null
          },
          "sensitive_attributes": []
        },
        {
          "index_key": 9,
          "schema_version": 0,
          "attributes": {
            "id": "-",
            "input": [
              "42",
              "27",
              "101",
              "73",
              "-5",
              "0"
            ],
            "keepers": null,
            "result": [
              "101",
              "-5",
              "73",
              "0",
              "27",
              "42"
            ],
            "result_count": null,
            "seed": null
          },
          "sensitive_attributes": []
        },
        {
          "index_key": 10,
          "schema_version": 0,
          "attributes": {
            "id": "-",
            "input": [
              "42",
              "27",
              "101",
              "73",
              "-5",
              "0"
            ],
            "keepers": null,
            "result": [
              "42",
              "73",
              "-5",
              "0",
              "101",
              "27"
            ],
            "result_count": null,
            "seed": null
          },
          "sensitive_attributes": []
        },
        {
          "index_key": 11,
          "schema_version": 0,
          "attributes": {
            "id": "-",
            "input": [
              "42",
              "27",
              "101",
              "73",
              "-5",
              "0"
            ],
            "keepers": null,
            "result": [
              "0",
              "-5",
              "42",
              "27",
              "101",
              "73"
            ],
            "result_count": null,
            "seed": null
          },
          "sensitive_attributes": []
        },
        {
          "index_key": 12,
          "schema_version": 0,
          "attributes": {
            "id": "-",
            "input": [
              "42",
              "27",
              "101",
              "73",
              "-5",
              "0"
            ],
            "keepers": null,
            "result": [
              "0",
              "-5",
              "73",
              "27",
              "101",
              "42"
            ],
            "result_count": null,
            "seed": null
          },
          "sensitive_attributes": []
        },
        {
          "index_key": 13,
          "schema_version": 0,
          "attributes": {
            "id": "-",
            "input": [
              "42",
              "27",
              "101",
              "73",
              "-5",
              "0"
            ],
            "keepers": null,
            "result": [
              "0",
              "101",
              "42",
              "27",
              "73",
              "-5"
            ],
            "result_count": null,
            "seed": null
          },
          "sensitive_attributes": []
        },
        {
          "index_key": 14,
          "schema_version": 0,
          "attributes": {
            "id": "-",
            "input": [
              "42",
              "27",
              "101",
              "73",
              "-5",
              "0"
            ],
            "keepers": null,
            "result": [
              "-5",
              "27",
              "101",
              "73",
              "0",
              "42"
            ],
            "result_count": null,
            "seed": null
          },
          "sensitive_attributes": []
        },
        {
          "index_key": 15,
          "schema_version": 0,
          "attributes": {
            "id": "-",
            "input": [
              "42",
              "27",
              "101",
              "73",
              "-5",
              "0"
            ],
            "keepers": null,
            "result": [
              "73",
              "42",
              "-5",
              "101",
              "27",
              "0"
            ],
            "result_count": null,
            "seed": null
          },
          "sensitive_attributes": []
        },
        {
          "index_key": 16,
          "schema_version": 0,
          "attributes": {
            "id": "-",
            "input": [
              "42",
              "27",
              "101",
              "73",
              "-5",
              "0"
            ],
            "keepers": null,
            "result": [
              "101",
              "0",
              "-5",
              "73",
              "42",
              "27"
            ],
            "result_count": null,
            "seed": null
          },
          "sensitive_attributes": []
        },
        {
          "index_key": 17,
          "schema_version": 0,
          "attributes": {
            "id": "-",
            "input": [
              "42",
              "27",
              "101",
              "73",
              "-5",
              "0"
            ],
            "keepers": null,
            "result": [
              "42",
              "101",
              "73",
              "0",
              "-5",
              "27"
            ],
            "result_count": null,
            "seed": null
          },
          "sensitive_attributes": []
        },
        {
          "index_key": 18,
          "schema_version": 0,
          "attributes": {
            "id": "-",
            "input": [
              "42",
              "27",
              "101",
              "73",
              "-5",
              "0"
            ],
            "keepers": null,
            "result": [
              "42",
              "-5",
              "27",
              "73",
              "0",
              "101"
            ],
            "result_count": null,
            "seed": null
          },
          "sensitive_attributes": []
        },
        {
          "index_key": 19,
          "schema_version": 0,
          "attributes": {
            "id": "-",
            "input": [
              "42",
              "27",
              "101",
              "73",
              "-5",
              "0"
            ],
            "keepers": null,
            "result": [
              "27",
              "73",
              "101",
              "42",
              "-5",
              "0"
            ],
            "result_count": null,
            "seed": null
          },
          "sensitive_attributes": []
        },
        {
          "index_key": 20,
          "schema_version": 0,
          "attributes": {
            "id": "-",
            "input": [
              "42",
              "27",
              "101",
              "73",
              "-5",
              "0"
            ],
            "keepers": null,
            "result": [
              "0",
              "73",
              "42",
              "27",
              "-5",
              "101"
            ],
            "result_count": null,
            "seed": null
          },
          "sensitive_attributes": []
        },
        {
          "index_key": 21,
          "schema_version": 0,
          "attributes": {
            "id": "-",
            "input": [
              "42",
              "27",
              "101",
              "73",
              "-5",
              "0"
            ],
            "keepers": null,
            "result": [
              "0",
              "27",
              "73",
              "101",
              "-5",
              "42"
            ],
            "result_count": null,
            "seed": null
          },
          "sensitive_attributes": []
        },
        {
          "index_key": 22,
          "schema_version": 0,
          "attributes": {
            "id": "-",
            "input": [
              "42",
              "27",
              "101",
              "73",
              "-5",
              "0"
            ],
            "keepers": null,
            "result": [
              "73",
              "101",
              "27",
              "-5",
              "42",
              "0"
            ],
            "result_count": null,
            "seed": null
          },
          "sensitive_attributes": []
        },
        {
          "index_key": 23,
          "schema_version": 0,
          "attributes": {
            "id": "-",
            "input": [
              "42",
              "27",
              "101",
              "73",
              "-5",
              "0"
            ],
            "keepers": null,
            "result": [
              "-5",
              "101",
              "42",
              "27",
              "0",
              "73"
            ],
            "result_count": null,
            "seed": null
          },
          "sensitive_attributes": []
        },
        {
          "index_key": 24,
          "schema_version": 0,
          "attributes": {
            "id": "-",
            "input": [
              "42",
              "27",
              "101",
              "73",
              "-5",
              "0"
            ],
            "keepers": null,
            "result": [
              "42",
              "73",
              "27",
              "0",
              "101",
              "-5"
            ],
            "result_count": null,
            "seed": null
          },
          "sensitive_attributes": []
        },
        {
          "index_key": 25,
          "schema_version": 0,
          "attributes": {
            "id": "-",
            "input": [
              "42",
              "27",
              "101",
              "73",
              "-5",
              "0"
            ],
            "keepers": null,
            "result": [
              "101",
              "0",
              "27",
              "42",
              "-5",
              "73"
            ],
            "result_count": null,
            "seed": null
          },
          "sensitive_attributes": []
        },
        {
          "index_key": 26,
          "schema_version": 0,
          "attributes": {
            "id": "-",
            "input": [
              "42",
              "27",
              "101",
              "73",
              "-5",
              "0"
            ],
            "keepers": null,
            "result": [
              "0",
              "101",
              "42",
              "-5",
              "27",
              "73"
            ],
            "result_count": null,
            "seed": null
          },
          "sensitive_attributes": []
        },
        {
          "index_key": 27,
          "schema_version": 0,
          "attributes": {
            "id": "-",
            "input": [
              "42",
              "27",
              "101",
              "73",
              "-5",
              "0"
            ],
            "keepers": null,
            "result": [
              "0",
              "42",
              "27",
              "101",
              "73",
              "-5"
            ],
            "result_count": null,
            "seed": null
          },
          "sensitive_attributes": []
        },
        {
          "index_key": 28,
          "schema_version": 0,
          "attributes": {
            "id": "-",
            "input": [
              "42",
              "27",
              "101",
              "73",
              "-5",
              "0"
            ],
            "keepers": null,
            "result": [
              "0",
              "27",
              "42",
              "73",
              "101",
              "-5"
            ],
            "result_count": null,
            "seed": null
          },
          "sensitive_attributes": []
        },
        {
          "index_key": 29,
          "schema_version": 0,
          "attributes": {
            "id": "-",
            "input": [
              "42",
              "27",
              "101",
              "73",
              "-5",
              "0"
            ],
            "keepers": null,
            "result": [
              "101",
              "-5",
              "42",
              "27",
              "73",
              "0"
            ],
            "result_count": null,
            "seed": null
          },
          "sensitive_attributes": []
        },
        {
          "index_key": 30,
          "schema_version": 0,
          "attributes": {
            "id": "-",
            "input": [
              "42",
              "27",
              "101",
              "73",
              "-5",
              "0"
            ],
            "keepers": null,
            "result": [
              "0",
              "27",
              "101",
              "-5",
              "42",
              "73"
            ],
            "result_count": null,
            "seed": null
          },
          "sensitive_attributes": []
        },
        {
          "index_key": 31,
          "schema_version": 0,
          "attributes": {
            "id": "-",
            "input": [
              "42",
              "27",
              "101",
              "73",
              "-5",
              "0"
            ],
            "keepers": null,
            "result": [
              "27",
              "-5",
              "42",
              "0",
              "101",
              "73"
            ],
            "result_count": null,
            "seed": null
          },
          "sensitive_attributes": []
        },
        {
          "index_key": 32,
          "schema_version": 0,
          "attributes": {
            "id": "-",
            "input": [
              "42",
              "27",
              "101",
              "73",
              "-5",
              "0"
            ],
            "keepers": null,
            "result": [
              "42",
              "27",
              "0",
              "101",
              "-5",
              "73"
            ],
            "result_count": null,
            "seed": null
          },
          "sensitive_attributes": []
        },
        {
          "index_key": 33,
          "schema_version": 0,
          "attributes": {
            "id": "-",
            "input": [
              "42",
              "27",
              "101",
              "73",
              "-5",
              "0"
            ],
            "keepers": null,
            "result": [
              "73",
              "42",
              "-5",
              "101",
              "0",
              "27"
            ],
            "result_count": null,
            "seed": null
          },
          "sensitive_attributes": []
        },
        {
          "index_key": 34,
          "schema_version": 0,
          "attributes": {
            "id": "-",
            "input": [
              "42",
              "27",
              "101",
              "73",
              "-5",
              "0"
            ],
            "keepers": null,
            "result": [
              "27",
              "73",
              "0",
              "-5",
              "101",
              "42"
            ],
            "result_count": null,
            "seed": null
          },
          "sensitive_attributes": []
        },
        {
          "index_key": 35,
          "schema_version": 0,
          "attributes": {
            "id": "-",
            "input": [
              "42",
              "27",
              "101",
              "73",
              "-5",
              "0"
            ],
            "keepers": null,
            "result": [
              "0",
              "27",
              "73",
              "42",
              "101",
              "-5"
            ],
            "result_count": null,
            "seed": null
          },
          "sensitive_attributes": []
        },
        {
          "index_key": 36,
          "schema_version": 0,
          "attributes": {
            "id": "-",
            "input": [
              "42",
              "27",
              "101",
              "73",
              "-5",
              "0"
            ],
            "keepers": null,
            "result": [
              "73",
              "42",
              "101",
              "0",
              "27",
              "-5"
            ],
            "result_count": null,
            "seed": null
          },
          "sensitive_attributes": []
        },
        {
          "index_key": 37,
          "schema_version": 0,
          "attributes": {
            "id": "-",
            "input": [
              "42",
              "27",
              "101",
              "73",
              "-5",
              "0"
            ],
            "keepers": null,
            "result": [
              "73",
              "-5",
              "42",
              "27",
              "0",
              "101"
            ],
            "result_count": null,
            "seed": null
          },
          "sensitive_attributes": []
        },
        {
          "index_key": 38,
          "schema_version": 0,
          "attributes": {
            "id": "-",
            "input": [
              "42",
              "27",
              "101",
              "73",
              "-5",
              "0"
            ],
            "keepers": null,
            "result": [
              "42",
              "73",
              "101",
              "-5",
              "0",
              "27"
            ],
            "result_count": null,
            "seed": null
          },
          "sensitive_attributes": []
        },
        {
          "index_key": 39,
          "schema_version": 0,
          "attributes": {
            "id": "-",
            "input": [
              "42",
              "27",
              "101",
              "73",
              "-5",
              "0"
            ],
            "keepers": null,
            "result": [
              "-5",
              "101",
              "73",
              "42",
              "27",
              "0"
            ],
            "result_count": null,
            "seed": null
          },
          "sensitive_attributes": []
        },
        {
          "index_key": 40,
          "schema_version": 0,
          "attributes": {
            "id": "-",
            "input": [
              "42",
              "27",
              "101",
              "73",
              "-5",
              "0"
            ],
            "keepers": null,
            "result": [
              "-5",
              "0",
              "42",
              "101",
              "73",
              "27"
            ],
            "result_count": null,
            "seed": null
          },
          "sensitive_attributes": []
        },
        {
          "index_key": 41,
          "schema_version": 0,
          "attributes": {
            "id": "-",
            "input": [
              "42",
              "27",
              "101",
              "73",
              "-5",
              "0"
            ],
            "keepers": null,
            "result": [
              "73",
              "0",
              "-5",
              "27",
              "101",
              "42"
            ],
            "result_count": null,
            "seed": null
          },
          "sensitive_attributes": []
        },
        {
          "index_key": 42,
          "schema_version": 0,
          "attributes": {
            "id": "-",
            "input": [
              "42",
              "27",
              "101",
              "73",
              "-5",
              "0"
            ],
            "keepers": null,
            "result": [
              "-5",
              "27",
              "73",
              "101",
              "0",
              "42"
            ],
            "result_count": null,
            "seed": null
          },
          "sensitive_attributes": []
        },
        {
          "index_key": 43,
          "schema_version": 0,
          "attributes": {
            "id": "-",
            "input": [
              "42",
              "27",
              "101",
              "73",
              "-5",
              "0"
            ],
            "keepers": null,
            "result": [
              "101",
              "-5",
              "27",
              "0",
              "42",
              "73"
            ],
            "result_count": null,
            "seed": null
          },
          "sensitive_attributes": []
        },
        {
          "index_key": 44,
          "schema_version": 0,
          "attributes": {
            "id": "-",
            "input": [
              "42",
              "27",
              "101",
              "73",
              "-5",
              "0"
            ],
            "keepers": null,
            "result": [
              "73",
              "101",
              "42",
              "27",
              "0",
              "-5"
            ],
            "result_count": null,
            "seed": null
          },
          "sensitive_attributes": []
        },
        {
          "index_key": 45,
          "schema_version": 0,
          "attributes": {
            "id": "-",
            "input": [
              "42",
              "27",
              "101",
              "73",
              "-5",
              "0"
            ],
            "keepers": null,
            "result": [
              "42",
              "0",
              "73",
              "101",
              "-5",
              "27"
            ],
            "result_count": null,
            "seed": null
          },
          "sensitive_attributes": []
        },
        {
          "index_key": 46,
          "schema_version": 0,
          "attributes": {
            "id": "-",
            "input": [
              "42",
              "27",
              "101",
              "73",
              "-5",
              "0"
            ],
            "keepers": null,
            "result": [
              "42",
              "0",
              "101",
              "73",
              "27",
              "-5"
            ],
            "result_count": null,
            "seed": null
          },
          "sensitive_attributes": []
        },
        {
          "index_key": 47,
          "schema_version": 0,
          "attributes": {
            "id": "-",
            "input": [
              "42",
              "27",
              "101",
              "73",
              "-5",
              "0"
            ],
            "keepers": null,
            "result": [
              "0",
              "-5",
              "42",
              "101",
              "27",
              "73"
            ],
            "result_count": null,
            "seed": null
          },
          "sensitive_attributes": []
        },
        {
          "index_key": 48,
          "schema_version": 0,
          "attributes": {
            "id": "-",
            "input": [
              "42",
              "27",
              "101",
              "73",
              "-5",
              "0"
            ],
            "keepers": null,
            "result": [
              "-5",
              "0",
              "42",
              "73",
              "27",
              "101"
            ],
            "result_count": null,
            "seed": null
          },
          "sensitive_attributes": []
        },
        {
          "index_key": 49,
          "schema_version": 0,
          "attributes": {
            "id": "-",
            "input": [
              "42",
              "27",
              "101",
              "73",
              "-5",
              "0"
            ],
            "keepers": null,
            "result": [
              "0",
              "27",
              "42",
              "73",
              "-5",
              "101"
            ],
            "result_count": null,
            "seed": null
          },
          "sensitive_attributes": []
        },
        {
          "index_key": 50,
          "schema_version": 0,
          "attributes": {
            "id": "-",
            "input": [
              "42",
              "27",
              "101",
              "73",
              "-5",
              "0"
            ],
            "keepers": null,
            "result": [
              "73",
              "27",
              "0",
              "101",
              "42",
              "-5"
            ],
            "result_count": null,
            "seed": null
          },
          "sensitive_attributes": []
        },
        {
          "index_key": 51,
          "schema_version": 0,
          "attributes": {
            "id": "-",
            "input": [
              "42",
              "27",
              "101",
              "73",
              "-5",
              "0"
            ],
            "keepers": null,
            "result": [
              "0",
              "27",
              "73",
              "101",
              "42",
              "-5"
            ],
            "result_count": null,
            "seed": null
          },
          "sensitive_attributes": []
        },
        {
          "index_key": 52,
          "schema_version": 0,
          "attributes": {
            "id": "-",
            "input": [
              "42",
              "27",
              "101",
              "73",
              "-5",
              "0"
            ],
            "keepers": null,
            "result": [
              "42",
              "0",
              "-5",
              "101",
              "27",
              "73"
            ],
            "result_count": null,
            "seed": null
          },
          "sensitive_attributes": []
        },
        {
          "index_key": 53,
          "schema_version": 0,
          "attributes": {
            "id": "-",
            "input": [
              "42",
              "27",
              "101",
              "73",
              "-5",
              "0"
            ],
            "keepers": null,
            "result": [
              "73",
              "42",
              "27",
              "101",
              "-5",
              "0"
            ],
            "result_count": null,
            "seed": null
          },
          "sensitive_attributes": []
        },
        {
          "index_key": 54,
          "schema_version": 0,
          "attributes": {
            "id": "-",
            "input": [
              "42",
              "27",
              "101",
              "73",
              "-5",
              "0"
            ],
            "keepers": null,
            "result": [
              "-5",
              "101",
              "27",
              "42",
              "73",
              "0"
            ],
            "result_count": null,
            "seed": null
          },
          "sensitive_attributes": []
        },
        {
          "index_key": 55,
          "schema_version": 0,
          "attributes": {
            "id": "-",
            "input": [
              "42",
              "27",
              "101",
              "73",
              "-5",
              "0"
            ],
            "keepers": null,
            "result": [
              "73",
              "0",
              "101",
              "27",
              "42",
              "-5"
            ],
            "result_count": null,
            "seed": null
          },
          "sensitive_attributes": []
        },
        {
          "index_key": 56,
          "schema_version": 0,
          "attributes": {
            "id": "-",
            "input": [
              "42",
              "27",
              "101",
              "73",
              "-5",
              "0"
            ],
            "keepers": null,
            "result": [
              "27",
              "101",
              "0",
              "73",
              "-5",
              "42"
            ],
            "result_count": null,
            "seed": null
          },
          "sensitive_attributes": []
        },
        {
          "index_key": 57,
          "schema_version": 0,
          "attributes": {
            "id": "-",
            "input": [
              "42",
              "27",
              "101",
              "73",
              "-5",
              "0"
            ],
            "keepers": null,
            "result": [
              "73",
              "0",
              "42",
              "101",
              "-5",
              "27"
            ],
            "result_count": null,
            "seed": null
          },
          "sensitive_attributes": []
        },
        {
          "index_key": 58,
          "schema_version": 0,
          "attributes": {
            "id": "-",
            "input": [
              "42",
              "27",
              "101",
              "73",
              "-5",
              "0"
            ],
            "keepers": null,
            "result": [
              "73",
              "42",
              "101",
              "0",
              "27",
              "-5"
            ],
            "result_count": null,
            "seed": null
          },
          "sensitive_attributes": []
        },
        {
          "index_key": 59,
          "schema_version": 0,
          "attributes": {
            "id": "-",
            "input": [
              "42",
              "27",
              "101",
              "73",
              "-5",
              "0"
            ],
            "keepers": null,
            "result": [
              "42",
              "27",
              "73",
              "0",
              "-5",
              "101"
            ],
            "result_count": null,
            "seed": null
          },
          "sensitive_attributes": []
        },
        {
          "index_key": 60,
          "schema_version": 0,
          "attributes": {
            "id": "-",
            "input": [
              "42",
              "27",
              "101",
              "73",
              "-5",
              "0"
            ],
            "keepers": null,
            "result": [
              "101",
              "27",
              "-5",
              "0",
              "73",
              "42"
            ],
            "result_count": null,
            "seed": null
          },
          "sensitive_attributes": []
        },
        {
          "index_key": 61,
          "schema_version": 0,
          "attributes": {
            "id": "-",
            "input": [
              "42",
              "27",
              "101",
              "73",
              "-5",
              "0"
            ],
            "keepers": null,
            "result": [
              "0",
              "-5",
              "42",
              "27",
              "101",
              "73"
            ],
            "result_count": null,
            "seed": null
          },
          "sensitive_attributes": []
        },
        {
          "index_key": 62,
          "schema_version": 0,
          "attributes": {
            "id": "-",
            "input": [
              "42",
              "27",
              "101",
              "73",
              "-5",
              "0"
            ],
            "keepers": null,
            "result": [
              "0",
              "-5",
              "101",
              "73",
              "27",
              "42"
            ],
            "result_count": null,
            "seed": null
          },
          "sensitive_attributes": []
        },
        {
          "index_key": 63,
          "schema_version": 0,
          "attributes": {
            "id": "-",
            "input": [
              "42",
              "27",
              "101",
              "73",
              "-5",
              "0"
            ],
            "keepers": null,
            "result": [
              "73",
              "101",
              "0",
              "27",
              "-5",
              "42"
            ],
            "result_count": null,
            "seed": null
          },
          "sensitive_attributes": []
        },
        {
          "index_key": 64,
          "schema_version": 0,
          "attributes": {
            "id": "-",
            "input": [
              "42",
              "27",
              "101",
              "73",
              "-5",
              "0"
            ],
            "keepers": null,
            "result": [
              "0",
              "-5",
              "73",
              "27",
              "42",
              "101"
            ],
            "result_count": null,
            "seed": null
          },
          "sensitive_attributes": []
        },
        {
          "index_key": 65,
          "schema_version": 0,
          "attributes": {
            "id": "-",
            "input": [
              "42",
              "27",
              "101",
              "73",
              "-5",
              "0"
            ],
            "keepers": null,
            "result": [
              "42",
              "101",
              "-5",
              "0",
              "73",
              "27"
            ],
            "result_count": null,
            "seed": null
          },
          "sensitive_attributes": []
        },
        {
          "index_key": 66,
          "schema_version": 0,
          "attributes": {
            "id": "-",
            "input": [
              "42",
              "27",
              "101",
              "73",
              "-5",
              "0"
            ],
            "keepers": null,
            "result": [
              "101",
              "73",
              "42",
              "27",
              "0",
              "-5"
            ],
            "result_count": null,
            "seed": null
          },
          "sensitive_attributes": []
        },
        {
          "index_key": 67,
          "schema_version": 0,
          "attributes": {
            "id": "-",
            "input": [
              "42",
              "27",
              "101",
              "73",
              "-5",
              "0"
            ],
            "keepers": null,
            "result": [
              "0",
              "-5",
              "73",
              "42",
              "27",
              "101"
            ],
            "result_count": null,
            "seed": null
          },
          "sensitive_attributes": []
        },
        {
          "index_key": 68,
          "schema_version": 0,
          "attributes": {
            "id": "-",
            "input": [
              "42",
              "27",
              "101",
              "73",
              "-5",
              "0"
            ],
            "keepers": null,
            "result": [
              "27",
              "0",
              "42",
              "101",
              "-5",
              "73"
            ],
            "result_count": null,
            "seed": null
          },
          "sensitive_attributes": []
        },
        {
          "index_key": 69,
          "schema_version": 0,
          "attributes": {
            "id": "-",
            "input": [
              "42",
              "27",
              "101",
              "73",
              "-5",
              "0"
            ],
            "keepers": null,
            "result": [
              "42",
              "-5",
              "27",
              "73",
              "101",
              "0"
            ],
            "result_count": null,
            "seed": null
          },
          "sensitive_attributes": []
        },
        {
          "index_key": 70,
          "schema_version": 0,
          "attributes": {
            "id": "-",
            "input": [
              "42",
              "27",
              "101",
              "73",
              "-5",
              "0"
            ],
            "keepers": null,
            "result": [
              "-5",
              "42",
              "27",
              "0",
              "101",
              "73"
            ],
            "result_count": null,
            "seed": null
          },
          "sensitive_attributes": []
        },
        {
          "index_key": 71,
          "schema_version": 0,
          "attributes": {
            "id": "-",
            "input": [
              "42",
              "27",
              "101",
              "73",
              "-5",
              "0"
            ],
            "keepers": null,
            "result": [
              "73",
              "0",
              "-5",
              "42",
              "101",
              "27"
            ],
            "result_count": null,
            "seed": null
          },
          "sensitive_attributes": []
        },
        {
          "index_key": 72,
          "schema_version": 0,
          "attributes": {
            "id": "-",
            "input": [
              "42",
              "27",
              "101",
              "73",
              "-5",
              "0"
            ],
            "keepers": null,
            "result": [
              "73",
              "-5",
              "42",
              "27",
              "101",
              "0"
            ],
            "result_count": null,
            "seed": null
          },
          "sensitive_attributes": []
        },
        {
          "index_key": 73,
          "schema_version": 0,
          "attributes": {
            "id": "-",
            "input": [
              "42",
              "27",
              "101",
              "73",
              "-5",
              "0"
            ],
            "keepers": null,
            "result": [
              "0",
              "73",
              "27",
              "-5",
              "101",
              "42"
            ],
            "result_count": null,
            "seed": null
          },
          "sensitive_attributes": []
        },
        {
          "index_key": 74,
          "schema_version": 0,
          "attributes": {
            "id": "-",
            "input": [
              "42",
              "27",
              "101",
              "73",
              "-5",
              "0"
            ],
            "keepers": null,
            "result": [
              "101",
              "73",
              "-5",
              "0",
              "42",
              "27"
            ],
            "result_count": null,
            "seed": null
          },
          "sensitive_attributes": []
        },
        {
          "index_key": 75,
          "schema_version": 0,
          "attributes": {
            "id": "-",
            "input": [
              "42",
              "27",
              "101",
              "73",
              "-5",
              "0"
            ],
            "keepers": null,
            "result": [
              "42",
              "27",
              "0",
              "73",
              "101",
              "-5"
            ],
            "result_count": null,
            "seed": null
          },
          "sensitive_attributes": []
        },
        {
          "index_key": 76,
          "schema_version": 0,
          "attributes": {
            "id": "-",
            "input": [
              "42",
              "27",
              "101",
              "73",
              "-5",
              "0"
            ],
            "keepers": null,
            "result": [
              "73",
              "-5",
              "27",
              "0",
              "101",
              "42"
            ],
            "result_count": null,
            "seed": null
          },
          "sensitive_attributes": []
        },
        {
          "index_key": 77,
          "schema_version": 0,
          "attributes": {
            "id": "-",
            "input": [
              "42",
              "27",
              "101",
              "73",
              "-5",
              "0"
            ],
            "keepers": null,
            "result": [
              "-5",
              "101",
              "73",
              "27",
              "0",
              "42"
            ],
            "result_count": null,
            "seed": null
          },
          "sensitive_attributes": []
        },
        {
          "index_key": 78,
          "schema_version": 0,
          "attributes": {
            "id": "-",
            "input": [
              "42",
              "27",
              "101",
              "73",
              "-5",
              "0"
            ],
            "keepers": null,
            "result": [
              "27",
              "0",
              "101",
              "-5",
              "73",
              "42"
            ],
            "result_count": null,
            "seed": null
          },
          "sensitive_attributes": []
        },
        {
          "index_key": 79,
          "schema_version": 0,
          "attributes": {
            "id": "-",
            "input": [
              "42",
              "27",
              "101",
              "73",
              "-5",
              "0"
            ],
            "keepers": null,
            "result": [
              "27",
              "0",
              "73",
              "-5",
              "42",
              "101"
            ],
            "result_count": null,
            "seed": null
          },
          "sensitive_attributes": []
        },
        {
          "index_key": 80,
          "schema_version": 0,
          "attributes": {
            "id": "-",
            "input": [
              "42",
              "27",
              "101",
              "73",
              "-5",
              "0"
            ],
            "keepers": null,
            "result": [
              "101",
              "-5",
              "42",
              "0",
              "73",
              "27"
            ],
            "result_count": null,
            "seed": null
          },
          "sensitive_attributes": []
        },
        {
          "index_key": 81,
          "schema_version": 0,
          "attributes": {
            "id": "-",
            "input": [
              "42",
              "27",
              "101",
              "73",
              "-5",
              "0"
            ],
            "keepers": null,
            "result": [
              "0",
              "101",
              "42",
              "73",
              "-5",
              "27"
            ],
            "result_count": null,
            "seed": null
          },
          "sensitive_attributes": []
        },
        {
          "index_key": 82,
          "schema_version": 0,
          "attributes": {
            "id": "-",
            "input": [
              "42",
              "27",
              "101",
              "73",
              "-5",
              "0"
            ],
            "keepers": null,
            "result": [
              "101",
              "73",
              "42",
              "0",
              "-5",
              "27"
            ],
            "result_count": null,
            "seed": null
          },
          "sensitive_attributes": []
        },
        {
          "index_key": 83,
          "schema_version": 0,
          "attributes": {
            "id": "-",
            "input": [
              "42",
              "27",
              "101",
              "73",
              "-5",
              "0"
            ],
            "keepers": null,
            "result": [
              "-5",
              "73",
              "0",
              "42",
              "27",
              "101"
            ],
            "result_count": null,
            "seed": null
          },
          "sensitive_attributes": []
        },
        {
          "index_key": 84,
          "schema_version": 0,
          "attributes": {
            "id": "-",
            "input": [
              "42",
              "27",
              "101",
              "73",
              "-5",
              "0"
            ],
            "keepers": null,
            "result": [
              "-5",
              "42",
              "27",
              "73",
              "0",
              "101"
            ],
            "result_count": null,
            "seed": null
          },
          "sensitive_attributes": []
        },
        {
          "index_key": 85,
          "schema_version": 0,
          "attributes": {
            "id": "-",
            "input": [
              "42",
              "27",
              "101",
              "73",
              "-5",
              "0"
            ],
            "keepers": null,
            "result": [
              "73",
              "-5",
              "27",
              "42",
              "0",
              "101"
            ],
            "result_count": null,
            "seed": null
          },
          "sensitive_attributes": []
        },
        {
          "index_key": 86,
          "schema_version": 0,
          "attributes": {
            "id": "-",
            "input": [
              "42",
              "27",
              "101",
              "73",
              "-5",
              "0"
            ],
            "keepers": null,
            "result": [
              "42",
              "73",
              "0",
              "101",
              "-5",
              "27"
            ],
            "result_count": null,
            "seed": null
          },
          "sensitive_attributes": []
        },
        {
          "index_key": 87,
          "schema_version": 0,
          "attributes": {
            "id": "-",
            "input": [
              "42",
              "27",
              "101",
              "73",
              "-5",
              "0"
            ],
            "keepers": null,
            "result": [
              "0",
              "101",
              "42",
              "27",
              "73",
              "-5"
            ],
            "result_count": null,
            "seed": null
          },
          "sensitive_attributes": []
        },
        {
          "index_key": 88,
          "schema_version": 0,
          "attributes": {
            "id": "-",
            "input": [
              "42",
              "27",
              "101",
              "73",
              "-5",
              "0"
            ],
            "keepers": null,
            "result": [
              "27",
              "42",
              "-5",
              "0",
              "101",
              "73"
            ],
            "result_count": null,
            "seed": null
          },
          "sensitive_attributes": []
        },
        {
          "index_key": 89,
          "schema_version": 0,
          "attributes": {
            "id": "-",
            "input": [
              "42",
              "27",
              "101",
              "73",
              "-5",
              "0"
            ],
            "keepers": null,
            "result": [
              "0",
              "73",
              "-5",
              "27",
              "42",
              "101"
            ],
            "result_count": null,
            "seed": null
          },
          "sensitive_attributes": []
        },
        {
          "index_key": 90,
          "schema_version": 0,
          "attributes": {
            "id": "-",
            "input": [
              "42",
              "27",
              "101",
              "73",
              "-5",
              "0"
            ],
            "keepers": null,
            "result": [
              "27",
              "73",
              "0",
              "-5",
              "101",
              "42"
            ],
            "result_count": null,
            "seed": null
          },
          "sensitive_attributes": []
        },
        {
          "index_key": 91,
          "schema_version": 0,
          "attributes": {
            "id": "-",
            "input": [
              "42",
              "27",
              "101",
              "73",
              "-5",
              "0"
            ],
            "keepers": null,
            "result": [
              "27",
              "101",
              "-5",
              "42",
              "0",
              "73"
            ],
            "result_count": null,
            "seed": null
          },
          "sensitive_attributes": []
        },
        {
          "index_key": 92,
          "schema_version": 0,
          "attributes": {
            "id": "-",
            "input": [
              "42",
              "27",
              "101",
              "73",
              "-5",
              "0"
            ],
            "keepers": null,
            "result": [
              "101",
              "42",
              "27",
              "73",
              "0",
              "-5"
            ],
            "result_count": null,
            "seed": null
          },
          "sensitive_attributes": []
        },
        {
          "index_key": 93,
          "schema_version": 0,
          "attributes": {
            "id": "-",
            "input": [
              "42",
              "27",
              "101",
              "73",
              "-5",
              "0"
            ],
            "keepers": null,
            "result": [
              "0",
              "-5",
              "42",
              "73",
              "27",
              "101"
            ],
            "result_count": null,
            "seed": null
          },
          "sensitive_attributes": []
        },
        {
          "index_key": 94,
          "schema_version": 0,
          "attributes": {
            "id": "-",
            "input": [
              "42",
              "27",
              "101",
              "73",
              "-5",
              "0"
            ],
            "keepers": null,
            "result": [
              "73",
              "42",
              "27",
              "101",
              "-5",
              "0"
            ],
            "result_count": null,
            "seed": null
          },
          "sensitive_attributes": []
        },
        {
          "index_key": 95,
          "schema_version": 0,
          "attributes": {
            "id": "-",
            "input": [
              "42",
              "27",
              "101",
              "73",
              "-5",
              "0"
            ],
            "keepers": null,
            "result": [
              "73",
              "27",
              "101",
              "-5",
              "0",
              "42"
            ],
            "result_count": null,
            "seed": null
          },
          "sensitive_attributes": []
        },
        {
          "index_key": 96,
          "schema_version": 0,
          "attributes": {
            "id": "-",
            "input": [
              "42",
              "27",
              "101",
              "73",
              "-5",
              "0"
            ],
            "keepers": null,
            "result": [
              "-5",
              "42",
              "101",
              "73",
              "0",
              "27"
            ],
            "result_count": null,
            "seed": null
          },
          "sensitive_attributes": []
        },
        {
          "index_key": 97,
          "schema_version": 0,
          "attributes": {
            "id": "-",
            "input": [
              "42",
              "27",
              "101",
              "73",
              "-5",
              "0"
            ],
            "keepers": null,
            "result": [
              "27",
              "101",
              "73",
              "0",
              "-5",
              "42"
            ],
            "result_count": null,
            "seed": null
          },
          "sensitive_attributes": []
        },
        {
          "index_key": 98,
          "schema_version": 0,
          "attributes": {
            "id": "-",
            "input": [
              "42",
              "27",
              "101",
              "73",
              "-5",
              "0"
            ],
            "keepers": null,
            "result": [
              "42",
              "-5",
              "0",
              "27",
              "101",
              "73"
            ],
            "result_count": null,
            "seed": null
          },
          "sensitive_attributes": []
        },
        {
          "index_key": 99,
          "schema_version": 0,
          "attributes": {
            "id": "-",
            "input": [
              "42",
              "27",
              "101",
              "73",
              "-5",
              "0"
            ],
            "keepers": null,
            "result": [
              "73",
              "27",
              "42",
              "-5",
              "0",
              "101"
            ],
            "result_count": null,
            "seed": null
          },
          "sensitive_attributes": []
        }
      ]
    },
    {
      "mode": "managed",
      "type": "random_shuffle",
      "name": "random_verbs",
      "provider": "provider[\"registry.terraform.io/hashicorp/random\"]",
      "instances": [
        {
          "index_key": 0,
          "schema_version": 0,
          "attributes": {
            "id": "-",
            "input": [
              "RUN",
              "DANCE",
              "LOVE",
              "RESPECT",
              "KICKED",
              "BAKED"
            ],
            "keepers": null,
            "result": [
              "LOVE",
              "RUN",
              "DANCE",
              "RESPECT",
              "BAKED",
              "KICKED"
            ],
            "result_count": null,
            "seed": null
          },
          "sensitive_attributes": []
        },
        {
          "index_key": 1,
          "schema_version": 0,
          "attributes": {
            "id": "-",
            "input": [
              "RUN",
              "DANCE",
              "LOVE",
              "RESPECT",
              "KICKED",
              "BAKED"
            ],
            "keepers": null,
            "result": [
              "BAKED",
              "LOVE",
              "DANCE",
              "RUN",
              "RESPECT",
              "KICKED"
            ],
            "result_count": null,
            "seed": null
          },
          "sensitive_attributes": []
        },
        {
          "index_key": 2,
          "schema_version": 0,
          "attributes": {
            "id": "-",
            "input": [
              "RUN",
              "DANCE",
              "LOVE",
              "RESPECT",
              "KICKED",
              "BAKED"
            ],
            "keepers": null,
            "result": [
              "DANCE",
              "BAKED",
              "RESPECT",
              "RUN",
              "LOVE",
              "KICKED"
            ],
            "result_count": null,
            "seed": null
          },
          "sensitive_attributes": []
        },
        {
          "index_key": 3,
          "schema_version": 0,
          "attributes": {
            "id": "-",
            "input": [
              "RUN",
              "DANCE",
              "LOVE",
              "RESPECT",
              "KICKED",
              "BAKED"
            ],
            "keepers": null,
            "result": [
              "KICKED",
              "LOVE",
              "RUN",
              "DANCE",
              "BAKED",
              "RESPECT"
            ],
            "result_count": null,
            "seed": null
          },
          "sensitive_attributes": []
        },
        {
          "index_key": 4,
          "schema_version": 0,
          "attributes": {
            "id": "-",
            "input": [
              "RUN",
              "DANCE",
              "LOVE",
              "RESPECT",
              "KICKED",
              "BAKED"
            ],
            "keepers": null,
            "result": [
              "KICKED",
              "RUN",
              "RESPECT",
              "DANCE",
              "LOVE",
              "BAKED"
            ],
            "result_count": null,
            "seed": null
          },
          "sensitive_attributes": []
        },
        {
          "index_key": 5,
          "schema_version": 0,
          "attributes": {
            "id": "-",
            "input": [
              "RUN",
              "DANCE",
              "LOVE",
              "RESPECT",
              "KICKED",
              "BAKED"
            ],
            "keepers": null,
            "result": [
              "KICKED",
              "DANCE",
              "BAKED",
              "RUN",
              "LOVE",
              "RESPECT"
            ],
            "result_count": null,
            "seed": null
          },
          "sensitive_attributes": []
        },
        {
          "index_key": 6,
          "schema_version": 0,
          "attributes": {
            "id": "-",
            "input": [
              "RUN",
              "DANCE",
              "LOVE",
              "RESPECT",
              "KICKED",
              "BAKED"
            ],
            "keepers": null,
            "result": [
              "KICKED",
              "LOVE",
              "BAKED",
              "DANCE",
              "RESPECT",
              "RUN"
            ],
            "result_count": null,
            "seed": null
          },
          "sensitive_attributes": []
        },
        {
          "index_key": 7,
          "schema_version": 0,
          "attributes": {
            "id": "-",
            "input": [
              "RUN",
              "DANCE",
              "LOVE",
              "RESPECT",
              "KICKED",
              "BAKED"
            ],
            "keepers": null,
            "result": [
              "RESPECT",
              "BAKED",
              "KICKED",
              "DANCE",
              "LOVE",
              "RUN"
            ],
            "result_count": null,
            "seed": null
          },
          "sensitive_attributes": []
        },
        {
          "index_key": 8,
          "schema_version": 0,
          "attributes": {
            "id": "-",
            "input": [
              "RUN",
              "DANCE",
              "LOVE",
              "RESPECT",
              "KICKED",
              "BAKED"
            ],
            "keepers": null,
            "result": [
              "DANCE",
              "RUN",
              "BAKED",
              "RESPECT",
              "LOVE",
              "KICKED"
            ],
            "result_count": null,
            "seed": null
          },
          "sensitive_attributes": []
        },
        {
          "index_key": 9,
          "schema_version": 0,
          "attributes": {
            "id": "-",
            "input": [
              "RUN",
              "DANCE",
              "LOVE",
              "RESPECT",
              "KICKED",
              "BAKED"
            ],
            "keepers": null,
            "result": [
              "BAKED",
              "DANCE",
              "RUN",
              "RESPECT",
              "KICKED",
              "LOVE"
            ],
            "result_count": null,
            "seed": null
          },
          "sensitive_attributes": []
        },
        {
          "index_key": 10,
          "schema_version": 0,
          "attributes": {
            "id": "-",
            "input": [
              "RUN",
              "DANCE",
              "LOVE",
              "RESPECT",
              "KICKED",
              "BAKED"
            ],
            "keepers": null,
            "result": [
              "DANCE",
              "KICKED",
              "RUN",
              "RESPECT",
              "LOVE",
              "BAKED"
            ],
            "result_count": null,
            "seed": null
          },
          "sensitive_attributes": []
        },
        {
          "index_key": 11,
          "schema_version": 0,
          "attributes": {
            "id": "-",
            "input": [
              "RUN",
              "DANCE",
              "LOVE",
              "RESPECT",
              "KICKED",
              "BAKED"
            ],
            "keepers": null,
            "result": [
              "DANCE",
              "BAKED",
              "KICKED",
              "RESPECT",
              "RUN",
              "LOVE"
            ],
            "result_count": null,
            "seed": null
          },
          "sensitive_attributes": []
        },
        {
          "index_key": 12,
          "schema_version": 0,
          "attributes": {
            "id": "-",
            "input": [
              "RUN",
              "DANCE",
              "LOVE",
              "RESPECT",
              "KICKED",
              "BAKED"
            ],
            "keepers": null,
            "result": [
              "LOVE",
              "KICKED",
              "BAKED",
              "RUN",
              "DANCE",
              "RESPECT"
            ],
            "result_count": null,
            "seed": null
          },
          "sensitive_attributes": []
        },
        {
          "index_key": 13,
          "schema_version": 0,
          "attributes": {
            "id": "-",
            "input": [
              "RUN",
              "DANCE",
              "LOVE",
              "RESPECT",
              "KICKED",
              "BAKED"
            ],
            "keepers": null,
            "result": [
              "KICKED",
              "LOVE",
              "BAKED",
              "RESPECT",
              "RUN",
              "DANCE"
            ],
            "result_count": null,
            "seed": null
          },
          "sensitive_attributes": []
        },
        {
          "index_key": 14,
          "schema_version": 0,
          "attributes": {
            "id": "-",
            "input": [
              "RUN",
              "DANCE",
              "LOVE",
              "RESPECT",
              "KICKED",
              "BAKED"
            ],
            "keepers": null,
            "result": [
              "LOVE",
              "KICKED",
              "RUN",
              "BAKED",
              "RESPECT",
              "DANCE"
            ],
            "result_count": null,
            "seed": null
          },
          "sensitive_attributes": []
        },
        {
          "index_key": 15,
          "schema_version": 0,
          "attributes": {
            "id": "-",
            "input": [
              "RUN",
              "DANCE",
              "LOVE",
              "RESPECT",
              "KICKED",
              "BAKED"
            ],
            "keepers": null,
            "result": [
              "KICKED",
              "BAKED",
              "DANCE",
              "RUN",
              "LOVE",
              "RESPECT"
            ],
            "result_count": null,
            "seed": null
          },
          "sensitive_attributes": []
        },
        {
          "index_key": 16,
          "schema_version": 0,
          "attributes": {
            "id": "-",
            "input": [
              "RUN",
              "DANCE",
              "LOVE",
              "RESPECT",
              "KICKED",
              "BAKED"
            ],
            "keepers": null,
            "result": [
              "DANCE",
              "KICKED",
              "LOVE",
              "RESPECT",
              "BAKED",
              "RUN"
            ],
            "result_count": null,
            "seed": null
          },
          "sensitive_attributes": []
        },
        {
          "index_key": 17,
          "schema_version": 0,
          "attributes": {
            "id": "-",
            "input": [
              "RUN",
              "DANCE",
              "LOVE",
              "RESPECT",
              "KICKED",
              "BAKED"
            ],
            "keepers": null,
            "result": [
              "RESPECT",
              "LOVE",
              "RUN",
              "DANCE",
              "BAKED",
              "KICKED"
            ],
            "result_count": null,
            "seed": null
          },
          "sensitive_attributes": []
        },
        {
          "index_key": 18,
          "schema_version": 0,
          "attributes": {
            "id": "-",
            "input": [
              "RUN",
              "DANCE",
              "LOVE",
              "RESPECT",
              "KICKED",
              "BAKED"
            ],
            "keepers": null,
            "result": [
              "RESPECT",
              "RUN",
              "LOVE",
              "DANCE",
              "KICKED",
              "BAKED"
            ],
            "result_count": null,
            "seed": null
          },
          "sensitive_attributes": []
        },
        {
          "index_key": 19,
          "schema_version": 0,
          "attributes": {
            "id": "-",
            "input": [
              "RUN",
              "DANCE",
              "LOVE",
              "RESPECT",
              "KICKED",
              "BAKED"
            ],
            "keepers": null,
            "result": [
              "RESPECT",
              "KICKED",
              "RUN",
              "BAKED",
              "DANCE",
              "LOVE"
            ],
            "result_count": null,
            "seed": null
          },
          "sensitive_attributes": []
        },
        {
          "index_key": 20,
          "schema_version": 0,
          "attributes": {
            "id": "-",
            "input": [
              "RUN",
              "DANCE",
              "LOVE",
              "RESPECT",
              "KICKED",
              "BAKED"
            ],
            "keepers": null,
            "result": [
              "LOVE",
              "RESPECT",
              "RUN",
              "DANCE",
              "KICKED",
              "BAKED"
            ],
            "result_count": null,
            "seed": null
          },
          "sensitive_attributes": []
        },
        {
          "index_key": 21,
          "schema_version": 0,
          "attributes": {
            "id": "-",
            "input": [
              "RUN",
              "DANCE",
              "LOVE",
              "RESPECT",
              "KICKED",
              "BAKED"
            ],
            "keepers": null,
            "result": [
              "DANCE",
              "RESPECT",
              "LOVE",
              "RUN",
              "BAKED",
              "KICKED"
            ],
            "result_count": null,
            "seed": null
          },
          "sensitive_attributes": []
        },
        {
          "index_key": 22,
          "schema_version": 0,
          "attributes": {
            "id": "-",
            "input": [
              "RUN",
              "DANCE",
              "LOVE",
              "RESPECT",
              "KICKED",
              "BAKED"
            ],
            "keepers": null,
            "result": [
              "BAKED",
              "RESPECT",
              "LOVE",
              "DANCE",
              "KICKED",
              "RUN"
            ],
            "result_count": null,
            "seed": null
          },
          "sensitive_attributes": []
        },
        {
          "index_key": 23,
          "schema_version": 0,
          "attributes": {
            "id": "-",
            "input": [
              "RUN",
              "DANCE",
              "LOVE",
              "RESPECT",
              "KICKED",
              "BAKED"
            ],
            "keepers": null,
            "result": [
              "RESPECT",
              "KICKED",
              "DANCE",
              "LOVE",
              "RUN",
              "BAKED"
            ],
            "result_count": null,
            "seed": null
          },
          "sensitive_attributes": []
        },
        {
          "index_key": 24,
          "schema_version": 0,
          "attributes": {
            "id": "-",
            "input": [
              "RUN",
              "DANCE",
              "LOVE",
              "RESPECT",
              "KICKED",
              "BAKED"
            ],
            "keepers": null,
            "result": [
              "BAKED",
              "KICKED",
              "RESPECT",
              "DANCE",
              "LOVE",
              "RUN"
            ],
            "result_count": null,
            "seed": null
          },
          "sensitive_attributes": []
        },
        {
          "index_key": 25,
          "schema_version": 0,
          "attributes": {
            "id": "-",
            "input": [
              "RUN",
              "DANCE",
              "LOVE",
              "RESPECT",
              "KICKED",
              "BAKED"
            ],
            "keepers": null,
            "result": [
              "RESPECT",
              "DANCE",
              "KICKED",
              "BAKED",
              "RUN",
              "LOVE"
            ],
            "result_count": null,
            "seed": null
          },
          "sensitive_attributes": []
        },
        {
          "index_key": 26,
          "schema_version": 0,
          "attributes": {
            "id": "-",
            "input": [
              "RUN",
              "DANCE",
              "LOVE",
              "RESPECT",
              "KICKED",
              "BAKED"
            ],
            "keepers": null,
            "result": [
              "BAKED",
              "LOVE",
              "RUN",
              "RESPECT",
              "KICKED",
              "DANCE"
            ],
            "result_count": null,
            "seed": null
          },
          "sensitive_attributes": []
        },
        {
          "index_key": 27,
          "schema_version": 0,
          "attributes": {
            "id": "-",
            "input": [
              "RUN",
              "DANCE",
              "LOVE",
              "RESPECT",
              "KICKED",
              "BAKED"
            ],
            "keepers": null,
            "result": [
              "LOVE",
              "RUN",
              "BAKED",
              "RESPECT",
              "KICKED",
              "DANCE"
            ],
            "result_count": null,
            "seed": null
          },
          "sensitive_attributes": []
        },
        {
          "index_key": 28,
          "schema_version": 0,
          "attributes": {
            "id": "-",
            "input": [
              "RUN",
              "DANCE",
              "LOVE",
              "RESPECT",
              "KICKED",
              "BAKED"
            ],
            "keepers": null,
            "result": [
              "RUN",
              "LOVE",
              "KICKED",
              "DANCE",
              "BAKED",
              "RESPECT"
            ],
            "result_count": null,
            "seed": null
          },
          "sensitive_attributes": []
        },
        {
          "index_key": 29,
          "schema_version": 0,
          "attributes": {
            "id": "-",
            "input": [
              "RUN",
              "DANCE",
              "LOVE",
              "RESPECT",
              "KICKED",
              "BAKED"
            ],
            "keepers": null,
            "result": [
              "LOVE",
              "DANCE",
              "BAKED",
              "RUN",
              "RESPECT",
              "KICKED"
            ],
            "result_count": null,
            "seed": null
          },
          "sensitive_attributes": []
        },
        {
          "index_key": 30,
          "schema_version": 0,
          "attributes": {
            "id": "-",
            "input": [
              "RUN",
              "DANCE",
              "LOVE",
              "RESPECT",
              "KICKED",
              "BAKED"
            ],
            "keepers": null,
            "result": [
              "KICKED",
              "LOVE",
              "RUN",
              "BAKED",
              "RESPECT",
              "DANCE"
            ],
            "result_count": null,
            "seed": null
          },
          "sensitive_attributes": []
        },
        {
          "index_key": 31,
          "schema_version": 0,
          "attributes": {
            "id": "-",
            "input": [
              "RUN",
              "DANCE",
              "LOVE",
              "RESPECT",
              "KICKED",
              "BAKED"
            ],
            "keepers": null,
            "result": [
              "RESPECT",
              "RUN",
              "LOVE",
              "KICKED",
              "BAKED",
              "DANCE"
            ],
            "result_count": null,
            "seed": null
          },
          "sensitive_attributes": []
        },
        {
          "index_key": 32,
          "schema_version": 0,
          "attributes": {
            "id": "-",
            "input": [
              "RUN",
              "DANCE",
              "LOVE",
              "RESPECT",
              "KICKED",
              "BAKED"
            ],
            "keepers": null,
            "result": [
              "RUN",
              "DANCE",
              "BAKED",
              "RESPECT",
              "KICKED",
              "LOVE"
            ],
            "result_count": null,
            "seed": null
          },
          "sensitive_attributes": []
        },
        {
          "index_key": 33,
          "schema_version": 0,
          "attributes": {
            "id": "-",
            "input": [
              "RUN",
              "DANCE",
              "LOVE",
              "RESPECT",
              "KICKED",
              "BAKED"
            ],
            "keepers": null,
            "result": [
              "RESPECT",
              "KICKED",
              "LOVE",
              "DANCE",
              "RUN",
              "BAKED"
            ],
            "result_count": null,
            "seed": null
          },
          "sensitive_attributes": []
        },
        {
          "index_key": 34,
          "schema_version": 0,
          "attributes": {
            "id": "-",
            "input": [
              "RUN",
              "DANCE",
              "LOVE",
              "RESPECT",
              "KICKED",
              "BAKED"
            ],
            "keepers": null,
            "result": [
              "KICKED",
              "BAKED",
              "LOVE",
              "RUN",
              "DANCE",
              "RESPECT"
            ],
            "result_count": null,
            "seed": null
          },
          "sensitive_attributes": []
        },
        {
          "index_key": 35,
          "schema_version": 0,
          "attributes": {
            "id": "-",
            "input": [
              "RUN",
              "DANCE",
              "LOVE",
              "RESPECT",
              "KICKED",
              "BAKED"
            ],
            "keepers": null,
            "result": [
              "RUN",
              "RESPECT",
              "LOVE",
              "DANCE",
              "BAKED",
              "KICKED"
            ],
            "result_count": null,
            "seed": null
          },
          "sensitive_attributes": []
        },
        {
          "index_key": 36,
          "schema_version": 0,
          "attributes": {
            "id": "-",
            "input": [
              "RUN",
              "DANCE",
              "LOVE",
              "RESPECT",
              "KICKED",
              "BAKED"
            ],
            "keepers": null,
            "result": [
              "DANCE",
              "RUN",
              "KICKED",
              "BAKED",
              "RESPECT",
              "LOVE"
            ],
            "result_count": null,
            "seed": null
          },
          "sensitive_attributes": []
        },
        {
          "index_key": 37,
          "schema_version": 0,
          "attributes": {
            "id": "-",
            "input": [
              "RUN",
              "DANCE",
              "LOVE",
              "RESPECT",
              "KICKED",
              "BAKED"
            ],
            "keepers": null,
            "result": [
              "RUN",
              "DANCE",
              "RESPECT",
              "LOVE",
              "BAKED",
              "KICKED"
            ],
            "result_count": null,
            "seed": null
          },
          "sensitive_attributes": []
        },
        {
          "index_key": 38,
          "schema_version": 0,
          "attributes": {
            "id": "-",
            "input": [
              "RUN",
              "DANCE",
              "LOVE",
              "RESPECT",
              "KICKED",
              "BAKED"
            ],
            "keepers": null,
            "result": [
              "RUN",
              "KICKED",
              "BAKED",
              "RESPECT",
              "DANCE",
              "LOVE"
            ],
            "result_count": null,
            "seed": null
          },
          "sensitive_attributes": []
        },
        {
          "index_key": 39,
          "schema_version": 0,
          "attributes": {
            "id": "-",
            "input": [
              "RUN",
              "DANCE",
              "LOVE",
              "RESPECT",
              "KICKED",
              "BAKED"
            ],
            "keepers": null,
            "result": [
              "DANCE",
              "KICKED",
              "RUN",
              "BAKED",
              "RESPECT",
              "LOVE"
            ],
            "result_count": null,
            "seed": null
          },
          "sensitive_attributes": []
        },
        {
          "index_key": 40,
          "schema_version": 0,
          "attributes": {
            "id": "-",
            "input": [
              "RUN",
              "DANCE",
              "LOVE",
              "RESPECT",
              "KICKED",
              "BAKED"
            ],
            "keepers": null,
            "result": [
              "LOVE",
              "KICKED",
              "DANCE",
              "RESPECT",
              "BAKED",
              "RUN"
            ],
            "result_count": null,
            "seed": null
          },
          "sensitive_attributes": []
        },
        {
          "index_key": 41,
          "schema_version": 0,
          "attributes": {
            "id": "-",
            "input": [
              "RUN",
              "DANCE",
              "LOVE",
              "RESPECT",
              "KICKED",
              "BAKED"
            ],
            "keepers": null,
            "result": [
              "DANCE",
              "BAKED",
              "LOVE",
              "RUN",
              "RESPECT",
              "KICKED"
            ],
            "result_count": null,
            "seed": null
          },
          "sensitive_attributes": []
        },
        {
          "index_key": 42,
          "schema_version": 0,
          "attributes": {
            "id": "-",
            "input": [
              "RUN",
              "DANCE",
              "LOVE",
              "RESPECT",
              "KICKED",
              "BAKED"
            ],
            "keepers": null,
            "result": [
              "KICKED",
              "BAKED",
              "RESPECT",
              "LOVE",
              "DANCE",
              "RUN"
            ],
            "result_count": null,
            "seed": null
          },
          "sensitive_attributes": []
        },
        {
          "index_key": 43,
          "schema_version": 0,
          "attributes": {
            "id": "-",
            "input": [
              "RUN",
              "DANCE",
              "LOVE",
              "RESPECT",
              "KICKED",
              "BAKED"
            ],
            "keepers": null,
            "result": [
              "DANCE",
              "BAKED",
              "RESPECT",
              "RUN",
              "KICKED",
              "LOVE"
            ],
            "result_count": null,
            "seed": null
          },
          "sensitive_attributes": []
        },
        {
          "index_key": 44,
          "schema_version": 0,
          "attributes": {
            "id": "-",
            "input": [
              "RUN",
              "DANCE",
              "LOVE",
              "RESPECT",
              "KICKED",
              "BAKED"
            ],
            "keepers": null,
            "result": [
              "RESPECT",
              "KICKED",
              "RUN",
              "DANCE",
              "BAKED",
              "LOVE"
            ],
            "result_count": null,
            "seed": null
          },
          "sensitive_attributes": []
        },
        {
          "index_key": 45,
          "schema_version": 0,
          "attributes": {
            "id": "-",
            "input": [
              "RUN",
              "DANCE",
              "LOVE",
              "RESPECT",
              "KICKED",
              "BAKED"
            ],
            "keepers": null,
            "result": [
              "KICKED",
              "RUN",
              "DANCE",
              "RESPECT",
              "BAKED",
              "LOVE"
            ],
            "result_count": null,
            "seed": null
          },
          "sensitive_attributes": []
        },
        {
          "index_key": 46,
          "schema_version": 0,
          "attributes": {
            "id": "-",
            "input": [
              "RUN",
              "DANCE",
              "LOVE",
              "RESPECT",
              "KICKED",
              "BAKED"
            ],
            "keepers": null,
            "result": [
              "LOVE",
              "RESPECT",
              "DANCE",
              "KICKED",
              "RUN",
              "BAKED"
            ],
            "result_count": null,
            "seed": null
          },
          "sensitive_attributes": []
        },
        {
          "index_key": 47,
          "schema_version": 0,
          "attributes": {
            "id": "-",
            "input": [
              "RUN",
              "DANCE",
              "LOVE",
              "RESPECT",
              "KICKED",
              "BAKED"
            ],
            "keepers": null,
            "result": [
              "BAKED",
              "RUN",
              "DANCE",
              "RESPECT",
              "LOVE",
              "KICKED"
            ],
            "result_count": null,
            "seed": null
          },
          "sensitive_attributes": []
        },
        {
          "index_key": 48,
          "schema_version": 0,
          "attributes": {
            "id": "-",
            "input": [
              "RUN",
              "DANCE",
              "LOVE",
              "RESPECT",
              "KICKED",
              "BAKED"
            ],
            "keepers": null,
            "result": [
              "DANCE",
              "LOVE",
              "RUN",
              "KICKED",
              "BAKED",
              "RESPECT"
            ],
            "result_count": null,
            "seed": null
          },
          "sensitive_attributes": []
        },
        {
          "index_key": 49,
          "schema_version": 0,
          "attributes": {
            "id": "-",
            "input": [
              "RUN",
              "DANCE",
              "LOVE",
              "RESPECT",
              "KICKED",
              "BAKED"
            ],
            "keepers": null,
            "result": [
              "RESPECT",
              "BAKED",
              "DANCE",
              "LOVE",
              "RUN",
              "KICKED"
            ],
            "result_count": null,
            "seed": null
          },
          "sensitive_attributes": []
        },
        {
          "index_key": 50,
          "schema_version": 0,
          "attributes": {
            "id": "-",
            "input": [
              "RUN",
              "DANCE",
              "LOVE",
              "RESPECT",
              "KICKED",
              "BAKED"
            ],
            "keepers": null,
            "result": [
              "BAKED",
              "RESPECT",
              "KICKED",
              "DANCE",
              "LOVE",
              "RUN"
            ],
            "result_count": null,
            "seed": null
          },
          "sensitive_attributes": []
        },
        {
          "index_key": 51,
          "schema_version": 0,
          "attributes": {
            "id": "-",
            "input": [
              "RUN",
              "DANCE",
              "LOVE",
              "RESPECT",
              "KICKED",
              "BAKED"
            ],
            "keepers": null,
            "result": [
              "KICKED",
              "RESPECT",
              "DANCE",
              "LOVE",
              "BAKED",
              "RUN"
            ],
            "result_count": null,
            "seed": null
          },
          "sensitive_attributes": []
        },
        {
          "index_key": 52,
          "schema_version": 0,
          "attributes": {
            "id": "-",
            "input": [
              "RUN",
              "DANCE",
              "LOVE",
              "RESPECT",
              "KICKED",
              "BAKED"
            ],
            "keepers": null,
            "result": [
              "LOVE",
              "RUN",
              "DANCE",
              "BAKED",
              "RESPECT",
              "KICKED"
            ],
            "result_count": null,
            "seed": null
          },
          "sensitive_attributes": []
        },
        {
          "index_key": 53,
          "schema_version": 0,
          "attributes": {
            "id": "-",
            "input": [
              "RUN",
              "DANCE",
              "LOVE",
              "RESPECT",
              "KICKED",
              "BAKED"
            ],
            "keepers": null,
            "result": [
              "RUN",
              "LOVE",
              "BAKED",
              "DANCE",
              "RESPECT",
              "KICKED"
            ],
            "result_count": null,
            "seed": null
          },
          "sensitive_attributes": []
        },
        {
          "index_key": 54,
          "schema_version": 0,
          "attributes": {
            "id": "-",
            "input": [
              "RUN",
              "DANCE",
              "LOVE",
              "RESPECT",
              "KICKED",
              "BAKED"
            ],
            "keepers": null,
            "result": [
              "LOVE",
              "RESPECT",
              "KICKED",
              "DANCE",
              "BAKED",
              "RUN"
            ],
            "result_count": null,
            "seed": null
          },
          "sensitive_attributes": []
        },
        {
          "index_key": 55,
          "schema_version": 0,
          "attributes": {
            "id": "-",
            "input": [
              "RUN",
              "DANCE",
              "LOVE",
              "RESPECT",
              "KICKED",
              "BAKED"
            ],
            "keepers": null,
            "result": [
              "LOVE",
              "KICKED",
              "DANCE",
              "RESPECT",
              "RUN",
              "BAKED"
            ],
            "result_count": null,
            "seed": null
          },
          "sensitive_attributes": []
        },
        {
          "index_key": 56,
          "schema_version": 0,
          "attributes": {
            "id": "-",
            "input": [
              "RUN",
              "DANCE",
              "LOVE",
              "RESPECT",
              "KICKED",
              "BAKED"
            ],
            "keepers": null,
            "result": [
              "RESPECT",
              "BAKED",
              "DANCE",
              "LOVE",
              "KICKED",
              "RUN"
            ],
            "result_count": null,
            "seed": null
          },
          "sensitive_attributes": []
        },
        {
          "index_key": 57,
          "schema_version": 0,
          "attributes": {
            "id": "-",
            "input": [
              "RUN",
              "DANCE",
              "LOVE",
              "RESPECT",
              "KICKED",
              "BAKED"
            ],
            "keepers": null,
            "result": [
              "BAKED",
              "LOVE",
              "RESPECT",
              "RUN",
              "DANCE",
              "KICKED"
            ],
            "result_count": null,
            "seed": null
          },
          "sensitive_attributes": []
        },
        {
          "index_key": 58,
          "schema_version": 0,
          "attributes": {
            "id": "-",
            "input": [
              "RUN",
              "DANCE",
              "LOVE",
              "RESPECT",
              "KICKED",
              "BAKED"
            ],
            "keepers": null,
            "result": [
              "BAKED",
              "LOVE",
              "RESPECT",
              "KICKED",
              "DANCE",
              "RUN"
            ],
            "result_count": null,
            "seed": null
          },
          "sensitive_attributes": []
        },
        {
          "index_key": 59,
          "schema_version": 0,
          "attributes": {
            "id": "-",
            "input": [
              "RUN",
              "DANCE",
              "LOVE",
              "RESPECT",
              "KICKED",
              "BAKED"
            ],
            "keepers": null,
            "result": [
              "DANCE",
              "BAKED",
              "KICKED",
              "LOVE",
              "RESPECT",
              "RUN"
            ],
            "result_count": null,
            "seed": null
          },
          "sensitive_attributes": []
        },
        {
          "index_key": 60,
          "schema_version": 0,
          "attributes": {
            "id": "-",
            "input": [
              "RUN",
              "DANCE",
              "LOVE",
              "RESPECT",
              "KICKED",
              "BAKED"
            ],
            "keepers": null,
            "result": [
              "LOVE",
              "DANCE",
              "RUN",
              "RESPECT",
              "BAKED",
              "KICKED"
            ],
            "result_count": null,
            "seed": null
          },
          "sensitive_attributes": []
        },
        {
          "index_key": 61,
          "schema_version": 0,
          "attributes": {
            "id": "-",
            "input": [
              "RUN",
              "DANCE",
              "LOVE",
              "RESPECT",
              "KICKED",
              "BAKED"
            ],
            "keepers": null,
            "result": [
              "LOVE",
              "KICKED",
              "RUN",
              "RESPECT",
              "BAKED",
              "DANCE"
            ],
            "result_count": null,
            "seed": null
          },
          "sensitive_attributes": []
        },
        {
          "index_key": 62,
          "schema_version": 0,
          "attributes": {
            "id": "-",
            "input": [
              "RUN",
              "DANCE",
              "LOVE",
              "RESPECT",
              "KICKED",
              "BAKED"
            ],
            "keepers": null,
            "result": [
              "BAKED",
              "LOVE",
              "RESPECT",
              "RUN",
              "KICKED",
              "DANCE"
            ],
            "result_count": null,
            "seed": null
          },
          "sensitive_attributes": []
        },
        {
          "index_key": 63,
          "schema_version": 0,
          "attributes": {
            "id": "-",
            "input": [
              "RUN",
              "DANCE",
              "LOVE",
              "RESPECT",
              "KICKED",
              "BAKED"
            ],
            "keepers": null,
            "result": [
              "DANCE",
              "RESPECT",
              "LOVE",
              "RUN",
              "BAKED",
              "KICKED"
            ],
            "result_count": null,
            "seed": null
          },
          "sensitive_attributes": []
        },
        {
          "index_key": 64,
          "schema_version": 0,
          "attributes": {
            "id": "-",
            "input": [
              "RUN",
              "DANCE",
              "LOVE",
              "RESPECT",
              "KICKED",
              "BAKED"
            ],
            "keepers": null,
            "result": [
              "RUN",
              "DANCE",
              "LOVE",
              "KICKED",
              "BAKED",
              "RESPECT"
            ],
            "result_count": null,
            "seed": null
          },
          "sensitive_attributes": []
        },
        {
          "index_key": 65,
          "schema_version": 0,
          "attributes": {
            "id": "-",
            "input": [
              "RUN",
              "DANCE",
              "LOVE",
              "RESPECT",
              "KICKED",
              "BAKED"
            ],
            "keepers": null,
            "result": [
              "BAKED",
              "LOVE",
              "DANCE",
              "KICKED",
              "RESPECT",
              "RUN"
            ],
            "result_count": null,
            "seed": null
          },
          "sensitive_attributes": []
        },
        {
          "index_key": 66,
          "schema_version": 0,
          "attributes": {
            "id": "-",
            "input": [
              "RUN",
              "DANCE",
              "LOVE",
              "RESPECT",
              "KICKED",
              "BAKED"
            ],
            "keepers": null,
            "result": [
              "DANCE",
              "RESPECT",
              "RUN",
              "LOVE",
              "BAKED",
              "KICKED"
            ],
            "result_count": null,
            "seed": null
          },
          "sensitive_attributes": []
        },
        {
          "index_key": 67,
          "schema_version": 0,
          "attributes": {
            "id": "-",
            "input": [
              "RUN",
              "DANCE",
              "LOVE",
              "RESPECT",
              "KICKED",
              "BAKED"
            ],
            "keepers": null,
            "result": [
              "DANCE",
              "LOVE",
              "RESPECT",
              "BAKED",
              "KICKED",
              "RUN"
            ],
            "result_count": null,
            "seed": null
          },
          "sensitive_attributes": []
        },
        {
          "index_key": 68,
          "schema_version": 0,
          "attributes": {
            "id": "-",
            "input": [
              "RUN",
              "DANCE",
              "LOVE",
              "RESPECT",
              "KICKED",
              "BAKED"
            ],
            "keepers": null,
            "result": [
              "KICKED",
              "DANCE",
              "RESPECT",
              "LOVE",
              "BAKED",
              "RUN"
            ],
            "result_count": null,
            "seed": null
          },
          "sensitive_attributes": []
        },
        {
          "index_key": 69,
          "schema_version": 0,
          "attributes": {
            "id": "-",
            "input": [
              "RUN",
              "DANCE",
              "LOVE",
              "RESPECT",
              "KICKED",
              "BAKED"
            ],
            "keepers": null,
            "result": [
              "RUN",
              "KICKED",
              "RESPECT",
              "DANCE",
              "BAKED",
              "LOVE"
            ],
            "result_count": null,
            "seed": null
          },
          "sensitive_attributes": []
        },
        {
          "index_key": 70,
          "schema_version": 0,
          "attributes": {
            "id": "-",
            "input": [
              "RUN",
              "DANCE",
              "LOVE",
              "RESPECT",
              "KICKED",
              "BAKED"
            ],
            "keepers": null,
            "result": [
              "KICKED",
              "RESPECT",
              "DANCE",
              "LOVE",
              "RUN",
              "BAKED"
            ],
            "result_count": null,
            "seed": null
          },
          "sensitive_attributes": []
        },
        {
          "index_key": 71,
          "schema_version": 0,
          "attributes": {
            "id": "-",
            "input": [
              "RUN",
              "DANCE",
              "LOVE",
              "RESPECT",
              "KICKED",
              "BAKED"
            ],
            "keepers": null,
            "result": [
              "RUN",
              "KICKED",
              "RESPECT",
              "LOVE",
              "DANCE",
              "BAKED"
            ],
            "result_count": null,
            "seed": null
          },
          "sensitive_attributes": []
        },
        {
          "index_key": 72,
          "schema_version": 0,
          "attributes": {
            "id": "-",
            "input": [
              "RUN",
              "DANCE",
              "LOVE",
              "RESPECT",
              "KICKED",
              "BAKED"
            ],
            "keepers": null,
            "result": [
              "DANCE",
              "LOVE",
              "RESPECT",
              "BAKED",
              "RUN",
              "KICKED"
            ],
            "result_count": null,
            "seed": null
          },
          "sensitive_attributes": []
        },
        {
          "index_key": 73,
          "schema_version": 0,
          "attributes": {
            "id": "-",
            "input": [
              "RUN",
              "DANCE",
              "LOVE",
              "RESPECT",
              "KICKED",
              "BAKED"
            ],
            "keepers": null,
            "result": [
              "RUN",
              "DANCE",
              "BAKED",
              "LOVE",
              "RESPECT",
              "KICKED"
            ],
            "result_count": null,
            "seed": null
          },
          "sensitive_attributes": []
        },
        {
          "index_key": 74,
          "schema_version": 0,
          "attributes": {
            "id": "-",
            "input": [
              "RUN",
              "DANCE",
              "LOVE",
              "RESPECT",
              "KICKED",
              "BAKED"
            ],
            "keepers": null,
            "result": [
              "BAKED",
              "LOVE",
              "DANCE",
              "KICKED",
              "RESPECT",
              "RUN"
            ],
            "result_count": null,
            "seed": null
          },
          "sensitive_attributes": []
        },
        {
          "index_key": 75,
          "schema_version": 0,
          "attributes": {
            "id": "-",
            "input": [
              "RUN",
              "DANCE",
              "LOVE",
              "RESPECT",
              "KICKED",
              "BAKED"
            ],
            "keepers": null,
            "result": [
              "BAKED",
              "LOVE",
              "RESPECT",
              "DANCE",
              "RUN",
              "KICKED"
            ],
            "result_count": null,
            "seed": null
          },
          "sensitive_attributes": []
        },
        {
          "index_key": 76,
          "schema_version": 0,
          "attributes": {
            "id": "-",
            "input": [
              "RUN",
              "DANCE",
              "LOVE",
              "RESPECT",
              "KICKED",
              "BAKED"
            ],
            "keepers": null,
            "result": [
              "RESPECT",
              "KICKED",
              "LOVE",
              "DANCE",
              "BAKED",
              "RUN"
            ],
            "result_count": null,
            "seed": null
          },
          "sensitive_attributes": []
        },
        {
          "index_key": 77,
          "schema_version": 0,
          "attributes": {
            "id": "-",
            "input": [
              "RUN",
              "DANCE",
              "LOVE",
              "RESPECT",
              "KICKED",
              "BAKED"
            ],
            "keepers": null,
            "result": [
              "KICKED",
              "RUN",
              "DANCE",
              "LOVE",
              "RESPECT",
              "BAKED"
            ],
            "result_count": null,
            "seed": null
          },
          "sensitive_attributes": []
        },
        {
          "index_key": 78,
          "schema_version": 0,
          "attributes": {
            "id": "-",
            "input": [
              "RUN",
              "DANCE",
              "LOVE",
              "RESPECT",
              "KICKED",
              "BAKED"
            ],
            "keepers": null,
            "result": [
              "LOVE",
              "DANCE",
              "KICKED",
              "RESPECT",
              "RUN",
              "BAKED"
            ],
            "result_count": null,
            "seed": null
          },
          "sensitive_attributes": []
        },
        {
          "index_key": 79,
          "schema_version": 0,
          "attributes": {
            "id": "-",
            "input": [
              "RUN",
              "DANCE",
              "LOVE",
              "RESPECT",
              "KICKED",
              "BAKED"
            ],
            "keepers": null,
            "result": [
              "RESPECT",
              "LOVE",
              "BAKED",
              "DANCE",
              "KICKED",
              "RUN"
            ],
            "result_count": null,
            "seed": null
          },
          "sensitive_attributes": []
        },
        {
          "index_key": 80,
          "schema_version": 0,
          "attributes": {
            "id": "-",
            "input": [
              "RUN",
              "DANCE",
              "LOVE",
              "RESPECT",
              "KICKED",
              "BAKED"
            ],
            "keepers": null,
            "result": [
              "KICKED",
              "RESPECT",
              "LOVE",
              "BAKED",
              "DANCE",
              "RUN"
            ],
            "result_count": null,
            "seed": null
          },
          "sensitive_attributes": []
        },
        {
          "index_key": 81,
          "schema_version": 0,
          "attributes": {
            "id": "-",
            "input": [
              "RUN",
              "DANCE",
              "LOVE",
              "RESPECT",
              "KICKED",
              "BAKED"
            ],
            "keepers": null,
            "result": [
              "RESPECT",
              "DANCE",
              "KICKED",
              "BAKED",
              "LOVE",
              "RUN"
            ],
            "result_count": null,
            "seed": null
          },
          "sensitive_attributes": []
        },
        {
          "index_key": 82,
          "schema_version": 0,
          "attributes": {
            "id": "-",
            "input": [
              "RUN",
              "DANCE",
              "LOVE",
              "RESPECT",
              "KICKED",
              "BAKED"
            ],
            "keepers": null,
            "result": [
              "LOVE",
              "KICKED",
              "RESPECT",
              "RUN",
              "DANCE",
              "BAKED"
            ],
            "result_count": null,
            "seed": null
          },
          "sensitive_attributes": []
        },
        {
          "index_key": 83,
          "schema_version": 0,
          "attributes": {
            "id": "-",
            "input": [
              "RUN",
              "DANCE",
              "LOVE",
              "RESPECT",
              "KICKED",
              "BAKED"
            ],
            "keepers": null,
            "result": [
              "BAKED",
              "KICKED",
              "RESPECT",
              "RUN",
              "DANCE",
              "LOVE"
            ],
            "result_count": null,
            "seed": null
          },
          "sensitive_attributes": []
        },
        {
          "index_key": 84,
          "schema_version": 0,
          "attributes": {
            "id": "-",
            "input": [
              "RUN",
              "DANCE",
              "LOVE",
              "RESPECT",
              "KICKED",
              "BAKED"
            ],
            "keepers": null,
            "result": [
              "RESPECT",
              "RUN",
              "LOVE",
              "KICKED",
              "BAKED",
              "DANCE"
            ],
            "result_count": null,
            "seed": null
          },
          "sensitive_attributes": []
        },
        {
          "index_key": 85,
          "schema_version": 0,
          "attributes": {
            "id": "-",
            "input": [
              "RUN",
              "DANCE",
              "LOVE",
              "RESPECT",
              "KICKED",
              "BAKED"
            ],
            "keepers": null,
            "result": [
              "LOVE",
              "KICKED",
              "BAKED",
              "DANCE",
              "RUN",
              "RESPECT"
            ],
            "result_count": null,
            "seed": null
          },
          "sensitive_attributes": []
        },
        {
          "index_key": 86,
          "schema_version": 0,
          "attributes": {
            "id": "-",
            "input": [
              "RUN",
              "DANCE",
              "LOVE",
              "RESPECT",
              "KICKED",
              "BAKED"
            ],
            "keepers": null,
            "result": [
              "RUN",
              "DANCE",
              "KICKED",
              "RESPECT",
              "BAKED",
              "LOVE"
            ],
            "result_count": null,
            "seed": null
          },
          "sensitive_attributes": []
        },
        {
          "index_key": 87,
          "schema_version": 0,
          "attributes": {
            "id": "-",
            "input": [
              "RUN",
              "DANCE",
              "LOVE",
              "RESPECT",
              "KICKED",
              "BAKED"
            ],
            "keepers": null,
            "result": [
              "LOVE",
              "KICKED",
              "RESPECT",
              "BAKED",
              "DANCE",
              "RUN"
            ],
            "result_count": null,
            "seed": null
          },
          "sensitive_attributes": []
        },
        {
          "index_key": 88,
          "schema_version": 0,
          "attributes": {
            "id": "-",
            "input": [
              "RUN",
              "DANCE",
              "LOVE",
              "RESPECT",
              "KICKED",
              "BAKED"
            ],
            "keepers": null,
            "result": [
              "RUN",
              "DANCE",
              "BAKED",
              "RESPECT",
              "LOVE",
              "KICKED"
            ],
            "result_count": null,
            "seed": null
          },
          "sensitive_attributes": []
        },
        {
          "index_key": 89,
          "schema_version": 0,
          "attributes": {
            "id": "-",
            "input": [
              "RUN",
              "DANCE",
              "LOVE",
              "RESPECT",
              "KICKED",
              "BAKED"
            ],
            "keepers": null,
            "result": [
              "KICKED",
              "DANCE",
              "BAKED",
              "RUN",
              "RESPECT",
              "LOVE"
            ],
            "result_count": null,
            "seed": null
          },
          "sensitive_attributes": []
        },
        {
          "index_key": 90,
          "schema_version": 0,
          "attributes": {
            "id": "-",
            "input": [
              "RUN",
              "DANCE",
              "LOVE",
              "RESPECT",
              "KICKED",
              "BAKED"
            ],
            "keepers": null,
            "result": [
              "RUN",
              "KICKED",
              "BAKED",
              "RESPECT",
              "LOVE",
              "DANCE"
            ],
            "result_count": null,
            "seed": null
          },
          "sensitive_attributes": []
        },
        {
          "index_key": 91,
          "schema_version": 0,
          "attributes": {
            "id": "-",
            "input": [
              "RUN",
              "DANCE",
              "LOVE",
              "RESPECT",
              "KICKED",
              "BAKED"
            ],
            "keepers": null,
            "result": [
              "RUN",
              "LOVE",
              "DANCE",
              "KICKED",
              "RESPECT",
              "BAKED"
            ],
            "result_count": null,
            "seed": null
          },
          "sensitive_attributes": []
        },
        {
          "index_key": 92,
          "schema_version": 0,
          "attributes": {
            "id": "-",
            "input": [
              "RUN",
              "DANCE",
              "LOVE",
              "RESPECT",
              "KICKED",
              "BAKED"
            ],
            "keepers": null,
            "result": [
              "RUN",
              "KICKED",
              "LOVE",
              "DANCE",
              "BAKED",
              "RESPECT"
            ],
            "result_count": null,
            "seed": null
          },
          "sensitive_attributes": []
        },
        {
          "index_key": 93,
          "schema_version": 0,
          "attributes": {
            "id": "-",
            "input": [
              "RUN",
              "DANCE",
              "LOVE",
              "RESPECT",
              "KICKED",
              "BAKED"
            ],
            "keepers": null,
            "result": [
              "KICKED",
              "DANCE",
              "RESPECT",
              "RUN",
              "BAKED",
              "LOVE"
            ],
            "result_count": null,
            "seed": null
          },
          "sensitive_attributes": []
        },
        {
          "index_key": 94,
          "schema_version": 0,
          "attributes": {
            "id": "-",
            "input": [
              "RUN",
              "DANCE",
              "LOVE",
              "RESPECT",
              "KICKED",
              "BAKED"
            ],
            "keepers": null,
            "result": [
              "DANCE",
              "BAKED",
              "LOVE",
              "RESPECT",
              "RUN",
              "KICKED"
            ],
            "result_count": null,
            "seed": null
          },
          "sensitive_attributes": []
        },
        {
          "index_key": 95,
          "schema_version": 0,
          "attributes": {
            "id": "-",
            "input": [
              "RUN",
              "DANCE",
              "LOVE",
              "RESPECT",
              "KICKED",
              "BAKED"
            ],
            "keepers": null,
            "result": [
              "LOVE",
              "BAKED",
              "DANCE",
              "RESPECT",
              "RUN",
              "KICKED"
            ],
            "result_count": null,
            "seed": null
          },
          "sensitive_attributes": []
        },
        {
          "index_key": 96,
          "schema_version": 0,
          "attributes": {
            "id": "-",
            "input": [
              "RUN",
              "DANCE",
              "LOVE",
              "RESPECT",
              "KICKED",
              "BAKED"
            ],
            "keepers": null,
            "result": [
              "LOVE",
              "KICKED",
              "BAKED",
              "DANCE",
              "RUN",
              "RESPECT"
            ],
            "result_count": null,
            "seed": null
          },
          "sensitive_attributes": []
        },
        {
          "index_key": 97,
          "schema_version": 0,
          "attributes": {
            "id": "-",
            "input": [
              "RUN",
              "DANCE",
              "LOVE",
              "RESPECT",
              "KICKED",
              "BAKED"
            ],
            "keepers": null,
            "result": [
              "RUN",
              "BAKED",
              "RESPECT",
              "KICKED",
              "DANCE",
              "LOVE"
            ],
            "result_count": null,
            "seed": null
          },
          "sensitive_attributes": []
        },
        {
          "index_key": 98,
          "schema_version": 0,
          "attributes": {
            "id": "-",
            "input": [
              "RUN",
              "DANCE",
              "LOVE",
              "RESPECT",
              "KICKED",
              "BAKED"
            ],
            "keepers": null,
            "result": [
              "RESPECT",
              "RUN",
              "BAKED",
              "DANCE",
              "KICKED",
              "LOVE"
            ],
            "result_count": null,
            "seed": null
          },
          "sensitive_attributes": []
        },
        {
          "index_key": 99,
          "schema_version": 0,
          "attributes": {
            "id": "-",
            "input": [
              "RUN",
              "DANCE",
              "LOVE",
              "RESPECT",
              "KICKED",
              "BAKED"
            ],
            "keepers": null,
            "result": [
              "BAKED",
              "RESPECT",
              "DANCE",
              "RUN",
              "KICKED",
              "LOVE"
            ],
            "result_count": null,
            "seed": null
          },
          "sensitive_attributes": []
        }
      ]
    }
  ],
  "check_results": null
}
