{"format_version":"1.2","terraform_version":"1.7.3","planned_values":{"root_module":{"resources":[{"address":"local_file.literature","mode":"managed","type":"local_file","name":"literature","provider_name":"registry.terraform.io/hashicorp/local","schema_version":0,"values":{"content":"    Sun Tzu dadidadida mananatili\n","content_base64":null,"directory_permission":"0777","file_permission":"0777","filename":"art_of_war.txt","sensitive_content":null,"source":null},"sensitive_values":{}}]}},"resource_changes":[{"address":"local_file.literature","mode":"managed","type":"local_file","name":"literature","provider_name":"registry.terraform.io/hashicorp/local","change":{"actions":["create"],"before":null,"after":{"content":"    Sun Tzu dadidadida mananatili\n","content_base64":null,"directory_permission":"0777","file_permission":"0777","filename":"art_of_war.txt","sensitive_content":null,"source":null},"after_unknown":{"content_base64sha256":true,"content_base64sha512":true,"content_md5":true,"content_sha1":true,"content_sha256":true,"content_sha512":true,"id":true},"before_sensitive":false,"after_sensitive":{"sensitive_content":true}}}],"configuration":{"provider_config":{"local":{"name":"local","full_name":"registry.terraform.io/hashicorp/local","version_constraint":"~\u003e 2.0"}},"root_module":{"resources":[{"address":"local_file.literature","mode":"managed","type":"local_file","name":"literature","provider_config_key":"local","expressions":{"content":{"constant_value":"    Sun Tzu dadidadida mananatili\n"},"filename":{"constant_value":"art_of_war.txt"}},"schema_version":0}]}},"timestamp":"2024-02-24T08:19:27Z","errored":false}
